{
  "version": 4,
  "terraform_version": "1.6.6",
  "serial": 3362,
  "lineage": "2fcdc487-f9b3-6323-f74d-ddd7f71aac7a",
  "outputs": {
    "dev_ws_id": {
      "value": 8034662282117448,
      "type": "number"
    },
    "dev_ws_token": {
      "value": "dapif1b268c30ee541a25abbf5cc5acd38fc",
      "type": "string",
      "sensitive": true
    },
    "dev_ws_url": {
      "value": "https://dbc-5a1501b2-eef6.cloud.databricks.com",
      "type": "string"
    },
    "sp_secret": {
      "value": "dose61e4ef9c1465516b237d54b5ed130cf3",
      "type": "string",
      "sensitive": true
    }
  },
  "resources": [
    {
      "module": "module.aws_crossaccount_role",
      "mode": "data",
      "type": "databricks_aws_assume_role_policy",
      "name": "this",
      "provider": "provider[\"registry.terraform.io/databricks/databricks\"]",
      "instances": [
        {
          "schema_version": 0,
          "attributes": {
            "databricks_account_id": "414351767826",
            "external_id": "0c6d76dc-ee77-45f4-ac75-9a177cc435b4",
            "for_log_delivery": false,
            "id": "0c6d76dc-ee77-45f4-ac75-9a177cc435b4",
            "json": "{\n  \"Version\": \"2012-10-17\",\n  \"Statement\": [\n    {\n      \"Effect\": \"Allow\",\n      \"Action\": \"sts:AssumeRole\",\n      \"Principal\": {\n        \"AWS\": \"arn:aws:iam::414351767826:root\"\n      },\n      \"Condition\": {\n        \"StringEquals\": {\n          \"sts:ExternalId\": \"0c6d76dc-ee77-45f4-ac75-9a177cc435b4\"\n        }\n      }\n    }\n  ]\n}"
          },
          "sensitive_attributes": []
        }
      ]
    },
    {
      "module": "module.aws_crossaccount_role",
      "mode": "data",
      "type": "databricks_aws_crossaccount_policy",
      "name": "this",
      "provider": "provider[\"registry.terraform.io/databricks/databricks\"]",
      "instances": [
        {
          "schema_version": 0,
          "attributes": {
            "id": "cross-account",
            "json": "{\n  \"Version\": \"2012-10-17\",\n  \"Statement\": [\n    {\n      \"Effect\": \"Allow\",\n      \"Action\": [\n        \"ec2:AllocateAddress\",\n        \"ec2:AssignPrivateIpAddresses\",\n        \"ec2:AssociateDhcpOptions\",\n        \"ec2:AssociateIamInstanceProfile\",\n        \"ec2:AssociateRouteTable\",\n        \"ec2:AttachInternetGateway\",\n        \"ec2:AttachVolume\",\n        \"ec2:AuthorizeSecurityGroupEgress\",\n        \"ec2:AuthorizeSecurityGroupIngress\",\n        \"ec2:CancelSpotInstanceRequests\",\n        \"ec2:CreateDhcpOptions\",\n        \"ec2:CreateFleet\",\n        \"ec2:CreateInternetGateway\",\n        \"ec2:CreateKeyPair\",\n        \"ec2:CreateLaunchTemplate\",\n        \"ec2:CreateLaunchTemplateVersion\",\n        \"ec2:CreateNatGateway\",\n        \"ec2:CreatePlacementGroup\",\n        \"ec2:CreateRoute\",\n        \"ec2:CreateRouteTable\",\n        \"ec2:CreateSecurityGroup\",\n        \"ec2:CreateSubnet\",\n        \"ec2:CreateTags\",\n        \"ec2:CreateVolume\",\n        \"ec2:CreateVpc\",\n        \"ec2:CreateVpcEndpoint\",\n        \"ec2:DeleteDhcpOptions\",\n        \"ec2:DeleteFleets\",\n        \"ec2:DeleteInternetGateway\",\n        \"ec2:DeleteKeyPair\",\n        \"ec2:DeleteLaunchTemplate\",\n        \"ec2:DeleteLaunchTemplateVersions\",\n        \"ec2:DeleteNatGateway\",\n        \"ec2:DeletePlacementGroup\",\n        \"ec2:DeleteRoute\",\n        \"ec2:DeleteRouteTable\",\n        \"ec2:DeleteSecurityGroup\",\n        \"ec2:DeleteSubnet\",\n        \"ec2:DeleteTags\",\n        \"ec2:DeleteVolume\",\n        \"ec2:DeleteVpc\",\n        \"ec2:DeleteVpcEndpoints\",\n        \"ec2:DescribeAvailabilityZones\",\n        \"ec2:DescribeFleetHistory\",\n        \"ec2:DescribeFleetInstances\",\n        \"ec2:DescribeFleets\",\n        \"ec2:DescribeIamInstanceProfileAssociations\",\n        \"ec2:DescribeInstanceStatus\",\n        \"ec2:DescribeInstances\",\n        \"ec2:DescribeInternetGateways\",\n        \"ec2:DescribeLaunchTemplates\",\n        \"ec2:DescribeLaunchTemplateVersions\",\n        \"ec2:DescribeNatGateways\",\n        \"ec2:DescribeNetworkAcls\",\n        \"ec2:DescribePlacementGroups\",\n        \"ec2:DescribePrefixLists\",\n        \"ec2:DescribeReservedInstancesOfferings\",\n        \"ec2:DescribeRouteTables\",\n        \"ec2:DescribeSecurityGroups\",\n        \"ec2:DescribeSpotInstanceRequests\",\n        \"ec2:DescribeSpotPriceHistory\",\n        \"ec2:DescribeSubnets\",\n        \"ec2:DescribeVolumes\",\n        \"ec2:DescribeVpcAttribute\",\n        \"ec2:DescribeVpcs\",\n        \"ec2:DetachInternetGateway\",\n        \"ec2:DetachVolume\",\n        \"ec2:DisassociateIamInstanceProfile\",\n        \"ec2:DisassociateRouteTable\",\n        \"ec2:GetLaunchTemplateData\",\n        \"ec2:GetSpotPlacementScores\",\n        \"ec2:ModifyFleet\",\n        \"ec2:ModifyLaunchTemplate\",\n        \"ec2:ModifyVpcAttribute\",\n        \"ec2:ReleaseAddress\",\n        \"ec2:ReplaceIamInstanceProfileAssociation\",\n        \"ec2:RequestSpotInstances\",\n        \"ec2:RevokeSecurityGroupEgress\",\n        \"ec2:RevokeSecurityGroupIngress\",\n        \"ec2:RunInstances\",\n        \"ec2:TerminateInstances\"\n      ],\n      \"Resource\": \"*\"\n    },\n    {\n      \"Effect\": \"Allow\",\n      \"Action\": [\n        \"iam:CreateServiceLinkedRole\",\n        \"iam:PutRolePolicy\"\n      ],\n      \"Resource\": \"arn:aws:iam::*:role/aws-service-role/spot.amazonaws.com/AWSServiceRoleForEC2Spot\",\n      \"Condition\": {\n        \"StringLike\": {\n          \"iam:AWSServiceName\": \"spot.amazonaws.com\"\n        }\n      }\n    }\n  ]\n}",
            "pass_roles": null
          },
          "sensitive_attributes": []
        }
      ]
    },
    {
      "module": "module.aws_crossaccount_role",
      "mode": "managed",
      "type": "aws_iam_policy",
      "name": "cross_account_policy",
      "provider": "provider[\"registry.terraform.io/hashicorp/aws\"]",
      "instances": [
        {
          "schema_version": 0,
          "attributes": {
            "arn": "arn:aws:iam::136146594194:policy/mars-aws-dev-dbx-crossaccount-iam-policy",
            "description": "Databricks cross-account policy",
            "id": "arn:aws:iam::136146594194:policy/mars-aws-dev-dbx-crossaccount-iam-policy",
            "name": "mars-aws-dev-dbx-crossaccount-iam-policy",
            "name_prefix": "",
            "path": "/",
            "policy": "{\"Statement\":[{\"Action\":[\"ec2:AllocateAddress\",\"ec2:AssignPrivateIpAddresses\",\"ec2:AssociateDhcpOptions\",\"ec2:AssociateIamInstanceProfile\",\"ec2:AssociateRouteTable\",\"ec2:AttachInternetGateway\",\"ec2:AttachVolume\",\"ec2:AuthorizeSecurityGroupEgress\",\"ec2:AuthorizeSecurityGroupIngress\",\"ec2:CancelSpotInstanceRequests\",\"ec2:CreateDhcpOptions\",\"ec2:CreateFleet\",\"ec2:CreateInternetGateway\",\"ec2:CreateKeyPair\",\"ec2:CreateLaunchTemplate\",\"ec2:CreateLaunchTemplateVersion\",\"ec2:CreateNatGateway\",\"ec2:CreatePlacementGroup\",\"ec2:CreateRoute\",\"ec2:CreateRouteTable\",\"ec2:CreateSecurityGroup\",\"ec2:CreateSubnet\",\"ec2:CreateTags\",\"ec2:CreateVolume\",\"ec2:CreateVpc\",\"ec2:CreateVpcEndpoint\",\"ec2:DeleteDhcpOptions\",\"ec2:DeleteFleets\",\"ec2:DeleteInternetGateway\",\"ec2:DeleteKeyPair\",\"ec2:DeleteLaunchTemplate\",\"ec2:DeleteLaunchTemplateVersions\",\"ec2:DeleteNatGateway\",\"ec2:DeletePlacementGroup\",\"ec2:DeleteRoute\",\"ec2:DeleteRouteTable\",\"ec2:DeleteSecurityGroup\",\"ec2:DeleteSubnet\",\"ec2:DeleteTags\",\"ec2:DeleteVolume\",\"ec2:DeleteVpc\",\"ec2:DeleteVpcEndpoints\",\"ec2:DescribeAvailabilityZones\",\"ec2:DescribeFleetHistory\",\"ec2:DescribeFleetInstances\",\"ec2:DescribeFleets\",\"ec2:DescribeIamInstanceProfileAssociations\",\"ec2:DescribeInstanceStatus\",\"ec2:DescribeInstances\",\"ec2:DescribeInternetGateways\",\"ec2:DescribeLaunchTemplates\",\"ec2:DescribeLaunchTemplateVersions\",\"ec2:DescribeNatGateways\",\"ec2:DescribeNetworkAcls\",\"ec2:DescribePlacementGroups\",\"ec2:DescribePrefixLists\",\"ec2:DescribeReservedInstancesOfferings\",\"ec2:DescribeRouteTables\",\"ec2:DescribeSecurityGroups\",\"ec2:DescribeSpotInstanceRequests\",\"ec2:DescribeSpotPriceHistory\",\"ec2:DescribeSubnets\",\"ec2:DescribeVolumes\",\"ec2:DescribeVpcAttribute\",\"ec2:DescribeVpcs\",\"ec2:DetachInternetGateway\",\"ec2:DetachVolume\",\"ec2:DisassociateIamInstanceProfile\",\"ec2:DisassociateRouteTable\",\"ec2:GetLaunchTemplateData\",\"ec2:GetSpotPlacementScores\",\"ec2:ModifyFleet\",\"ec2:ModifyLaunchTemplate\",\"ec2:ModifyVpcAttribute\",\"ec2:ReleaseAddress\",\"ec2:ReplaceIamInstanceProfileAssociation\",\"ec2:RequestSpotInstances\",\"ec2:RevokeSecurityGroupEgress\",\"ec2:RevokeSecurityGroupIngress\",\"ec2:RunInstances\",\"ec2:TerminateInstances\"],\"Effect\":\"Allow\",\"Resource\":\"*\"},{\"Action\":[\"iam:CreateServiceLinkedRole\",\"iam:PutRolePolicy\"],\"Condition\":{\"StringLike\":{\"iam:AWSServiceName\":\"spot.amazonaws.com\"}},\"Effect\":\"Allow\",\"Resource\":\"arn:aws:iam::*:role/aws-service-role/spot.amazonaws.com/AWSServiceRoleForEC2Spot\"}],\"Version\":\"2012-10-17\"}",
            "policy_id": "ANPAR7MXYFGJPRDLRXA6R",
            "tags": {
              "Environment": "dev",
              "Project": "mars"
            },
            "tags_all": {
              "Environment": "dev",
              "Project": "mars"
            }
          },
          "sensitive_attributes": [],
          "private": "bnVsbA==",
          "dependencies": [
            "module.aws_crossaccount_role.data.databricks_aws_crossaccount_policy.this",
            "module.aws_vpc.data.aws_availability_zones.available",
            "module.aws_vpc.module.endpoints.aws_security_group.this",
            "module.aws_vpc.module.endpoints.aws_security_group_rule.this",
            "module.aws_vpc.module.endpoints.aws_vpc_endpoint.this",
            "module.aws_vpc.module.endpoints.data.aws_vpc_endpoint_service.this",
            "module.aws_vpc.module.vpc.aws_cloudwatch_log_group.flow_log",
            "module.aws_vpc.module.vpc.aws_customer_gateway.this",
            "module.aws_vpc.module.vpc.aws_db_subnet_group.database",
            "module.aws_vpc.module.vpc.aws_default_network_acl.this",
            "module.aws_vpc.module.vpc.aws_default_route_table.default",
            "module.aws_vpc.module.vpc.aws_default_security_group.this",
            "module.aws_vpc.module.vpc.aws_default_vpc.this",
            "module.aws_vpc.module.vpc.aws_egress_only_internet_gateway.this",
            "module.aws_vpc.module.vpc.aws_eip.nat",
            "module.aws_vpc.module.vpc.aws_elasticache_subnet_group.elasticache",
            "module.aws_vpc.module.vpc.aws_flow_log.this",
            "module.aws_vpc.module.vpc.aws_iam_policy.vpc_flow_log_cloudwatch",
            "module.aws_vpc.module.vpc.aws_iam_role.vpc_flow_log_cloudwatch",
            "module.aws_vpc.module.vpc.aws_iam_role_policy_attachment.vpc_flow_log_cloudwatch",
            "module.aws_vpc.module.vpc.aws_internet_gateway.this",
            "module.aws_vpc.module.vpc.aws_nat_gateway.this",
            "module.aws_vpc.module.vpc.aws_network_acl.database",
            "module.aws_vpc.module.vpc.aws_network_acl.elasticache",
            "module.aws_vpc.module.vpc.aws_network_acl.intra",
            "module.aws_vpc.module.vpc.aws_network_acl.outpost",
            "module.aws_vpc.module.vpc.aws_network_acl.private",
            "module.aws_vpc.module.vpc.aws_network_acl.public",
            "module.aws_vpc.module.vpc.aws_network_acl.redshift",
            "module.aws_vpc.module.vpc.aws_network_acl_rule.database_inbound",
            "module.aws_vpc.module.vpc.aws_network_acl_rule.database_outbound",
            "module.aws_vpc.module.vpc.aws_network_acl_rule.elasticache_inbound",
            "module.aws_vpc.module.vpc.aws_network_acl_rule.elasticache_outbound",
            "module.aws_vpc.module.vpc.aws_network_acl_rule.intra_inbound",
            "module.aws_vpc.module.vpc.aws_network_acl_rule.intra_outbound",
            "module.aws_vpc.module.vpc.aws_network_acl_rule.outpost_inbound",
            "module.aws_vpc.module.vpc.aws_network_acl_rule.outpost_outbound",
            "module.aws_vpc.module.vpc.aws_network_acl_rule.private_inbound",
            "module.aws_vpc.module.vpc.aws_network_acl_rule.private_outbound",
            "module.aws_vpc.module.vpc.aws_network_acl_rule.public_inbound",
            "module.aws_vpc.module.vpc.aws_network_acl_rule.public_outbound",
            "module.aws_vpc.module.vpc.aws_network_acl_rule.redshift_inbound",
            "module.aws_vpc.module.vpc.aws_network_acl_rule.redshift_outbound",
            "module.aws_vpc.module.vpc.aws_redshift_subnet_group.redshift",
            "module.aws_vpc.module.vpc.aws_route.database_dns64_nat_gateway",
            "module.aws_vpc.module.vpc.aws_route.database_internet_gateway",
            "module.aws_vpc.module.vpc.aws_route.database_ipv6_egress",
            "module.aws_vpc.module.vpc.aws_route.database_nat_gateway",
            "module.aws_vpc.module.vpc.aws_route.private_dns64_nat_gateway",
            "module.aws_vpc.module.vpc.aws_route.private_ipv6_egress",
            "module.aws_vpc.module.vpc.aws_route.private_nat_gateway",
            "module.aws_vpc.module.vpc.aws_route.public_internet_gateway",
            "module.aws_vpc.module.vpc.aws_route.public_internet_gateway_ipv6",
            "module.aws_vpc.module.vpc.aws_route_table.database",
            "module.aws_vpc.module.vpc.aws_route_table.elasticache",
            "module.aws_vpc.module.vpc.aws_route_table.intra",
            "module.aws_vpc.module.vpc.aws_route_table.private",
            "module.aws_vpc.module.vpc.aws_route_table.public",
            "module.aws_vpc.module.vpc.aws_route_table.redshift",
            "module.aws_vpc.module.vpc.aws_route_table_association.database",
            "module.aws_vpc.module.vpc.aws_route_table_association.elasticache",
            "module.aws_vpc.module.vpc.aws_route_table_association.intra",
            "module.aws_vpc.module.vpc.aws_route_table_association.outpost",
            "module.aws_vpc.module.vpc.aws_route_table_association.private",
            "module.aws_vpc.module.vpc.aws_route_table_association.public",
            "module.aws_vpc.module.vpc.aws_route_table_association.redshift",
            "module.aws_vpc.module.vpc.aws_route_table_association.redshift_public",
            "module.aws_vpc.module.vpc.aws_subnet.database",
            "module.aws_vpc.module.vpc.aws_subnet.elasticache",
            "module.aws_vpc.module.vpc.aws_subnet.intra",
            "module.aws_vpc.module.vpc.aws_subnet.outpost",
            "module.aws_vpc.module.vpc.aws_subnet.private",
            "module.aws_vpc.module.vpc.aws_subnet.public",
            "module.aws_vpc.module.vpc.aws_subnet.redshift",
            "module.aws_vpc.module.vpc.aws_vpc.this",
            "module.aws_vpc.module.vpc.aws_vpc_dhcp_options.this",
            "module.aws_vpc.module.vpc.aws_vpc_dhcp_options_association.this",
            "module.aws_vpc.module.vpc.aws_vpc_ipv4_cidr_block_association.this",
            "module.aws_vpc.module.vpc.aws_vpn_gateway.this",
            "module.aws_vpc.module.vpc.aws_vpn_gateway_attachment.this",
            "module.aws_vpc.module.vpc.aws_vpn_gateway_route_propagation.intra",
            "module.aws_vpc.module.vpc.aws_vpn_gateway_route_propagation.private",
            "module.aws_vpc.module.vpc.aws_vpn_gateway_route_propagation.public",
            "module.aws_vpc.module.vpc.data.aws_iam_policy_document.flow_log_cloudwatch_assume_role",
            "module.aws_vpc.module.vpc.data.aws_iam_policy_document.vpc_flow_log_cloudwatch"
          ]
        }
      ]
    },
    {
      "module": "module.aws_crossaccount_role",
      "mode": "managed",
      "type": "aws_iam_role",
      "name": "cross_account_role",
      "provider": "provider[\"registry.terraform.io/hashicorp/aws\"]",
      "instances": [
        {
          "schema_version": 0,
          "attributes": {
            "arn": "arn:aws:iam::136146594194:role/mars-aws-dev-dbx-crossaccount-role",
            "assume_role_policy": "{\"Statement\":[{\"Action\":\"sts:AssumeRole\",\"Condition\":{\"StringEquals\":{\"sts:ExternalId\":\"0c6d76dc-ee77-45f4-ac75-9a177cc435b4\"}},\"Effect\":\"Allow\",\"Principal\":{\"AWS\":\"arn:aws:iam::414351767826:root\"}}],\"Version\":\"2012-10-17\"}",
            "create_date": "2024-01-10T22:48:31Z",
            "description": "Grant Databricks full access to VPC resources",
            "force_detach_policies": false,
            "id": "mars-aws-dev-dbx-crossaccount-role",
            "inline_policy": [],
            "managed_policy_arns": [],
            "max_session_duration": 3600,
            "name": "mars-aws-dev-dbx-crossaccount-role",
            "name_prefix": "",
            "path": "/",
            "permissions_boundary": "",
            "tags": {
              "Environment": "dev",
              "Project": "mars"
            },
            "tags_all": {
              "Environment": "dev",
              "Project": "mars"
            },
            "unique_id": "AROAR7MXYFGJBWMUNAENL"
          },
          "sensitive_attributes": [],
          "private": "bnVsbA==",
          "dependencies": [
            "module.aws_crossaccount_role.data.databricks_aws_assume_role_policy.this",
            "module.aws_vpc.data.aws_availability_zones.available",
            "module.aws_vpc.module.endpoints.aws_security_group.this",
            "module.aws_vpc.module.endpoints.aws_security_group_rule.this",
            "module.aws_vpc.module.endpoints.aws_vpc_endpoint.this",
            "module.aws_vpc.module.endpoints.data.aws_vpc_endpoint_service.this",
            "module.aws_vpc.module.vpc.aws_cloudwatch_log_group.flow_log",
            "module.aws_vpc.module.vpc.aws_customer_gateway.this",
            "module.aws_vpc.module.vpc.aws_db_subnet_group.database",
            "module.aws_vpc.module.vpc.aws_default_network_acl.this",
            "module.aws_vpc.module.vpc.aws_default_route_table.default",
            "module.aws_vpc.module.vpc.aws_default_security_group.this",
            "module.aws_vpc.module.vpc.aws_default_vpc.this",
            "module.aws_vpc.module.vpc.aws_egress_only_internet_gateway.this",
            "module.aws_vpc.module.vpc.aws_eip.nat",
            "module.aws_vpc.module.vpc.aws_elasticache_subnet_group.elasticache",
            "module.aws_vpc.module.vpc.aws_flow_log.this",
            "module.aws_vpc.module.vpc.aws_iam_policy.vpc_flow_log_cloudwatch",
            "module.aws_vpc.module.vpc.aws_iam_role.vpc_flow_log_cloudwatch",
            "module.aws_vpc.module.vpc.aws_iam_role_policy_attachment.vpc_flow_log_cloudwatch",
            "module.aws_vpc.module.vpc.aws_internet_gateway.this",
            "module.aws_vpc.module.vpc.aws_nat_gateway.this",
            "module.aws_vpc.module.vpc.aws_network_acl.database",
            "module.aws_vpc.module.vpc.aws_network_acl.elasticache",
            "module.aws_vpc.module.vpc.aws_network_acl.intra",
            "module.aws_vpc.module.vpc.aws_network_acl.outpost",
            "module.aws_vpc.module.vpc.aws_network_acl.private",
            "module.aws_vpc.module.vpc.aws_network_acl.public",
            "module.aws_vpc.module.vpc.aws_network_acl.redshift",
            "module.aws_vpc.module.vpc.aws_network_acl_rule.database_inbound",
            "module.aws_vpc.module.vpc.aws_network_acl_rule.database_outbound",
            "module.aws_vpc.module.vpc.aws_network_acl_rule.elasticache_inbound",
            "module.aws_vpc.module.vpc.aws_network_acl_rule.elasticache_outbound",
            "module.aws_vpc.module.vpc.aws_network_acl_rule.intra_inbound",
            "module.aws_vpc.module.vpc.aws_network_acl_rule.intra_outbound",
            "module.aws_vpc.module.vpc.aws_network_acl_rule.outpost_inbound",
            "module.aws_vpc.module.vpc.aws_network_acl_rule.outpost_outbound",
            "module.aws_vpc.module.vpc.aws_network_acl_rule.private_inbound",
            "module.aws_vpc.module.vpc.aws_network_acl_rule.private_outbound",
            "module.aws_vpc.module.vpc.aws_network_acl_rule.public_inbound",
            "module.aws_vpc.module.vpc.aws_network_acl_rule.public_outbound",
            "module.aws_vpc.module.vpc.aws_network_acl_rule.redshift_inbound",
            "module.aws_vpc.module.vpc.aws_network_acl_rule.redshift_outbound",
            "module.aws_vpc.module.vpc.aws_redshift_subnet_group.redshift",
            "module.aws_vpc.module.vpc.aws_route.database_dns64_nat_gateway",
            "module.aws_vpc.module.vpc.aws_route.database_internet_gateway",
            "module.aws_vpc.module.vpc.aws_route.database_ipv6_egress",
            "module.aws_vpc.module.vpc.aws_route.database_nat_gateway",
            "module.aws_vpc.module.vpc.aws_route.private_dns64_nat_gateway",
            "module.aws_vpc.module.vpc.aws_route.private_ipv6_egress",
            "module.aws_vpc.module.vpc.aws_route.private_nat_gateway",
            "module.aws_vpc.module.vpc.aws_route.public_internet_gateway",
            "module.aws_vpc.module.vpc.aws_route.public_internet_gateway_ipv6",
            "module.aws_vpc.module.vpc.aws_route_table.database",
            "module.aws_vpc.module.vpc.aws_route_table.elasticache",
            "module.aws_vpc.module.vpc.aws_route_table.intra",
            "module.aws_vpc.module.vpc.aws_route_table.private",
            "module.aws_vpc.module.vpc.aws_route_table.public",
            "module.aws_vpc.module.vpc.aws_route_table.redshift",
            "module.aws_vpc.module.vpc.aws_route_table_association.database",
            "module.aws_vpc.module.vpc.aws_route_table_association.elasticache",
            "module.aws_vpc.module.vpc.aws_route_table_association.intra",
            "module.aws_vpc.module.vpc.aws_route_table_association.outpost",
            "module.aws_vpc.module.vpc.aws_route_table_association.private",
            "module.aws_vpc.module.vpc.aws_route_table_association.public",
            "module.aws_vpc.module.vpc.aws_route_table_association.redshift",
            "module.aws_vpc.module.vpc.aws_route_table_association.redshift_public",
            "module.aws_vpc.module.vpc.aws_subnet.database",
            "module.aws_vpc.module.vpc.aws_subnet.elasticache",
            "module.aws_vpc.module.vpc.aws_subnet.intra",
            "module.aws_vpc.module.vpc.aws_subnet.outpost",
            "module.aws_vpc.module.vpc.aws_subnet.private",
            "module.aws_vpc.module.vpc.aws_subnet.public",
            "module.aws_vpc.module.vpc.aws_subnet.redshift",
            "module.aws_vpc.module.vpc.aws_vpc.this",
            "module.aws_vpc.module.vpc.aws_vpc_dhcp_options.this",
            "module.aws_vpc.module.vpc.aws_vpc_dhcp_options_association.this",
            "module.aws_vpc.module.vpc.aws_vpc_ipv4_cidr_block_association.this",
            "module.aws_vpc.module.vpc.aws_vpn_gateway.this",
            "module.aws_vpc.module.vpc.aws_vpn_gateway_attachment.this",
            "module.aws_vpc.module.vpc.aws_vpn_gateway_route_propagation.intra",
            "module.aws_vpc.module.vpc.aws_vpn_gateway_route_propagation.private",
            "module.aws_vpc.module.vpc.aws_vpn_gateway_route_propagation.public",
            "module.aws_vpc.module.vpc.data.aws_iam_policy_document.flow_log_cloudwatch_assume_role",
            "module.aws_vpc.module.vpc.data.aws_iam_policy_document.vpc_flow_log_cloudwatch"
          ]
        }
      ]
    },
    {
      "module": "module.aws_crossaccount_role",
      "mode": "managed",
      "type": "aws_iam_role_policy_attachment",
      "name": "cross_account_policy_attachment",
      "provider": "provider[\"registry.terraform.io/hashicorp/aws\"]",
      "instances": [
        {
          "schema_version": 0,
          "attributes": {
            "id": "mars-aws-dev-dbx-crossaccount-role-20240110224833144200000005",
            "policy_arn": "arn:aws:iam::136146594194:policy/mars-aws-dev-dbx-crossaccount-iam-policy",
            "role": "mars-aws-dev-dbx-crossaccount-role"
          },
          "sensitive_attributes": [],
          "private": "bnVsbA==",
          "dependencies": [
            "module.aws_crossaccount_role.aws_iam_policy.cross_account_policy",
            "module.aws_crossaccount_role.aws_iam_role.cross_account_role",
            "module.aws_crossaccount_role.data.databricks_aws_assume_role_policy.this",
            "module.aws_crossaccount_role.data.databricks_aws_crossaccount_policy.this",
            "module.aws_vpc.data.aws_availability_zones.available",
            "module.aws_vpc.module.endpoints.aws_security_group.this",
            "module.aws_vpc.module.endpoints.aws_security_group_rule.this",
            "module.aws_vpc.module.endpoints.aws_vpc_endpoint.this",
            "module.aws_vpc.module.endpoints.data.aws_vpc_endpoint_service.this",
            "module.aws_vpc.module.vpc.aws_cloudwatch_log_group.flow_log",
            "module.aws_vpc.module.vpc.aws_customer_gateway.this",
            "module.aws_vpc.module.vpc.aws_db_subnet_group.database",
            "module.aws_vpc.module.vpc.aws_default_network_acl.this",
            "module.aws_vpc.module.vpc.aws_default_route_table.default",
            "module.aws_vpc.module.vpc.aws_default_security_group.this",
            "module.aws_vpc.module.vpc.aws_default_vpc.this",
            "module.aws_vpc.module.vpc.aws_egress_only_internet_gateway.this",
            "module.aws_vpc.module.vpc.aws_eip.nat",
            "module.aws_vpc.module.vpc.aws_elasticache_subnet_group.elasticache",
            "module.aws_vpc.module.vpc.aws_flow_log.this",
            "module.aws_vpc.module.vpc.aws_iam_policy.vpc_flow_log_cloudwatch",
            "module.aws_vpc.module.vpc.aws_iam_role.vpc_flow_log_cloudwatch",
            "module.aws_vpc.module.vpc.aws_iam_role_policy_attachment.vpc_flow_log_cloudwatch",
            "module.aws_vpc.module.vpc.aws_internet_gateway.this",
            "module.aws_vpc.module.vpc.aws_nat_gateway.this",
            "module.aws_vpc.module.vpc.aws_network_acl.database",
            "module.aws_vpc.module.vpc.aws_network_acl.elasticache",
            "module.aws_vpc.module.vpc.aws_network_acl.intra",
            "module.aws_vpc.module.vpc.aws_network_acl.outpost",
            "module.aws_vpc.module.vpc.aws_network_acl.private",
            "module.aws_vpc.module.vpc.aws_network_acl.public",
            "module.aws_vpc.module.vpc.aws_network_acl.redshift",
            "module.aws_vpc.module.vpc.aws_network_acl_rule.database_inbound",
            "module.aws_vpc.module.vpc.aws_network_acl_rule.database_outbound",
            "module.aws_vpc.module.vpc.aws_network_acl_rule.elasticache_inbound",
            "module.aws_vpc.module.vpc.aws_network_acl_rule.elasticache_outbound",
            "module.aws_vpc.module.vpc.aws_network_acl_rule.intra_inbound",
            "module.aws_vpc.module.vpc.aws_network_acl_rule.intra_outbound",
            "module.aws_vpc.module.vpc.aws_network_acl_rule.outpost_inbound",
            "module.aws_vpc.module.vpc.aws_network_acl_rule.outpost_outbound",
            "module.aws_vpc.module.vpc.aws_network_acl_rule.private_inbound",
            "module.aws_vpc.module.vpc.aws_network_acl_rule.private_outbound",
            "module.aws_vpc.module.vpc.aws_network_acl_rule.public_inbound",
            "module.aws_vpc.module.vpc.aws_network_acl_rule.public_outbound",
            "module.aws_vpc.module.vpc.aws_network_acl_rule.redshift_inbound",
            "module.aws_vpc.module.vpc.aws_network_acl_rule.redshift_outbound",
            "module.aws_vpc.module.vpc.aws_redshift_subnet_group.redshift",
            "module.aws_vpc.module.vpc.aws_route.database_dns64_nat_gateway",
            "module.aws_vpc.module.vpc.aws_route.database_internet_gateway",
            "module.aws_vpc.module.vpc.aws_route.database_ipv6_egress",
            "module.aws_vpc.module.vpc.aws_route.database_nat_gateway",
            "module.aws_vpc.module.vpc.aws_route.private_dns64_nat_gateway",
            "module.aws_vpc.module.vpc.aws_route.private_ipv6_egress",
            "module.aws_vpc.module.vpc.aws_route.private_nat_gateway",
            "module.aws_vpc.module.vpc.aws_route.public_internet_gateway",
            "module.aws_vpc.module.vpc.aws_route.public_internet_gateway_ipv6",
            "module.aws_vpc.module.vpc.aws_route_table.database",
            "module.aws_vpc.module.vpc.aws_route_table.elasticache",
            "module.aws_vpc.module.vpc.aws_route_table.intra",
            "module.aws_vpc.module.vpc.aws_route_table.private",
            "module.aws_vpc.module.vpc.aws_route_table.public",
            "module.aws_vpc.module.vpc.aws_route_table.redshift",
            "module.aws_vpc.module.vpc.aws_route_table_association.database",
            "module.aws_vpc.module.vpc.aws_route_table_association.elasticache",
            "module.aws_vpc.module.vpc.aws_route_table_association.intra",
            "module.aws_vpc.module.vpc.aws_route_table_association.outpost",
            "module.aws_vpc.module.vpc.aws_route_table_association.private",
            "module.aws_vpc.module.vpc.aws_route_table_association.public",
            "module.aws_vpc.module.vpc.aws_route_table_association.redshift",
            "module.aws_vpc.module.vpc.aws_route_table_association.redshift_public",
            "module.aws_vpc.module.vpc.aws_subnet.database",
            "module.aws_vpc.module.vpc.aws_subnet.elasticache",
            "module.aws_vpc.module.vpc.aws_subnet.intra",
            "module.aws_vpc.module.vpc.aws_subnet.outpost",
            "module.aws_vpc.module.vpc.aws_subnet.private",
            "module.aws_vpc.module.vpc.aws_subnet.public",
            "module.aws_vpc.module.vpc.aws_subnet.redshift",
            "module.aws_vpc.module.vpc.aws_vpc.this",
            "module.aws_vpc.module.vpc.aws_vpc_dhcp_options.this",
            "module.aws_vpc.module.vpc.aws_vpc_dhcp_options_association.this",
            "module.aws_vpc.module.vpc.aws_vpc_ipv4_cidr_block_association.this",
            "module.aws_vpc.module.vpc.aws_vpn_gateway.this",
            "module.aws_vpc.module.vpc.aws_vpn_gateway_attachment.this",
            "module.aws_vpc.module.vpc.aws_vpn_gateway_route_propagation.intra",
            "module.aws_vpc.module.vpc.aws_vpn_gateway_route_propagation.private",
            "module.aws_vpc.module.vpc.aws_vpn_gateway_route_propagation.public",
            "module.aws_vpc.module.vpc.data.aws_iam_policy_document.flow_log_cloudwatch_assume_role",
            "module.aws_vpc.module.vpc.data.aws_iam_policy_document.vpc_flow_log_cloudwatch"
          ]
        }
      ]
    },
    {
      "module": "module.aws_crossaccount_role",
      "mode": "managed",
      "type": "time_sleep",
      "name": "wait",
      "provider": "provider[\"registry.terraform.io/hashicorp/time\"]",
      "instances": [
        {
          "schema_version": 0,
          "attributes": {
            "create_duration": "30s",
            "destroy_duration": null,
            "id": "2024-01-10T22:49:02Z",
            "triggers": null
          },
          "sensitive_attributes": [],
          "dependencies": [
            "module.aws_crossaccount_role.aws_iam_role.cross_account_role",
            "module.aws_crossaccount_role.data.databricks_aws_assume_role_policy.this",
            "module.aws_vpc.data.aws_availability_zones.available",
            "module.aws_vpc.module.endpoints.aws_security_group.this",
            "module.aws_vpc.module.endpoints.aws_security_group_rule.this",
            "module.aws_vpc.module.endpoints.aws_vpc_endpoint.this",
            "module.aws_vpc.module.endpoints.data.aws_vpc_endpoint_service.this",
            "module.aws_vpc.module.vpc.aws_cloudwatch_log_group.flow_log",
            "module.aws_vpc.module.vpc.aws_customer_gateway.this",
            "module.aws_vpc.module.vpc.aws_db_subnet_group.database",
            "module.aws_vpc.module.vpc.aws_default_network_acl.this",
            "module.aws_vpc.module.vpc.aws_default_route_table.default",
            "module.aws_vpc.module.vpc.aws_default_security_group.this",
            "module.aws_vpc.module.vpc.aws_default_vpc.this",
            "module.aws_vpc.module.vpc.aws_egress_only_internet_gateway.this",
            "module.aws_vpc.module.vpc.aws_eip.nat",
            "module.aws_vpc.module.vpc.aws_elasticache_subnet_group.elasticache",
            "module.aws_vpc.module.vpc.aws_flow_log.this",
            "module.aws_vpc.module.vpc.aws_iam_policy.vpc_flow_log_cloudwatch",
            "module.aws_vpc.module.vpc.aws_iam_role.vpc_flow_log_cloudwatch",
            "module.aws_vpc.module.vpc.aws_iam_role_policy_attachment.vpc_flow_log_cloudwatch",
            "module.aws_vpc.module.vpc.aws_internet_gateway.this",
            "module.aws_vpc.module.vpc.aws_nat_gateway.this",
            "module.aws_vpc.module.vpc.aws_network_acl.database",
            "module.aws_vpc.module.vpc.aws_network_acl.elasticache",
            "module.aws_vpc.module.vpc.aws_network_acl.intra",
            "module.aws_vpc.module.vpc.aws_network_acl.outpost",
            "module.aws_vpc.module.vpc.aws_network_acl.private",
            "module.aws_vpc.module.vpc.aws_network_acl.public",
            "module.aws_vpc.module.vpc.aws_network_acl.redshift",
            "module.aws_vpc.module.vpc.aws_network_acl_rule.database_inbound",
            "module.aws_vpc.module.vpc.aws_network_acl_rule.database_outbound",
            "module.aws_vpc.module.vpc.aws_network_acl_rule.elasticache_inbound",
            "module.aws_vpc.module.vpc.aws_network_acl_rule.elasticache_outbound",
            "module.aws_vpc.module.vpc.aws_network_acl_rule.intra_inbound",
            "module.aws_vpc.module.vpc.aws_network_acl_rule.intra_outbound",
            "module.aws_vpc.module.vpc.aws_network_acl_rule.outpost_inbound",
            "module.aws_vpc.module.vpc.aws_network_acl_rule.outpost_outbound",
            "module.aws_vpc.module.vpc.aws_network_acl_rule.private_inbound",
            "module.aws_vpc.module.vpc.aws_network_acl_rule.private_outbound",
            "module.aws_vpc.module.vpc.aws_network_acl_rule.public_inbound",
            "module.aws_vpc.module.vpc.aws_network_acl_rule.public_outbound",
            "module.aws_vpc.module.vpc.aws_network_acl_rule.redshift_inbound",
            "module.aws_vpc.module.vpc.aws_network_acl_rule.redshift_outbound",
            "module.aws_vpc.module.vpc.aws_redshift_subnet_group.redshift",
            "module.aws_vpc.module.vpc.aws_route.database_dns64_nat_gateway",
            "module.aws_vpc.module.vpc.aws_route.database_internet_gateway",
            "module.aws_vpc.module.vpc.aws_route.database_ipv6_egress",
            "module.aws_vpc.module.vpc.aws_route.database_nat_gateway",
            "module.aws_vpc.module.vpc.aws_route.private_dns64_nat_gateway",
            "module.aws_vpc.module.vpc.aws_route.private_ipv6_egress",
            "module.aws_vpc.module.vpc.aws_route.private_nat_gateway",
            "module.aws_vpc.module.vpc.aws_route.public_internet_gateway",
            "module.aws_vpc.module.vpc.aws_route.public_internet_gateway_ipv6",
            "module.aws_vpc.module.vpc.aws_route_table.database",
            "module.aws_vpc.module.vpc.aws_route_table.elasticache",
            "module.aws_vpc.module.vpc.aws_route_table.intra",
            "module.aws_vpc.module.vpc.aws_route_table.private",
            "module.aws_vpc.module.vpc.aws_route_table.public",
            "module.aws_vpc.module.vpc.aws_route_table.redshift",
            "module.aws_vpc.module.vpc.aws_route_table_association.database",
            "module.aws_vpc.module.vpc.aws_route_table_association.elasticache",
            "module.aws_vpc.module.vpc.aws_route_table_association.intra",
            "module.aws_vpc.module.vpc.aws_route_table_association.outpost",
            "module.aws_vpc.module.vpc.aws_route_table_association.private",
            "module.aws_vpc.module.vpc.aws_route_table_association.public",
            "module.aws_vpc.module.vpc.aws_route_table_association.redshift",
            "module.aws_vpc.module.vpc.aws_route_table_association.redshift_public",
            "module.aws_vpc.module.vpc.aws_subnet.database",
            "module.aws_vpc.module.vpc.aws_subnet.elasticache",
            "module.aws_vpc.module.vpc.aws_subnet.intra",
            "module.aws_vpc.module.vpc.aws_subnet.outpost",
            "module.aws_vpc.module.vpc.aws_subnet.private",
            "module.aws_vpc.module.vpc.aws_subnet.public",
            "module.aws_vpc.module.vpc.aws_subnet.redshift",
            "module.aws_vpc.module.vpc.aws_vpc.this",
            "module.aws_vpc.module.vpc.aws_vpc_dhcp_options.this",
            "module.aws_vpc.module.vpc.aws_vpc_dhcp_options_association.this",
            "module.aws_vpc.module.vpc.aws_vpc_ipv4_cidr_block_association.this",
            "module.aws_vpc.module.vpc.aws_vpn_gateway.this",
            "module.aws_vpc.module.vpc.aws_vpn_gateway_attachment.this",
            "module.aws_vpc.module.vpc.aws_vpn_gateway_route_propagation.intra",
            "module.aws_vpc.module.vpc.aws_vpn_gateway_route_propagation.private",
            "module.aws_vpc.module.vpc.aws_vpn_gateway_route_propagation.public",
            "module.aws_vpc.module.vpc.data.aws_iam_policy_document.flow_log_cloudwatch_assume_role",
            "module.aws_vpc.module.vpc.data.aws_iam_policy_document.vpc_flow_log_cloudwatch"
          ]
        }
      ]
    },
    {
      "module": "module.aws_vpc",
      "mode": "data",
      "type": "aws_availability_zones",
      "name": "available",
      "provider": "provider[\"registry.terraform.io/hashicorp/aws\"]",
      "instances": [
        {
          "schema_version": 0,
          "attributes": {
            "all_availability_zones": null,
            "exclude_names": null,
            "exclude_zone_ids": null,
            "filter": null,
            "group_names": [
              "ap-southeast-2"
            ],
            "id": "ap-southeast-2",
            "names": [
              "ap-southeast-2a",
              "ap-southeast-2b",
              "ap-southeast-2c"
            ],
            "state": null,
            "timeouts": null,
            "zone_ids": [
              "apse2-az1",
              "apse2-az3",
              "apse2-az2"
            ]
          },
          "sensitive_attributes": []
        }
      ]
    },
    {
      "module": "module.aws_vpc.module.endpoints",
      "mode": "data",
      "type": "aws_vpc_endpoint_service",
      "name": "this",
      "provider": "provider[\"registry.terraform.io/hashicorp/aws\"]",
      "instances": [
        {
          "index_key": "kinesis-streams",
          "schema_version": 0,
          "attributes": {
            "acceptance_required": false,
            "arn": "arn:aws:ec2:ap-southeast-2:136146594194:vpc-endpoint-service/vpce-svc-016403ababb77ac3d",
            "availability_zones": [
              "ap-southeast-2a",
              "ap-southeast-2b",
              "ap-southeast-2c"
            ],
            "base_endpoint_dns_names": [
              "kinesis.ap-southeast-2.vpce.amazonaws.com"
            ],
            "filter": [
              {
                "name": "service-type",
                "values": [
                  "Interface"
                ]
              }
            ],
            "id": "1730799129",
            "manages_vpc_endpoints": false,
            "owner": "amazon",
            "private_dns_name": "kinesis.ap-southeast-2.amazonaws.com",
            "service": "kinesis-streams",
            "service_id": "vpce-svc-016403ababb77ac3d",
            "service_name": "com.amazonaws.ap-southeast-2.kinesis-streams",
            "service_type": "Interface",
            "supported_ip_address_types": [
              "ipv4"
            ],
            "tags": {},
            "timeouts": null,
            "vpc_endpoint_policy_supported": true
          },
          "sensitive_attributes": []
        },
        {
          "index_key": "s3",
          "schema_version": 0,
          "attributes": {
            "acceptance_required": false,
            "arn": "arn:aws:ec2:ap-southeast-2:136146594194:vpc-endpoint-service/vpce-svc-0aa3c284dcb4652c2",
            "availability_zones": [
              "ap-southeast-2a",
              "ap-southeast-2b",
              "ap-southeast-2c"
            ],
            "base_endpoint_dns_names": [
              "s3.ap-southeast-2.amazonaws.com"
            ],
            "filter": [
              {
                "name": "service-type",
                "values": [
                  "Gateway"
                ]
              }
            ],
            "id": "1802082413",
            "manages_vpc_endpoints": false,
            "owner": "amazon",
            "private_dns_name": "",
            "service": "s3",
            "service_id": "vpce-svc-0aa3c284dcb4652c2",
            "service_name": "com.amazonaws.ap-southeast-2.s3",
            "service_type": "Gateway",
            "supported_ip_address_types": [
              "ipv4"
            ],
            "tags": {},
            "timeouts": null,
            "vpc_endpoint_policy_supported": true
          },
          "sensitive_attributes": []
        },
        {
          "index_key": "sts",
          "schema_version": 0,
          "attributes": {
            "acceptance_required": false,
            "arn": "arn:aws:ec2:ap-southeast-2:136146594194:vpc-endpoint-service/vpce-svc-04e330e2af159fd4c",
            "availability_zones": [
              "ap-southeast-2a",
              "ap-southeast-2b",
              "ap-southeast-2c"
            ],
            "base_endpoint_dns_names": [
              "sts.ap-southeast-2.vpce.amazonaws.com"
            ],
            "filter": [
              {
                "name": "service-type",
                "values": [
                  "Interface"
                ]
              }
            ],
            "id": "2539545268",
            "manages_vpc_endpoints": false,
            "owner": "amazon",
            "private_dns_name": "sts.ap-southeast-2.amazonaws.com",
            "service": "sts",
            "service_id": "vpce-svc-04e330e2af159fd4c",
            "service_name": "com.amazonaws.ap-southeast-2.sts",
            "service_type": "Interface",
            "supported_ip_address_types": [
              "ipv4"
            ],
            "tags": {},
            "timeouts": null,
            "vpc_endpoint_policy_supported": true
          },
          "sensitive_attributes": []
        }
      ]
    },
    {
      "module": "module.aws_vpc.module.endpoints",
      "mode": "managed",
      "type": "aws_vpc_endpoint",
      "name": "this",
      "provider": "provider[\"registry.terraform.io/hashicorp/aws\"]",
      "instances": [
        {
          "index_key": "kinesis-streams",
          "schema_version": 0,
          "attributes": {
            "arn": "arn:aws:ec2:ap-southeast-2:136146594194:vpc-endpoint/vpce-02a90d822680a5ace",
            "auto_accept": null,
            "cidr_blocks": [],
            "dns_entry": [
              {
                "dns_name": "vpce-02a90d822680a5ace-tackwy4u.kinesis.ap-southeast-2.vpce.amazonaws.com",
                "hosted_zone_id": "ZDK2GCRPAFKGO"
              },
              {
                "dns_name": "vpce-02a90d822680a5ace-tackwy4u-ap-southeast-2b.kinesis.ap-southeast-2.vpce.amazonaws.com",
                "hosted_zone_id": "ZDK2GCRPAFKGO"
              },
              {
                "dns_name": "vpce-02a90d822680a5ace-tackwy4u-ap-southeast-2a.kinesis.ap-southeast-2.vpce.amazonaws.com",
                "hosted_zone_id": "ZDK2GCRPAFKGO"
              },
              {
                "dns_name": "kinesis.ap-southeast-2.amazonaws.com",
                "hosted_zone_id": "Z07691601JQ9DXUTPMGA1"
              },
              {
                "dns_name": "control-kinesis.ap-southeast-2.amazonaws.com",
                "hosted_zone_id": "Z07672811PKNJG4THCRTG"
              },
              {
                "dns_name": "*.control-kinesis.ap-southeast-2.amazonaws.com",
                "hosted_zone_id": "Z07672811PKNJG4THCRTG"
              },
              {
                "dns_name": "data-kinesis.ap-southeast-2.amazonaws.com",
                "hosted_zone_id": "Z08280323T9URPED0Y1O5"
              },
              {
                "dns_name": "*.data-kinesis.ap-southeast-2.amazonaws.com",
                "hosted_zone_id": "Z08280323T9URPED0Y1O5"
              }
            ],
            "dns_options": [
              {
                "dns_record_ip_type": "ipv4",
                "private_dns_only_for_inbound_resolver_endpoint": false
              }
            ],
            "id": "vpce-02a90d822680a5ace",
            "ip_address_type": "ipv4",
            "network_interface_ids": [
              "eni-07a0bed76b0e9117f",
              "eni-0c91cb138d9551303"
            ],
            "owner_id": "136146594194",
            "policy": "{\"Statement\":[{\"Action\":\"*\",\"Effect\":\"Allow\",\"Principal\":\"*\",\"Resource\":\"*\"}]}",
            "prefix_list_id": null,
            "private_dns_enabled": true,
            "requester_managed": false,
            "route_table_ids": [],
            "security_group_ids": [
              "sg-057795007721d0ffa"
            ],
            "service_name": "com.amazonaws.ap-southeast-2.kinesis-streams",
            "state": "available",
            "subnet_ids": [
              "subnet-01a856ab77b48006f",
              "subnet-09a90cd0906f3aa71"
            ],
            "tags": {
              "Environment": "dev",
              "Name": "mars-aws-dev-kinesis-vpc-interface-endpoint",
              "Project": "mars"
            },
            "tags_all": {
              "Environment": "dev",
              "Name": "mars-aws-dev-kinesis-vpc-interface-endpoint",
              "Project": "mars"
            },
            "timeouts": {
              "create": "10m",
              "delete": "10m",
              "update": "10m"
            },
            "vpc_endpoint_type": "Interface",
            "vpc_id": "vpc-086f1f2b8146bb68b"
          },
          "sensitive_attributes": [],
          "private": "eyJlMmJmYjczMC1lY2FhLTExZTYtOGY4OC0zNDM2M2JjN2M0YzAiOnsiY3JlYXRlIjo2MDAwMDAwMDAwMDAsImRlbGV0ZSI6NjAwMDAwMDAwMDAwLCJ1cGRhdGUiOjYwMDAwMDAwMDAwMH19",
          "dependencies": [
            "module.aws_vpc.data.aws_availability_zones.available",
            "module.aws_vpc.module.endpoints.aws_security_group.this",
            "module.aws_vpc.module.endpoints.data.aws_vpc_endpoint_service.this",
            "module.aws_vpc.module.vpc.aws_route_table.private",
            "module.aws_vpc.module.vpc.aws_route_table.public",
            "module.aws_vpc.module.vpc.aws_subnet.private",
            "module.aws_vpc.module.vpc.aws_vpc.this",
            "module.aws_vpc.module.vpc.aws_vpc_ipv4_cidr_block_association.this"
          ]
        },
        {
          "index_key": "s3",
          "schema_version": 0,
          "attributes": {
            "arn": "arn:aws:ec2:ap-southeast-2:136146594194:vpc-endpoint/vpce-02e54ecd780f5dced",
            "auto_accept": null,
            "cidr_blocks": [
              "3.5.164.0/22",
              "3.5.168.0/23",
              "52.95.128.0/21"
            ],
            "dns_entry": [],
            "dns_options": [],
            "id": "vpce-02e54ecd780f5dced",
            "ip_address_type": "",
            "network_interface_ids": [],
            "owner_id": "136146594194",
            "policy": "{\"Statement\":[{\"Action\":\"*\",\"Effect\":\"Allow\",\"Principal\":\"*\",\"Resource\":\"*\"}],\"Version\":\"2008-10-17\"}",
            "prefix_list_id": "pl-6ca54005",
            "private_dns_enabled": false,
            "requester_managed": false,
            "route_table_ids": [
              "rtb-073d6216135d12474",
              "rtb-0af5240681b0efafb"
            ],
            "security_group_ids": [],
            "service_name": "com.amazonaws.ap-southeast-2.s3",
            "state": "available",
            "subnet_ids": [],
            "tags": {
              "Environment": "dev",
              "Name": "mars-aws-dev-s3-vpc-gw-endpoint",
              "Project": "mars"
            },
            "tags_all": {
              "Environment": "dev",
              "Name": "mars-aws-dev-s3-vpc-gw-endpoint",
              "Project": "mars"
            },
            "timeouts": {
              "create": "10m",
              "delete": "10m",
              "update": "10m"
            },
            "vpc_endpoint_type": "Gateway",
            "vpc_id": "vpc-086f1f2b8146bb68b"
          },
          "sensitive_attributes": [],
          "private": "eyJlMmJmYjczMC1lY2FhLTExZTYtOGY4OC0zNDM2M2JjN2M0YzAiOnsiY3JlYXRlIjo2MDAwMDAwMDAwMDAsImRlbGV0ZSI6NjAwMDAwMDAwMDAwLCJ1cGRhdGUiOjYwMDAwMDAwMDAwMH19",
          "dependencies": [
            "module.aws_vpc.data.aws_availability_zones.available",
            "module.aws_vpc.module.endpoints.aws_security_group.this",
            "module.aws_vpc.module.endpoints.data.aws_vpc_endpoint_service.this",
            "module.aws_vpc.module.vpc.aws_route_table.private",
            "module.aws_vpc.module.vpc.aws_route_table.public",
            "module.aws_vpc.module.vpc.aws_subnet.private",
            "module.aws_vpc.module.vpc.aws_vpc.this",
            "module.aws_vpc.module.vpc.aws_vpc_ipv4_cidr_block_association.this"
          ]
        },
        {
          "index_key": "sts",
          "schema_version": 0,
          "attributes": {
            "arn": "arn:aws:ec2:ap-southeast-2:136146594194:vpc-endpoint/vpce-09d8c98bf74752e39",
            "auto_accept": null,
            "cidr_blocks": [],
            "dns_entry": [
              {
                "dns_name": "vpce-09d8c98bf74752e39-g7rv0jdh.sts.ap-southeast-2.vpce.amazonaws.com",
                "hosted_zone_id": "ZDK2GCRPAFKGO"
              },
              {
                "dns_name": "vpce-09d8c98bf74752e39-g7rv0jdh-ap-southeast-2b.sts.ap-southeast-2.vpce.amazonaws.com",
                "hosted_zone_id": "ZDK2GCRPAFKGO"
              },
              {
                "dns_name": "vpce-09d8c98bf74752e39-g7rv0jdh-ap-southeast-2a.sts.ap-southeast-2.vpce.amazonaws.com",
                "hosted_zone_id": "ZDK2GCRPAFKGO"
              },
              {
                "dns_name": "sts.ap-southeast-2.amazonaws.com",
                "hosted_zone_id": "Z083510431A646RFOMVX5"
              }
            ],
            "dns_options": [
              {
                "dns_record_ip_type": "ipv4",
                "private_dns_only_for_inbound_resolver_endpoint": false
              }
            ],
            "id": "vpce-09d8c98bf74752e39",
            "ip_address_type": "ipv4",
            "network_interface_ids": [
              "eni-017317cd94f0a9d8d",
              "eni-0547ab1cd538edd61"
            ],
            "owner_id": "136146594194",
            "policy": "{\"Statement\":[{\"Action\":\"*\",\"Effect\":\"Allow\",\"Principal\":\"*\",\"Resource\":\"*\"}]}",
            "prefix_list_id": null,
            "private_dns_enabled": true,
            "requester_managed": false,
            "route_table_ids": [],
            "security_group_ids": [
              "sg-057795007721d0ffa"
            ],
            "service_name": "com.amazonaws.ap-southeast-2.sts",
            "state": "available",
            "subnet_ids": [
              "subnet-01a856ab77b48006f",
              "subnet-09a90cd0906f3aa71"
            ],
            "tags": {
              "Environment": "dev",
              "Name": "mars-aws-dev-sts-vpc-interface-endpoint",
              "Project": "mars"
            },
            "tags_all": {
              "Environment": "dev",
              "Name": "mars-aws-dev-sts-vpc-interface-endpoint",
              "Project": "mars"
            },
            "timeouts": {
              "create": "10m",
              "delete": "10m",
              "update": "10m"
            },
            "vpc_endpoint_type": "Interface",
            "vpc_id": "vpc-086f1f2b8146bb68b"
          },
          "sensitive_attributes": [],
          "private": "eyJlMmJmYjczMC1lY2FhLTExZTYtOGY4OC0zNDM2M2JjN2M0YzAiOnsiY3JlYXRlIjo2MDAwMDAwMDAwMDAsImRlbGV0ZSI6NjAwMDAwMDAwMDAwLCJ1cGRhdGUiOjYwMDAwMDAwMDAwMH19",
          "dependencies": [
            "module.aws_vpc.data.aws_availability_zones.available",
            "module.aws_vpc.module.endpoints.aws_security_group.this",
            "module.aws_vpc.module.endpoints.data.aws_vpc_endpoint_service.this",
            "module.aws_vpc.module.vpc.aws_route_table.private",
            "module.aws_vpc.module.vpc.aws_route_table.public",
            "module.aws_vpc.module.vpc.aws_subnet.private",
            "module.aws_vpc.module.vpc.aws_vpc.this",
            "module.aws_vpc.module.vpc.aws_vpc_ipv4_cidr_block_association.this"
          ]
        }
      ]
    },
    {
      "module": "module.aws_vpc.module.vpc",
      "mode": "managed",
      "type": "aws_default_network_acl",
      "name": "this",
      "provider": "provider[\"registry.terraform.io/hashicorp/aws\"]",
      "instances": [
        {
          "index_key": 0,
          "schema_version": 0,
          "attributes": {
            "arn": "arn:aws:ec2:ap-southeast-2:136146594194:network-acl/acl-07e725adb8975899a",
            "default_network_acl_id": "acl-07e725adb8975899a",
            "egress": [
              {
                "action": "allow",
                "cidr_block": "",
                "from_port": 0,
                "icmp_code": null,
                "icmp_type": null,
                "ipv6_cidr_block": "::/0",
                "protocol": "-1",
                "rule_no": 101,
                "to_port": 0
              },
              {
                "action": "allow",
                "cidr_block": "0.0.0.0/0",
                "from_port": 0,
                "icmp_code": null,
                "icmp_type": null,
                "ipv6_cidr_block": "",
                "protocol": "-1",
                "rule_no": 100,
                "to_port": 0
              }
            ],
            "id": "acl-07e725adb8975899a",
            "ingress": [
              {
                "action": "allow",
                "cidr_block": "",
                "from_port": 0,
                "icmp_code": null,
                "icmp_type": null,
                "ipv6_cidr_block": "::/0",
                "protocol": "-1",
                "rule_no": 101,
                "to_port": 0
              },
              {
                "action": "allow",
                "cidr_block": "0.0.0.0/0",
                "from_port": 0,
                "icmp_code": null,
                "icmp_type": null,
                "ipv6_cidr_block": "",
                "protocol": "-1",
                "rule_no": 100,
                "to_port": 0
              }
            ],
            "owner_id": "136146594194",
            "subnet_ids": [
              "subnet-01a856ab77b48006f",
              "subnet-09a90cd0906f3aa71",
              "subnet-0e74147c9e7e1ac15"
            ],
            "tags": {
              "Environment": "dev",
              "Name": "mars-aws-dev-vpc-default",
              "Project": "mars"
            },
            "tags_all": {
              "Environment": "dev",
              "Name": "mars-aws-dev-vpc-default",
              "Project": "mars"
            },
            "vpc_id": "vpc-086f1f2b8146bb68b"
          },
          "sensitive_attributes": [],
          "private": "bnVsbA==",
          "dependencies": [
            "module.aws_vpc.module.vpc.aws_vpc.this"
          ]
        }
      ]
    },
    {
      "module": "module.aws_vpc.module.vpc",
      "mode": "managed",
      "type": "aws_default_route_table",
      "name": "default",
      "provider": "provider[\"registry.terraform.io/hashicorp/aws\"]",
      "instances": [
        {
          "index_key": 0,
          "schema_version": 0,
          "attributes": {
            "arn": "arn:aws:ec2:ap-southeast-2:136146594194:route-table/rtb-0a3a5271ef8a9f97a",
            "default_route_table_id": "rtb-0a3a5271ef8a9f97a",
            "id": "rtb-0a3a5271ef8a9f97a",
            "owner_id": "136146594194",
            "propagating_vgws": null,
            "route": [],
            "tags": {
              "Environment": "dev",
              "Name": "mars-aws-dev-vpc-default",
              "Project": "mars"
            },
            "tags_all": {
              "Environment": "dev",
              "Name": "mars-aws-dev-vpc-default",
              "Project": "mars"
            },
            "timeouts": {
              "create": "5m",
              "update": "5m"
            },
            "vpc_id": "vpc-086f1f2b8146bb68b"
          },
          "sensitive_attributes": [],
          "private": "eyJlMmJmYjczMC1lY2FhLTExZTYtOGY4OC0zNDM2M2JjN2M0YzAiOnsiY3JlYXRlIjozMDAwMDAwMDAwMDAsInVwZGF0ZSI6MzAwMDAwMDAwMDAwfX0=",
          "dependencies": [
            "module.aws_vpc.module.vpc.aws_vpc.this"
          ]
        }
      ]
    },
    {
      "module": "module.aws_vpc.module.vpc",
      "mode": "managed",
      "type": "aws_default_security_group",
      "name": "this",
      "provider": "provider[\"registry.terraform.io/hashicorp/aws\"]",
      "instances": [
        {
          "index_key": 0,
          "schema_version": 1,
          "attributes": {
            "arn": "arn:aws:ec2:ap-southeast-2:136146594194:security-group/sg-057795007721d0ffa",
            "description": "default VPC security group",
            "egress": [
              {
                "cidr_blocks": [
                  "0.0.0.0/0"
                ],
                "description": "",
                "from_port": 0,
                "ipv6_cidr_blocks": [],
                "prefix_list_ids": [],
                "protocol": "-1",
                "security_groups": [],
                "self": false,
                "to_port": 0
              }
            ],
            "id": "sg-057795007721d0ffa",
            "ingress": [
              {
                "cidr_blocks": [],
                "description": "Allow all internal TCP and UDP",
                "from_port": 0,
                "ipv6_cidr_blocks": [],
                "prefix_list_ids": [],
                "protocol": "-1",
                "security_groups": [],
                "self": true,
                "to_port": 0
              }
            ],
            "name": "default",
            "name_prefix": "",
            "owner_id": "136146594194",
            "revoke_rules_on_delete": false,
            "tags": {
              "Environment": "dev",
              "Name": "mars-aws-dev-sg",
              "Project": "mars"
            },
            "tags_all": {
              "Environment": "dev",
              "Name": "mars-aws-dev-sg",
              "Project": "mars"
            },
            "vpc_id": "vpc-086f1f2b8146bb68b"
          },
          "sensitive_attributes": [],
          "private": "eyJzY2hlbWFfdmVyc2lvbiI6IjEifQ==",
          "dependencies": [
            "module.aws_vpc.module.vpc.aws_vpc.this"
          ]
        }
      ]
    },
    {
      "module": "module.aws_vpc.module.vpc",
      "mode": "managed",
      "type": "aws_eip",
      "name": "nat",
      "provider": "provider[\"registry.terraform.io/hashicorp/aws\"]",
      "instances": [
        {
          "index_key": 0,
          "schema_version": 0,
          "attributes": {
            "address": null,
            "allocation_id": "eipalloc-01a1d7320f89978a0",
            "associate_with_private_ip": null,
            "association_id": "",
            "carrier_ip": "",
            "customer_owned_ip": "",
            "customer_owned_ipv4_pool": "",
            "domain": "vpc",
            "id": "eipalloc-01a1d7320f89978a0",
            "instance": "",
            "network_border_group": "ap-southeast-2",
            "network_interface": "",
            "private_dns": null,
            "private_ip": "",
            "public_dns": "ec2-54-253-106-228.ap-southeast-2.compute.amazonaws.com",
            "public_ip": "54.253.106.228",
            "public_ipv4_pool": "amazon",
            "tags": {
              "Environment": "dev",
              "Name": "mars-aws-dev-vpc-ap-southeast-2a",
              "Project": "mars"
            },
            "tags_all": {
              "Environment": "dev",
              "Name": "mars-aws-dev-vpc-ap-southeast-2a",
              "Project": "mars"
            },
            "timeouts": null,
            "vpc": true
          },
          "sensitive_attributes": [],
          "private": "eyJlMmJmYjczMC1lY2FhLTExZTYtOGY4OC0zNDM2M2JjN2M0YzAiOnsiZGVsZXRlIjoxODAwMDAwMDAwMDAsInJlYWQiOjkwMDAwMDAwMDAwMCwidXBkYXRlIjozMDAwMDAwMDAwMDB9fQ==",
          "dependencies": [
            "module.aws_vpc.data.aws_availability_zones.available",
            "module.aws_vpc.module.vpc.aws_internet_gateway.this",
            "module.aws_vpc.module.vpc.aws_vpc.this",
            "module.aws_vpc.module.vpc.aws_vpc_ipv4_cidr_block_association.this"
          ]
        }
      ]
    },
    {
      "module": "module.aws_vpc.module.vpc",
      "mode": "managed",
      "type": "aws_internet_gateway",
      "name": "this",
      "provider": "provider[\"registry.terraform.io/hashicorp/aws\"]",
      "instances": [
        {
          "index_key": 0,
          "schema_version": 0,
          "attributes": {
            "arn": "arn:aws:ec2:ap-southeast-2:136146594194:internet-gateway/igw-01b1daba0906ab8dc",
            "id": "igw-01b1daba0906ab8dc",
            "owner_id": "136146594194",
            "tags": {
              "Environment": "dev",
              "Name": "mars-aws-dev-vpc",
              "Project": "mars"
            },
            "tags_all": {
              "Environment": "dev",
              "Name": "mars-aws-dev-vpc",
              "Project": "mars"
            },
            "timeouts": null,
            "vpc_id": "vpc-086f1f2b8146bb68b"
          },
          "sensitive_attributes": [],
          "private": "eyJlMmJmYjczMC1lY2FhLTExZTYtOGY4OC0zNDM2M2JjN2M0YzAiOnsiY3JlYXRlIjoxMjAwMDAwMDAwMDAwLCJkZWxldGUiOjEyMDAwMDAwMDAwMDAsInVwZGF0ZSI6MTIwMDAwMDAwMDAwMH19",
          "dependencies": [
            "module.aws_vpc.module.vpc.aws_vpc.this",
            "module.aws_vpc.module.vpc.aws_vpc_ipv4_cidr_block_association.this"
          ]
        }
      ]
    },
    {
      "module": "module.aws_vpc.module.vpc",
      "mode": "managed",
      "type": "aws_nat_gateway",
      "name": "this",
      "provider": "provider[\"registry.terraform.io/hashicorp/aws\"]",
      "instances": [
        {
          "index_key": 0,
          "schema_version": 0,
          "attributes": {
            "allocation_id": "eipalloc-01a1d7320f89978a0",
            "association_id": "eipassoc-09d95db4b5e0626eb",
            "connectivity_type": "public",
            "id": "nat-028e5d39ef6ada036",
            "network_interface_id": "eni-0d8055bd440de5b30",
            "private_ip": "10.4.26.102",
            "public_ip": "54.253.106.228",
            "secondary_allocation_ids": null,
            "secondary_private_ip_address_count": 0,
            "secondary_private_ip_addresses": [],
            "subnet_id": "subnet-0e74147c9e7e1ac15",
            "tags": {
              "Environment": "dev",
              "Name": "mars-aws-dev-vpc-ap-southeast-2a",
              "Project": "mars"
            },
            "tags_all": {
              "Environment": "dev",
              "Name": "mars-aws-dev-vpc-ap-southeast-2a",
              "Project": "mars"
            },
            "timeouts": null
          },
          "sensitive_attributes": [],
          "private": "eyJlMmJmYjczMC1lY2FhLTExZTYtOGY4OC0zNDM2M2JjN2M0YzAiOnsiY3JlYXRlIjo2MDAwMDAwMDAwMDAsImRlbGV0ZSI6MTgwMDAwMDAwMDAwMCwidXBkYXRlIjo2MDAwMDAwMDAwMDB9fQ==",
          "dependencies": [
            "module.aws_vpc.data.aws_availability_zones.available",
            "module.aws_vpc.module.vpc.aws_eip.nat",
            "module.aws_vpc.module.vpc.aws_internet_gateway.this",
            "module.aws_vpc.module.vpc.aws_subnet.public",
            "module.aws_vpc.module.vpc.aws_vpc.this",
            "module.aws_vpc.module.vpc.aws_vpc_ipv4_cidr_block_association.this"
          ]
        }
      ]
    },
    {
      "module": "module.aws_vpc.module.vpc",
      "mode": "managed",
      "type": "aws_route",
      "name": "private_nat_gateway",
      "provider": "provider[\"registry.terraform.io/hashicorp/aws\"]",
      "instances": [
        {
          "index_key": 0,
          "schema_version": 0,
          "attributes": {
            "carrier_gateway_id": "",
            "core_network_arn": "",
            "destination_cidr_block": "0.0.0.0/0",
            "destination_ipv6_cidr_block": "",
            "destination_prefix_list_id": "",
            "egress_only_gateway_id": "",
            "gateway_id": "",
            "id": "r-rtb-0af5240681b0efafb1080289494",
            "instance_id": "",
            "instance_owner_id": "",
            "local_gateway_id": "",
            "nat_gateway_id": "nat-028e5d39ef6ada036",
            "network_interface_id": "",
            "origin": "CreateRoute",
            "route_table_id": "rtb-0af5240681b0efafb",
            "state": "active",
            "timeouts": {
              "create": "5m",
              "delete": null,
              "update": null
            },
            "transit_gateway_id": "",
            "vpc_endpoint_id": "",
            "vpc_peering_connection_id": ""
          },
          "sensitive_attributes": [],
          "private": "eyJlMmJmYjczMC1lY2FhLTExZTYtOGY4OC0zNDM2M2JjN2M0YzAiOnsiY3JlYXRlIjozMDAwMDAwMDAwMDAsImRlbGV0ZSI6MzAwMDAwMDAwMDAwLCJ1cGRhdGUiOjEyMDAwMDAwMDAwMH19",
          "dependencies": [
            "module.aws_vpc.data.aws_availability_zones.available",
            "module.aws_vpc.module.vpc.aws_eip.nat",
            "module.aws_vpc.module.vpc.aws_internet_gateway.this",
            "module.aws_vpc.module.vpc.aws_nat_gateway.this",
            "module.aws_vpc.module.vpc.aws_route_table.private",
            "module.aws_vpc.module.vpc.aws_subnet.public",
            "module.aws_vpc.module.vpc.aws_vpc.this",
            "module.aws_vpc.module.vpc.aws_vpc_ipv4_cidr_block_association.this"
          ]
        }
      ]
    },
    {
      "module": "module.aws_vpc.module.vpc",
      "mode": "managed",
      "type": "aws_route",
      "name": "public_internet_gateway",
      "provider": "provider[\"registry.terraform.io/hashicorp/aws\"]",
      "instances": [
        {
          "index_key": 0,
          "schema_version": 0,
          "attributes": {
            "carrier_gateway_id": "",
            "core_network_arn": "",
            "destination_cidr_block": "0.0.0.0/0",
            "destination_ipv6_cidr_block": "",
            "destination_prefix_list_id": "",
            "egress_only_gateway_id": "",
            "gateway_id": "igw-01b1daba0906ab8dc",
            "id": "r-rtb-073d6216135d124741080289494",
            "instance_id": "",
            "instance_owner_id": "",
            "local_gateway_id": "",
            "nat_gateway_id": "",
            "network_interface_id": "",
            "origin": "CreateRoute",
            "route_table_id": "rtb-073d6216135d12474",
            "state": "active",
            "timeouts": {
              "create": "5m",
              "delete": null,
              "update": null
            },
            "transit_gateway_id": "",
            "vpc_endpoint_id": "",
            "vpc_peering_connection_id": ""
          },
          "sensitive_attributes": [],
          "private": "eyJlMmJmYjczMC1lY2FhLTExZTYtOGY4OC0zNDM2M2JjN2M0YzAiOnsiY3JlYXRlIjozMDAwMDAwMDAwMDAsImRlbGV0ZSI6MzAwMDAwMDAwMDAwLCJ1cGRhdGUiOjEyMDAwMDAwMDAwMH19",
          "dependencies": [
            "module.aws_vpc.module.vpc.aws_internet_gateway.this",
            "module.aws_vpc.module.vpc.aws_route_table.public",
            "module.aws_vpc.module.vpc.aws_vpc.this",
            "module.aws_vpc.module.vpc.aws_vpc_ipv4_cidr_block_association.this"
          ]
        }
      ]
    },
    {
      "module": "module.aws_vpc.module.vpc",
      "mode": "managed",
      "type": "aws_route_table",
      "name": "private",
      "provider": "provider[\"registry.terraform.io/hashicorp/aws\"]",
      "instances": [
        {
          "index_key": 0,
          "schema_version": 0,
          "attributes": {
            "arn": "arn:aws:ec2:ap-southeast-2:136146594194:route-table/rtb-0af5240681b0efafb",
            "id": "rtb-0af5240681b0efafb",
            "owner_id": "136146594194",
            "propagating_vgws": [],
            "route": [],
            "tags": {
              "Environment": "dev",
              "Name": "mars-aws-dev-vpc-private",
              "Project": "mars"
            },
            "tags_all": {
              "Environment": "dev",
              "Name": "mars-aws-dev-vpc-private",
              "Project": "mars"
            },
            "timeouts": null,
            "vpc_id": "vpc-086f1f2b8146bb68b"
          },
          "sensitive_attributes": [],
          "private": "eyJlMmJmYjczMC1lY2FhLTExZTYtOGY4OC0zNDM2M2JjN2M0YzAiOnsiY3JlYXRlIjozMDAwMDAwMDAwMDAsImRlbGV0ZSI6MzAwMDAwMDAwMDAwLCJ1cGRhdGUiOjEyMDAwMDAwMDAwMH19",
          "dependencies": [
            "module.aws_vpc.data.aws_availability_zones.available",
            "module.aws_vpc.module.vpc.aws_vpc.this",
            "module.aws_vpc.module.vpc.aws_vpc_ipv4_cidr_block_association.this"
          ]
        }
      ]
    },
    {
      "module": "module.aws_vpc.module.vpc",
      "mode": "managed",
      "type": "aws_route_table",
      "name": "public",
      "provider": "provider[\"registry.terraform.io/hashicorp/aws\"]",
      "instances": [
        {
          "index_key": 0,
          "schema_version": 0,
          "attributes": {
            "arn": "arn:aws:ec2:ap-southeast-2:136146594194:route-table/rtb-073d6216135d12474",
            "id": "rtb-073d6216135d12474",
            "owner_id": "136146594194",
            "propagating_vgws": [],
            "route": [],
            "tags": {
              "Environment": "dev",
              "Name": "mars-aws-dev-vpc-public",
              "Project": "mars"
            },
            "tags_all": {
              "Environment": "dev",
              "Name": "mars-aws-dev-vpc-public",
              "Project": "mars"
            },
            "timeouts": null,
            "vpc_id": "vpc-086f1f2b8146bb68b"
          },
          "sensitive_attributes": [],
          "private": "eyJlMmJmYjczMC1lY2FhLTExZTYtOGY4OC0zNDM2M2JjN2M0YzAiOnsiY3JlYXRlIjozMDAwMDAwMDAwMDAsImRlbGV0ZSI6MzAwMDAwMDAwMDAwLCJ1cGRhdGUiOjEyMDAwMDAwMDAwMH19",
          "dependencies": [
            "module.aws_vpc.module.vpc.aws_vpc.this",
            "module.aws_vpc.module.vpc.aws_vpc_ipv4_cidr_block_association.this"
          ]
        }
      ]
    },
    {
      "module": "module.aws_vpc.module.vpc",
      "mode": "managed",
      "type": "aws_route_table_association",
      "name": "private",
      "provider": "provider[\"registry.terraform.io/hashicorp/aws\"]",
      "instances": [
        {
          "index_key": 0,
          "schema_version": 0,
          "attributes": {
            "gateway_id": "",
            "id": "rtbassoc-04421a6850999524f",
            "route_table_id": "rtb-0af5240681b0efafb",
            "subnet_id": "subnet-01a856ab77b48006f",
            "timeouts": null
          },
          "sensitive_attributes": [],
          "private": "eyJlMmJmYjczMC1lY2FhLTExZTYtOGY4OC0zNDM2M2JjN2M0YzAiOnsiY3JlYXRlIjozMDAwMDAwMDAwMDAsImRlbGV0ZSI6MzAwMDAwMDAwMDAwLCJ1cGRhdGUiOjEyMDAwMDAwMDAwMH19",
          "dependencies": [
            "module.aws_vpc.data.aws_availability_zones.available",
            "module.aws_vpc.module.vpc.aws_route_table.private",
            "module.aws_vpc.module.vpc.aws_subnet.private",
            "module.aws_vpc.module.vpc.aws_vpc.this",
            "module.aws_vpc.module.vpc.aws_vpc_ipv4_cidr_block_association.this"
          ]
        },
        {
          "index_key": 1,
          "schema_version": 0,
          "attributes": {
            "gateway_id": "",
            "id": "rtbassoc-04c551b2045d00889",
            "route_table_id": "rtb-0af5240681b0efafb",
            "subnet_id": "subnet-09a90cd0906f3aa71",
            "timeouts": null
          },
          "sensitive_attributes": [],
          "private": "eyJlMmJmYjczMC1lY2FhLTExZTYtOGY4OC0zNDM2M2JjN2M0YzAiOnsiY3JlYXRlIjozMDAwMDAwMDAwMDAsImRlbGV0ZSI6MzAwMDAwMDAwMDAwLCJ1cGRhdGUiOjEyMDAwMDAwMDAwMH19",
          "dependencies": [
            "module.aws_vpc.data.aws_availability_zones.available",
            "module.aws_vpc.module.vpc.aws_route_table.private",
            "module.aws_vpc.module.vpc.aws_subnet.private",
            "module.aws_vpc.module.vpc.aws_vpc.this",
            "module.aws_vpc.module.vpc.aws_vpc_ipv4_cidr_block_association.this"
          ]
        }
      ]
    },
    {
      "module": "module.aws_vpc.module.vpc",
      "mode": "managed",
      "type": "aws_route_table_association",
      "name": "public",
      "provider": "provider[\"registry.terraform.io/hashicorp/aws\"]",
      "instances": [
        {
          "index_key": 0,
          "schema_version": 0,
          "attributes": {
            "gateway_id": "",
            "id": "rtbassoc-0e22e38568365139a",
            "route_table_id": "rtb-073d6216135d12474",
            "subnet_id": "subnet-0e74147c9e7e1ac15",
            "timeouts": null
          },
          "sensitive_attributes": [],
          "private": "eyJlMmJmYjczMC1lY2FhLTExZTYtOGY4OC0zNDM2M2JjN2M0YzAiOnsiY3JlYXRlIjozMDAwMDAwMDAwMDAsImRlbGV0ZSI6MzAwMDAwMDAwMDAwLCJ1cGRhdGUiOjEyMDAwMDAwMDAwMH19",
          "dependencies": [
            "module.aws_vpc.data.aws_availability_zones.available",
            "module.aws_vpc.module.vpc.aws_route_table.public",
            "module.aws_vpc.module.vpc.aws_subnet.public",
            "module.aws_vpc.module.vpc.aws_vpc.this",
            "module.aws_vpc.module.vpc.aws_vpc_ipv4_cidr_block_association.this"
          ]
        }
      ]
    },
    {
      "module": "module.aws_vpc.module.vpc",
      "mode": "managed",
      "type": "aws_subnet",
      "name": "private",
      "provider": "provider[\"registry.terraform.io/hashicorp/aws\"]",
      "instances": [
        {
          "index_key": 0,
          "schema_version": 1,
          "attributes": {
            "arn": "arn:aws:ec2:ap-southeast-2:136146594194:subnet/subnet-01a856ab77b48006f",
            "assign_ipv6_address_on_creation": false,
            "availability_zone": "ap-southeast-2a",
            "availability_zone_id": "apse2-az1",
            "cidr_block": "10.4.32.0/19",
            "customer_owned_ipv4_pool": "",
            "enable_dns64": false,
            "enable_lni_at_device_index": 0,
            "enable_resource_name_dns_a_record_on_launch": false,
            "enable_resource_name_dns_aaaa_record_on_launch": false,
            "id": "subnet-01a856ab77b48006f",
            "ipv6_cidr_block": "",
            "ipv6_cidr_block_association_id": "",
            "ipv6_native": false,
            "map_customer_owned_ip_on_launch": false,
            "map_public_ip_on_launch": false,
            "outpost_arn": "",
            "owner_id": "136146594194",
            "private_dns_hostname_type_on_launch": "ip-name",
            "tags": {
              "Environment": "dev",
              "Name": "mars-aws-dev-vpc-private-ap-southeast-2a",
              "Project": "mars"
            },
            "tags_all": {
              "Environment": "dev",
              "Name": "mars-aws-dev-vpc-private-ap-southeast-2a",
              "Project": "mars"
            },
            "timeouts": null,
            "vpc_id": "vpc-086f1f2b8146bb68b"
          },
          "sensitive_attributes": [],
          "private": "eyJlMmJmYjczMC1lY2FhLTExZTYtOGY4OC0zNDM2M2JjN2M0YzAiOnsiY3JlYXRlIjo2MDAwMDAwMDAwMDAsImRlbGV0ZSI6MTIwMDAwMDAwMDAwMH0sInNjaGVtYV92ZXJzaW9uIjoiMSJ9",
          "dependencies": [
            "module.aws_vpc.data.aws_availability_zones.available",
            "module.aws_vpc.module.vpc.aws_vpc.this",
            "module.aws_vpc.module.vpc.aws_vpc_ipv4_cidr_block_association.this"
          ]
        },
        {
          "index_key": 1,
          "schema_version": 1,
          "attributes": {
            "arn": "arn:aws:ec2:ap-southeast-2:136146594194:subnet/subnet-09a90cd0906f3aa71",
            "assign_ipv6_address_on_creation": false,
            "availability_zone": "ap-southeast-2b",
            "availability_zone_id": "apse2-az3",
            "cidr_block": "10.4.64.0/19",
            "customer_owned_ipv4_pool": "",
            "enable_dns64": false,
            "enable_lni_at_device_index": 0,
            "enable_resource_name_dns_a_record_on_launch": false,
            "enable_resource_name_dns_aaaa_record_on_launch": false,
            "id": "subnet-09a90cd0906f3aa71",
            "ipv6_cidr_block": "",
            "ipv6_cidr_block_association_id": "",
            "ipv6_native": false,
            "map_customer_owned_ip_on_launch": false,
            "map_public_ip_on_launch": false,
            "outpost_arn": "",
            "owner_id": "136146594194",
            "private_dns_hostname_type_on_launch": "ip-name",
            "tags": {
              "Environment": "dev",
              "Name": "mars-aws-dev-vpc-private-ap-southeast-2b",
              "Project": "mars"
            },
            "tags_all": {
              "Environment": "dev",
              "Name": "mars-aws-dev-vpc-private-ap-southeast-2b",
              "Project": "mars"
            },
            "timeouts": null,
            "vpc_id": "vpc-086f1f2b8146bb68b"
          },
          "sensitive_attributes": [],
          "private": "eyJlMmJmYjczMC1lY2FhLTExZTYtOGY4OC0zNDM2M2JjN2M0YzAiOnsiY3JlYXRlIjo2MDAwMDAwMDAwMDAsImRlbGV0ZSI6MTIwMDAwMDAwMDAwMH0sInNjaGVtYV92ZXJzaW9uIjoiMSJ9",
          "dependencies": [
            "module.aws_vpc.data.aws_availability_zones.available",
            "module.aws_vpc.module.vpc.aws_vpc.this",
            "module.aws_vpc.module.vpc.aws_vpc_ipv4_cidr_block_association.this"
          ]
        }
      ]
    },
    {
      "module": "module.aws_vpc.module.vpc",
      "mode": "managed",
      "type": "aws_subnet",
      "name": "public",
      "provider": "provider[\"registry.terraform.io/hashicorp/aws\"]",
      "instances": [
        {
          "index_key": 0,
          "schema_version": 1,
          "attributes": {
            "arn": "arn:aws:ec2:ap-southeast-2:136146594194:subnet/subnet-0e74147c9e7e1ac15",
            "assign_ipv6_address_on_creation": false,
            "availability_zone": "ap-southeast-2a",
            "availability_zone_id": "apse2-az1",
            "cidr_block": "10.4.0.0/19",
            "customer_owned_ipv4_pool": "",
            "enable_dns64": false,
            "enable_lni_at_device_index": 0,
            "enable_resource_name_dns_a_record_on_launch": false,
            "enable_resource_name_dns_aaaa_record_on_launch": false,
            "id": "subnet-0e74147c9e7e1ac15",
            "ipv6_cidr_block": "",
            "ipv6_cidr_block_association_id": "",
            "ipv6_native": false,
            "map_customer_owned_ip_on_launch": false,
            "map_public_ip_on_launch": false,
            "outpost_arn": "",
            "owner_id": "136146594194",
            "private_dns_hostname_type_on_launch": "ip-name",
            "tags": {
              "Environment": "dev",
              "Name": "mars-aws-dev-vpc-public-ap-southeast-2a",
              "Project": "mars"
            },
            "tags_all": {
              "Environment": "dev",
              "Name": "mars-aws-dev-vpc-public-ap-southeast-2a",
              "Project": "mars"
            },
            "timeouts": null,
            "vpc_id": "vpc-086f1f2b8146bb68b"
          },
          "sensitive_attributes": [],
          "private": "eyJlMmJmYjczMC1lY2FhLTExZTYtOGY4OC0zNDM2M2JjN2M0YzAiOnsiY3JlYXRlIjo2MDAwMDAwMDAwMDAsImRlbGV0ZSI6MTIwMDAwMDAwMDAwMH0sInNjaGVtYV92ZXJzaW9uIjoiMSJ9",
          "dependencies": [
            "module.aws_vpc.data.aws_availability_zones.available",
            "module.aws_vpc.module.vpc.aws_vpc.this",
            "module.aws_vpc.module.vpc.aws_vpc_ipv4_cidr_block_association.this"
          ]
        }
      ]
    },
    {
      "module": "module.aws_vpc.module.vpc",
      "mode": "managed",
      "type": "aws_vpc",
      "name": "this",
      "provider": "provider[\"registry.terraform.io/hashicorp/aws\"]",
      "instances": [
        {
          "index_key": 0,
          "schema_version": 1,
          "attributes": {
            "arn": "arn:aws:ec2:ap-southeast-2:136146594194:vpc/vpc-086f1f2b8146bb68b",
            "assign_generated_ipv6_cidr_block": false,
            "cidr_block": "10.4.0.0/16",
            "default_network_acl_id": "acl-07e725adb8975899a",
            "default_route_table_id": "rtb-0a3a5271ef8a9f97a",
            "default_security_group_id": "sg-057795007721d0ffa",
            "dhcp_options_id": "dopt-0f24b3d57527c3c4d",
            "enable_dns_hostnames": true,
            "enable_dns_support": true,
            "enable_network_address_usage_metrics": false,
            "id": "vpc-086f1f2b8146bb68b",
            "instance_tenancy": "default",
            "ipv4_ipam_pool_id": null,
            "ipv4_netmask_length": null,
            "ipv6_association_id": "",
            "ipv6_cidr_block": "",
            "ipv6_cidr_block_network_border_group": "",
            "ipv6_ipam_pool_id": "",
            "ipv6_netmask_length": 0,
            "main_route_table_id": "rtb-0a3a5271ef8a9f97a",
            "owner_id": "136146594194",
            "tags": {
              "Environment": "dev",
              "Name": "mars-aws-dev-vpc",
              "Project": "mars"
            },
            "tags_all": {
              "Environment": "dev",
              "Name": "mars-aws-dev-vpc",
              "Project": "mars"
            }
          },
          "sensitive_attributes": [],
          "private": "eyJzY2hlbWFfdmVyc2lvbiI6IjEifQ=="
        }
      ]
    },
    {
      "module": "module.dev_catalog",
      "mode": "managed",
      "type": "aws_iam_policy",
      "name": "policy",
      "provider": "provider[\"registry.terraform.io/hashicorp/aws\"]",
      "instances": [
        {
          "schema_version": 0,
          "attributes": {
            "arn": "arn:aws:iam::136146594194:policy/_dev-catalog-s3-external-access-policy",
            "description": "Policy for S3 Bucket Access",
            "id": "arn:aws:iam::136146594194:policy/_dev-catalog-s3-external-access-policy",
            "name": "_dev-catalog-s3-external-access-policy",
            "name_prefix": "",
            "path": "/",
            "policy": "{\"Statement\":[{\"Action\":[\"s3:GetObject\",\"s3:PutObject\",\"s3:DeleteObject\",\"s3:ListBucket\",\"s3:GetBucketLocation\",\"s3:GetLifecycleConfiguration\",\"s3:PutLifecycleConfiguration\"],\"Effect\":\"Allow\",\"Resource\":[\"arn:aws:s3:::dev-catalog-storage-20240110225036788000000008\",\"arn:aws:s3:::dev-catalog-storage-20240110225036788000000008/*\"]},{\"Action\":[\"sts:AssumeRole\"],\"Effect\":\"Allow\",\"Resource\":[\"arn:aws:iam::136146594194:role/_dev-catalog-s3-external-access-role\"]}],\"Version\":\"2012-10-17\"}",
            "policy_id": "ANPAR7MXYFGJFHSOTPHQU",
            "tags": {
              "Environment": "dev",
              "Project": "mars"
            },
            "tags_all": {
              "Environment": "dev",
              "Project": "mars"
            }
          },
          "sensitive_attributes": [],
          "private": "bnVsbA==",
          "dependencies": [
            "module.aws_crossaccount_role.aws_iam_policy.cross_account_policy",
            "module.aws_crossaccount_role.aws_iam_role.cross_account_role",
            "module.aws_crossaccount_role.aws_iam_role_policy_attachment.cross_account_policy_attachment",
            "module.aws_crossaccount_role.data.databricks_aws_assume_role_policy.this",
            "module.aws_crossaccount_role.data.databricks_aws_crossaccount_policy.this",
            "module.aws_crossaccount_role.time_sleep.wait",
            "module.aws_vpc.data.aws_availability_zones.available",
            "module.aws_vpc.module.endpoints.aws_security_group.this",
            "module.aws_vpc.module.endpoints.aws_security_group_rule.this",
            "module.aws_vpc.module.endpoints.aws_vpc_endpoint.this",
            "module.aws_vpc.module.endpoints.data.aws_vpc_endpoint_service.this",
            "module.aws_vpc.module.vpc.aws_cloudwatch_log_group.flow_log",
            "module.aws_vpc.module.vpc.aws_customer_gateway.this",
            "module.aws_vpc.module.vpc.aws_db_subnet_group.database",
            "module.aws_vpc.module.vpc.aws_default_network_acl.this",
            "module.aws_vpc.module.vpc.aws_default_route_table.default",
            "module.aws_vpc.module.vpc.aws_default_security_group.this",
            "module.aws_vpc.module.vpc.aws_default_vpc.this",
            "module.aws_vpc.module.vpc.aws_egress_only_internet_gateway.this",
            "module.aws_vpc.module.vpc.aws_eip.nat",
            "module.aws_vpc.module.vpc.aws_elasticache_subnet_group.elasticache",
            "module.aws_vpc.module.vpc.aws_flow_log.this",
            "module.aws_vpc.module.vpc.aws_iam_policy.vpc_flow_log_cloudwatch",
            "module.aws_vpc.module.vpc.aws_iam_role.vpc_flow_log_cloudwatch",
            "module.aws_vpc.module.vpc.aws_iam_role_policy_attachment.vpc_flow_log_cloudwatch",
            "module.aws_vpc.module.vpc.aws_internet_gateway.this",
            "module.aws_vpc.module.vpc.aws_nat_gateway.this",
            "module.aws_vpc.module.vpc.aws_network_acl.database",
            "module.aws_vpc.module.vpc.aws_network_acl.elasticache",
            "module.aws_vpc.module.vpc.aws_network_acl.intra",
            "module.aws_vpc.module.vpc.aws_network_acl.outpost",
            "module.aws_vpc.module.vpc.aws_network_acl.private",
            "module.aws_vpc.module.vpc.aws_network_acl.public",
            "module.aws_vpc.module.vpc.aws_network_acl.redshift",
            "module.aws_vpc.module.vpc.aws_network_acl_rule.database_inbound",
            "module.aws_vpc.module.vpc.aws_network_acl_rule.database_outbound",
            "module.aws_vpc.module.vpc.aws_network_acl_rule.elasticache_inbound",
            "module.aws_vpc.module.vpc.aws_network_acl_rule.elasticache_outbound",
            "module.aws_vpc.module.vpc.aws_network_acl_rule.intra_inbound",
            "module.aws_vpc.module.vpc.aws_network_acl_rule.intra_outbound",
            "module.aws_vpc.module.vpc.aws_network_acl_rule.outpost_inbound",
            "module.aws_vpc.module.vpc.aws_network_acl_rule.outpost_outbound",
            "module.aws_vpc.module.vpc.aws_network_acl_rule.private_inbound",
            "module.aws_vpc.module.vpc.aws_network_acl_rule.private_outbound",
            "module.aws_vpc.module.vpc.aws_network_acl_rule.public_inbound",
            "module.aws_vpc.module.vpc.aws_network_acl_rule.public_outbound",
            "module.aws_vpc.module.vpc.aws_network_acl_rule.redshift_inbound",
            "module.aws_vpc.module.vpc.aws_network_acl_rule.redshift_outbound",
            "module.aws_vpc.module.vpc.aws_redshift_subnet_group.redshift",
            "module.aws_vpc.module.vpc.aws_route.database_dns64_nat_gateway",
            "module.aws_vpc.module.vpc.aws_route.database_internet_gateway",
            "module.aws_vpc.module.vpc.aws_route.database_ipv6_egress",
            "module.aws_vpc.module.vpc.aws_route.database_nat_gateway",
            "module.aws_vpc.module.vpc.aws_route.private_dns64_nat_gateway",
            "module.aws_vpc.module.vpc.aws_route.private_ipv6_egress",
            "module.aws_vpc.module.vpc.aws_route.private_nat_gateway",
            "module.aws_vpc.module.vpc.aws_route.public_internet_gateway",
            "module.aws_vpc.module.vpc.aws_route.public_internet_gateway_ipv6",
            "module.aws_vpc.module.vpc.aws_route_table.database",
            "module.aws_vpc.module.vpc.aws_route_table.elasticache",
            "module.aws_vpc.module.vpc.aws_route_table.intra",
            "module.aws_vpc.module.vpc.aws_route_table.private",
            "module.aws_vpc.module.vpc.aws_route_table.public",
            "module.aws_vpc.module.vpc.aws_route_table.redshift",
            "module.aws_vpc.module.vpc.aws_route_table_association.database",
            "module.aws_vpc.module.vpc.aws_route_table_association.elasticache",
            "module.aws_vpc.module.vpc.aws_route_table_association.intra",
            "module.aws_vpc.module.vpc.aws_route_table_association.outpost",
            "module.aws_vpc.module.vpc.aws_route_table_association.private",
            "module.aws_vpc.module.vpc.aws_route_table_association.public",
            "module.aws_vpc.module.vpc.aws_route_table_association.redshift",
            "module.aws_vpc.module.vpc.aws_route_table_association.redshift_public",
            "module.aws_vpc.module.vpc.aws_subnet.database",
            "module.aws_vpc.module.vpc.aws_subnet.elasticache",
            "module.aws_vpc.module.vpc.aws_subnet.intra",
            "module.aws_vpc.module.vpc.aws_subnet.outpost",
            "module.aws_vpc.module.vpc.aws_subnet.private",
            "module.aws_vpc.module.vpc.aws_subnet.public",
            "module.aws_vpc.module.vpc.aws_subnet.redshift",
            "module.aws_vpc.module.vpc.aws_vpc.this",
            "module.aws_vpc.module.vpc.aws_vpc_dhcp_options.this",
            "module.aws_vpc.module.vpc.aws_vpc_dhcp_options_association.this",
            "module.aws_vpc.module.vpc.aws_vpc_ipv4_cidr_block_association.this",
            "module.aws_vpc.module.vpc.aws_vpn_gateway.this",
            "module.aws_vpc.module.vpc.aws_vpn_gateway_attachment.this",
            "module.aws_vpc.module.vpc.aws_vpn_gateway_route_propagation.intra",
            "module.aws_vpc.module.vpc.aws_vpn_gateway_route_propagation.private",
            "module.aws_vpc.module.vpc.aws_vpn_gateway_route_propagation.public",
            "module.aws_vpc.module.vpc.data.aws_iam_policy_document.flow_log_cloudwatch_assume_role",
            "module.aws_vpc.module.vpc.data.aws_iam_policy_document.vpc_flow_log_cloudwatch",
            "module.dev_catalog.aws_iam_role.role",
            "module.dev_catalog.module.s3_bucket.aws_s3_bucket.this",
            "module.dev_workspace.aws_s3_bucket.root_storage_bucket",
            "module.dev_workspace.aws_s3_bucket_policy.root_bucket_policy",
            "module.dev_workspace.aws_s3_bucket_public_access_block.root_storage_bucket",
            "module.dev_workspace.aws_s3_bucket_server_side_encryption_configuration.root_storage_bucket",
            "module.dev_workspace.aws_s3_bucket_versioning.root_bucket_versioning",
            "module.dev_workspace.data.databricks_aws_bucket_policy.this",
            "module.dev_workspace.databricks_metastore_assignment.this",
            "module.dev_workspace.databricks_mws_credentials.this",
            "module.dev_workspace.databricks_mws_networks.this",
            "module.dev_workspace.databricks_mws_storage_configurations.this",
            "module.dev_workspace.databricks_mws_workspaces.this",
            "module.uc_bootstrap.data.databricks_service_principal.terraform_sp",
            "module.uc_bootstrap.databricks_group.account_admin_group",
            "module.uc_bootstrap.databricks_group.workspace_admin_group",
            "module.uc_bootstrap.databricks_group.workspace_user_group",
            "module.uc_bootstrap.databricks_group_member.admin_group_member",
            "module.uc_bootstrap.databricks_group_member.workspace_admin_group_member",
            "module.uc_bootstrap.databricks_group_member.workspace_admin_group_member_sp",
            "module.uc_bootstrap.databricks_group_member.workspace_user_group_member",
            "module.uc_bootstrap.databricks_service_principal_role.terraform_admin",
            "module.uc_bootstrap.databricks_service_principal_secret.terraform_sp",
            "module.uc_bootstrap.databricks_user.unity_users",
            "module.uc_bootstrap.databricks_user_role.account_admin_role",
            "module.uc_metastore.databricks_metastore.this",
            "module.uc_privileges.databricks_grants.this"
          ]
        }
      ]
    },
    {
      "module": "module.dev_catalog",
      "mode": "managed",
      "type": "aws_iam_role",
      "name": "role",
      "provider": "provider[\"registry.terraform.io/hashicorp/aws\"]",
      "instances": [
        {
          "schema_version": 0,
          "attributes": {
            "arn": "arn:aws:iam::136146594194:role/_dev-catalog-s3-external-access-role",
            "assume_role_policy": "{\"Statement\":[{\"Action\":\"sts:AssumeRole\",\"Condition\":{\"StringEquals\":{\"sts:ExternalId\":\"0c6d76dc-ee77-45f4-ac75-9a177cc435b4\"}},\"Effect\":\"Allow\",\"Principal\":{\"AWS\":\"arn:aws:iam::414351767826:role/unity-catalog-prod-UCMasterRole-14S5ZJVKOTYTL\"}}],\"Version\":\"2008-10-17\"}",
            "create_date": "2024-01-10T22:50:37Z",
            "description": "",
            "force_detach_policies": false,
            "id": "_dev-catalog-s3-external-access-role",
            "inline_policy": [],
            "managed_policy_arns": [],
            "max_session_duration": 3600,
            "name": "_dev-catalog-s3-external-access-role",
            "name_prefix": "",
            "path": "/",
            "permissions_boundary": "",
            "tags": {
              "Environment": "dev",
              "Project": "mars"
            },
            "tags_all": {
              "Environment": "dev",
              "Project": "mars"
            },
            "unique_id": "AROAR7MXYFGJAH53JNMXZ"
          },
          "sensitive_attributes": [],
          "private": "bnVsbA==",
          "dependencies": [
            "module.aws_crossaccount_role.aws_iam_policy.cross_account_policy",
            "module.aws_crossaccount_role.aws_iam_role.cross_account_role",
            "module.aws_crossaccount_role.aws_iam_role_policy_attachment.cross_account_policy_attachment",
            "module.aws_crossaccount_role.data.databricks_aws_assume_role_policy.this",
            "module.aws_crossaccount_role.data.databricks_aws_crossaccount_policy.this",
            "module.aws_crossaccount_role.time_sleep.wait",
            "module.aws_vpc.data.aws_availability_zones.available",
            "module.aws_vpc.module.endpoints.aws_security_group.this",
            "module.aws_vpc.module.endpoints.aws_security_group_rule.this",
            "module.aws_vpc.module.endpoints.aws_vpc_endpoint.this",
            "module.aws_vpc.module.endpoints.data.aws_vpc_endpoint_service.this",
            "module.aws_vpc.module.vpc.aws_cloudwatch_log_group.flow_log",
            "module.aws_vpc.module.vpc.aws_customer_gateway.this",
            "module.aws_vpc.module.vpc.aws_db_subnet_group.database",
            "module.aws_vpc.module.vpc.aws_default_network_acl.this",
            "module.aws_vpc.module.vpc.aws_default_route_table.default",
            "module.aws_vpc.module.vpc.aws_default_security_group.this",
            "module.aws_vpc.module.vpc.aws_default_vpc.this",
            "module.aws_vpc.module.vpc.aws_egress_only_internet_gateway.this",
            "module.aws_vpc.module.vpc.aws_eip.nat",
            "module.aws_vpc.module.vpc.aws_elasticache_subnet_group.elasticache",
            "module.aws_vpc.module.vpc.aws_flow_log.this",
            "module.aws_vpc.module.vpc.aws_iam_policy.vpc_flow_log_cloudwatch",
            "module.aws_vpc.module.vpc.aws_iam_role.vpc_flow_log_cloudwatch",
            "module.aws_vpc.module.vpc.aws_iam_role_policy_attachment.vpc_flow_log_cloudwatch",
            "module.aws_vpc.module.vpc.aws_internet_gateway.this",
            "module.aws_vpc.module.vpc.aws_nat_gateway.this",
            "module.aws_vpc.module.vpc.aws_network_acl.database",
            "module.aws_vpc.module.vpc.aws_network_acl.elasticache",
            "module.aws_vpc.module.vpc.aws_network_acl.intra",
            "module.aws_vpc.module.vpc.aws_network_acl.outpost",
            "module.aws_vpc.module.vpc.aws_network_acl.private",
            "module.aws_vpc.module.vpc.aws_network_acl.public",
            "module.aws_vpc.module.vpc.aws_network_acl.redshift",
            "module.aws_vpc.module.vpc.aws_network_acl_rule.database_inbound",
            "module.aws_vpc.module.vpc.aws_network_acl_rule.database_outbound",
            "module.aws_vpc.module.vpc.aws_network_acl_rule.elasticache_inbound",
            "module.aws_vpc.module.vpc.aws_network_acl_rule.elasticache_outbound",
            "module.aws_vpc.module.vpc.aws_network_acl_rule.intra_inbound",
            "module.aws_vpc.module.vpc.aws_network_acl_rule.intra_outbound",
            "module.aws_vpc.module.vpc.aws_network_acl_rule.outpost_inbound",
            "module.aws_vpc.module.vpc.aws_network_acl_rule.outpost_outbound",
            "module.aws_vpc.module.vpc.aws_network_acl_rule.private_inbound",
            "module.aws_vpc.module.vpc.aws_network_acl_rule.private_outbound",
            "module.aws_vpc.module.vpc.aws_network_acl_rule.public_inbound",
            "module.aws_vpc.module.vpc.aws_network_acl_rule.public_outbound",
            "module.aws_vpc.module.vpc.aws_network_acl_rule.redshift_inbound",
            "module.aws_vpc.module.vpc.aws_network_acl_rule.redshift_outbound",
            "module.aws_vpc.module.vpc.aws_redshift_subnet_group.redshift",
            "module.aws_vpc.module.vpc.aws_route.database_dns64_nat_gateway",
            "module.aws_vpc.module.vpc.aws_route.database_internet_gateway",
            "module.aws_vpc.module.vpc.aws_route.database_ipv6_egress",
            "module.aws_vpc.module.vpc.aws_route.database_nat_gateway",
            "module.aws_vpc.module.vpc.aws_route.private_dns64_nat_gateway",
            "module.aws_vpc.module.vpc.aws_route.private_ipv6_egress",
            "module.aws_vpc.module.vpc.aws_route.private_nat_gateway",
            "module.aws_vpc.module.vpc.aws_route.public_internet_gateway",
            "module.aws_vpc.module.vpc.aws_route.public_internet_gateway_ipv6",
            "module.aws_vpc.module.vpc.aws_route_table.database",
            "module.aws_vpc.module.vpc.aws_route_table.elasticache",
            "module.aws_vpc.module.vpc.aws_route_table.intra",
            "module.aws_vpc.module.vpc.aws_route_table.private",
            "module.aws_vpc.module.vpc.aws_route_table.public",
            "module.aws_vpc.module.vpc.aws_route_table.redshift",
            "module.aws_vpc.module.vpc.aws_route_table_association.database",
            "module.aws_vpc.module.vpc.aws_route_table_association.elasticache",
            "module.aws_vpc.module.vpc.aws_route_table_association.intra",
            "module.aws_vpc.module.vpc.aws_route_table_association.outpost",
            "module.aws_vpc.module.vpc.aws_route_table_association.private",
            "module.aws_vpc.module.vpc.aws_route_table_association.public",
            "module.aws_vpc.module.vpc.aws_route_table_association.redshift",
            "module.aws_vpc.module.vpc.aws_route_table_association.redshift_public",
            "module.aws_vpc.module.vpc.aws_subnet.database",
            "module.aws_vpc.module.vpc.aws_subnet.elasticache",
            "module.aws_vpc.module.vpc.aws_subnet.intra",
            "module.aws_vpc.module.vpc.aws_subnet.outpost",
            "module.aws_vpc.module.vpc.aws_subnet.private",
            "module.aws_vpc.module.vpc.aws_subnet.public",
            "module.aws_vpc.module.vpc.aws_subnet.redshift",
            "module.aws_vpc.module.vpc.aws_vpc.this",
            "module.aws_vpc.module.vpc.aws_vpc_dhcp_options.this",
            "module.aws_vpc.module.vpc.aws_vpc_dhcp_options_association.this",
            "module.aws_vpc.module.vpc.aws_vpc_ipv4_cidr_block_association.this",
            "module.aws_vpc.module.vpc.aws_vpn_gateway.this",
            "module.aws_vpc.module.vpc.aws_vpn_gateway_attachment.this",
            "module.aws_vpc.module.vpc.aws_vpn_gateway_route_propagation.intra",
            "module.aws_vpc.module.vpc.aws_vpn_gateway_route_propagation.private",
            "module.aws_vpc.module.vpc.aws_vpn_gateway_route_propagation.public",
            "module.aws_vpc.module.vpc.data.aws_iam_policy_document.flow_log_cloudwatch_assume_role",
            "module.aws_vpc.module.vpc.data.aws_iam_policy_document.vpc_flow_log_cloudwatch",
            "module.dev_workspace.aws_s3_bucket.root_storage_bucket",
            "module.dev_workspace.aws_s3_bucket_policy.root_bucket_policy",
            "module.dev_workspace.aws_s3_bucket_public_access_block.root_storage_bucket",
            "module.dev_workspace.aws_s3_bucket_server_side_encryption_configuration.root_storage_bucket",
            "module.dev_workspace.aws_s3_bucket_versioning.root_bucket_versioning",
            "module.dev_workspace.data.databricks_aws_bucket_policy.this",
            "module.dev_workspace.databricks_metastore_assignment.this",
            "module.dev_workspace.databricks_mws_credentials.this",
            "module.dev_workspace.databricks_mws_networks.this",
            "module.dev_workspace.databricks_mws_storage_configurations.this",
            "module.dev_workspace.databricks_mws_workspaces.this",
            "module.uc_bootstrap.data.databricks_service_principal.terraform_sp",
            "module.uc_bootstrap.databricks_group.account_admin_group",
            "module.uc_bootstrap.databricks_group.workspace_admin_group",
            "module.uc_bootstrap.databricks_group.workspace_user_group",
            "module.uc_bootstrap.databricks_group_member.admin_group_member",
            "module.uc_bootstrap.databricks_group_member.workspace_admin_group_member",
            "module.uc_bootstrap.databricks_group_member.workspace_admin_group_member_sp",
            "module.uc_bootstrap.databricks_group_member.workspace_user_group_member",
            "module.uc_bootstrap.databricks_service_principal_role.terraform_admin",
            "module.uc_bootstrap.databricks_service_principal_secret.terraform_sp",
            "module.uc_bootstrap.databricks_user.unity_users",
            "module.uc_bootstrap.databricks_user_role.account_admin_role",
            "module.uc_metastore.databricks_metastore.this",
            "module.uc_privileges.databricks_grants.this"
          ]
        }
      ]
    },
    {
      "module": "module.dev_catalog",
      "mode": "managed",
      "type": "aws_iam_role_policy_attachment",
      "name": "attachment",
      "provider": "provider[\"registry.terraform.io/hashicorp/aws\"]",
      "instances": [
        {
          "schema_version": 0,
          "attributes": {
            "id": "_dev-catalog-s3-external-access-role-2024011022503996190000000a",
            "policy_arn": "arn:aws:iam::136146594194:policy/_dev-catalog-s3-external-access-policy",
            "role": "_dev-catalog-s3-external-access-role"
          },
          "sensitive_attributes": [],
          "private": "bnVsbA==",
          "dependencies": [
            "module.aws_crossaccount_role.aws_iam_policy.cross_account_policy",
            "module.aws_crossaccount_role.aws_iam_role.cross_account_role",
            "module.aws_crossaccount_role.aws_iam_role_policy_attachment.cross_account_policy_attachment",
            "module.aws_crossaccount_role.data.databricks_aws_assume_role_policy.this",
            "module.aws_crossaccount_role.data.databricks_aws_crossaccount_policy.this",
            "module.aws_crossaccount_role.time_sleep.wait",
            "module.aws_vpc.data.aws_availability_zones.available",
            "module.aws_vpc.module.endpoints.aws_security_group.this",
            "module.aws_vpc.module.endpoints.aws_security_group_rule.this",
            "module.aws_vpc.module.endpoints.aws_vpc_endpoint.this",
            "module.aws_vpc.module.endpoints.data.aws_vpc_endpoint_service.this",
            "module.aws_vpc.module.vpc.aws_cloudwatch_log_group.flow_log",
            "module.aws_vpc.module.vpc.aws_customer_gateway.this",
            "module.aws_vpc.module.vpc.aws_db_subnet_group.database",
            "module.aws_vpc.module.vpc.aws_default_network_acl.this",
            "module.aws_vpc.module.vpc.aws_default_route_table.default",
            "module.aws_vpc.module.vpc.aws_default_security_group.this",
            "module.aws_vpc.module.vpc.aws_default_vpc.this",
            "module.aws_vpc.module.vpc.aws_egress_only_internet_gateway.this",
            "module.aws_vpc.module.vpc.aws_eip.nat",
            "module.aws_vpc.module.vpc.aws_elasticache_subnet_group.elasticache",
            "module.aws_vpc.module.vpc.aws_flow_log.this",
            "module.aws_vpc.module.vpc.aws_iam_policy.vpc_flow_log_cloudwatch",
            "module.aws_vpc.module.vpc.aws_iam_role.vpc_flow_log_cloudwatch",
            "module.aws_vpc.module.vpc.aws_iam_role_policy_attachment.vpc_flow_log_cloudwatch",
            "module.aws_vpc.module.vpc.aws_internet_gateway.this",
            "module.aws_vpc.module.vpc.aws_nat_gateway.this",
            "module.aws_vpc.module.vpc.aws_network_acl.database",
            "module.aws_vpc.module.vpc.aws_network_acl.elasticache",
            "module.aws_vpc.module.vpc.aws_network_acl.intra",
            "module.aws_vpc.module.vpc.aws_network_acl.outpost",
            "module.aws_vpc.module.vpc.aws_network_acl.private",
            "module.aws_vpc.module.vpc.aws_network_acl.public",
            "module.aws_vpc.module.vpc.aws_network_acl.redshift",
            "module.aws_vpc.module.vpc.aws_network_acl_rule.database_inbound",
            "module.aws_vpc.module.vpc.aws_network_acl_rule.database_outbound",
            "module.aws_vpc.module.vpc.aws_network_acl_rule.elasticache_inbound",
            "module.aws_vpc.module.vpc.aws_network_acl_rule.elasticache_outbound",
            "module.aws_vpc.module.vpc.aws_network_acl_rule.intra_inbound",
            "module.aws_vpc.module.vpc.aws_network_acl_rule.intra_outbound",
            "module.aws_vpc.module.vpc.aws_network_acl_rule.outpost_inbound",
            "module.aws_vpc.module.vpc.aws_network_acl_rule.outpost_outbound",
            "module.aws_vpc.module.vpc.aws_network_acl_rule.private_inbound",
            "module.aws_vpc.module.vpc.aws_network_acl_rule.private_outbound",
            "module.aws_vpc.module.vpc.aws_network_acl_rule.public_inbound",
            "module.aws_vpc.module.vpc.aws_network_acl_rule.public_outbound",
            "module.aws_vpc.module.vpc.aws_network_acl_rule.redshift_inbound",
            "module.aws_vpc.module.vpc.aws_network_acl_rule.redshift_outbound",
            "module.aws_vpc.module.vpc.aws_redshift_subnet_group.redshift",
            "module.aws_vpc.module.vpc.aws_route.database_dns64_nat_gateway",
            "module.aws_vpc.module.vpc.aws_route.database_internet_gateway",
            "module.aws_vpc.module.vpc.aws_route.database_ipv6_egress",
            "module.aws_vpc.module.vpc.aws_route.database_nat_gateway",
            "module.aws_vpc.module.vpc.aws_route.private_dns64_nat_gateway",
            "module.aws_vpc.module.vpc.aws_route.private_ipv6_egress",
            "module.aws_vpc.module.vpc.aws_route.private_nat_gateway",
            "module.aws_vpc.module.vpc.aws_route.public_internet_gateway",
            "module.aws_vpc.module.vpc.aws_route.public_internet_gateway_ipv6",
            "module.aws_vpc.module.vpc.aws_route_table.database",
            "module.aws_vpc.module.vpc.aws_route_table.elasticache",
            "module.aws_vpc.module.vpc.aws_route_table.intra",
            "module.aws_vpc.module.vpc.aws_route_table.private",
            "module.aws_vpc.module.vpc.aws_route_table.public",
            "module.aws_vpc.module.vpc.aws_route_table.redshift",
            "module.aws_vpc.module.vpc.aws_route_table_association.database",
            "module.aws_vpc.module.vpc.aws_route_table_association.elasticache",
            "module.aws_vpc.module.vpc.aws_route_table_association.intra",
            "module.aws_vpc.module.vpc.aws_route_table_association.outpost",
            "module.aws_vpc.module.vpc.aws_route_table_association.private",
            "module.aws_vpc.module.vpc.aws_route_table_association.public",
            "module.aws_vpc.module.vpc.aws_route_table_association.redshift",
            "module.aws_vpc.module.vpc.aws_route_table_association.redshift_public",
            "module.aws_vpc.module.vpc.aws_subnet.database",
            "module.aws_vpc.module.vpc.aws_subnet.elasticache",
            "module.aws_vpc.module.vpc.aws_subnet.intra",
            "module.aws_vpc.module.vpc.aws_subnet.outpost",
            "module.aws_vpc.module.vpc.aws_subnet.private",
            "module.aws_vpc.module.vpc.aws_subnet.public",
            "module.aws_vpc.module.vpc.aws_subnet.redshift",
            "module.aws_vpc.module.vpc.aws_vpc.this",
            "module.aws_vpc.module.vpc.aws_vpc_dhcp_options.this",
            "module.aws_vpc.module.vpc.aws_vpc_dhcp_options_association.this",
            "module.aws_vpc.module.vpc.aws_vpc_ipv4_cidr_block_association.this",
            "module.aws_vpc.module.vpc.aws_vpn_gateway.this",
            "module.aws_vpc.module.vpc.aws_vpn_gateway_attachment.this",
            "module.aws_vpc.module.vpc.aws_vpn_gateway_route_propagation.intra",
            "module.aws_vpc.module.vpc.aws_vpn_gateway_route_propagation.private",
            "module.aws_vpc.module.vpc.aws_vpn_gateway_route_propagation.public",
            "module.aws_vpc.module.vpc.data.aws_iam_policy_document.flow_log_cloudwatch_assume_role",
            "module.aws_vpc.module.vpc.data.aws_iam_policy_document.vpc_flow_log_cloudwatch",
            "module.dev_catalog.aws_iam_policy.policy",
            "module.dev_catalog.aws_iam_role.role",
            "module.dev_catalog.module.s3_bucket.aws_s3_bucket.this",
            "module.dev_workspace.aws_s3_bucket.root_storage_bucket",
            "module.dev_workspace.aws_s3_bucket_policy.root_bucket_policy",
            "module.dev_workspace.aws_s3_bucket_public_access_block.root_storage_bucket",
            "module.dev_workspace.aws_s3_bucket_server_side_encryption_configuration.root_storage_bucket",
            "module.dev_workspace.aws_s3_bucket_versioning.root_bucket_versioning",
            "module.dev_workspace.data.databricks_aws_bucket_policy.this",
            "module.dev_workspace.databricks_metastore_assignment.this",
            "module.dev_workspace.databricks_mws_credentials.this",
            "module.dev_workspace.databricks_mws_networks.this",
            "module.dev_workspace.databricks_mws_storage_configurations.this",
            "module.dev_workspace.databricks_mws_workspaces.this",
            "module.uc_bootstrap.data.databricks_service_principal.terraform_sp",
            "module.uc_bootstrap.databricks_group.account_admin_group",
            "module.uc_bootstrap.databricks_group.workspace_admin_group",
            "module.uc_bootstrap.databricks_group.workspace_user_group",
            "module.uc_bootstrap.databricks_group_member.admin_group_member",
            "module.uc_bootstrap.databricks_group_member.workspace_admin_group_member",
            "module.uc_bootstrap.databricks_group_member.workspace_admin_group_member_sp",
            "module.uc_bootstrap.databricks_group_member.workspace_user_group_member",
            "module.uc_bootstrap.databricks_service_principal_role.terraform_admin",
            "module.uc_bootstrap.databricks_service_principal_secret.terraform_sp",
            "module.uc_bootstrap.databricks_user.unity_users",
            "module.uc_bootstrap.databricks_user_role.account_admin_role",
            "module.uc_metastore.databricks_metastore.this",
            "module.uc_privileges.databricks_grants.this"
          ]
        }
      ]
    },
    {
      "module": "module.dev_catalog",
      "mode": "managed",
      "type": "databricks_catalog",
      "name": "this",
      "provider": "provider[\"registry.terraform.io/databricks/databricks\"].dev_ws",
      "instances": [
        {
          "schema_version": 0,
          "attributes": {
            "comment": "Managed by Terraform",
            "connection_name": null,
            "force_destroy": true,
            "id": "_dev",
            "isolation_mode": "OPEN",
            "metastore_id": "23d06e21-8ff7-4f00-acd5-778c20aae6d4",
            "name": "_dev",
            "options": null,
            "owner": "xtarmitage+databricks-root@gmail.com",
            "properties": {
              "purpose": "dev"
            },
            "provider_name": null,
            "share_name": null,
            "storage_root": "s3://dev-catalog-storage-20240110225036788000000008/root"
          },
          "sensitive_attributes": [],
          "private": "bnVsbA==",
          "dependencies": [
            "module.aws_crossaccount_role.aws_iam_policy.cross_account_policy",
            "module.aws_crossaccount_role.aws_iam_role.cross_account_role",
            "module.aws_crossaccount_role.aws_iam_role_policy_attachment.cross_account_policy_attachment",
            "module.aws_crossaccount_role.data.databricks_aws_assume_role_policy.this",
            "module.aws_crossaccount_role.data.databricks_aws_crossaccount_policy.this",
            "module.aws_crossaccount_role.time_sleep.wait",
            "module.aws_vpc.data.aws_availability_zones.available",
            "module.aws_vpc.module.endpoints.aws_security_group.this",
            "module.aws_vpc.module.endpoints.aws_security_group_rule.this",
            "module.aws_vpc.module.endpoints.aws_vpc_endpoint.this",
            "module.aws_vpc.module.endpoints.data.aws_vpc_endpoint_service.this",
            "module.aws_vpc.module.vpc.aws_cloudwatch_log_group.flow_log",
            "module.aws_vpc.module.vpc.aws_customer_gateway.this",
            "module.aws_vpc.module.vpc.aws_db_subnet_group.database",
            "module.aws_vpc.module.vpc.aws_default_network_acl.this",
            "module.aws_vpc.module.vpc.aws_default_route_table.default",
            "module.aws_vpc.module.vpc.aws_default_security_group.this",
            "module.aws_vpc.module.vpc.aws_default_vpc.this",
            "module.aws_vpc.module.vpc.aws_egress_only_internet_gateway.this",
            "module.aws_vpc.module.vpc.aws_eip.nat",
            "module.aws_vpc.module.vpc.aws_elasticache_subnet_group.elasticache",
            "module.aws_vpc.module.vpc.aws_flow_log.this",
            "module.aws_vpc.module.vpc.aws_iam_policy.vpc_flow_log_cloudwatch",
            "module.aws_vpc.module.vpc.aws_iam_role.vpc_flow_log_cloudwatch",
            "module.aws_vpc.module.vpc.aws_iam_role_policy_attachment.vpc_flow_log_cloudwatch",
            "module.aws_vpc.module.vpc.aws_internet_gateway.this",
            "module.aws_vpc.module.vpc.aws_nat_gateway.this",
            "module.aws_vpc.module.vpc.aws_network_acl.database",
            "module.aws_vpc.module.vpc.aws_network_acl.elasticache",
            "module.aws_vpc.module.vpc.aws_network_acl.intra",
            "module.aws_vpc.module.vpc.aws_network_acl.outpost",
            "module.aws_vpc.module.vpc.aws_network_acl.private",
            "module.aws_vpc.module.vpc.aws_network_acl.public",
            "module.aws_vpc.module.vpc.aws_network_acl.redshift",
            "module.aws_vpc.module.vpc.aws_network_acl_rule.database_inbound",
            "module.aws_vpc.module.vpc.aws_network_acl_rule.database_outbound",
            "module.aws_vpc.module.vpc.aws_network_acl_rule.elasticache_inbound",
            "module.aws_vpc.module.vpc.aws_network_acl_rule.elasticache_outbound",
            "module.aws_vpc.module.vpc.aws_network_acl_rule.intra_inbound",
            "module.aws_vpc.module.vpc.aws_network_acl_rule.intra_outbound",
            "module.aws_vpc.module.vpc.aws_network_acl_rule.outpost_inbound",
            "module.aws_vpc.module.vpc.aws_network_acl_rule.outpost_outbound",
            "module.aws_vpc.module.vpc.aws_network_acl_rule.private_inbound",
            "module.aws_vpc.module.vpc.aws_network_acl_rule.private_outbound",
            "module.aws_vpc.module.vpc.aws_network_acl_rule.public_inbound",
            "module.aws_vpc.module.vpc.aws_network_acl_rule.public_outbound",
            "module.aws_vpc.module.vpc.aws_network_acl_rule.redshift_inbound",
            "module.aws_vpc.module.vpc.aws_network_acl_rule.redshift_outbound",
            "module.aws_vpc.module.vpc.aws_redshift_subnet_group.redshift",
            "module.aws_vpc.module.vpc.aws_route.database_dns64_nat_gateway",
            "module.aws_vpc.module.vpc.aws_route.database_internet_gateway",
            "module.aws_vpc.module.vpc.aws_route.database_ipv6_egress",
            "module.aws_vpc.module.vpc.aws_route.database_nat_gateway",
            "module.aws_vpc.module.vpc.aws_route.private_dns64_nat_gateway",
            "module.aws_vpc.module.vpc.aws_route.private_ipv6_egress",
            "module.aws_vpc.module.vpc.aws_route.private_nat_gateway",
            "module.aws_vpc.module.vpc.aws_route.public_internet_gateway",
            "module.aws_vpc.module.vpc.aws_route.public_internet_gateway_ipv6",
            "module.aws_vpc.module.vpc.aws_route_table.database",
            "module.aws_vpc.module.vpc.aws_route_table.elasticache",
            "module.aws_vpc.module.vpc.aws_route_table.intra",
            "module.aws_vpc.module.vpc.aws_route_table.private",
            "module.aws_vpc.module.vpc.aws_route_table.public",
            "module.aws_vpc.module.vpc.aws_route_table.redshift",
            "module.aws_vpc.module.vpc.aws_route_table_association.database",
            "module.aws_vpc.module.vpc.aws_route_table_association.elasticache",
            "module.aws_vpc.module.vpc.aws_route_table_association.intra",
            "module.aws_vpc.module.vpc.aws_route_table_association.outpost",
            "module.aws_vpc.module.vpc.aws_route_table_association.private",
            "module.aws_vpc.module.vpc.aws_route_table_association.public",
            "module.aws_vpc.module.vpc.aws_route_table_association.redshift",
            "module.aws_vpc.module.vpc.aws_route_table_association.redshift_public",
            "module.aws_vpc.module.vpc.aws_subnet.database",
            "module.aws_vpc.module.vpc.aws_subnet.elasticache",
            "module.aws_vpc.module.vpc.aws_subnet.intra",
            "module.aws_vpc.module.vpc.aws_subnet.outpost",
            "module.aws_vpc.module.vpc.aws_subnet.private",
            "module.aws_vpc.module.vpc.aws_subnet.public",
            "module.aws_vpc.module.vpc.aws_subnet.redshift",
            "module.aws_vpc.module.vpc.aws_vpc.this",
            "module.aws_vpc.module.vpc.aws_vpc_dhcp_options.this",
            "module.aws_vpc.module.vpc.aws_vpc_dhcp_options_association.this",
            "module.aws_vpc.module.vpc.aws_vpc_ipv4_cidr_block_association.this",
            "module.aws_vpc.module.vpc.aws_vpn_gateway.this",
            "module.aws_vpc.module.vpc.aws_vpn_gateway_attachment.this",
            "module.aws_vpc.module.vpc.aws_vpn_gateway_route_propagation.intra",
            "module.aws_vpc.module.vpc.aws_vpn_gateway_route_propagation.private",
            "module.aws_vpc.module.vpc.aws_vpn_gateway_route_propagation.public",
            "module.aws_vpc.module.vpc.data.aws_iam_policy_document.flow_log_cloudwatch_assume_role",
            "module.aws_vpc.module.vpc.data.aws_iam_policy_document.vpc_flow_log_cloudwatch",
            "module.dev_catalog.aws_iam_policy.policy",
            "module.dev_catalog.aws_iam_role.role",
            "module.dev_catalog.aws_iam_role_policy_attachment.attachment",
            "module.dev_catalog.databricks_external_location.this",
            "module.dev_catalog.databricks_storage_credential.this",
            "module.dev_catalog.module.s3_bucket.aws_s3_bucket.this",
            "module.dev_catalog.module.s3_bucket.aws_s3_bucket_policy.this",
            "module.dev_catalog.module.s3_bucket.aws_s3_bucket_public_access_block.this",
            "module.dev_catalog.module.s3_bucket.data.aws_caller_identity.current",
            "module.dev_catalog.module.s3_bucket.data.aws_iam_policy_document.access_log_delivery",
            "module.dev_catalog.module.s3_bucket.data.aws_iam_policy_document.combined",
            "module.dev_catalog.module.s3_bucket.data.aws_iam_policy_document.deny_incorrect_encryption_headers",
            "module.dev_catalog.module.s3_bucket.data.aws_iam_policy_document.deny_incorrect_kms_key_sse",
            "module.dev_catalog.module.s3_bucket.data.aws_iam_policy_document.deny_insecure_transport",
            "module.dev_catalog.module.s3_bucket.data.aws_iam_policy_document.deny_unencrypted_object_uploads",
            "module.dev_catalog.module.s3_bucket.data.aws_iam_policy_document.elb_log_delivery",
            "module.dev_catalog.module.s3_bucket.data.aws_iam_policy_document.inventory_and_analytics_destination_policy",
            "module.dev_catalog.module.s3_bucket.data.aws_iam_policy_document.lb_log_delivery",
            "module.dev_catalog.module.s3_bucket.data.aws_iam_policy_document.require_latest_tls",
            "module.dev_catalog.module.s3_bucket.data.aws_partition.current",
            "module.dev_catalog.module.s3_bucket.data.aws_region.current",
            "module.dev_catalog.time_sleep.wait",
            "module.dev_workspace.aws_s3_bucket.root_storage_bucket",
            "module.dev_workspace.aws_s3_bucket_policy.root_bucket_policy",
            "module.dev_workspace.aws_s3_bucket_public_access_block.root_storage_bucket",
            "module.dev_workspace.aws_s3_bucket_server_side_encryption_configuration.root_storage_bucket",
            "module.dev_workspace.aws_s3_bucket_versioning.root_bucket_versioning",
            "module.dev_workspace.data.databricks_aws_bucket_policy.this",
            "module.dev_workspace.databricks_metastore_assignment.this",
            "module.dev_workspace.databricks_mws_credentials.this",
            "module.dev_workspace.databricks_mws_networks.this",
            "module.dev_workspace.databricks_mws_storage_configurations.this",
            "module.dev_workspace.databricks_mws_workspaces.this",
            "module.uc_bootstrap.data.databricks_service_principal.terraform_sp",
            "module.uc_bootstrap.databricks_group.account_admin_group",
            "module.uc_bootstrap.databricks_group.workspace_admin_group",
            "module.uc_bootstrap.databricks_group.workspace_user_group",
            "module.uc_bootstrap.databricks_group_member.admin_group_member",
            "module.uc_bootstrap.databricks_group_member.workspace_admin_group_member",
            "module.uc_bootstrap.databricks_group_member.workspace_admin_group_member_sp",
            "module.uc_bootstrap.databricks_group_member.workspace_user_group_member",
            "module.uc_bootstrap.databricks_service_principal_role.terraform_admin",
            "module.uc_bootstrap.databricks_service_principal_secret.terraform_sp",
            "module.uc_bootstrap.databricks_user.unity_users",
            "module.uc_bootstrap.databricks_user_role.account_admin_role",
            "module.uc_metastore.databricks_metastore.this",
            "module.uc_privileges.databricks_grants.this"
          ]
        }
      ]
    },
    {
      "module": "module.dev_catalog",
      "mode": "managed",
      "type": "databricks_external_location",
      "name": "this",
      "provider": "provider[\"registry.terraform.io/databricks/databricks\"].dev_ws",
      "instances": [
        {
          "schema_version": 0,
          "attributes": {
            "access_point": null,
            "comment": "Managed by Terraform",
            "credential_name": "_dev-catalog-s3-external-access-credential-2",
            "encryption_details": [],
            "force_destroy": true,
            "force_update": null,
            "id": "_dev-catalog-s3-external-location",
            "metastore_id": "23d06e21-8ff7-4f00-acd5-778c20aae6d4",
            "name": "_dev-catalog-s3-external-location",
            "owner": "xtarmitage+databricks-root@gmail.com",
            "read_only": false,
            "skip_validation": null,
            "url": "s3://dev-catalog-storage-20240110225036788000000008/root"
          },
          "sensitive_attributes": [],
          "private": "bnVsbA==",
          "dependencies": [
            "module.aws_crossaccount_role.aws_iam_policy.cross_account_policy",
            "module.aws_crossaccount_role.aws_iam_role.cross_account_role",
            "module.aws_crossaccount_role.aws_iam_role_policy_attachment.cross_account_policy_attachment",
            "module.aws_crossaccount_role.data.databricks_aws_assume_role_policy.this",
            "module.aws_crossaccount_role.data.databricks_aws_crossaccount_policy.this",
            "module.aws_crossaccount_role.time_sleep.wait",
            "module.aws_vpc.data.aws_availability_zones.available",
            "module.aws_vpc.module.endpoints.aws_security_group.this",
            "module.aws_vpc.module.endpoints.aws_security_group_rule.this",
            "module.aws_vpc.module.endpoints.aws_vpc_endpoint.this",
            "module.aws_vpc.module.endpoints.data.aws_vpc_endpoint_service.this",
            "module.aws_vpc.module.vpc.aws_cloudwatch_log_group.flow_log",
            "module.aws_vpc.module.vpc.aws_customer_gateway.this",
            "module.aws_vpc.module.vpc.aws_db_subnet_group.database",
            "module.aws_vpc.module.vpc.aws_default_network_acl.this",
            "module.aws_vpc.module.vpc.aws_default_route_table.default",
            "module.aws_vpc.module.vpc.aws_default_security_group.this",
            "module.aws_vpc.module.vpc.aws_default_vpc.this",
            "module.aws_vpc.module.vpc.aws_egress_only_internet_gateway.this",
            "module.aws_vpc.module.vpc.aws_eip.nat",
            "module.aws_vpc.module.vpc.aws_elasticache_subnet_group.elasticache",
            "module.aws_vpc.module.vpc.aws_flow_log.this",
            "module.aws_vpc.module.vpc.aws_iam_policy.vpc_flow_log_cloudwatch",
            "module.aws_vpc.module.vpc.aws_iam_role.vpc_flow_log_cloudwatch",
            "module.aws_vpc.module.vpc.aws_iam_role_policy_attachment.vpc_flow_log_cloudwatch",
            "module.aws_vpc.module.vpc.aws_internet_gateway.this",
            "module.aws_vpc.module.vpc.aws_nat_gateway.this",
            "module.aws_vpc.module.vpc.aws_network_acl.database",
            "module.aws_vpc.module.vpc.aws_network_acl.elasticache",
            "module.aws_vpc.module.vpc.aws_network_acl.intra",
            "module.aws_vpc.module.vpc.aws_network_acl.outpost",
            "module.aws_vpc.module.vpc.aws_network_acl.private",
            "module.aws_vpc.module.vpc.aws_network_acl.public",
            "module.aws_vpc.module.vpc.aws_network_acl.redshift",
            "module.aws_vpc.module.vpc.aws_network_acl_rule.database_inbound",
            "module.aws_vpc.module.vpc.aws_network_acl_rule.database_outbound",
            "module.aws_vpc.module.vpc.aws_network_acl_rule.elasticache_inbound",
            "module.aws_vpc.module.vpc.aws_network_acl_rule.elasticache_outbound",
            "module.aws_vpc.module.vpc.aws_network_acl_rule.intra_inbound",
            "module.aws_vpc.module.vpc.aws_network_acl_rule.intra_outbound",
            "module.aws_vpc.module.vpc.aws_network_acl_rule.outpost_inbound",
            "module.aws_vpc.module.vpc.aws_network_acl_rule.outpost_outbound",
            "module.aws_vpc.module.vpc.aws_network_acl_rule.private_inbound",
            "module.aws_vpc.module.vpc.aws_network_acl_rule.private_outbound",
            "module.aws_vpc.module.vpc.aws_network_acl_rule.public_inbound",
            "module.aws_vpc.module.vpc.aws_network_acl_rule.public_outbound",
            "module.aws_vpc.module.vpc.aws_network_acl_rule.redshift_inbound",
            "module.aws_vpc.module.vpc.aws_network_acl_rule.redshift_outbound",
            "module.aws_vpc.module.vpc.aws_redshift_subnet_group.redshift",
            "module.aws_vpc.module.vpc.aws_route.database_dns64_nat_gateway",
            "module.aws_vpc.module.vpc.aws_route.database_internet_gateway",
            "module.aws_vpc.module.vpc.aws_route.database_ipv6_egress",
            "module.aws_vpc.module.vpc.aws_route.database_nat_gateway",
            "module.aws_vpc.module.vpc.aws_route.private_dns64_nat_gateway",
            "module.aws_vpc.module.vpc.aws_route.private_ipv6_egress",
            "module.aws_vpc.module.vpc.aws_route.private_nat_gateway",
            "module.aws_vpc.module.vpc.aws_route.public_internet_gateway",
            "module.aws_vpc.module.vpc.aws_route.public_internet_gateway_ipv6",
            "module.aws_vpc.module.vpc.aws_route_table.database",
            "module.aws_vpc.module.vpc.aws_route_table.elasticache",
            "module.aws_vpc.module.vpc.aws_route_table.intra",
            "module.aws_vpc.module.vpc.aws_route_table.private",
            "module.aws_vpc.module.vpc.aws_route_table.public",
            "module.aws_vpc.module.vpc.aws_route_table.redshift",
            "module.aws_vpc.module.vpc.aws_route_table_association.database",
            "module.aws_vpc.module.vpc.aws_route_table_association.elasticache",
            "module.aws_vpc.module.vpc.aws_route_table_association.intra",
            "module.aws_vpc.module.vpc.aws_route_table_association.outpost",
            "module.aws_vpc.module.vpc.aws_route_table_association.private",
            "module.aws_vpc.module.vpc.aws_route_table_association.public",
            "module.aws_vpc.module.vpc.aws_route_table_association.redshift",
            "module.aws_vpc.module.vpc.aws_route_table_association.redshift_public",
            "module.aws_vpc.module.vpc.aws_subnet.database",
            "module.aws_vpc.module.vpc.aws_subnet.elasticache",
            "module.aws_vpc.module.vpc.aws_subnet.intra",
            "module.aws_vpc.module.vpc.aws_subnet.outpost",
            "module.aws_vpc.module.vpc.aws_subnet.private",
            "module.aws_vpc.module.vpc.aws_subnet.public",
            "module.aws_vpc.module.vpc.aws_subnet.redshift",
            "module.aws_vpc.module.vpc.aws_vpc.this",
            "module.aws_vpc.module.vpc.aws_vpc_dhcp_options.this",
            "module.aws_vpc.module.vpc.aws_vpc_dhcp_options_association.this",
            "module.aws_vpc.module.vpc.aws_vpc_ipv4_cidr_block_association.this",
            "module.aws_vpc.module.vpc.aws_vpn_gateway.this",
            "module.aws_vpc.module.vpc.aws_vpn_gateway_attachment.this",
            "module.aws_vpc.module.vpc.aws_vpn_gateway_route_propagation.intra",
            "module.aws_vpc.module.vpc.aws_vpn_gateway_route_propagation.private",
            "module.aws_vpc.module.vpc.aws_vpn_gateway_route_propagation.public",
            "module.aws_vpc.module.vpc.data.aws_iam_policy_document.flow_log_cloudwatch_assume_role",
            "module.aws_vpc.module.vpc.data.aws_iam_policy_document.vpc_flow_log_cloudwatch",
            "module.dev_catalog.aws_iam_policy.policy",
            "module.dev_catalog.aws_iam_role.role",
            "module.dev_catalog.aws_iam_role_policy_attachment.attachment",
            "module.dev_catalog.databricks_storage_credential.this",
            "module.dev_catalog.module.s3_bucket.aws_s3_bucket.this",
            "module.dev_catalog.module.s3_bucket.aws_s3_bucket_policy.this",
            "module.dev_catalog.module.s3_bucket.aws_s3_bucket_public_access_block.this",
            "module.dev_catalog.module.s3_bucket.data.aws_caller_identity.current",
            "module.dev_catalog.module.s3_bucket.data.aws_iam_policy_document.access_log_delivery",
            "module.dev_catalog.module.s3_bucket.data.aws_iam_policy_document.combined",
            "module.dev_catalog.module.s3_bucket.data.aws_iam_policy_document.deny_incorrect_encryption_headers",
            "module.dev_catalog.module.s3_bucket.data.aws_iam_policy_document.deny_incorrect_kms_key_sse",
            "module.dev_catalog.module.s3_bucket.data.aws_iam_policy_document.deny_insecure_transport",
            "module.dev_catalog.module.s3_bucket.data.aws_iam_policy_document.deny_unencrypted_object_uploads",
            "module.dev_catalog.module.s3_bucket.data.aws_iam_policy_document.elb_log_delivery",
            "module.dev_catalog.module.s3_bucket.data.aws_iam_policy_document.inventory_and_analytics_destination_policy",
            "module.dev_catalog.module.s3_bucket.data.aws_iam_policy_document.lb_log_delivery",
            "module.dev_catalog.module.s3_bucket.data.aws_iam_policy_document.require_latest_tls",
            "module.dev_catalog.module.s3_bucket.data.aws_partition.current",
            "module.dev_catalog.module.s3_bucket.data.aws_region.current",
            "module.dev_catalog.time_sleep.wait",
            "module.dev_workspace.aws_s3_bucket.root_storage_bucket",
            "module.dev_workspace.aws_s3_bucket_policy.root_bucket_policy",
            "module.dev_workspace.aws_s3_bucket_public_access_block.root_storage_bucket",
            "module.dev_workspace.aws_s3_bucket_server_side_encryption_configuration.root_storage_bucket",
            "module.dev_workspace.aws_s3_bucket_versioning.root_bucket_versioning",
            "module.dev_workspace.data.databricks_aws_bucket_policy.this",
            "module.dev_workspace.databricks_metastore_assignment.this",
            "module.dev_workspace.databricks_mws_credentials.this",
            "module.dev_workspace.databricks_mws_networks.this",
            "module.dev_workspace.databricks_mws_storage_configurations.this",
            "module.dev_workspace.databricks_mws_workspaces.this",
            "module.uc_bootstrap.data.databricks_service_principal.terraform_sp",
            "module.uc_bootstrap.databricks_group.account_admin_group",
            "module.uc_bootstrap.databricks_group.workspace_admin_group",
            "module.uc_bootstrap.databricks_group.workspace_user_group",
            "module.uc_bootstrap.databricks_group_member.admin_group_member",
            "module.uc_bootstrap.databricks_group_member.workspace_admin_group_member",
            "module.uc_bootstrap.databricks_group_member.workspace_admin_group_member_sp",
            "module.uc_bootstrap.databricks_group_member.workspace_user_group_member",
            "module.uc_bootstrap.databricks_service_principal_role.terraform_admin",
            "module.uc_bootstrap.databricks_service_principal_secret.terraform_sp",
            "module.uc_bootstrap.databricks_user.unity_users",
            "module.uc_bootstrap.databricks_user_role.account_admin_role",
            "module.uc_metastore.databricks_metastore.this",
            "module.uc_privileges.databricks_grants.this"
          ]
        }
      ]
    },
    {
      "module": "module.dev_catalog",
      "mode": "managed",
      "type": "databricks_storage_credential",
      "name": "this",
      "provider": "provider[\"registry.terraform.io/databricks/databricks\"].dev_ws",
      "instances": [
        {
          "schema_version": 0,
          "attributes": {
            "aws_iam_role": [
              {
                "external_id": "0c6d76dc-ee77-45f4-ac75-9a177cc435b4",
                "role_arn": "arn:aws:iam::136146594194:role/_dev-catalog-s3-external-access-role",
                "unity_catalog_iam_arn": "arn:aws:iam::414351767826:role/unity-catalog-prod-UCMasterRole-14S5ZJVKOTYTL"
              }
            ],
            "azure_managed_identity": [],
            "azure_service_principal": [],
            "comment": "Managed by Terraform",
            "databricks_gcp_service_account": null,
            "force_destroy": null,
            "gcp_service_account_key": [],
            "id": "_dev-catalog-s3-external-access-credential-2",
            "metastore_id": "23d06e21-8ff7-4f00-acd5-778c20aae6d4",
            "name": "_dev-catalog-s3-external-access-credential-2",
            "owner": "xtarmitage+databricks-root@gmail.com",
            "read_only": false
          },
          "sensitive_attributes": [],
          "private": "bnVsbA==",
          "dependencies": [
            "module.aws_crossaccount_role.aws_iam_policy.cross_account_policy",
            "module.aws_crossaccount_role.aws_iam_role.cross_account_role",
            "module.aws_crossaccount_role.aws_iam_role_policy_attachment.cross_account_policy_attachment",
            "module.aws_crossaccount_role.data.databricks_aws_assume_role_policy.this",
            "module.aws_crossaccount_role.data.databricks_aws_crossaccount_policy.this",
            "module.aws_crossaccount_role.time_sleep.wait",
            "module.aws_vpc.data.aws_availability_zones.available",
            "module.aws_vpc.module.endpoints.aws_security_group.this",
            "module.aws_vpc.module.endpoints.aws_security_group_rule.this",
            "module.aws_vpc.module.endpoints.aws_vpc_endpoint.this",
            "module.aws_vpc.module.endpoints.data.aws_vpc_endpoint_service.this",
            "module.aws_vpc.module.vpc.aws_cloudwatch_log_group.flow_log",
            "module.aws_vpc.module.vpc.aws_customer_gateway.this",
            "module.aws_vpc.module.vpc.aws_db_subnet_group.database",
            "module.aws_vpc.module.vpc.aws_default_network_acl.this",
            "module.aws_vpc.module.vpc.aws_default_route_table.default",
            "module.aws_vpc.module.vpc.aws_default_security_group.this",
            "module.aws_vpc.module.vpc.aws_default_vpc.this",
            "module.aws_vpc.module.vpc.aws_egress_only_internet_gateway.this",
            "module.aws_vpc.module.vpc.aws_eip.nat",
            "module.aws_vpc.module.vpc.aws_elasticache_subnet_group.elasticache",
            "module.aws_vpc.module.vpc.aws_flow_log.this",
            "module.aws_vpc.module.vpc.aws_iam_policy.vpc_flow_log_cloudwatch",
            "module.aws_vpc.module.vpc.aws_iam_role.vpc_flow_log_cloudwatch",
            "module.aws_vpc.module.vpc.aws_iam_role_policy_attachment.vpc_flow_log_cloudwatch",
            "module.aws_vpc.module.vpc.aws_internet_gateway.this",
            "module.aws_vpc.module.vpc.aws_nat_gateway.this",
            "module.aws_vpc.module.vpc.aws_network_acl.database",
            "module.aws_vpc.module.vpc.aws_network_acl.elasticache",
            "module.aws_vpc.module.vpc.aws_network_acl.intra",
            "module.aws_vpc.module.vpc.aws_network_acl.outpost",
            "module.aws_vpc.module.vpc.aws_network_acl.private",
            "module.aws_vpc.module.vpc.aws_network_acl.public",
            "module.aws_vpc.module.vpc.aws_network_acl.redshift",
            "module.aws_vpc.module.vpc.aws_network_acl_rule.database_inbound",
            "module.aws_vpc.module.vpc.aws_network_acl_rule.database_outbound",
            "module.aws_vpc.module.vpc.aws_network_acl_rule.elasticache_inbound",
            "module.aws_vpc.module.vpc.aws_network_acl_rule.elasticache_outbound",
            "module.aws_vpc.module.vpc.aws_network_acl_rule.intra_inbound",
            "module.aws_vpc.module.vpc.aws_network_acl_rule.intra_outbound",
            "module.aws_vpc.module.vpc.aws_network_acl_rule.outpost_inbound",
            "module.aws_vpc.module.vpc.aws_network_acl_rule.outpost_outbound",
            "module.aws_vpc.module.vpc.aws_network_acl_rule.private_inbound",
            "module.aws_vpc.module.vpc.aws_network_acl_rule.private_outbound",
            "module.aws_vpc.module.vpc.aws_network_acl_rule.public_inbound",
            "module.aws_vpc.module.vpc.aws_network_acl_rule.public_outbound",
            "module.aws_vpc.module.vpc.aws_network_acl_rule.redshift_inbound",
            "module.aws_vpc.module.vpc.aws_network_acl_rule.redshift_outbound",
            "module.aws_vpc.module.vpc.aws_redshift_subnet_group.redshift",
            "module.aws_vpc.module.vpc.aws_route.database_dns64_nat_gateway",
            "module.aws_vpc.module.vpc.aws_route.database_internet_gateway",
            "module.aws_vpc.module.vpc.aws_route.database_ipv6_egress",
            "module.aws_vpc.module.vpc.aws_route.database_nat_gateway",
            "module.aws_vpc.module.vpc.aws_route.private_dns64_nat_gateway",
            "module.aws_vpc.module.vpc.aws_route.private_ipv6_egress",
            "module.aws_vpc.module.vpc.aws_route.private_nat_gateway",
            "module.aws_vpc.module.vpc.aws_route.public_internet_gateway",
            "module.aws_vpc.module.vpc.aws_route.public_internet_gateway_ipv6",
            "module.aws_vpc.module.vpc.aws_route_table.database",
            "module.aws_vpc.module.vpc.aws_route_table.elasticache",
            "module.aws_vpc.module.vpc.aws_route_table.intra",
            "module.aws_vpc.module.vpc.aws_route_table.private",
            "module.aws_vpc.module.vpc.aws_route_table.public",
            "module.aws_vpc.module.vpc.aws_route_table.redshift",
            "module.aws_vpc.module.vpc.aws_route_table_association.database",
            "module.aws_vpc.module.vpc.aws_route_table_association.elasticache",
            "module.aws_vpc.module.vpc.aws_route_table_association.intra",
            "module.aws_vpc.module.vpc.aws_route_table_association.outpost",
            "module.aws_vpc.module.vpc.aws_route_table_association.private",
            "module.aws_vpc.module.vpc.aws_route_table_association.public",
            "module.aws_vpc.module.vpc.aws_route_table_association.redshift",
            "module.aws_vpc.module.vpc.aws_route_table_association.redshift_public",
            "module.aws_vpc.module.vpc.aws_subnet.database",
            "module.aws_vpc.module.vpc.aws_subnet.elasticache",
            "module.aws_vpc.module.vpc.aws_subnet.intra",
            "module.aws_vpc.module.vpc.aws_subnet.outpost",
            "module.aws_vpc.module.vpc.aws_subnet.private",
            "module.aws_vpc.module.vpc.aws_subnet.public",
            "module.aws_vpc.module.vpc.aws_subnet.redshift",
            "module.aws_vpc.module.vpc.aws_vpc.this",
            "module.aws_vpc.module.vpc.aws_vpc_dhcp_options.this",
            "module.aws_vpc.module.vpc.aws_vpc_dhcp_options_association.this",
            "module.aws_vpc.module.vpc.aws_vpc_ipv4_cidr_block_association.this",
            "module.aws_vpc.module.vpc.aws_vpn_gateway.this",
            "module.aws_vpc.module.vpc.aws_vpn_gateway_attachment.this",
            "module.aws_vpc.module.vpc.aws_vpn_gateway_route_propagation.intra",
            "module.aws_vpc.module.vpc.aws_vpn_gateway_route_propagation.private",
            "module.aws_vpc.module.vpc.aws_vpn_gateway_route_propagation.public",
            "module.aws_vpc.module.vpc.data.aws_iam_policy_document.flow_log_cloudwatch_assume_role",
            "module.aws_vpc.module.vpc.data.aws_iam_policy_document.vpc_flow_log_cloudwatch",
            "module.dev_catalog.aws_iam_policy.policy",
            "module.dev_catalog.aws_iam_role.role",
            "module.dev_catalog.aws_iam_role_policy_attachment.attachment",
            "module.dev_catalog.module.s3_bucket.aws_s3_bucket.this",
            "module.dev_catalog.time_sleep.wait",
            "module.dev_workspace.aws_s3_bucket.root_storage_bucket",
            "module.dev_workspace.aws_s3_bucket_policy.root_bucket_policy",
            "module.dev_workspace.aws_s3_bucket_public_access_block.root_storage_bucket",
            "module.dev_workspace.aws_s3_bucket_server_side_encryption_configuration.root_storage_bucket",
            "module.dev_workspace.aws_s3_bucket_versioning.root_bucket_versioning",
            "module.dev_workspace.data.databricks_aws_bucket_policy.this",
            "module.dev_workspace.databricks_metastore_assignment.this",
            "module.dev_workspace.databricks_mws_credentials.this",
            "module.dev_workspace.databricks_mws_networks.this",
            "module.dev_workspace.databricks_mws_storage_configurations.this",
            "module.dev_workspace.databricks_mws_workspaces.this",
            "module.uc_bootstrap.data.databricks_service_principal.terraform_sp",
            "module.uc_bootstrap.databricks_group.account_admin_group",
            "module.uc_bootstrap.databricks_group.workspace_admin_group",
            "module.uc_bootstrap.databricks_group.workspace_user_group",
            "module.uc_bootstrap.databricks_group_member.admin_group_member",
            "module.uc_bootstrap.databricks_group_member.workspace_admin_group_member",
            "module.uc_bootstrap.databricks_group_member.workspace_admin_group_member_sp",
            "module.uc_bootstrap.databricks_group_member.workspace_user_group_member",
            "module.uc_bootstrap.databricks_service_principal_role.terraform_admin",
            "module.uc_bootstrap.databricks_service_principal_secret.terraform_sp",
            "module.uc_bootstrap.databricks_user.unity_users",
            "module.uc_bootstrap.databricks_user_role.account_admin_role",
            "module.uc_metastore.databricks_metastore.this",
            "module.uc_privileges.databricks_grants.this"
          ]
        }
      ]
    },
    {
      "module": "module.dev_catalog",
      "mode": "managed",
      "type": "time_sleep",
      "name": "wait",
      "provider": "provider[\"registry.terraform.io/hashicorp/time\"]",
      "instances": [
        {
          "schema_version": 0,
          "attributes": {
            "create_duration": "50s",
            "destroy_duration": null,
            "id": "2024-01-10T22:51:30Z",
            "triggers": null
          },
          "sensitive_attributes": [],
          "dependencies": [
            "module.aws_crossaccount_role.aws_iam_policy.cross_account_policy",
            "module.aws_crossaccount_role.aws_iam_role.cross_account_role",
            "module.aws_crossaccount_role.aws_iam_role_policy_attachment.cross_account_policy_attachment",
            "module.aws_crossaccount_role.data.databricks_aws_assume_role_policy.this",
            "module.aws_crossaccount_role.data.databricks_aws_crossaccount_policy.this",
            "module.aws_crossaccount_role.time_sleep.wait",
            "module.aws_vpc.data.aws_availability_zones.available",
            "module.aws_vpc.module.endpoints.aws_security_group.this",
            "module.aws_vpc.module.endpoints.aws_security_group_rule.this",
            "module.aws_vpc.module.endpoints.aws_vpc_endpoint.this",
            "module.aws_vpc.module.endpoints.data.aws_vpc_endpoint_service.this",
            "module.aws_vpc.module.vpc.aws_cloudwatch_log_group.flow_log",
            "module.aws_vpc.module.vpc.aws_customer_gateway.this",
            "module.aws_vpc.module.vpc.aws_db_subnet_group.database",
            "module.aws_vpc.module.vpc.aws_default_network_acl.this",
            "module.aws_vpc.module.vpc.aws_default_route_table.default",
            "module.aws_vpc.module.vpc.aws_default_security_group.this",
            "module.aws_vpc.module.vpc.aws_default_vpc.this",
            "module.aws_vpc.module.vpc.aws_egress_only_internet_gateway.this",
            "module.aws_vpc.module.vpc.aws_eip.nat",
            "module.aws_vpc.module.vpc.aws_elasticache_subnet_group.elasticache",
            "module.aws_vpc.module.vpc.aws_flow_log.this",
            "module.aws_vpc.module.vpc.aws_iam_policy.vpc_flow_log_cloudwatch",
            "module.aws_vpc.module.vpc.aws_iam_role.vpc_flow_log_cloudwatch",
            "module.aws_vpc.module.vpc.aws_iam_role_policy_attachment.vpc_flow_log_cloudwatch",
            "module.aws_vpc.module.vpc.aws_internet_gateway.this",
            "module.aws_vpc.module.vpc.aws_nat_gateway.this",
            "module.aws_vpc.module.vpc.aws_network_acl.database",
            "module.aws_vpc.module.vpc.aws_network_acl.elasticache",
            "module.aws_vpc.module.vpc.aws_network_acl.intra",
            "module.aws_vpc.module.vpc.aws_network_acl.outpost",
            "module.aws_vpc.module.vpc.aws_network_acl.private",
            "module.aws_vpc.module.vpc.aws_network_acl.public",
            "module.aws_vpc.module.vpc.aws_network_acl.redshift",
            "module.aws_vpc.module.vpc.aws_network_acl_rule.database_inbound",
            "module.aws_vpc.module.vpc.aws_network_acl_rule.database_outbound",
            "module.aws_vpc.module.vpc.aws_network_acl_rule.elasticache_inbound",
            "module.aws_vpc.module.vpc.aws_network_acl_rule.elasticache_outbound",
            "module.aws_vpc.module.vpc.aws_network_acl_rule.intra_inbound",
            "module.aws_vpc.module.vpc.aws_network_acl_rule.intra_outbound",
            "module.aws_vpc.module.vpc.aws_network_acl_rule.outpost_inbound",
            "module.aws_vpc.module.vpc.aws_network_acl_rule.outpost_outbound",
            "module.aws_vpc.module.vpc.aws_network_acl_rule.private_inbound",
            "module.aws_vpc.module.vpc.aws_network_acl_rule.private_outbound",
            "module.aws_vpc.module.vpc.aws_network_acl_rule.public_inbound",
            "module.aws_vpc.module.vpc.aws_network_acl_rule.public_outbound",
            "module.aws_vpc.module.vpc.aws_network_acl_rule.redshift_inbound",
            "module.aws_vpc.module.vpc.aws_network_acl_rule.redshift_outbound",
            "module.aws_vpc.module.vpc.aws_redshift_subnet_group.redshift",
            "module.aws_vpc.module.vpc.aws_route.database_dns64_nat_gateway",
            "module.aws_vpc.module.vpc.aws_route.database_internet_gateway",
            "module.aws_vpc.module.vpc.aws_route.database_ipv6_egress",
            "module.aws_vpc.module.vpc.aws_route.database_nat_gateway",
            "module.aws_vpc.module.vpc.aws_route.private_dns64_nat_gateway",
            "module.aws_vpc.module.vpc.aws_route.private_ipv6_egress",
            "module.aws_vpc.module.vpc.aws_route.private_nat_gateway",
            "module.aws_vpc.module.vpc.aws_route.public_internet_gateway",
            "module.aws_vpc.module.vpc.aws_route.public_internet_gateway_ipv6",
            "module.aws_vpc.module.vpc.aws_route_table.database",
            "module.aws_vpc.module.vpc.aws_route_table.elasticache",
            "module.aws_vpc.module.vpc.aws_route_table.intra",
            "module.aws_vpc.module.vpc.aws_route_table.private",
            "module.aws_vpc.module.vpc.aws_route_table.public",
            "module.aws_vpc.module.vpc.aws_route_table.redshift",
            "module.aws_vpc.module.vpc.aws_route_table_association.database",
            "module.aws_vpc.module.vpc.aws_route_table_association.elasticache",
            "module.aws_vpc.module.vpc.aws_route_table_association.intra",
            "module.aws_vpc.module.vpc.aws_route_table_association.outpost",
            "module.aws_vpc.module.vpc.aws_route_table_association.private",
            "module.aws_vpc.module.vpc.aws_route_table_association.public",
            "module.aws_vpc.module.vpc.aws_route_table_association.redshift",
            "module.aws_vpc.module.vpc.aws_route_table_association.redshift_public",
            "module.aws_vpc.module.vpc.aws_subnet.database",
            "module.aws_vpc.module.vpc.aws_subnet.elasticache",
            "module.aws_vpc.module.vpc.aws_subnet.intra",
            "module.aws_vpc.module.vpc.aws_subnet.outpost",
            "module.aws_vpc.module.vpc.aws_subnet.private",
            "module.aws_vpc.module.vpc.aws_subnet.public",
            "module.aws_vpc.module.vpc.aws_subnet.redshift",
            "module.aws_vpc.module.vpc.aws_vpc.this",
            "module.aws_vpc.module.vpc.aws_vpc_dhcp_options.this",
            "module.aws_vpc.module.vpc.aws_vpc_dhcp_options_association.this",
            "module.aws_vpc.module.vpc.aws_vpc_ipv4_cidr_block_association.this",
            "module.aws_vpc.module.vpc.aws_vpn_gateway.this",
            "module.aws_vpc.module.vpc.aws_vpn_gateway_attachment.this",
            "module.aws_vpc.module.vpc.aws_vpn_gateway_route_propagation.intra",
            "module.aws_vpc.module.vpc.aws_vpn_gateway_route_propagation.private",
            "module.aws_vpc.module.vpc.aws_vpn_gateway_route_propagation.public",
            "module.aws_vpc.module.vpc.data.aws_iam_policy_document.flow_log_cloudwatch_assume_role",
            "module.aws_vpc.module.vpc.data.aws_iam_policy_document.vpc_flow_log_cloudwatch",
            "module.dev_catalog.aws_iam_policy.policy",
            "module.dev_catalog.aws_iam_role.role",
            "module.dev_catalog.aws_iam_role_policy_attachment.attachment",
            "module.dev_catalog.module.s3_bucket.aws_s3_bucket.this",
            "module.dev_workspace.aws_s3_bucket.root_storage_bucket",
            "module.dev_workspace.aws_s3_bucket_policy.root_bucket_policy",
            "module.dev_workspace.aws_s3_bucket_public_access_block.root_storage_bucket",
            "module.dev_workspace.aws_s3_bucket_server_side_encryption_configuration.root_storage_bucket",
            "module.dev_workspace.aws_s3_bucket_versioning.root_bucket_versioning",
            "module.dev_workspace.data.databricks_aws_bucket_policy.this",
            "module.dev_workspace.databricks_metastore_assignment.this",
            "module.dev_workspace.databricks_mws_credentials.this",
            "module.dev_workspace.databricks_mws_networks.this",
            "module.dev_workspace.databricks_mws_storage_configurations.this",
            "module.dev_workspace.databricks_mws_workspaces.this",
            "module.uc_bootstrap.data.databricks_service_principal.terraform_sp",
            "module.uc_bootstrap.databricks_group.account_admin_group",
            "module.uc_bootstrap.databricks_group.workspace_admin_group",
            "module.uc_bootstrap.databricks_group.workspace_user_group",
            "module.uc_bootstrap.databricks_group_member.admin_group_member",
            "module.uc_bootstrap.databricks_group_member.workspace_admin_group_member",
            "module.uc_bootstrap.databricks_group_member.workspace_admin_group_member_sp",
            "module.uc_bootstrap.databricks_group_member.workspace_user_group_member",
            "module.uc_bootstrap.databricks_service_principal_role.terraform_admin",
            "module.uc_bootstrap.databricks_service_principal_secret.terraform_sp",
            "module.uc_bootstrap.databricks_user.unity_users",
            "module.uc_bootstrap.databricks_user_role.account_admin_role",
            "module.uc_metastore.databricks_metastore.this",
            "module.uc_privileges.databricks_grants.this"
          ]
        }
      ]
    },
    {
      "module": "module.dev_catalog.module.s3_bucket",
      "mode": "data",
      "type": "aws_caller_identity",
      "name": "current",
      "provider": "provider[\"registry.terraform.io/hashicorp/aws\"]",
      "instances": [
        {
          "schema_version": 0,
          "attributes": {
            "account_id": "136146594194",
            "arn": "arn:aws:iam::136146594194:user/cloud_admin",
            "id": "136146594194",
            "user_id": "AIDAR7MXYFGJBQJV6MFSU"
          },
          "sensitive_attributes": []
        }
      ]
    },
    {
      "module": "module.dev_catalog.module.s3_bucket",
      "mode": "data",
      "type": "aws_partition",
      "name": "current",
      "provider": "provider[\"registry.terraform.io/hashicorp/aws\"]",
      "instances": [
        {
          "schema_version": 0,
          "attributes": {
            "dns_suffix": "amazonaws.com",
            "id": "aws",
            "partition": "aws",
            "reverse_dns_prefix": "com.amazonaws"
          },
          "sensitive_attributes": []
        }
      ]
    },
    {
      "module": "module.dev_catalog.module.s3_bucket",
      "mode": "data",
      "type": "aws_region",
      "name": "current",
      "provider": "provider[\"registry.terraform.io/hashicorp/aws\"]",
      "instances": [
        {
          "schema_version": 0,
          "attributes": {
            "description": "Asia Pacific (Sydney)",
            "endpoint": "ec2.ap-southeast-2.amazonaws.com",
            "id": "ap-southeast-2",
            "name": "ap-southeast-2"
          },
          "sensitive_attributes": []
        }
      ]
    },
    {
      "module": "module.dev_catalog.module.s3_bucket",
      "mode": "managed",
      "type": "aws_s3_bucket",
      "name": "this",
      "provider": "provider[\"registry.terraform.io/hashicorp/aws\"]",
      "instances": [
        {
          "index_key": 0,
          "schema_version": 0,
          "attributes": {
            "acceleration_status": "",
            "acl": null,
            "arn": "arn:aws:s3:::dev-catalog-storage-20240110225036788000000008",
            "bucket": "dev-catalog-storage-20240110225036788000000008",
            "bucket_domain_name": "dev-catalog-storage-20240110225036788000000008.s3.amazonaws.com",
            "bucket_prefix": "dev-catalog-storage-",
            "bucket_regional_domain_name": "dev-catalog-storage-20240110225036788000000008.s3.ap-southeast-2.amazonaws.com",
            "cors_rule": [],
            "force_destroy": true,
            "grant": [
              {
                "id": "9c51f0ed535cb6ea55bb2b1ba811bbc6223a9d6e0146f0f320cda7be6a8973af",
                "permissions": [
                  "FULL_CONTROL"
                ],
                "type": "CanonicalUser",
                "uri": ""
              }
            ],
            "hosted_zone_id": "Z1WCIGYICN2BYD",
            "id": "dev-catalog-storage-20240110225036788000000008",
            "lifecycle_rule": [],
            "logging": [],
            "object_lock_configuration": [],
            "object_lock_enabled": false,
            "policy": "",
            "region": "ap-southeast-2",
            "replication_configuration": [],
            "request_payer": "BucketOwner",
            "server_side_encryption_configuration": [
              {
                "rule": [
                  {
                    "apply_server_side_encryption_by_default": [
                      {
                        "kms_master_key_id": "",
                        "sse_algorithm": "AES256"
                      }
                    ],
                    "bucket_key_enabled": false
                  }
                ]
              }
            ],
            "tags": {
              "Environment": "dev",
              "Project": "mars"
            },
            "tags_all": {
              "Environment": "dev",
              "Project": "mars"
            },
            "timeouts": null,
            "versioning": [
              {
                "enabled": false,
                "mfa_delete": false
              }
            ],
            "website": [],
            "website_domain": null,
            "website_endpoint": null
          },
          "sensitive_attributes": [],
          "private": "eyJlMmJmYjczMC1lY2FhLTExZTYtOGY4OC0zNDM2M2JjN2M0YzAiOnsiY3JlYXRlIjoxMjAwMDAwMDAwMDAwLCJkZWxldGUiOjM2MDAwMDAwMDAwMDAsInJlYWQiOjEyMDAwMDAwMDAwMDAsInVwZGF0ZSI6MTIwMDAwMDAwMDAwMH19",
          "dependencies": [
            "module.aws_crossaccount_role.aws_iam_policy.cross_account_policy",
            "module.aws_crossaccount_role.aws_iam_role.cross_account_role",
            "module.aws_crossaccount_role.aws_iam_role_policy_attachment.cross_account_policy_attachment",
            "module.aws_crossaccount_role.data.databricks_aws_assume_role_policy.this",
            "module.aws_crossaccount_role.data.databricks_aws_crossaccount_policy.this",
            "module.aws_crossaccount_role.time_sleep.wait",
            "module.aws_vpc.data.aws_availability_zones.available",
            "module.aws_vpc.module.endpoints.aws_security_group.this",
            "module.aws_vpc.module.endpoints.aws_security_group_rule.this",
            "module.aws_vpc.module.endpoints.aws_vpc_endpoint.this",
            "module.aws_vpc.module.endpoints.data.aws_vpc_endpoint_service.this",
            "module.aws_vpc.module.vpc.aws_cloudwatch_log_group.flow_log",
            "module.aws_vpc.module.vpc.aws_customer_gateway.this",
            "module.aws_vpc.module.vpc.aws_db_subnet_group.database",
            "module.aws_vpc.module.vpc.aws_default_network_acl.this",
            "module.aws_vpc.module.vpc.aws_default_route_table.default",
            "module.aws_vpc.module.vpc.aws_default_security_group.this",
            "module.aws_vpc.module.vpc.aws_default_vpc.this",
            "module.aws_vpc.module.vpc.aws_egress_only_internet_gateway.this",
            "module.aws_vpc.module.vpc.aws_eip.nat",
            "module.aws_vpc.module.vpc.aws_elasticache_subnet_group.elasticache",
            "module.aws_vpc.module.vpc.aws_flow_log.this",
            "module.aws_vpc.module.vpc.aws_iam_policy.vpc_flow_log_cloudwatch",
            "module.aws_vpc.module.vpc.aws_iam_role.vpc_flow_log_cloudwatch",
            "module.aws_vpc.module.vpc.aws_iam_role_policy_attachment.vpc_flow_log_cloudwatch",
            "module.aws_vpc.module.vpc.aws_internet_gateway.this",
            "module.aws_vpc.module.vpc.aws_nat_gateway.this",
            "module.aws_vpc.module.vpc.aws_network_acl.database",
            "module.aws_vpc.module.vpc.aws_network_acl.elasticache",
            "module.aws_vpc.module.vpc.aws_network_acl.intra",
            "module.aws_vpc.module.vpc.aws_network_acl.outpost",
            "module.aws_vpc.module.vpc.aws_network_acl.private",
            "module.aws_vpc.module.vpc.aws_network_acl.public",
            "module.aws_vpc.module.vpc.aws_network_acl.redshift",
            "module.aws_vpc.module.vpc.aws_network_acl_rule.database_inbound",
            "module.aws_vpc.module.vpc.aws_network_acl_rule.database_outbound",
            "module.aws_vpc.module.vpc.aws_network_acl_rule.elasticache_inbound",
            "module.aws_vpc.module.vpc.aws_network_acl_rule.elasticache_outbound",
            "module.aws_vpc.module.vpc.aws_network_acl_rule.intra_inbound",
            "module.aws_vpc.module.vpc.aws_network_acl_rule.intra_outbound",
            "module.aws_vpc.module.vpc.aws_network_acl_rule.outpost_inbound",
            "module.aws_vpc.module.vpc.aws_network_acl_rule.outpost_outbound",
            "module.aws_vpc.module.vpc.aws_network_acl_rule.private_inbound",
            "module.aws_vpc.module.vpc.aws_network_acl_rule.private_outbound",
            "module.aws_vpc.module.vpc.aws_network_acl_rule.public_inbound",
            "module.aws_vpc.module.vpc.aws_network_acl_rule.public_outbound",
            "module.aws_vpc.module.vpc.aws_network_acl_rule.redshift_inbound",
            "module.aws_vpc.module.vpc.aws_network_acl_rule.redshift_outbound",
            "module.aws_vpc.module.vpc.aws_redshift_subnet_group.redshift",
            "module.aws_vpc.module.vpc.aws_route.database_dns64_nat_gateway",
            "module.aws_vpc.module.vpc.aws_route.database_internet_gateway",
            "module.aws_vpc.module.vpc.aws_route.database_ipv6_egress",
            "module.aws_vpc.module.vpc.aws_route.database_nat_gateway",
            "module.aws_vpc.module.vpc.aws_route.private_dns64_nat_gateway",
            "module.aws_vpc.module.vpc.aws_route.private_ipv6_egress",
            "module.aws_vpc.module.vpc.aws_route.private_nat_gateway",
            "module.aws_vpc.module.vpc.aws_route.public_internet_gateway",
            "module.aws_vpc.module.vpc.aws_route.public_internet_gateway_ipv6",
            "module.aws_vpc.module.vpc.aws_route_table.database",
            "module.aws_vpc.module.vpc.aws_route_table.elasticache",
            "module.aws_vpc.module.vpc.aws_route_table.intra",
            "module.aws_vpc.module.vpc.aws_route_table.private",
            "module.aws_vpc.module.vpc.aws_route_table.public",
            "module.aws_vpc.module.vpc.aws_route_table.redshift",
            "module.aws_vpc.module.vpc.aws_route_table_association.database",
            "module.aws_vpc.module.vpc.aws_route_table_association.elasticache",
            "module.aws_vpc.module.vpc.aws_route_table_association.intra",
            "module.aws_vpc.module.vpc.aws_route_table_association.outpost",
            "module.aws_vpc.module.vpc.aws_route_table_association.private",
            "module.aws_vpc.module.vpc.aws_route_table_association.public",
            "module.aws_vpc.module.vpc.aws_route_table_association.redshift",
            "module.aws_vpc.module.vpc.aws_route_table_association.redshift_public",
            "module.aws_vpc.module.vpc.aws_subnet.database",
            "module.aws_vpc.module.vpc.aws_subnet.elasticache",
            "module.aws_vpc.module.vpc.aws_subnet.intra",
            "module.aws_vpc.module.vpc.aws_subnet.outpost",
            "module.aws_vpc.module.vpc.aws_subnet.private",
            "module.aws_vpc.module.vpc.aws_subnet.public",
            "module.aws_vpc.module.vpc.aws_subnet.redshift",
            "module.aws_vpc.module.vpc.aws_vpc.this",
            "module.aws_vpc.module.vpc.aws_vpc_dhcp_options.this",
            "module.aws_vpc.module.vpc.aws_vpc_dhcp_options_association.this",
            "module.aws_vpc.module.vpc.aws_vpc_ipv4_cidr_block_association.this",
            "module.aws_vpc.module.vpc.aws_vpn_gateway.this",
            "module.aws_vpc.module.vpc.aws_vpn_gateway_attachment.this",
            "module.aws_vpc.module.vpc.aws_vpn_gateway_route_propagation.intra",
            "module.aws_vpc.module.vpc.aws_vpn_gateway_route_propagation.private",
            "module.aws_vpc.module.vpc.aws_vpn_gateway_route_propagation.public",
            "module.aws_vpc.module.vpc.data.aws_iam_policy_document.flow_log_cloudwatch_assume_role",
            "module.aws_vpc.module.vpc.data.aws_iam_policy_document.vpc_flow_log_cloudwatch",
            "module.dev_workspace.aws_s3_bucket.root_storage_bucket",
            "module.dev_workspace.aws_s3_bucket_policy.root_bucket_policy",
            "module.dev_workspace.aws_s3_bucket_public_access_block.root_storage_bucket",
            "module.dev_workspace.aws_s3_bucket_server_side_encryption_configuration.root_storage_bucket",
            "module.dev_workspace.aws_s3_bucket_versioning.root_bucket_versioning",
            "module.dev_workspace.data.databricks_aws_bucket_policy.this",
            "module.dev_workspace.databricks_metastore_assignment.this",
            "module.dev_workspace.databricks_mws_credentials.this",
            "module.dev_workspace.databricks_mws_networks.this",
            "module.dev_workspace.databricks_mws_storage_configurations.this",
            "module.dev_workspace.databricks_mws_workspaces.this",
            "module.uc_bootstrap.data.databricks_service_principal.terraform_sp",
            "module.uc_bootstrap.databricks_group.account_admin_group",
            "module.uc_bootstrap.databricks_group.workspace_admin_group",
            "module.uc_bootstrap.databricks_group.workspace_user_group",
            "module.uc_bootstrap.databricks_group_member.admin_group_member",
            "module.uc_bootstrap.databricks_group_member.workspace_admin_group_member",
            "module.uc_bootstrap.databricks_group_member.workspace_admin_group_member_sp",
            "module.uc_bootstrap.databricks_group_member.workspace_user_group_member",
            "module.uc_bootstrap.databricks_service_principal_role.terraform_admin",
            "module.uc_bootstrap.databricks_service_principal_secret.terraform_sp",
            "module.uc_bootstrap.databricks_user.unity_users",
            "module.uc_bootstrap.databricks_user_role.account_admin_role",
            "module.uc_metastore.databricks_metastore.this",
            "module.uc_privileges.databricks_grants.this"
          ]
        }
      ]
    },
    {
      "module": "module.dev_catalog.module.s3_bucket",
      "mode": "managed",
      "type": "aws_s3_bucket_public_access_block",
      "name": "this",
      "provider": "provider[\"registry.terraform.io/hashicorp/aws\"]",
      "instances": [
        {
          "index_key": 0,
          "schema_version": 0,
          "attributes": {
            "block_public_acls": true,
            "block_public_policy": true,
            "bucket": "dev-catalog-storage-20240110225036788000000008",
            "id": "dev-catalog-storage-20240110225036788000000008",
            "ignore_public_acls": true,
            "restrict_public_buckets": true
          },
          "sensitive_attributes": [],
          "private": "bnVsbA==",
          "dependencies": [
            "module.aws_crossaccount_role.aws_iam_policy.cross_account_policy",
            "module.aws_crossaccount_role.aws_iam_role.cross_account_role",
            "module.aws_crossaccount_role.aws_iam_role_policy_attachment.cross_account_policy_attachment",
            "module.aws_crossaccount_role.data.databricks_aws_assume_role_policy.this",
            "module.aws_crossaccount_role.data.databricks_aws_crossaccount_policy.this",
            "module.aws_crossaccount_role.time_sleep.wait",
            "module.aws_vpc.data.aws_availability_zones.available",
            "module.aws_vpc.module.endpoints.aws_security_group.this",
            "module.aws_vpc.module.endpoints.aws_security_group_rule.this",
            "module.aws_vpc.module.endpoints.aws_vpc_endpoint.this",
            "module.aws_vpc.module.endpoints.data.aws_vpc_endpoint_service.this",
            "module.aws_vpc.module.vpc.aws_cloudwatch_log_group.flow_log",
            "module.aws_vpc.module.vpc.aws_customer_gateway.this",
            "module.aws_vpc.module.vpc.aws_db_subnet_group.database",
            "module.aws_vpc.module.vpc.aws_default_network_acl.this",
            "module.aws_vpc.module.vpc.aws_default_route_table.default",
            "module.aws_vpc.module.vpc.aws_default_security_group.this",
            "module.aws_vpc.module.vpc.aws_default_vpc.this",
            "module.aws_vpc.module.vpc.aws_egress_only_internet_gateway.this",
            "module.aws_vpc.module.vpc.aws_eip.nat",
            "module.aws_vpc.module.vpc.aws_elasticache_subnet_group.elasticache",
            "module.aws_vpc.module.vpc.aws_flow_log.this",
            "module.aws_vpc.module.vpc.aws_iam_policy.vpc_flow_log_cloudwatch",
            "module.aws_vpc.module.vpc.aws_iam_role.vpc_flow_log_cloudwatch",
            "module.aws_vpc.module.vpc.aws_iam_role_policy_attachment.vpc_flow_log_cloudwatch",
            "module.aws_vpc.module.vpc.aws_internet_gateway.this",
            "module.aws_vpc.module.vpc.aws_nat_gateway.this",
            "module.aws_vpc.module.vpc.aws_network_acl.database",
            "module.aws_vpc.module.vpc.aws_network_acl.elasticache",
            "module.aws_vpc.module.vpc.aws_network_acl.intra",
            "module.aws_vpc.module.vpc.aws_network_acl.outpost",
            "module.aws_vpc.module.vpc.aws_network_acl.private",
            "module.aws_vpc.module.vpc.aws_network_acl.public",
            "module.aws_vpc.module.vpc.aws_network_acl.redshift",
            "module.aws_vpc.module.vpc.aws_network_acl_rule.database_inbound",
            "module.aws_vpc.module.vpc.aws_network_acl_rule.database_outbound",
            "module.aws_vpc.module.vpc.aws_network_acl_rule.elasticache_inbound",
            "module.aws_vpc.module.vpc.aws_network_acl_rule.elasticache_outbound",
            "module.aws_vpc.module.vpc.aws_network_acl_rule.intra_inbound",
            "module.aws_vpc.module.vpc.aws_network_acl_rule.intra_outbound",
            "module.aws_vpc.module.vpc.aws_network_acl_rule.outpost_inbound",
            "module.aws_vpc.module.vpc.aws_network_acl_rule.outpost_outbound",
            "module.aws_vpc.module.vpc.aws_network_acl_rule.private_inbound",
            "module.aws_vpc.module.vpc.aws_network_acl_rule.private_outbound",
            "module.aws_vpc.module.vpc.aws_network_acl_rule.public_inbound",
            "module.aws_vpc.module.vpc.aws_network_acl_rule.public_outbound",
            "module.aws_vpc.module.vpc.aws_network_acl_rule.redshift_inbound",
            "module.aws_vpc.module.vpc.aws_network_acl_rule.redshift_outbound",
            "module.aws_vpc.module.vpc.aws_redshift_subnet_group.redshift",
            "module.aws_vpc.module.vpc.aws_route.database_dns64_nat_gateway",
            "module.aws_vpc.module.vpc.aws_route.database_internet_gateway",
            "module.aws_vpc.module.vpc.aws_route.database_ipv6_egress",
            "module.aws_vpc.module.vpc.aws_route.database_nat_gateway",
            "module.aws_vpc.module.vpc.aws_route.private_dns64_nat_gateway",
            "module.aws_vpc.module.vpc.aws_route.private_ipv6_egress",
            "module.aws_vpc.module.vpc.aws_route.private_nat_gateway",
            "module.aws_vpc.module.vpc.aws_route.public_internet_gateway",
            "module.aws_vpc.module.vpc.aws_route.public_internet_gateway_ipv6",
            "module.aws_vpc.module.vpc.aws_route_table.database",
            "module.aws_vpc.module.vpc.aws_route_table.elasticache",
            "module.aws_vpc.module.vpc.aws_route_table.intra",
            "module.aws_vpc.module.vpc.aws_route_table.private",
            "module.aws_vpc.module.vpc.aws_route_table.public",
            "module.aws_vpc.module.vpc.aws_route_table.redshift",
            "module.aws_vpc.module.vpc.aws_route_table_association.database",
            "module.aws_vpc.module.vpc.aws_route_table_association.elasticache",
            "module.aws_vpc.module.vpc.aws_route_table_association.intra",
            "module.aws_vpc.module.vpc.aws_route_table_association.outpost",
            "module.aws_vpc.module.vpc.aws_route_table_association.private",
            "module.aws_vpc.module.vpc.aws_route_table_association.public",
            "module.aws_vpc.module.vpc.aws_route_table_association.redshift",
            "module.aws_vpc.module.vpc.aws_route_table_association.redshift_public",
            "module.aws_vpc.module.vpc.aws_subnet.database",
            "module.aws_vpc.module.vpc.aws_subnet.elasticache",
            "module.aws_vpc.module.vpc.aws_subnet.intra",
            "module.aws_vpc.module.vpc.aws_subnet.outpost",
            "module.aws_vpc.module.vpc.aws_subnet.private",
            "module.aws_vpc.module.vpc.aws_subnet.public",
            "module.aws_vpc.module.vpc.aws_subnet.redshift",
            "module.aws_vpc.module.vpc.aws_vpc.this",
            "module.aws_vpc.module.vpc.aws_vpc_dhcp_options.this",
            "module.aws_vpc.module.vpc.aws_vpc_dhcp_options_association.this",
            "module.aws_vpc.module.vpc.aws_vpc_ipv4_cidr_block_association.this",
            "module.aws_vpc.module.vpc.aws_vpn_gateway.this",
            "module.aws_vpc.module.vpc.aws_vpn_gateway_attachment.this",
            "module.aws_vpc.module.vpc.aws_vpn_gateway_route_propagation.intra",
            "module.aws_vpc.module.vpc.aws_vpn_gateway_route_propagation.private",
            "module.aws_vpc.module.vpc.aws_vpn_gateway_route_propagation.public",
            "module.aws_vpc.module.vpc.data.aws_iam_policy_document.flow_log_cloudwatch_assume_role",
            "module.aws_vpc.module.vpc.data.aws_iam_policy_document.vpc_flow_log_cloudwatch",
            "module.dev_catalog.module.s3_bucket.aws_s3_bucket.this",
            "module.dev_workspace.aws_s3_bucket.root_storage_bucket",
            "module.dev_workspace.aws_s3_bucket_policy.root_bucket_policy",
            "module.dev_workspace.aws_s3_bucket_public_access_block.root_storage_bucket",
            "module.dev_workspace.aws_s3_bucket_server_side_encryption_configuration.root_storage_bucket",
            "module.dev_workspace.aws_s3_bucket_versioning.root_bucket_versioning",
            "module.dev_workspace.data.databricks_aws_bucket_policy.this",
            "module.dev_workspace.databricks_metastore_assignment.this",
            "module.dev_workspace.databricks_mws_credentials.this",
            "module.dev_workspace.databricks_mws_networks.this",
            "module.dev_workspace.databricks_mws_storage_configurations.this",
            "module.dev_workspace.databricks_mws_workspaces.this",
            "module.uc_bootstrap.data.databricks_service_principal.terraform_sp",
            "module.uc_bootstrap.databricks_group.account_admin_group",
            "module.uc_bootstrap.databricks_group.workspace_admin_group",
            "module.uc_bootstrap.databricks_group.workspace_user_group",
            "module.uc_bootstrap.databricks_group_member.admin_group_member",
            "module.uc_bootstrap.databricks_group_member.workspace_admin_group_member",
            "module.uc_bootstrap.databricks_group_member.workspace_admin_group_member_sp",
            "module.uc_bootstrap.databricks_group_member.workspace_user_group_member",
            "module.uc_bootstrap.databricks_service_principal_role.terraform_admin",
            "module.uc_bootstrap.databricks_service_principal_secret.terraform_sp",
            "module.uc_bootstrap.databricks_user.unity_users",
            "module.uc_bootstrap.databricks_user_role.account_admin_role",
            "module.uc_metastore.databricks_metastore.this",
            "module.uc_privileges.databricks_grants.this"
          ]
        }
      ]
    },
    {
      "module": "module.dev_catalog.module.s3_bucket",
      "mode": "managed",
      "type": "aws_s3_bucket_versioning",
      "name": "this",
      "provider": "provider[\"registry.terraform.io/hashicorp/aws\"]",
      "instances": [
        {
          "index_key": 0,
          "schema_version": 0,
          "attributes": {
            "bucket": "dev-catalog-storage-20240110225036788000000008",
            "expected_bucket_owner": "",
            "id": "dev-catalog-storage-20240110225036788000000008",
            "mfa": null,
            "versioning_configuration": [
              {
                "mfa_delete": "",
                "status": "Disabled"
              }
            ]
          },
          "sensitive_attributes": [],
          "private": "bnVsbA==",
          "dependencies": [
            "module.aws_crossaccount_role.aws_iam_policy.cross_account_policy",
            "module.aws_crossaccount_role.aws_iam_role.cross_account_role",
            "module.aws_crossaccount_role.aws_iam_role_policy_attachment.cross_account_policy_attachment",
            "module.aws_crossaccount_role.data.databricks_aws_assume_role_policy.this",
            "module.aws_crossaccount_role.data.databricks_aws_crossaccount_policy.this",
            "module.aws_crossaccount_role.time_sleep.wait",
            "module.aws_vpc.data.aws_availability_zones.available",
            "module.aws_vpc.module.endpoints.aws_security_group.this",
            "module.aws_vpc.module.endpoints.aws_security_group_rule.this",
            "module.aws_vpc.module.endpoints.aws_vpc_endpoint.this",
            "module.aws_vpc.module.endpoints.data.aws_vpc_endpoint_service.this",
            "module.aws_vpc.module.vpc.aws_cloudwatch_log_group.flow_log",
            "module.aws_vpc.module.vpc.aws_customer_gateway.this",
            "module.aws_vpc.module.vpc.aws_db_subnet_group.database",
            "module.aws_vpc.module.vpc.aws_default_network_acl.this",
            "module.aws_vpc.module.vpc.aws_default_route_table.default",
            "module.aws_vpc.module.vpc.aws_default_security_group.this",
            "module.aws_vpc.module.vpc.aws_default_vpc.this",
            "module.aws_vpc.module.vpc.aws_egress_only_internet_gateway.this",
            "module.aws_vpc.module.vpc.aws_eip.nat",
            "module.aws_vpc.module.vpc.aws_elasticache_subnet_group.elasticache",
            "module.aws_vpc.module.vpc.aws_flow_log.this",
            "module.aws_vpc.module.vpc.aws_iam_policy.vpc_flow_log_cloudwatch",
            "module.aws_vpc.module.vpc.aws_iam_role.vpc_flow_log_cloudwatch",
            "module.aws_vpc.module.vpc.aws_iam_role_policy_attachment.vpc_flow_log_cloudwatch",
            "module.aws_vpc.module.vpc.aws_internet_gateway.this",
            "module.aws_vpc.module.vpc.aws_nat_gateway.this",
            "module.aws_vpc.module.vpc.aws_network_acl.database",
            "module.aws_vpc.module.vpc.aws_network_acl.elasticache",
            "module.aws_vpc.module.vpc.aws_network_acl.intra",
            "module.aws_vpc.module.vpc.aws_network_acl.outpost",
            "module.aws_vpc.module.vpc.aws_network_acl.private",
            "module.aws_vpc.module.vpc.aws_network_acl.public",
            "module.aws_vpc.module.vpc.aws_network_acl.redshift",
            "module.aws_vpc.module.vpc.aws_network_acl_rule.database_inbound",
            "module.aws_vpc.module.vpc.aws_network_acl_rule.database_outbound",
            "module.aws_vpc.module.vpc.aws_network_acl_rule.elasticache_inbound",
            "module.aws_vpc.module.vpc.aws_network_acl_rule.elasticache_outbound",
            "module.aws_vpc.module.vpc.aws_network_acl_rule.intra_inbound",
            "module.aws_vpc.module.vpc.aws_network_acl_rule.intra_outbound",
            "module.aws_vpc.module.vpc.aws_network_acl_rule.outpost_inbound",
            "module.aws_vpc.module.vpc.aws_network_acl_rule.outpost_outbound",
            "module.aws_vpc.module.vpc.aws_network_acl_rule.private_inbound",
            "module.aws_vpc.module.vpc.aws_network_acl_rule.private_outbound",
            "module.aws_vpc.module.vpc.aws_network_acl_rule.public_inbound",
            "module.aws_vpc.module.vpc.aws_network_acl_rule.public_outbound",
            "module.aws_vpc.module.vpc.aws_network_acl_rule.redshift_inbound",
            "module.aws_vpc.module.vpc.aws_network_acl_rule.redshift_outbound",
            "module.aws_vpc.module.vpc.aws_redshift_subnet_group.redshift",
            "module.aws_vpc.module.vpc.aws_route.database_dns64_nat_gateway",
            "module.aws_vpc.module.vpc.aws_route.database_internet_gateway",
            "module.aws_vpc.module.vpc.aws_route.database_ipv6_egress",
            "module.aws_vpc.module.vpc.aws_route.database_nat_gateway",
            "module.aws_vpc.module.vpc.aws_route.private_dns64_nat_gateway",
            "module.aws_vpc.module.vpc.aws_route.private_ipv6_egress",
            "module.aws_vpc.module.vpc.aws_route.private_nat_gateway",
            "module.aws_vpc.module.vpc.aws_route.public_internet_gateway",
            "module.aws_vpc.module.vpc.aws_route.public_internet_gateway_ipv6",
            "module.aws_vpc.module.vpc.aws_route_table.database",
            "module.aws_vpc.module.vpc.aws_route_table.elasticache",
            "module.aws_vpc.module.vpc.aws_route_table.intra",
            "module.aws_vpc.module.vpc.aws_route_table.private",
            "module.aws_vpc.module.vpc.aws_route_table.public",
            "module.aws_vpc.module.vpc.aws_route_table.redshift",
            "module.aws_vpc.module.vpc.aws_route_table_association.database",
            "module.aws_vpc.module.vpc.aws_route_table_association.elasticache",
            "module.aws_vpc.module.vpc.aws_route_table_association.intra",
            "module.aws_vpc.module.vpc.aws_route_table_association.outpost",
            "module.aws_vpc.module.vpc.aws_route_table_association.private",
            "module.aws_vpc.module.vpc.aws_route_table_association.public",
            "module.aws_vpc.module.vpc.aws_route_table_association.redshift",
            "module.aws_vpc.module.vpc.aws_route_table_association.redshift_public",
            "module.aws_vpc.module.vpc.aws_subnet.database",
            "module.aws_vpc.module.vpc.aws_subnet.elasticache",
            "module.aws_vpc.module.vpc.aws_subnet.intra",
            "module.aws_vpc.module.vpc.aws_subnet.outpost",
            "module.aws_vpc.module.vpc.aws_subnet.private",
            "module.aws_vpc.module.vpc.aws_subnet.public",
            "module.aws_vpc.module.vpc.aws_subnet.redshift",
            "module.aws_vpc.module.vpc.aws_vpc.this",
            "module.aws_vpc.module.vpc.aws_vpc_dhcp_options.this",
            "module.aws_vpc.module.vpc.aws_vpc_dhcp_options_association.this",
            "module.aws_vpc.module.vpc.aws_vpc_ipv4_cidr_block_association.this",
            "module.aws_vpc.module.vpc.aws_vpn_gateway.this",
            "module.aws_vpc.module.vpc.aws_vpn_gateway_attachment.this",
            "module.aws_vpc.module.vpc.aws_vpn_gateway_route_propagation.intra",
            "module.aws_vpc.module.vpc.aws_vpn_gateway_route_propagation.private",
            "module.aws_vpc.module.vpc.aws_vpn_gateway_route_propagation.public",
            "module.aws_vpc.module.vpc.data.aws_iam_policy_document.flow_log_cloudwatch_assume_role",
            "module.aws_vpc.module.vpc.data.aws_iam_policy_document.vpc_flow_log_cloudwatch",
            "module.dev_catalog.module.s3_bucket.aws_s3_bucket.this",
            "module.dev_workspace.aws_s3_bucket.root_storage_bucket",
            "module.dev_workspace.aws_s3_bucket_policy.root_bucket_policy",
            "module.dev_workspace.aws_s3_bucket_public_access_block.root_storage_bucket",
            "module.dev_workspace.aws_s3_bucket_server_side_encryption_configuration.root_storage_bucket",
            "module.dev_workspace.aws_s3_bucket_versioning.root_bucket_versioning",
            "module.dev_workspace.data.databricks_aws_bucket_policy.this",
            "module.dev_workspace.databricks_metastore_assignment.this",
            "module.dev_workspace.databricks_mws_credentials.this",
            "module.dev_workspace.databricks_mws_networks.this",
            "module.dev_workspace.databricks_mws_storage_configurations.this",
            "module.dev_workspace.databricks_mws_workspaces.this",
            "module.uc_bootstrap.data.databricks_service_principal.terraform_sp",
            "module.uc_bootstrap.databricks_group.account_admin_group",
            "module.uc_bootstrap.databricks_group.workspace_admin_group",
            "module.uc_bootstrap.databricks_group.workspace_user_group",
            "module.uc_bootstrap.databricks_group_member.admin_group_member",
            "module.uc_bootstrap.databricks_group_member.workspace_admin_group_member",
            "module.uc_bootstrap.databricks_group_member.workspace_admin_group_member_sp",
            "module.uc_bootstrap.databricks_group_member.workspace_user_group_member",
            "module.uc_bootstrap.databricks_service_principal_role.terraform_admin",
            "module.uc_bootstrap.databricks_service_principal_secret.terraform_sp",
            "module.uc_bootstrap.databricks_user.unity_users",
            "module.uc_bootstrap.databricks_user_role.account_admin_role",
            "module.uc_metastore.databricks_metastore.this",
            "module.uc_privileges.databricks_grants.this"
          ]
        }
      ]
    },
    {
      "module": "module.dev_catalog_grants",
      "mode": "managed",
      "type": "databricks_grants",
      "name": "catalog",
      "provider": "provider[\"registry.terraform.io/databricks/databricks\"].dev_ws",
      "instances": [
        {
          "schema_version": 0,
          "attributes": {
            "catalog": "_dev",
            "external_location": null,
            "foreign_connection": null,
            "function": null,
            "grant": [
              {
                "principal": "account_admins",
                "privileges": [
                  "ALL_PRIVILEGES"
                ]
              },
              {
                "principal": "workspace_admins",
                "privileges": [
                  "ALL_PRIVILEGES"
                ]
              },
              {
                "principal": "workspace_users",
                "privileges": [
                  "CREATE_FUNCTION",
                  "CREATE_TABLE",
                  "CREATE_VOLUME",
                  "EXECUTE",
                  "MODIFY",
                  "READ_VOLUME",
                  "REFRESH",
                  "SELECT",
                  "USE_CATALOG",
                  "USE_SCHEMA",
                  "WRITE_VOLUME"
                ]
              }
            ],
            "id": "catalog/_dev",
            "materialized_view": null,
            "metastore": null,
            "model": null,
            "schema": null,
            "share": null,
            "storage_credential": null,
            "table": null,
            "view": null,
            "volume": null
          },
          "sensitive_attributes": [],
          "private": "bnVsbA==",
          "dependencies": [
            "module.aws_crossaccount_role.aws_iam_policy.cross_account_policy",
            "module.aws_crossaccount_role.aws_iam_role.cross_account_role",
            "module.aws_crossaccount_role.aws_iam_role_policy_attachment.cross_account_policy_attachment",
            "module.aws_crossaccount_role.data.databricks_aws_assume_role_policy.this",
            "module.aws_crossaccount_role.data.databricks_aws_crossaccount_policy.this",
            "module.aws_crossaccount_role.time_sleep.wait",
            "module.aws_vpc.data.aws_availability_zones.available",
            "module.aws_vpc.module.endpoints.aws_security_group.this",
            "module.aws_vpc.module.endpoints.aws_security_group_rule.this",
            "module.aws_vpc.module.endpoints.aws_vpc_endpoint.this",
            "module.aws_vpc.module.endpoints.data.aws_vpc_endpoint_service.this",
            "module.aws_vpc.module.vpc.aws_cloudwatch_log_group.flow_log",
            "module.aws_vpc.module.vpc.aws_customer_gateway.this",
            "module.aws_vpc.module.vpc.aws_db_subnet_group.database",
            "module.aws_vpc.module.vpc.aws_default_network_acl.this",
            "module.aws_vpc.module.vpc.aws_default_route_table.default",
            "module.aws_vpc.module.vpc.aws_default_security_group.this",
            "module.aws_vpc.module.vpc.aws_default_vpc.this",
            "module.aws_vpc.module.vpc.aws_egress_only_internet_gateway.this",
            "module.aws_vpc.module.vpc.aws_eip.nat",
            "module.aws_vpc.module.vpc.aws_elasticache_subnet_group.elasticache",
            "module.aws_vpc.module.vpc.aws_flow_log.this",
            "module.aws_vpc.module.vpc.aws_iam_policy.vpc_flow_log_cloudwatch",
            "module.aws_vpc.module.vpc.aws_iam_role.vpc_flow_log_cloudwatch",
            "module.aws_vpc.module.vpc.aws_iam_role_policy_attachment.vpc_flow_log_cloudwatch",
            "module.aws_vpc.module.vpc.aws_internet_gateway.this",
            "module.aws_vpc.module.vpc.aws_nat_gateway.this",
            "module.aws_vpc.module.vpc.aws_network_acl.database",
            "module.aws_vpc.module.vpc.aws_network_acl.elasticache",
            "module.aws_vpc.module.vpc.aws_network_acl.intra",
            "module.aws_vpc.module.vpc.aws_network_acl.outpost",
            "module.aws_vpc.module.vpc.aws_network_acl.private",
            "module.aws_vpc.module.vpc.aws_network_acl.public",
            "module.aws_vpc.module.vpc.aws_network_acl.redshift",
            "module.aws_vpc.module.vpc.aws_network_acl_rule.database_inbound",
            "module.aws_vpc.module.vpc.aws_network_acl_rule.database_outbound",
            "module.aws_vpc.module.vpc.aws_network_acl_rule.elasticache_inbound",
            "module.aws_vpc.module.vpc.aws_network_acl_rule.elasticache_outbound",
            "module.aws_vpc.module.vpc.aws_network_acl_rule.intra_inbound",
            "module.aws_vpc.module.vpc.aws_network_acl_rule.intra_outbound",
            "module.aws_vpc.module.vpc.aws_network_acl_rule.outpost_inbound",
            "module.aws_vpc.module.vpc.aws_network_acl_rule.outpost_outbound",
            "module.aws_vpc.module.vpc.aws_network_acl_rule.private_inbound",
            "module.aws_vpc.module.vpc.aws_network_acl_rule.private_outbound",
            "module.aws_vpc.module.vpc.aws_network_acl_rule.public_inbound",
            "module.aws_vpc.module.vpc.aws_network_acl_rule.public_outbound",
            "module.aws_vpc.module.vpc.aws_network_acl_rule.redshift_inbound",
            "module.aws_vpc.module.vpc.aws_network_acl_rule.redshift_outbound",
            "module.aws_vpc.module.vpc.aws_redshift_subnet_group.redshift",
            "module.aws_vpc.module.vpc.aws_route.database_dns64_nat_gateway",
            "module.aws_vpc.module.vpc.aws_route.database_internet_gateway",
            "module.aws_vpc.module.vpc.aws_route.database_ipv6_egress",
            "module.aws_vpc.module.vpc.aws_route.database_nat_gateway",
            "module.aws_vpc.module.vpc.aws_route.private_dns64_nat_gateway",
            "module.aws_vpc.module.vpc.aws_route.private_ipv6_egress",
            "module.aws_vpc.module.vpc.aws_route.private_nat_gateway",
            "module.aws_vpc.module.vpc.aws_route.public_internet_gateway",
            "module.aws_vpc.module.vpc.aws_route.public_internet_gateway_ipv6",
            "module.aws_vpc.module.vpc.aws_route_table.database",
            "module.aws_vpc.module.vpc.aws_route_table.elasticache",
            "module.aws_vpc.module.vpc.aws_route_table.intra",
            "module.aws_vpc.module.vpc.aws_route_table.private",
            "module.aws_vpc.module.vpc.aws_route_table.public",
            "module.aws_vpc.module.vpc.aws_route_table.redshift",
            "module.aws_vpc.module.vpc.aws_route_table_association.database",
            "module.aws_vpc.module.vpc.aws_route_table_association.elasticache",
            "module.aws_vpc.module.vpc.aws_route_table_association.intra",
            "module.aws_vpc.module.vpc.aws_route_table_association.outpost",
            "module.aws_vpc.module.vpc.aws_route_table_association.private",
            "module.aws_vpc.module.vpc.aws_route_table_association.public",
            "module.aws_vpc.module.vpc.aws_route_table_association.redshift",
            "module.aws_vpc.module.vpc.aws_route_table_association.redshift_public",
            "module.aws_vpc.module.vpc.aws_subnet.database",
            "module.aws_vpc.module.vpc.aws_subnet.elasticache",
            "module.aws_vpc.module.vpc.aws_subnet.intra",
            "module.aws_vpc.module.vpc.aws_subnet.outpost",
            "module.aws_vpc.module.vpc.aws_subnet.private",
            "module.aws_vpc.module.vpc.aws_subnet.public",
            "module.aws_vpc.module.vpc.aws_subnet.redshift",
            "module.aws_vpc.module.vpc.aws_vpc.this",
            "module.aws_vpc.module.vpc.aws_vpc_dhcp_options.this",
            "module.aws_vpc.module.vpc.aws_vpc_dhcp_options_association.this",
            "module.aws_vpc.module.vpc.aws_vpc_ipv4_cidr_block_association.this",
            "module.aws_vpc.module.vpc.aws_vpn_gateway.this",
            "module.aws_vpc.module.vpc.aws_vpn_gateway_attachment.this",
            "module.aws_vpc.module.vpc.aws_vpn_gateway_route_propagation.intra",
            "module.aws_vpc.module.vpc.aws_vpn_gateway_route_propagation.private",
            "module.aws_vpc.module.vpc.aws_vpn_gateway_route_propagation.public",
            "module.aws_vpc.module.vpc.data.aws_iam_policy_document.flow_log_cloudwatch_assume_role",
            "module.aws_vpc.module.vpc.data.aws_iam_policy_document.vpc_flow_log_cloudwatch",
            "module.dev_catalog.aws_iam_policy.policy",
            "module.dev_catalog.aws_iam_role.role",
            "module.dev_catalog.aws_iam_role_policy_attachment.attachment",
            "module.dev_catalog.databricks_catalog.this",
            "module.dev_catalog.databricks_external_location.this",
            "module.dev_catalog.databricks_storage_credential.this",
            "module.dev_catalog.module.s3_bucket.aws_s3_bucket.this",
            "module.dev_catalog.module.s3_bucket.aws_s3_bucket_accelerate_configuration.this",
            "module.dev_catalog.module.s3_bucket.aws_s3_bucket_acl.this",
            "module.dev_catalog.module.s3_bucket.aws_s3_bucket_analytics_configuration.this",
            "module.dev_catalog.module.s3_bucket.aws_s3_bucket_cors_configuration.this",
            "module.dev_catalog.module.s3_bucket.aws_s3_bucket_intelligent_tiering_configuration.this",
            "module.dev_catalog.module.s3_bucket.aws_s3_bucket_inventory.this",
            "module.dev_catalog.module.s3_bucket.aws_s3_bucket_lifecycle_configuration.this",
            "module.dev_catalog.module.s3_bucket.aws_s3_bucket_logging.this",
            "module.dev_catalog.module.s3_bucket.aws_s3_bucket_metric.this",
            "module.dev_catalog.module.s3_bucket.aws_s3_bucket_object_lock_configuration.this",
            "module.dev_catalog.module.s3_bucket.aws_s3_bucket_ownership_controls.this",
            "module.dev_catalog.module.s3_bucket.aws_s3_bucket_policy.this",
            "module.dev_catalog.module.s3_bucket.aws_s3_bucket_public_access_block.this",
            "module.dev_catalog.module.s3_bucket.aws_s3_bucket_replication_configuration.this",
            "module.dev_catalog.module.s3_bucket.aws_s3_bucket_request_payment_configuration.this",
            "module.dev_catalog.module.s3_bucket.aws_s3_bucket_server_side_encryption_configuration.this",
            "module.dev_catalog.module.s3_bucket.aws_s3_bucket_versioning.this",
            "module.dev_catalog.module.s3_bucket.aws_s3_bucket_website_configuration.this",
            "module.dev_catalog.module.s3_bucket.data.aws_caller_identity.current",
            "module.dev_catalog.module.s3_bucket.data.aws_canonical_user_id.this",
            "module.dev_catalog.module.s3_bucket.data.aws_iam_policy_document.access_log_delivery",
            "module.dev_catalog.module.s3_bucket.data.aws_iam_policy_document.combined",
            "module.dev_catalog.module.s3_bucket.data.aws_iam_policy_document.deny_incorrect_encryption_headers",
            "module.dev_catalog.module.s3_bucket.data.aws_iam_policy_document.deny_incorrect_kms_key_sse",
            "module.dev_catalog.module.s3_bucket.data.aws_iam_policy_document.deny_insecure_transport",
            "module.dev_catalog.module.s3_bucket.data.aws_iam_policy_document.deny_unencrypted_object_uploads",
            "module.dev_catalog.module.s3_bucket.data.aws_iam_policy_document.elb_log_delivery",
            "module.dev_catalog.module.s3_bucket.data.aws_iam_policy_document.inventory_and_analytics_destination_policy",
            "module.dev_catalog.module.s3_bucket.data.aws_iam_policy_document.lb_log_delivery",
            "module.dev_catalog.module.s3_bucket.data.aws_iam_policy_document.require_latest_tls",
            "module.dev_catalog.module.s3_bucket.data.aws_partition.current",
            "module.dev_catalog.module.s3_bucket.data.aws_region.current",
            "module.dev_catalog.time_sleep.wait",
            "module.dev_workspace.aws_s3_bucket.root_storage_bucket",
            "module.dev_workspace.aws_s3_bucket_policy.root_bucket_policy",
            "module.dev_workspace.aws_s3_bucket_public_access_block.root_storage_bucket",
            "module.dev_workspace.aws_s3_bucket_server_side_encryption_configuration.root_storage_bucket",
            "module.dev_workspace.aws_s3_bucket_versioning.root_bucket_versioning",
            "module.dev_workspace.data.databricks_aws_bucket_policy.this",
            "module.dev_workspace.databricks_metastore_assignment.this",
            "module.dev_workspace.databricks_mws_credentials.this",
            "module.dev_workspace.databricks_mws_networks.this",
            "module.dev_workspace.databricks_mws_storage_configurations.this",
            "module.dev_workspace.databricks_mws_workspaces.this",
            "module.uc_bootstrap.data.databricks_service_principal.terraform_sp",
            "module.uc_bootstrap.databricks_group.account_admin_group",
            "module.uc_bootstrap.databricks_group.workspace_admin_group",
            "module.uc_bootstrap.databricks_group.workspace_user_group",
            "module.uc_bootstrap.databricks_group_member.admin_group_member",
            "module.uc_bootstrap.databricks_group_member.workspace_admin_group_member",
            "module.uc_bootstrap.databricks_group_member.workspace_admin_group_member_sp",
            "module.uc_bootstrap.databricks_group_member.workspace_user_group_member",
            "module.uc_bootstrap.databricks_service_principal_role.terraform_admin",
            "module.uc_bootstrap.databricks_service_principal_secret.terraform_sp",
            "module.uc_bootstrap.databricks_user.unity_users",
            "module.uc_bootstrap.databricks_user_role.account_admin_role",
            "module.uc_metastore.databricks_metastore.this",
            "module.uc_privileges.databricks_grants.this"
          ]
        }
      ]
    },
    {
      "module": "module.dev_workspace",
      "mode": "data",
      "type": "databricks_aws_bucket_policy",
      "name": "this",
      "provider": "provider[\"registry.terraform.io/databricks/databricks\"].mws_accowner",
      "instances": [
        {
          "schema_version": 0,
          "attributes": {
            "bucket": "dev-workspace-rootbucket-20240110224920167600000006",
            "databricks_account_id": "414351767826",
            "databricks_e2_account_id": null,
            "full_access_role": null,
            "id": "dev-workspace-rootbucket-20240110224920167600000006",
            "json": "{\n  \"Version\": \"2012-10-17\",\n  \"Statement\": [\n    {\n      \"Effect\": \"Allow\",\n      \"Action\": [\n        \"s3:GetObject\",\n        \"s3:GetObjectVersion\",\n        \"s3:PutObject\",\n        \"s3:DeleteObject\",\n        \"s3:ListBucket\",\n        \"s3:GetBucketLocation\"\n      ],\n      \"Resource\": [\n        \"arn:aws:s3:::dev-workspace-rootbucket-20240110224920167600000006/*\",\n        \"arn:aws:s3:::dev-workspace-rootbucket-20240110224920167600000006\"\n      ],\n      \"Principal\": {\n        \"AWS\": \"arn:aws:iam::414351767826:root\"\n      }\n    }\n  ]\n}"
          },
          "sensitive_attributes": []
        }
      ]
    },
    {
      "module": "module.dev_workspace",
      "mode": "managed",
      "type": "aws_s3_bucket",
      "name": "root_storage_bucket",
      "provider": "provider[\"registry.terraform.io/hashicorp/aws\"]",
      "instances": [
        {
          "schema_version": 0,
          "attributes": {
            "acceleration_status": "",
            "acl": "private",
            "arn": "arn:aws:s3:::dev-workspace-rootbucket-20240110224920167600000006",
            "bucket": "dev-workspace-rootbucket-20240110224920167600000006",
            "bucket_domain_name": "dev-workspace-rootbucket-20240110224920167600000006.s3.amazonaws.com",
            "bucket_prefix": "dev-workspace-rootbucket-",
            "bucket_regional_domain_name": "dev-workspace-rootbucket-20240110224920167600000006.s3.ap-southeast-2.amazonaws.com",
            "cors_rule": [],
            "force_destroy": true,
            "grant": [
              {
                "id": "9c51f0ed535cb6ea55bb2b1ba811bbc6223a9d6e0146f0f320cda7be6a8973af",
                "permissions": [
                  "FULL_CONTROL"
                ],
                "type": "CanonicalUser",
                "uri": ""
              }
            ],
            "hosted_zone_id": "Z1WCIGYICN2BYD",
            "id": "dev-workspace-rootbucket-20240110224920167600000006",
            "lifecycle_rule": [],
            "logging": [],
            "object_lock_configuration": [],
            "object_lock_enabled": false,
            "policy": "",
            "region": "ap-southeast-2",
            "replication_configuration": [],
            "request_payer": "BucketOwner",
            "server_side_encryption_configuration": [
              {
                "rule": [
                  {
                    "apply_server_side_encryption_by_default": [
                      {
                        "kms_master_key_id": "",
                        "sse_algorithm": "AES256"
                      }
                    ],
                    "bucket_key_enabled": false
                  }
                ]
              }
            ],
            "tags": {
              "Environment": "dev",
              "Name": "dev-rootbucket",
              "Project": "mars"
            },
            "tags_all": {
              "Environment": "dev",
              "Name": "dev-rootbucket",
              "Project": "mars"
            },
            "timeouts": null,
            "versioning": [
              {
                "enabled": false,
                "mfa_delete": false
              }
            ],
            "website": [],
            "website_domain": null,
            "website_endpoint": null
          },
          "sensitive_attributes": [],
          "private": "eyJlMmJmYjczMC1lY2FhLTExZTYtOGY4OC0zNDM2M2JjN2M0YzAiOnsiY3JlYXRlIjoxMjAwMDAwMDAwMDAwLCJkZWxldGUiOjM2MDAwMDAwMDAwMDAsInJlYWQiOjEyMDAwMDAwMDAwMDAsInVwZGF0ZSI6MTIwMDAwMDAwMDAwMH19",
          "dependencies": [
            "module.aws_crossaccount_role.aws_iam_policy.cross_account_policy",
            "module.aws_crossaccount_role.aws_iam_role.cross_account_role",
            "module.aws_crossaccount_role.aws_iam_role_policy_attachment.cross_account_policy_attachment",
            "module.aws_crossaccount_role.data.databricks_aws_assume_role_policy.this",
            "module.aws_crossaccount_role.data.databricks_aws_crossaccount_policy.this",
            "module.aws_crossaccount_role.time_sleep.wait",
            "module.aws_vpc.data.aws_availability_zones.available",
            "module.aws_vpc.module.endpoints.aws_security_group.this",
            "module.aws_vpc.module.endpoints.aws_security_group_rule.this",
            "module.aws_vpc.module.endpoints.aws_vpc_endpoint.this",
            "module.aws_vpc.module.endpoints.data.aws_vpc_endpoint_service.this",
            "module.aws_vpc.module.vpc.aws_cloudwatch_log_group.flow_log",
            "module.aws_vpc.module.vpc.aws_customer_gateway.this",
            "module.aws_vpc.module.vpc.aws_db_subnet_group.database",
            "module.aws_vpc.module.vpc.aws_default_network_acl.this",
            "module.aws_vpc.module.vpc.aws_default_route_table.default",
            "module.aws_vpc.module.vpc.aws_default_security_group.this",
            "module.aws_vpc.module.vpc.aws_default_vpc.this",
            "module.aws_vpc.module.vpc.aws_egress_only_internet_gateway.this",
            "module.aws_vpc.module.vpc.aws_eip.nat",
            "module.aws_vpc.module.vpc.aws_elasticache_subnet_group.elasticache",
            "module.aws_vpc.module.vpc.aws_flow_log.this",
            "module.aws_vpc.module.vpc.aws_iam_policy.vpc_flow_log_cloudwatch",
            "module.aws_vpc.module.vpc.aws_iam_role.vpc_flow_log_cloudwatch",
            "module.aws_vpc.module.vpc.aws_iam_role_policy_attachment.vpc_flow_log_cloudwatch",
            "module.aws_vpc.module.vpc.aws_internet_gateway.this",
            "module.aws_vpc.module.vpc.aws_nat_gateway.this",
            "module.aws_vpc.module.vpc.aws_network_acl.database",
            "module.aws_vpc.module.vpc.aws_network_acl.elasticache",
            "module.aws_vpc.module.vpc.aws_network_acl.intra",
            "module.aws_vpc.module.vpc.aws_network_acl.outpost",
            "module.aws_vpc.module.vpc.aws_network_acl.private",
            "module.aws_vpc.module.vpc.aws_network_acl.public",
            "module.aws_vpc.module.vpc.aws_network_acl.redshift",
            "module.aws_vpc.module.vpc.aws_network_acl_rule.database_inbound",
            "module.aws_vpc.module.vpc.aws_network_acl_rule.database_outbound",
            "module.aws_vpc.module.vpc.aws_network_acl_rule.elasticache_inbound",
            "module.aws_vpc.module.vpc.aws_network_acl_rule.elasticache_outbound",
            "module.aws_vpc.module.vpc.aws_network_acl_rule.intra_inbound",
            "module.aws_vpc.module.vpc.aws_network_acl_rule.intra_outbound",
            "module.aws_vpc.module.vpc.aws_network_acl_rule.outpost_inbound",
            "module.aws_vpc.module.vpc.aws_network_acl_rule.outpost_outbound",
            "module.aws_vpc.module.vpc.aws_network_acl_rule.private_inbound",
            "module.aws_vpc.module.vpc.aws_network_acl_rule.private_outbound",
            "module.aws_vpc.module.vpc.aws_network_acl_rule.public_inbound",
            "module.aws_vpc.module.vpc.aws_network_acl_rule.public_outbound",
            "module.aws_vpc.module.vpc.aws_network_acl_rule.redshift_inbound",
            "module.aws_vpc.module.vpc.aws_network_acl_rule.redshift_outbound",
            "module.aws_vpc.module.vpc.aws_redshift_subnet_group.redshift",
            "module.aws_vpc.module.vpc.aws_route.database_dns64_nat_gateway",
            "module.aws_vpc.module.vpc.aws_route.database_internet_gateway",
            "module.aws_vpc.module.vpc.aws_route.database_ipv6_egress",
            "module.aws_vpc.module.vpc.aws_route.database_nat_gateway",
            "module.aws_vpc.module.vpc.aws_route.private_dns64_nat_gateway",
            "module.aws_vpc.module.vpc.aws_route.private_ipv6_egress",
            "module.aws_vpc.module.vpc.aws_route.private_nat_gateway",
            "module.aws_vpc.module.vpc.aws_route.public_internet_gateway",
            "module.aws_vpc.module.vpc.aws_route.public_internet_gateway_ipv6",
            "module.aws_vpc.module.vpc.aws_route_table.database",
            "module.aws_vpc.module.vpc.aws_route_table.elasticache",
            "module.aws_vpc.module.vpc.aws_route_table.intra",
            "module.aws_vpc.module.vpc.aws_route_table.private",
            "module.aws_vpc.module.vpc.aws_route_table.public",
            "module.aws_vpc.module.vpc.aws_route_table.redshift",
            "module.aws_vpc.module.vpc.aws_route_table_association.database",
            "module.aws_vpc.module.vpc.aws_route_table_association.elasticache",
            "module.aws_vpc.module.vpc.aws_route_table_association.intra",
            "module.aws_vpc.module.vpc.aws_route_table_association.outpost",
            "module.aws_vpc.module.vpc.aws_route_table_association.private",
            "module.aws_vpc.module.vpc.aws_route_table_association.public",
            "module.aws_vpc.module.vpc.aws_route_table_association.redshift",
            "module.aws_vpc.module.vpc.aws_route_table_association.redshift_public",
            "module.aws_vpc.module.vpc.aws_subnet.database",
            "module.aws_vpc.module.vpc.aws_subnet.elasticache",
            "module.aws_vpc.module.vpc.aws_subnet.intra",
            "module.aws_vpc.module.vpc.aws_subnet.outpost",
            "module.aws_vpc.module.vpc.aws_subnet.private",
            "module.aws_vpc.module.vpc.aws_subnet.public",
            "module.aws_vpc.module.vpc.aws_subnet.redshift",
            "module.aws_vpc.module.vpc.aws_vpc.this",
            "module.aws_vpc.module.vpc.aws_vpc_dhcp_options.this",
            "module.aws_vpc.module.vpc.aws_vpc_dhcp_options_association.this",
            "module.aws_vpc.module.vpc.aws_vpc_ipv4_cidr_block_association.this",
            "module.aws_vpc.module.vpc.aws_vpn_gateway.this",
            "module.aws_vpc.module.vpc.aws_vpn_gateway_attachment.this",
            "module.aws_vpc.module.vpc.aws_vpn_gateway_route_propagation.intra",
            "module.aws_vpc.module.vpc.aws_vpn_gateway_route_propagation.private",
            "module.aws_vpc.module.vpc.aws_vpn_gateway_route_propagation.public",
            "module.aws_vpc.module.vpc.data.aws_iam_policy_document.flow_log_cloudwatch_assume_role",
            "module.aws_vpc.module.vpc.data.aws_iam_policy_document.vpc_flow_log_cloudwatch",
            "module.uc_bootstrap.data.databricks_service_principal.terraform_sp",
            "module.uc_bootstrap.databricks_group.account_admin_group",
            "module.uc_bootstrap.databricks_group.workspace_admin_group",
            "module.uc_bootstrap.databricks_group.workspace_user_group",
            "module.uc_bootstrap.databricks_group_member.admin_group_member",
            "module.uc_bootstrap.databricks_group_member.workspace_admin_group_member",
            "module.uc_bootstrap.databricks_group_member.workspace_admin_group_member_sp",
            "module.uc_bootstrap.databricks_group_member.workspace_user_group_member",
            "module.uc_bootstrap.databricks_service_principal_role.terraform_admin",
            "module.uc_bootstrap.databricks_service_principal_secret.terraform_sp",
            "module.uc_bootstrap.databricks_user.unity_users",
            "module.uc_bootstrap.databricks_user_role.account_admin_role",
            "module.uc_metastore.databricks_metastore.this"
          ]
        }
      ]
    },
    {
      "module": "module.dev_workspace",
      "mode": "managed",
      "type": "aws_s3_bucket_policy",
      "name": "root_bucket_policy",
      "provider": "provider[\"registry.terraform.io/hashicorp/aws\"]",
      "instances": [
        {
          "schema_version": 0,
          "attributes": {
            "bucket": "dev-workspace-rootbucket-20240110224920167600000006",
            "id": "dev-workspace-rootbucket-20240110224920167600000006",
            "policy": "{\"Statement\":[{\"Action\":[\"s3:GetObject\",\"s3:GetObjectVersion\",\"s3:PutObject\",\"s3:DeleteObject\",\"s3:ListBucket\",\"s3:GetBucketLocation\"],\"Effect\":\"Allow\",\"Principal\":{\"AWS\":\"arn:aws:iam::414351767826:root\"},\"Resource\":[\"arn:aws:s3:::dev-workspace-rootbucket-20240110224920167600000006/*\",\"arn:aws:s3:::dev-workspace-rootbucket-20240110224920167600000006\"]}],\"Version\":\"2012-10-17\"}"
          },
          "sensitive_attributes": [],
          "private": "bnVsbA==",
          "dependencies": [
            "module.aws_crossaccount_role.aws_iam_policy.cross_account_policy",
            "module.aws_crossaccount_role.aws_iam_role.cross_account_role",
            "module.aws_crossaccount_role.aws_iam_role_policy_attachment.cross_account_policy_attachment",
            "module.aws_crossaccount_role.data.databricks_aws_assume_role_policy.this",
            "module.aws_crossaccount_role.data.databricks_aws_crossaccount_policy.this",
            "module.aws_crossaccount_role.time_sleep.wait",
            "module.aws_vpc.data.aws_availability_zones.available",
            "module.aws_vpc.module.endpoints.aws_security_group.this",
            "module.aws_vpc.module.endpoints.aws_security_group_rule.this",
            "module.aws_vpc.module.endpoints.aws_vpc_endpoint.this",
            "module.aws_vpc.module.endpoints.data.aws_vpc_endpoint_service.this",
            "module.aws_vpc.module.vpc.aws_cloudwatch_log_group.flow_log",
            "module.aws_vpc.module.vpc.aws_customer_gateway.this",
            "module.aws_vpc.module.vpc.aws_db_subnet_group.database",
            "module.aws_vpc.module.vpc.aws_default_network_acl.this",
            "module.aws_vpc.module.vpc.aws_default_route_table.default",
            "module.aws_vpc.module.vpc.aws_default_security_group.this",
            "module.aws_vpc.module.vpc.aws_default_vpc.this",
            "module.aws_vpc.module.vpc.aws_egress_only_internet_gateway.this",
            "module.aws_vpc.module.vpc.aws_eip.nat",
            "module.aws_vpc.module.vpc.aws_elasticache_subnet_group.elasticache",
            "module.aws_vpc.module.vpc.aws_flow_log.this",
            "module.aws_vpc.module.vpc.aws_iam_policy.vpc_flow_log_cloudwatch",
            "module.aws_vpc.module.vpc.aws_iam_role.vpc_flow_log_cloudwatch",
            "module.aws_vpc.module.vpc.aws_iam_role_policy_attachment.vpc_flow_log_cloudwatch",
            "module.aws_vpc.module.vpc.aws_internet_gateway.this",
            "module.aws_vpc.module.vpc.aws_nat_gateway.this",
            "module.aws_vpc.module.vpc.aws_network_acl.database",
            "module.aws_vpc.module.vpc.aws_network_acl.elasticache",
            "module.aws_vpc.module.vpc.aws_network_acl.intra",
            "module.aws_vpc.module.vpc.aws_network_acl.outpost",
            "module.aws_vpc.module.vpc.aws_network_acl.private",
            "module.aws_vpc.module.vpc.aws_network_acl.public",
            "module.aws_vpc.module.vpc.aws_network_acl.redshift",
            "module.aws_vpc.module.vpc.aws_network_acl_rule.database_inbound",
            "module.aws_vpc.module.vpc.aws_network_acl_rule.database_outbound",
            "module.aws_vpc.module.vpc.aws_network_acl_rule.elasticache_inbound",
            "module.aws_vpc.module.vpc.aws_network_acl_rule.elasticache_outbound",
            "module.aws_vpc.module.vpc.aws_network_acl_rule.intra_inbound",
            "module.aws_vpc.module.vpc.aws_network_acl_rule.intra_outbound",
            "module.aws_vpc.module.vpc.aws_network_acl_rule.outpost_inbound",
            "module.aws_vpc.module.vpc.aws_network_acl_rule.outpost_outbound",
            "module.aws_vpc.module.vpc.aws_network_acl_rule.private_inbound",
            "module.aws_vpc.module.vpc.aws_network_acl_rule.private_outbound",
            "module.aws_vpc.module.vpc.aws_network_acl_rule.public_inbound",
            "module.aws_vpc.module.vpc.aws_network_acl_rule.public_outbound",
            "module.aws_vpc.module.vpc.aws_network_acl_rule.redshift_inbound",
            "module.aws_vpc.module.vpc.aws_network_acl_rule.redshift_outbound",
            "module.aws_vpc.module.vpc.aws_redshift_subnet_group.redshift",
            "module.aws_vpc.module.vpc.aws_route.database_dns64_nat_gateway",
            "module.aws_vpc.module.vpc.aws_route.database_internet_gateway",
            "module.aws_vpc.module.vpc.aws_route.database_ipv6_egress",
            "module.aws_vpc.module.vpc.aws_route.database_nat_gateway",
            "module.aws_vpc.module.vpc.aws_route.private_dns64_nat_gateway",
            "module.aws_vpc.module.vpc.aws_route.private_ipv6_egress",
            "module.aws_vpc.module.vpc.aws_route.private_nat_gateway",
            "module.aws_vpc.module.vpc.aws_route.public_internet_gateway",
            "module.aws_vpc.module.vpc.aws_route.public_internet_gateway_ipv6",
            "module.aws_vpc.module.vpc.aws_route_table.database",
            "module.aws_vpc.module.vpc.aws_route_table.elasticache",
            "module.aws_vpc.module.vpc.aws_route_table.intra",
            "module.aws_vpc.module.vpc.aws_route_table.private",
            "module.aws_vpc.module.vpc.aws_route_table.public",
            "module.aws_vpc.module.vpc.aws_route_table.redshift",
            "module.aws_vpc.module.vpc.aws_route_table_association.database",
            "module.aws_vpc.module.vpc.aws_route_table_association.elasticache",
            "module.aws_vpc.module.vpc.aws_route_table_association.intra",
            "module.aws_vpc.module.vpc.aws_route_table_association.outpost",
            "module.aws_vpc.module.vpc.aws_route_table_association.private",
            "module.aws_vpc.module.vpc.aws_route_table_association.public",
            "module.aws_vpc.module.vpc.aws_route_table_association.redshift",
            "module.aws_vpc.module.vpc.aws_route_table_association.redshift_public",
            "module.aws_vpc.module.vpc.aws_subnet.database",
            "module.aws_vpc.module.vpc.aws_subnet.elasticache",
            "module.aws_vpc.module.vpc.aws_subnet.intra",
            "module.aws_vpc.module.vpc.aws_subnet.outpost",
            "module.aws_vpc.module.vpc.aws_subnet.private",
            "module.aws_vpc.module.vpc.aws_subnet.public",
            "module.aws_vpc.module.vpc.aws_subnet.redshift",
            "module.aws_vpc.module.vpc.aws_vpc.this",
            "module.aws_vpc.module.vpc.aws_vpc_dhcp_options.this",
            "module.aws_vpc.module.vpc.aws_vpc_dhcp_options_association.this",
            "module.aws_vpc.module.vpc.aws_vpc_ipv4_cidr_block_association.this",
            "module.aws_vpc.module.vpc.aws_vpn_gateway.this",
            "module.aws_vpc.module.vpc.aws_vpn_gateway_attachment.this",
            "module.aws_vpc.module.vpc.aws_vpn_gateway_route_propagation.intra",
            "module.aws_vpc.module.vpc.aws_vpn_gateway_route_propagation.private",
            "module.aws_vpc.module.vpc.aws_vpn_gateway_route_propagation.public",
            "module.aws_vpc.module.vpc.data.aws_iam_policy_document.flow_log_cloudwatch_assume_role",
            "module.aws_vpc.module.vpc.data.aws_iam_policy_document.vpc_flow_log_cloudwatch",
            "module.dev_workspace.aws_s3_bucket.root_storage_bucket",
            "module.dev_workspace.aws_s3_bucket_public_access_block.root_storage_bucket",
            "module.dev_workspace.data.databricks_aws_bucket_policy.this",
            "module.uc_bootstrap.data.databricks_service_principal.terraform_sp",
            "module.uc_bootstrap.databricks_group.account_admin_group",
            "module.uc_bootstrap.databricks_group.workspace_admin_group",
            "module.uc_bootstrap.databricks_group.workspace_user_group",
            "module.uc_bootstrap.databricks_group_member.admin_group_member",
            "module.uc_bootstrap.databricks_group_member.workspace_admin_group_member",
            "module.uc_bootstrap.databricks_group_member.workspace_admin_group_member_sp",
            "module.uc_bootstrap.databricks_group_member.workspace_user_group_member",
            "module.uc_bootstrap.databricks_service_principal_role.terraform_admin",
            "module.uc_bootstrap.databricks_service_principal_secret.terraform_sp",
            "module.uc_bootstrap.databricks_user.unity_users",
            "module.uc_bootstrap.databricks_user_role.account_admin_role",
            "module.uc_metastore.databricks_metastore.this"
          ]
        }
      ]
    },
    {
      "module": "module.dev_workspace",
      "mode": "managed",
      "type": "aws_s3_bucket_public_access_block",
      "name": "root_storage_bucket",
      "provider": "provider[\"registry.terraform.io/hashicorp/aws\"]",
      "instances": [
        {
          "schema_version": 0,
          "attributes": {
            "block_public_acls": true,
            "block_public_policy": true,
            "bucket": "dev-workspace-rootbucket-20240110224920167600000006",
            "id": "dev-workspace-rootbucket-20240110224920167600000006",
            "ignore_public_acls": true,
            "restrict_public_buckets": true
          },
          "sensitive_attributes": [],
          "private": "bnVsbA==",
          "dependencies": [
            "module.aws_crossaccount_role.aws_iam_policy.cross_account_policy",
            "module.aws_crossaccount_role.aws_iam_role.cross_account_role",
            "module.aws_crossaccount_role.aws_iam_role_policy_attachment.cross_account_policy_attachment",
            "module.aws_crossaccount_role.data.databricks_aws_assume_role_policy.this",
            "module.aws_crossaccount_role.data.databricks_aws_crossaccount_policy.this",
            "module.aws_crossaccount_role.time_sleep.wait",
            "module.aws_vpc.data.aws_availability_zones.available",
            "module.aws_vpc.module.endpoints.aws_security_group.this",
            "module.aws_vpc.module.endpoints.aws_security_group_rule.this",
            "module.aws_vpc.module.endpoints.aws_vpc_endpoint.this",
            "module.aws_vpc.module.endpoints.data.aws_vpc_endpoint_service.this",
            "module.aws_vpc.module.vpc.aws_cloudwatch_log_group.flow_log",
            "module.aws_vpc.module.vpc.aws_customer_gateway.this",
            "module.aws_vpc.module.vpc.aws_db_subnet_group.database",
            "module.aws_vpc.module.vpc.aws_default_network_acl.this",
            "module.aws_vpc.module.vpc.aws_default_route_table.default",
            "module.aws_vpc.module.vpc.aws_default_security_group.this",
            "module.aws_vpc.module.vpc.aws_default_vpc.this",
            "module.aws_vpc.module.vpc.aws_egress_only_internet_gateway.this",
            "module.aws_vpc.module.vpc.aws_eip.nat",
            "module.aws_vpc.module.vpc.aws_elasticache_subnet_group.elasticache",
            "module.aws_vpc.module.vpc.aws_flow_log.this",
            "module.aws_vpc.module.vpc.aws_iam_policy.vpc_flow_log_cloudwatch",
            "module.aws_vpc.module.vpc.aws_iam_role.vpc_flow_log_cloudwatch",
            "module.aws_vpc.module.vpc.aws_iam_role_policy_attachment.vpc_flow_log_cloudwatch",
            "module.aws_vpc.module.vpc.aws_internet_gateway.this",
            "module.aws_vpc.module.vpc.aws_nat_gateway.this",
            "module.aws_vpc.module.vpc.aws_network_acl.database",
            "module.aws_vpc.module.vpc.aws_network_acl.elasticache",
            "module.aws_vpc.module.vpc.aws_network_acl.intra",
            "module.aws_vpc.module.vpc.aws_network_acl.outpost",
            "module.aws_vpc.module.vpc.aws_network_acl.private",
            "module.aws_vpc.module.vpc.aws_network_acl.public",
            "module.aws_vpc.module.vpc.aws_network_acl.redshift",
            "module.aws_vpc.module.vpc.aws_network_acl_rule.database_inbound",
            "module.aws_vpc.module.vpc.aws_network_acl_rule.database_outbound",
            "module.aws_vpc.module.vpc.aws_network_acl_rule.elasticache_inbound",
            "module.aws_vpc.module.vpc.aws_network_acl_rule.elasticache_outbound",
            "module.aws_vpc.module.vpc.aws_network_acl_rule.intra_inbound",
            "module.aws_vpc.module.vpc.aws_network_acl_rule.intra_outbound",
            "module.aws_vpc.module.vpc.aws_network_acl_rule.outpost_inbound",
            "module.aws_vpc.module.vpc.aws_network_acl_rule.outpost_outbound",
            "module.aws_vpc.module.vpc.aws_network_acl_rule.private_inbound",
            "module.aws_vpc.module.vpc.aws_network_acl_rule.private_outbound",
            "module.aws_vpc.module.vpc.aws_network_acl_rule.public_inbound",
            "module.aws_vpc.module.vpc.aws_network_acl_rule.public_outbound",
            "module.aws_vpc.module.vpc.aws_network_acl_rule.redshift_inbound",
            "module.aws_vpc.module.vpc.aws_network_acl_rule.redshift_outbound",
            "module.aws_vpc.module.vpc.aws_redshift_subnet_group.redshift",
            "module.aws_vpc.module.vpc.aws_route.database_dns64_nat_gateway",
            "module.aws_vpc.module.vpc.aws_route.database_internet_gateway",
            "module.aws_vpc.module.vpc.aws_route.database_ipv6_egress",
            "module.aws_vpc.module.vpc.aws_route.database_nat_gateway",
            "module.aws_vpc.module.vpc.aws_route.private_dns64_nat_gateway",
            "module.aws_vpc.module.vpc.aws_route.private_ipv6_egress",
            "module.aws_vpc.module.vpc.aws_route.private_nat_gateway",
            "module.aws_vpc.module.vpc.aws_route.public_internet_gateway",
            "module.aws_vpc.module.vpc.aws_route.public_internet_gateway_ipv6",
            "module.aws_vpc.module.vpc.aws_route_table.database",
            "module.aws_vpc.module.vpc.aws_route_table.elasticache",
            "module.aws_vpc.module.vpc.aws_route_table.intra",
            "module.aws_vpc.module.vpc.aws_route_table.private",
            "module.aws_vpc.module.vpc.aws_route_table.public",
            "module.aws_vpc.module.vpc.aws_route_table.redshift",
            "module.aws_vpc.module.vpc.aws_route_table_association.database",
            "module.aws_vpc.module.vpc.aws_route_table_association.elasticache",
            "module.aws_vpc.module.vpc.aws_route_table_association.intra",
            "module.aws_vpc.module.vpc.aws_route_table_association.outpost",
            "module.aws_vpc.module.vpc.aws_route_table_association.private",
            "module.aws_vpc.module.vpc.aws_route_table_association.public",
            "module.aws_vpc.module.vpc.aws_route_table_association.redshift",
            "module.aws_vpc.module.vpc.aws_route_table_association.redshift_public",
            "module.aws_vpc.module.vpc.aws_subnet.database",
            "module.aws_vpc.module.vpc.aws_subnet.elasticache",
            "module.aws_vpc.module.vpc.aws_subnet.intra",
            "module.aws_vpc.module.vpc.aws_subnet.outpost",
            "module.aws_vpc.module.vpc.aws_subnet.private",
            "module.aws_vpc.module.vpc.aws_subnet.public",
            "module.aws_vpc.module.vpc.aws_subnet.redshift",
            "module.aws_vpc.module.vpc.aws_vpc.this",
            "module.aws_vpc.module.vpc.aws_vpc_dhcp_options.this",
            "module.aws_vpc.module.vpc.aws_vpc_dhcp_options_association.this",
            "module.aws_vpc.module.vpc.aws_vpc_ipv4_cidr_block_association.this",
            "module.aws_vpc.module.vpc.aws_vpn_gateway.this",
            "module.aws_vpc.module.vpc.aws_vpn_gateway_attachment.this",
            "module.aws_vpc.module.vpc.aws_vpn_gateway_route_propagation.intra",
            "module.aws_vpc.module.vpc.aws_vpn_gateway_route_propagation.private",
            "module.aws_vpc.module.vpc.aws_vpn_gateway_route_propagation.public",
            "module.aws_vpc.module.vpc.data.aws_iam_policy_document.flow_log_cloudwatch_assume_role",
            "module.aws_vpc.module.vpc.data.aws_iam_policy_document.vpc_flow_log_cloudwatch",
            "module.dev_workspace.aws_s3_bucket.root_storage_bucket",
            "module.uc_bootstrap.data.databricks_service_principal.terraform_sp",
            "module.uc_bootstrap.databricks_group.account_admin_group",
            "module.uc_bootstrap.databricks_group.workspace_admin_group",
            "module.uc_bootstrap.databricks_group.workspace_user_group",
            "module.uc_bootstrap.databricks_group_member.admin_group_member",
            "module.uc_bootstrap.databricks_group_member.workspace_admin_group_member",
            "module.uc_bootstrap.databricks_group_member.workspace_admin_group_member_sp",
            "module.uc_bootstrap.databricks_group_member.workspace_user_group_member",
            "module.uc_bootstrap.databricks_service_principal_role.terraform_admin",
            "module.uc_bootstrap.databricks_service_principal_secret.terraform_sp",
            "module.uc_bootstrap.databricks_user.unity_users",
            "module.uc_bootstrap.databricks_user_role.account_admin_role",
            "module.uc_metastore.databricks_metastore.this"
          ]
        }
      ]
    },
    {
      "module": "module.dev_workspace",
      "mode": "managed",
      "type": "aws_s3_bucket_server_side_encryption_configuration",
      "name": "root_storage_bucket",
      "provider": "provider[\"registry.terraform.io/hashicorp/aws\"]",
      "instances": [
        {
          "schema_version": 0,
          "attributes": {
            "bucket": "dev-workspace-rootbucket-20240110224920167600000006",
            "expected_bucket_owner": "",
            "id": "dev-workspace-rootbucket-20240110224920167600000006",
            "rule": [
              {
                "apply_server_side_encryption_by_default": [
                  {
                    "kms_master_key_id": "",
                    "sse_algorithm": "AES256"
                  }
                ],
                "bucket_key_enabled": null
              }
            ]
          },
          "sensitive_attributes": [],
          "private": "bnVsbA==",
          "dependencies": [
            "module.aws_crossaccount_role.aws_iam_policy.cross_account_policy",
            "module.aws_crossaccount_role.aws_iam_role.cross_account_role",
            "module.aws_crossaccount_role.aws_iam_role_policy_attachment.cross_account_policy_attachment",
            "module.aws_crossaccount_role.data.databricks_aws_assume_role_policy.this",
            "module.aws_crossaccount_role.data.databricks_aws_crossaccount_policy.this",
            "module.aws_crossaccount_role.time_sleep.wait",
            "module.aws_vpc.data.aws_availability_zones.available",
            "module.aws_vpc.module.endpoints.aws_security_group.this",
            "module.aws_vpc.module.endpoints.aws_security_group_rule.this",
            "module.aws_vpc.module.endpoints.aws_vpc_endpoint.this",
            "module.aws_vpc.module.endpoints.data.aws_vpc_endpoint_service.this",
            "module.aws_vpc.module.vpc.aws_cloudwatch_log_group.flow_log",
            "module.aws_vpc.module.vpc.aws_customer_gateway.this",
            "module.aws_vpc.module.vpc.aws_db_subnet_group.database",
            "module.aws_vpc.module.vpc.aws_default_network_acl.this",
            "module.aws_vpc.module.vpc.aws_default_route_table.default",
            "module.aws_vpc.module.vpc.aws_default_security_group.this",
            "module.aws_vpc.module.vpc.aws_default_vpc.this",
            "module.aws_vpc.module.vpc.aws_egress_only_internet_gateway.this",
            "module.aws_vpc.module.vpc.aws_eip.nat",
            "module.aws_vpc.module.vpc.aws_elasticache_subnet_group.elasticache",
            "module.aws_vpc.module.vpc.aws_flow_log.this",
            "module.aws_vpc.module.vpc.aws_iam_policy.vpc_flow_log_cloudwatch",
            "module.aws_vpc.module.vpc.aws_iam_role.vpc_flow_log_cloudwatch",
            "module.aws_vpc.module.vpc.aws_iam_role_policy_attachment.vpc_flow_log_cloudwatch",
            "module.aws_vpc.module.vpc.aws_internet_gateway.this",
            "module.aws_vpc.module.vpc.aws_nat_gateway.this",
            "module.aws_vpc.module.vpc.aws_network_acl.database",
            "module.aws_vpc.module.vpc.aws_network_acl.elasticache",
            "module.aws_vpc.module.vpc.aws_network_acl.intra",
            "module.aws_vpc.module.vpc.aws_network_acl.outpost",
            "module.aws_vpc.module.vpc.aws_network_acl.private",
            "module.aws_vpc.module.vpc.aws_network_acl.public",
            "module.aws_vpc.module.vpc.aws_network_acl.redshift",
            "module.aws_vpc.module.vpc.aws_network_acl_rule.database_inbound",
            "module.aws_vpc.module.vpc.aws_network_acl_rule.database_outbound",
            "module.aws_vpc.module.vpc.aws_network_acl_rule.elasticache_inbound",
            "module.aws_vpc.module.vpc.aws_network_acl_rule.elasticache_outbound",
            "module.aws_vpc.module.vpc.aws_network_acl_rule.intra_inbound",
            "module.aws_vpc.module.vpc.aws_network_acl_rule.intra_outbound",
            "module.aws_vpc.module.vpc.aws_network_acl_rule.outpost_inbound",
            "module.aws_vpc.module.vpc.aws_network_acl_rule.outpost_outbound",
            "module.aws_vpc.module.vpc.aws_network_acl_rule.private_inbound",
            "module.aws_vpc.module.vpc.aws_network_acl_rule.private_outbound",
            "module.aws_vpc.module.vpc.aws_network_acl_rule.public_inbound",
            "module.aws_vpc.module.vpc.aws_network_acl_rule.public_outbound",
            "module.aws_vpc.module.vpc.aws_network_acl_rule.redshift_inbound",
            "module.aws_vpc.module.vpc.aws_network_acl_rule.redshift_outbound",
            "module.aws_vpc.module.vpc.aws_redshift_subnet_group.redshift",
            "module.aws_vpc.module.vpc.aws_route.database_dns64_nat_gateway",
            "module.aws_vpc.module.vpc.aws_route.database_internet_gateway",
            "module.aws_vpc.module.vpc.aws_route.database_ipv6_egress",
            "module.aws_vpc.module.vpc.aws_route.database_nat_gateway",
            "module.aws_vpc.module.vpc.aws_route.private_dns64_nat_gateway",
            "module.aws_vpc.module.vpc.aws_route.private_ipv6_egress",
            "module.aws_vpc.module.vpc.aws_route.private_nat_gateway",
            "module.aws_vpc.module.vpc.aws_route.public_internet_gateway",
            "module.aws_vpc.module.vpc.aws_route.public_internet_gateway_ipv6",
            "module.aws_vpc.module.vpc.aws_route_table.database",
            "module.aws_vpc.module.vpc.aws_route_table.elasticache",
            "module.aws_vpc.module.vpc.aws_route_table.intra",
            "module.aws_vpc.module.vpc.aws_route_table.private",
            "module.aws_vpc.module.vpc.aws_route_table.public",
            "module.aws_vpc.module.vpc.aws_route_table.redshift",
            "module.aws_vpc.module.vpc.aws_route_table_association.database",
            "module.aws_vpc.module.vpc.aws_route_table_association.elasticache",
            "module.aws_vpc.module.vpc.aws_route_table_association.intra",
            "module.aws_vpc.module.vpc.aws_route_table_association.outpost",
            "module.aws_vpc.module.vpc.aws_route_table_association.private",
            "module.aws_vpc.module.vpc.aws_route_table_association.public",
            "module.aws_vpc.module.vpc.aws_route_table_association.redshift",
            "module.aws_vpc.module.vpc.aws_route_table_association.redshift_public",
            "module.aws_vpc.module.vpc.aws_subnet.database",
            "module.aws_vpc.module.vpc.aws_subnet.elasticache",
            "module.aws_vpc.module.vpc.aws_subnet.intra",
            "module.aws_vpc.module.vpc.aws_subnet.outpost",
            "module.aws_vpc.module.vpc.aws_subnet.private",
            "module.aws_vpc.module.vpc.aws_subnet.public",
            "module.aws_vpc.module.vpc.aws_subnet.redshift",
            "module.aws_vpc.module.vpc.aws_vpc.this",
            "module.aws_vpc.module.vpc.aws_vpc_dhcp_options.this",
            "module.aws_vpc.module.vpc.aws_vpc_dhcp_options_association.this",
            "module.aws_vpc.module.vpc.aws_vpc_ipv4_cidr_block_association.this",
            "module.aws_vpc.module.vpc.aws_vpn_gateway.this",
            "module.aws_vpc.module.vpc.aws_vpn_gateway_attachment.this",
            "module.aws_vpc.module.vpc.aws_vpn_gateway_route_propagation.intra",
            "module.aws_vpc.module.vpc.aws_vpn_gateway_route_propagation.private",
            "module.aws_vpc.module.vpc.aws_vpn_gateway_route_propagation.public",
            "module.aws_vpc.module.vpc.data.aws_iam_policy_document.flow_log_cloudwatch_assume_role",
            "module.aws_vpc.module.vpc.data.aws_iam_policy_document.vpc_flow_log_cloudwatch",
            "module.dev_workspace.aws_s3_bucket.root_storage_bucket",
            "module.uc_bootstrap.data.databricks_service_principal.terraform_sp",
            "module.uc_bootstrap.databricks_group.account_admin_group",
            "module.uc_bootstrap.databricks_group.workspace_admin_group",
            "module.uc_bootstrap.databricks_group.workspace_user_group",
            "module.uc_bootstrap.databricks_group_member.admin_group_member",
            "module.uc_bootstrap.databricks_group_member.workspace_admin_group_member",
            "module.uc_bootstrap.databricks_group_member.workspace_admin_group_member_sp",
            "module.uc_bootstrap.databricks_group_member.workspace_user_group_member",
            "module.uc_bootstrap.databricks_service_principal_role.terraform_admin",
            "module.uc_bootstrap.databricks_service_principal_secret.terraform_sp",
            "module.uc_bootstrap.databricks_user.unity_users",
            "module.uc_bootstrap.databricks_user_role.account_admin_role",
            "module.uc_metastore.databricks_metastore.this"
          ]
        }
      ]
    },
    {
      "module": "module.dev_workspace",
      "mode": "managed",
      "type": "aws_s3_bucket_versioning",
      "name": "root_bucket_versioning",
      "provider": "provider[\"registry.terraform.io/hashicorp/aws\"]",
      "instances": [
        {
          "schema_version": 0,
          "attributes": {
            "bucket": "dev-workspace-rootbucket-20240110224920167600000006",
            "expected_bucket_owner": "",
            "id": "dev-workspace-rootbucket-20240110224920167600000006",
            "mfa": null,
            "versioning_configuration": [
              {
                "mfa_delete": "",
                "status": "Disabled"
              }
            ]
          },
          "sensitive_attributes": [],
          "private": "bnVsbA==",
          "dependencies": [
            "module.aws_crossaccount_role.aws_iam_policy.cross_account_policy",
            "module.aws_crossaccount_role.aws_iam_role.cross_account_role",
            "module.aws_crossaccount_role.aws_iam_role_policy_attachment.cross_account_policy_attachment",
            "module.aws_crossaccount_role.data.databricks_aws_assume_role_policy.this",
            "module.aws_crossaccount_role.data.databricks_aws_crossaccount_policy.this",
            "module.aws_crossaccount_role.time_sleep.wait",
            "module.aws_vpc.data.aws_availability_zones.available",
            "module.aws_vpc.module.endpoints.aws_security_group.this",
            "module.aws_vpc.module.endpoints.aws_security_group_rule.this",
            "module.aws_vpc.module.endpoints.aws_vpc_endpoint.this",
            "module.aws_vpc.module.endpoints.data.aws_vpc_endpoint_service.this",
            "module.aws_vpc.module.vpc.aws_cloudwatch_log_group.flow_log",
            "module.aws_vpc.module.vpc.aws_customer_gateway.this",
            "module.aws_vpc.module.vpc.aws_db_subnet_group.database",
            "module.aws_vpc.module.vpc.aws_default_network_acl.this",
            "module.aws_vpc.module.vpc.aws_default_route_table.default",
            "module.aws_vpc.module.vpc.aws_default_security_group.this",
            "module.aws_vpc.module.vpc.aws_default_vpc.this",
            "module.aws_vpc.module.vpc.aws_egress_only_internet_gateway.this",
            "module.aws_vpc.module.vpc.aws_eip.nat",
            "module.aws_vpc.module.vpc.aws_elasticache_subnet_group.elasticache",
            "module.aws_vpc.module.vpc.aws_flow_log.this",
            "module.aws_vpc.module.vpc.aws_iam_policy.vpc_flow_log_cloudwatch",
            "module.aws_vpc.module.vpc.aws_iam_role.vpc_flow_log_cloudwatch",
            "module.aws_vpc.module.vpc.aws_iam_role_policy_attachment.vpc_flow_log_cloudwatch",
            "module.aws_vpc.module.vpc.aws_internet_gateway.this",
            "module.aws_vpc.module.vpc.aws_nat_gateway.this",
            "module.aws_vpc.module.vpc.aws_network_acl.database",
            "module.aws_vpc.module.vpc.aws_network_acl.elasticache",
            "module.aws_vpc.module.vpc.aws_network_acl.intra",
            "module.aws_vpc.module.vpc.aws_network_acl.outpost",
            "module.aws_vpc.module.vpc.aws_network_acl.private",
            "module.aws_vpc.module.vpc.aws_network_acl.public",
            "module.aws_vpc.module.vpc.aws_network_acl.redshift",
            "module.aws_vpc.module.vpc.aws_network_acl_rule.database_inbound",
            "module.aws_vpc.module.vpc.aws_network_acl_rule.database_outbound",
            "module.aws_vpc.module.vpc.aws_network_acl_rule.elasticache_inbound",
            "module.aws_vpc.module.vpc.aws_network_acl_rule.elasticache_outbound",
            "module.aws_vpc.module.vpc.aws_network_acl_rule.intra_inbound",
            "module.aws_vpc.module.vpc.aws_network_acl_rule.intra_outbound",
            "module.aws_vpc.module.vpc.aws_network_acl_rule.outpost_inbound",
            "module.aws_vpc.module.vpc.aws_network_acl_rule.outpost_outbound",
            "module.aws_vpc.module.vpc.aws_network_acl_rule.private_inbound",
            "module.aws_vpc.module.vpc.aws_network_acl_rule.private_outbound",
            "module.aws_vpc.module.vpc.aws_network_acl_rule.public_inbound",
            "module.aws_vpc.module.vpc.aws_network_acl_rule.public_outbound",
            "module.aws_vpc.module.vpc.aws_network_acl_rule.redshift_inbound",
            "module.aws_vpc.module.vpc.aws_network_acl_rule.redshift_outbound",
            "module.aws_vpc.module.vpc.aws_redshift_subnet_group.redshift",
            "module.aws_vpc.module.vpc.aws_route.database_dns64_nat_gateway",
            "module.aws_vpc.module.vpc.aws_route.database_internet_gateway",
            "module.aws_vpc.module.vpc.aws_route.database_ipv6_egress",
            "module.aws_vpc.module.vpc.aws_route.database_nat_gateway",
            "module.aws_vpc.module.vpc.aws_route.private_dns64_nat_gateway",
            "module.aws_vpc.module.vpc.aws_route.private_ipv6_egress",
            "module.aws_vpc.module.vpc.aws_route.private_nat_gateway",
            "module.aws_vpc.module.vpc.aws_route.public_internet_gateway",
            "module.aws_vpc.module.vpc.aws_route.public_internet_gateway_ipv6",
            "module.aws_vpc.module.vpc.aws_route_table.database",
            "module.aws_vpc.module.vpc.aws_route_table.elasticache",
            "module.aws_vpc.module.vpc.aws_route_table.intra",
            "module.aws_vpc.module.vpc.aws_route_table.private",
            "module.aws_vpc.module.vpc.aws_route_table.public",
            "module.aws_vpc.module.vpc.aws_route_table.redshift",
            "module.aws_vpc.module.vpc.aws_route_table_association.database",
            "module.aws_vpc.module.vpc.aws_route_table_association.elasticache",
            "module.aws_vpc.module.vpc.aws_route_table_association.intra",
            "module.aws_vpc.module.vpc.aws_route_table_association.outpost",
            "module.aws_vpc.module.vpc.aws_route_table_association.private",
            "module.aws_vpc.module.vpc.aws_route_table_association.public",
            "module.aws_vpc.module.vpc.aws_route_table_association.redshift",
            "module.aws_vpc.module.vpc.aws_route_table_association.redshift_public",
            "module.aws_vpc.module.vpc.aws_subnet.database",
            "module.aws_vpc.module.vpc.aws_subnet.elasticache",
            "module.aws_vpc.module.vpc.aws_subnet.intra",
            "module.aws_vpc.module.vpc.aws_subnet.outpost",
            "module.aws_vpc.module.vpc.aws_subnet.private",
            "module.aws_vpc.module.vpc.aws_subnet.public",
            "module.aws_vpc.module.vpc.aws_subnet.redshift",
            "module.aws_vpc.module.vpc.aws_vpc.this",
            "module.aws_vpc.module.vpc.aws_vpc_dhcp_options.this",
            "module.aws_vpc.module.vpc.aws_vpc_dhcp_options_association.this",
            "module.aws_vpc.module.vpc.aws_vpc_ipv4_cidr_block_association.this",
            "module.aws_vpc.module.vpc.aws_vpn_gateway.this",
            "module.aws_vpc.module.vpc.aws_vpn_gateway_attachment.this",
            "module.aws_vpc.module.vpc.aws_vpn_gateway_route_propagation.intra",
            "module.aws_vpc.module.vpc.aws_vpn_gateway_route_propagation.private",
            "module.aws_vpc.module.vpc.aws_vpn_gateway_route_propagation.public",
            "module.aws_vpc.module.vpc.data.aws_iam_policy_document.flow_log_cloudwatch_assume_role",
            "module.aws_vpc.module.vpc.data.aws_iam_policy_document.vpc_flow_log_cloudwatch",
            "module.dev_workspace.aws_s3_bucket.root_storage_bucket",
            "module.uc_bootstrap.data.databricks_service_principal.terraform_sp",
            "module.uc_bootstrap.databricks_group.account_admin_group",
            "module.uc_bootstrap.databricks_group.workspace_admin_group",
            "module.uc_bootstrap.databricks_group.workspace_user_group",
            "module.uc_bootstrap.databricks_group_member.admin_group_member",
            "module.uc_bootstrap.databricks_group_member.workspace_admin_group_member",
            "module.uc_bootstrap.databricks_group_member.workspace_admin_group_member_sp",
            "module.uc_bootstrap.databricks_group_member.workspace_user_group_member",
            "module.uc_bootstrap.databricks_service_principal_role.terraform_admin",
            "module.uc_bootstrap.databricks_service_principal_secret.terraform_sp",
            "module.uc_bootstrap.databricks_user.unity_users",
            "module.uc_bootstrap.databricks_user_role.account_admin_role",
            "module.uc_metastore.databricks_metastore.this"
          ]
        }
      ]
    },
    {
      "module": "module.dev_workspace",
      "mode": "managed",
      "type": "databricks_metastore_assignment",
      "name": "this",
      "provider": "provider[\"registry.terraform.io/databricks/databricks\"].mws_accowner",
      "instances": [
        {
          "schema_version": 0,
          "attributes": {
            "default_catalog_name": "hive_metastore",
            "id": "8034662282117448|23d06e21-8ff7-4f00-acd5-778c20aae6d4",
            "metastore_id": "23d06e21-8ff7-4f00-acd5-778c20aae6d4",
            "workspace_id": 8034662282117448
          },
          "sensitive_attributes": [],
          "private": "bnVsbA==",
          "dependencies": [
            "module.aws_crossaccount_role.aws_iam_policy.cross_account_policy",
            "module.aws_crossaccount_role.aws_iam_role.cross_account_role",
            "module.aws_crossaccount_role.aws_iam_role_policy_attachment.cross_account_policy_attachment",
            "module.aws_crossaccount_role.data.databricks_aws_assume_role_policy.this",
            "module.aws_crossaccount_role.data.databricks_aws_crossaccount_policy.this",
            "module.aws_crossaccount_role.time_sleep.wait",
            "module.aws_vpc.data.aws_availability_zones.available",
            "module.aws_vpc.module.endpoints.aws_security_group.this",
            "module.aws_vpc.module.endpoints.aws_security_group_rule.this",
            "module.aws_vpc.module.endpoints.aws_vpc_endpoint.this",
            "module.aws_vpc.module.endpoints.data.aws_vpc_endpoint_service.this",
            "module.aws_vpc.module.vpc.aws_cloudwatch_log_group.flow_log",
            "module.aws_vpc.module.vpc.aws_customer_gateway.this",
            "module.aws_vpc.module.vpc.aws_db_subnet_group.database",
            "module.aws_vpc.module.vpc.aws_default_network_acl.this",
            "module.aws_vpc.module.vpc.aws_default_route_table.default",
            "module.aws_vpc.module.vpc.aws_default_security_group.this",
            "module.aws_vpc.module.vpc.aws_default_vpc.this",
            "module.aws_vpc.module.vpc.aws_egress_only_internet_gateway.this",
            "module.aws_vpc.module.vpc.aws_eip.nat",
            "module.aws_vpc.module.vpc.aws_elasticache_subnet_group.elasticache",
            "module.aws_vpc.module.vpc.aws_flow_log.this",
            "module.aws_vpc.module.vpc.aws_iam_policy.vpc_flow_log_cloudwatch",
            "module.aws_vpc.module.vpc.aws_iam_role.vpc_flow_log_cloudwatch",
            "module.aws_vpc.module.vpc.aws_iam_role_policy_attachment.vpc_flow_log_cloudwatch",
            "module.aws_vpc.module.vpc.aws_internet_gateway.this",
            "module.aws_vpc.module.vpc.aws_nat_gateway.this",
            "module.aws_vpc.module.vpc.aws_network_acl.database",
            "module.aws_vpc.module.vpc.aws_network_acl.elasticache",
            "module.aws_vpc.module.vpc.aws_network_acl.intra",
            "module.aws_vpc.module.vpc.aws_network_acl.outpost",
            "module.aws_vpc.module.vpc.aws_network_acl.private",
            "module.aws_vpc.module.vpc.aws_network_acl.public",
            "module.aws_vpc.module.vpc.aws_network_acl.redshift",
            "module.aws_vpc.module.vpc.aws_network_acl_rule.database_inbound",
            "module.aws_vpc.module.vpc.aws_network_acl_rule.database_outbound",
            "module.aws_vpc.module.vpc.aws_network_acl_rule.elasticache_inbound",
            "module.aws_vpc.module.vpc.aws_network_acl_rule.elasticache_outbound",
            "module.aws_vpc.module.vpc.aws_network_acl_rule.intra_inbound",
            "module.aws_vpc.module.vpc.aws_network_acl_rule.intra_outbound",
            "module.aws_vpc.module.vpc.aws_network_acl_rule.outpost_inbound",
            "module.aws_vpc.module.vpc.aws_network_acl_rule.outpost_outbound",
            "module.aws_vpc.module.vpc.aws_network_acl_rule.private_inbound",
            "module.aws_vpc.module.vpc.aws_network_acl_rule.private_outbound",
            "module.aws_vpc.module.vpc.aws_network_acl_rule.public_inbound",
            "module.aws_vpc.module.vpc.aws_network_acl_rule.public_outbound",
            "module.aws_vpc.module.vpc.aws_network_acl_rule.redshift_inbound",
            "module.aws_vpc.module.vpc.aws_network_acl_rule.redshift_outbound",
            "module.aws_vpc.module.vpc.aws_redshift_subnet_group.redshift",
            "module.aws_vpc.module.vpc.aws_route.database_dns64_nat_gateway",
            "module.aws_vpc.module.vpc.aws_route.database_internet_gateway",
            "module.aws_vpc.module.vpc.aws_route.database_ipv6_egress",
            "module.aws_vpc.module.vpc.aws_route.database_nat_gateway",
            "module.aws_vpc.module.vpc.aws_route.private_dns64_nat_gateway",
            "module.aws_vpc.module.vpc.aws_route.private_ipv6_egress",
            "module.aws_vpc.module.vpc.aws_route.private_nat_gateway",
            "module.aws_vpc.module.vpc.aws_route.public_internet_gateway",
            "module.aws_vpc.module.vpc.aws_route.public_internet_gateway_ipv6",
            "module.aws_vpc.module.vpc.aws_route_table.database",
            "module.aws_vpc.module.vpc.aws_route_table.elasticache",
            "module.aws_vpc.module.vpc.aws_route_table.intra",
            "module.aws_vpc.module.vpc.aws_route_table.private",
            "module.aws_vpc.module.vpc.aws_route_table.public",
            "module.aws_vpc.module.vpc.aws_route_table.redshift",
            "module.aws_vpc.module.vpc.aws_route_table_association.database",
            "module.aws_vpc.module.vpc.aws_route_table_association.elasticache",
            "module.aws_vpc.module.vpc.aws_route_table_association.intra",
            "module.aws_vpc.module.vpc.aws_route_table_association.outpost",
            "module.aws_vpc.module.vpc.aws_route_table_association.private",
            "module.aws_vpc.module.vpc.aws_route_table_association.public",
            "module.aws_vpc.module.vpc.aws_route_table_association.redshift",
            "module.aws_vpc.module.vpc.aws_route_table_association.redshift_public",
            "module.aws_vpc.module.vpc.aws_subnet.database",
            "module.aws_vpc.module.vpc.aws_subnet.elasticache",
            "module.aws_vpc.module.vpc.aws_subnet.intra",
            "module.aws_vpc.module.vpc.aws_subnet.outpost",
            "module.aws_vpc.module.vpc.aws_subnet.private",
            "module.aws_vpc.module.vpc.aws_subnet.public",
            "module.aws_vpc.module.vpc.aws_subnet.redshift",
            "module.aws_vpc.module.vpc.aws_vpc.this",
            "module.aws_vpc.module.vpc.aws_vpc_dhcp_options.this",
            "module.aws_vpc.module.vpc.aws_vpc_dhcp_options_association.this",
            "module.aws_vpc.module.vpc.aws_vpc_ipv4_cidr_block_association.this",
            "module.aws_vpc.module.vpc.aws_vpn_gateway.this",
            "module.aws_vpc.module.vpc.aws_vpn_gateway_attachment.this",
            "module.aws_vpc.module.vpc.aws_vpn_gateway_route_propagation.intra",
            "module.aws_vpc.module.vpc.aws_vpn_gateway_route_propagation.private",
            "module.aws_vpc.module.vpc.aws_vpn_gateway_route_propagation.public",
            "module.aws_vpc.module.vpc.data.aws_iam_policy_document.flow_log_cloudwatch_assume_role",
            "module.aws_vpc.module.vpc.data.aws_iam_policy_document.vpc_flow_log_cloudwatch",
            "module.dev_workspace.aws_s3_bucket.root_storage_bucket",
            "module.dev_workspace.databricks_mws_credentials.this",
            "module.dev_workspace.databricks_mws_networks.this",
            "module.dev_workspace.databricks_mws_storage_configurations.this",
            "module.dev_workspace.databricks_mws_workspaces.this",
            "module.uc_bootstrap.data.databricks_service_principal.terraform_sp",
            "module.uc_bootstrap.databricks_group.account_admin_group",
            "module.uc_bootstrap.databricks_group.workspace_admin_group",
            "module.uc_bootstrap.databricks_group.workspace_user_group",
            "module.uc_bootstrap.databricks_group_member.admin_group_member",
            "module.uc_bootstrap.databricks_group_member.workspace_admin_group_member",
            "module.uc_bootstrap.databricks_group_member.workspace_admin_group_member_sp",
            "module.uc_bootstrap.databricks_group_member.workspace_user_group_member",
            "module.uc_bootstrap.databricks_service_principal_role.terraform_admin",
            "module.uc_bootstrap.databricks_service_principal_secret.terraform_sp",
            "module.uc_bootstrap.databricks_user.unity_users",
            "module.uc_bootstrap.databricks_user_role.account_admin_role",
            "module.uc_metastore.databricks_metastore.this"
          ]
        }
      ]
    },
    {
      "module": "module.dev_workspace",
      "mode": "managed",
      "type": "databricks_mws_credentials",
      "name": "this",
      "provider": "provider[\"registry.terraform.io/databricks/databricks\"].mws_accowner",
      "instances": [
        {
          "schema_version": 0,
          "attributes": {
            "account_id": "0c6d76dc-ee77-45f4-ac75-9a177cc435b4",
            "creation_time": 1704926960637,
            "credentials_id": "9b0fdc90-5d96-4091-9724-b541be65b713",
            "credentials_name": "dev-creds",
            "external_id": "0c6d76dc-ee77-45f4-ac75-9a177cc435b4",
            "id": "0c6d76dc-ee77-45f4-ac75-9a177cc435b4/9b0fdc90-5d96-4091-9724-b541be65b713",
            "role_arn": "arn:aws:iam::136146594194:role/mars-aws-dev-dbx-crossaccount-role"
          },
          "sensitive_attributes": [],
          "private": "bnVsbA==",
          "dependencies": [
            "module.aws_crossaccount_role.aws_iam_policy.cross_account_policy",
            "module.aws_crossaccount_role.aws_iam_role.cross_account_role",
            "module.aws_crossaccount_role.aws_iam_role_policy_attachment.cross_account_policy_attachment",
            "module.aws_crossaccount_role.data.databricks_aws_assume_role_policy.this",
            "module.aws_crossaccount_role.data.databricks_aws_crossaccount_policy.this",
            "module.aws_crossaccount_role.time_sleep.wait",
            "module.aws_vpc.data.aws_availability_zones.available",
            "module.aws_vpc.module.endpoints.aws_security_group.this",
            "module.aws_vpc.module.endpoints.aws_security_group_rule.this",
            "module.aws_vpc.module.endpoints.aws_vpc_endpoint.this",
            "module.aws_vpc.module.endpoints.data.aws_vpc_endpoint_service.this",
            "module.aws_vpc.module.vpc.aws_cloudwatch_log_group.flow_log",
            "module.aws_vpc.module.vpc.aws_customer_gateway.this",
            "module.aws_vpc.module.vpc.aws_db_subnet_group.database",
            "module.aws_vpc.module.vpc.aws_default_network_acl.this",
            "module.aws_vpc.module.vpc.aws_default_route_table.default",
            "module.aws_vpc.module.vpc.aws_default_security_group.this",
            "module.aws_vpc.module.vpc.aws_default_vpc.this",
            "module.aws_vpc.module.vpc.aws_egress_only_internet_gateway.this",
            "module.aws_vpc.module.vpc.aws_eip.nat",
            "module.aws_vpc.module.vpc.aws_elasticache_subnet_group.elasticache",
            "module.aws_vpc.module.vpc.aws_flow_log.this",
            "module.aws_vpc.module.vpc.aws_iam_policy.vpc_flow_log_cloudwatch",
            "module.aws_vpc.module.vpc.aws_iam_role.vpc_flow_log_cloudwatch",
            "module.aws_vpc.module.vpc.aws_iam_role_policy_attachment.vpc_flow_log_cloudwatch",
            "module.aws_vpc.module.vpc.aws_internet_gateway.this",
            "module.aws_vpc.module.vpc.aws_nat_gateway.this",
            "module.aws_vpc.module.vpc.aws_network_acl.database",
            "module.aws_vpc.module.vpc.aws_network_acl.elasticache",
            "module.aws_vpc.module.vpc.aws_network_acl.intra",
            "module.aws_vpc.module.vpc.aws_network_acl.outpost",
            "module.aws_vpc.module.vpc.aws_network_acl.private",
            "module.aws_vpc.module.vpc.aws_network_acl.public",
            "module.aws_vpc.module.vpc.aws_network_acl.redshift",
            "module.aws_vpc.module.vpc.aws_network_acl_rule.database_inbound",
            "module.aws_vpc.module.vpc.aws_network_acl_rule.database_outbound",
            "module.aws_vpc.module.vpc.aws_network_acl_rule.elasticache_inbound",
            "module.aws_vpc.module.vpc.aws_network_acl_rule.elasticache_outbound",
            "module.aws_vpc.module.vpc.aws_network_acl_rule.intra_inbound",
            "module.aws_vpc.module.vpc.aws_network_acl_rule.intra_outbound",
            "module.aws_vpc.module.vpc.aws_network_acl_rule.outpost_inbound",
            "module.aws_vpc.module.vpc.aws_network_acl_rule.outpost_outbound",
            "module.aws_vpc.module.vpc.aws_network_acl_rule.private_inbound",
            "module.aws_vpc.module.vpc.aws_network_acl_rule.private_outbound",
            "module.aws_vpc.module.vpc.aws_network_acl_rule.public_inbound",
            "module.aws_vpc.module.vpc.aws_network_acl_rule.public_outbound",
            "module.aws_vpc.module.vpc.aws_network_acl_rule.redshift_inbound",
            "module.aws_vpc.module.vpc.aws_network_acl_rule.redshift_outbound",
            "module.aws_vpc.module.vpc.aws_redshift_subnet_group.redshift",
            "module.aws_vpc.module.vpc.aws_route.database_dns64_nat_gateway",
            "module.aws_vpc.module.vpc.aws_route.database_internet_gateway",
            "module.aws_vpc.module.vpc.aws_route.database_ipv6_egress",
            "module.aws_vpc.module.vpc.aws_route.database_nat_gateway",
            "module.aws_vpc.module.vpc.aws_route.private_dns64_nat_gateway",
            "module.aws_vpc.module.vpc.aws_route.private_ipv6_egress",
            "module.aws_vpc.module.vpc.aws_route.private_nat_gateway",
            "module.aws_vpc.module.vpc.aws_route.public_internet_gateway",
            "module.aws_vpc.module.vpc.aws_route.public_internet_gateway_ipv6",
            "module.aws_vpc.module.vpc.aws_route_table.database",
            "module.aws_vpc.module.vpc.aws_route_table.elasticache",
            "module.aws_vpc.module.vpc.aws_route_table.intra",
            "module.aws_vpc.module.vpc.aws_route_table.private",
            "module.aws_vpc.module.vpc.aws_route_table.public",
            "module.aws_vpc.module.vpc.aws_route_table.redshift",
            "module.aws_vpc.module.vpc.aws_route_table_association.database",
            "module.aws_vpc.module.vpc.aws_route_table_association.elasticache",
            "module.aws_vpc.module.vpc.aws_route_table_association.intra",
            "module.aws_vpc.module.vpc.aws_route_table_association.outpost",
            "module.aws_vpc.module.vpc.aws_route_table_association.private",
            "module.aws_vpc.module.vpc.aws_route_table_association.public",
            "module.aws_vpc.module.vpc.aws_route_table_association.redshift",
            "module.aws_vpc.module.vpc.aws_route_table_association.redshift_public",
            "module.aws_vpc.module.vpc.aws_subnet.database",
            "module.aws_vpc.module.vpc.aws_subnet.elasticache",
            "module.aws_vpc.module.vpc.aws_subnet.intra",
            "module.aws_vpc.module.vpc.aws_subnet.outpost",
            "module.aws_vpc.module.vpc.aws_subnet.private",
            "module.aws_vpc.module.vpc.aws_subnet.public",
            "module.aws_vpc.module.vpc.aws_subnet.redshift",
            "module.aws_vpc.module.vpc.aws_vpc.this",
            "module.aws_vpc.module.vpc.aws_vpc_dhcp_options.this",
            "module.aws_vpc.module.vpc.aws_vpc_dhcp_options_association.this",
            "module.aws_vpc.module.vpc.aws_vpc_ipv4_cidr_block_association.this",
            "module.aws_vpc.module.vpc.aws_vpn_gateway.this",
            "module.aws_vpc.module.vpc.aws_vpn_gateway_attachment.this",
            "module.aws_vpc.module.vpc.aws_vpn_gateway_route_propagation.intra",
            "module.aws_vpc.module.vpc.aws_vpn_gateway_route_propagation.private",
            "module.aws_vpc.module.vpc.aws_vpn_gateway_route_propagation.public",
            "module.aws_vpc.module.vpc.data.aws_iam_policy_document.flow_log_cloudwatch_assume_role",
            "module.aws_vpc.module.vpc.data.aws_iam_policy_document.vpc_flow_log_cloudwatch",
            "module.uc_bootstrap.data.databricks_service_principal.terraform_sp",
            "module.uc_bootstrap.databricks_group.account_admin_group",
            "module.uc_bootstrap.databricks_group.workspace_admin_group",
            "module.uc_bootstrap.databricks_group.workspace_user_group",
            "module.uc_bootstrap.databricks_group_member.admin_group_member",
            "module.uc_bootstrap.databricks_group_member.workspace_admin_group_member",
            "module.uc_bootstrap.databricks_group_member.workspace_admin_group_member_sp",
            "module.uc_bootstrap.databricks_group_member.workspace_user_group_member",
            "module.uc_bootstrap.databricks_service_principal_role.terraform_admin",
            "module.uc_bootstrap.databricks_service_principal_secret.terraform_sp",
            "module.uc_bootstrap.databricks_user.unity_users",
            "module.uc_bootstrap.databricks_user_role.account_admin_role",
            "module.uc_metastore.databricks_metastore.this"
          ]
        }
      ]
    },
    {
      "module": "module.dev_workspace",
      "mode": "managed",
      "type": "databricks_mws_networks",
      "name": "this",
      "provider": "provider[\"registry.terraform.io/databricks/databricks\"].mws_accowner",
      "instances": [
        {
          "schema_version": 0,
          "attributes": {
            "account_id": "0c6d76dc-ee77-45f4-ac75-9a177cc435b4",
            "creation_time": 1704926960324,
            "error_messages": null,
            "gcp_network_info": [],
            "id": "0c6d76dc-ee77-45f4-ac75-9a177cc435b4/6b839e55-7450-4d15-b34f-3255ad2b0910",
            "network_id": "6b839e55-7450-4d15-b34f-3255ad2b0910",
            "network_name": "dev-network",
            "security_group_ids": [
              "sg-057795007721d0ffa"
            ],
            "subnet_ids": [
              "subnet-01a856ab77b48006f",
              "subnet-09a90cd0906f3aa71"
            ],
            "vpc_endpoints": null,
            "vpc_id": "vpc-086f1f2b8146bb68b",
            "vpc_status": "UNATTACHED",
            "workspace_id": 0
          },
          "sensitive_attributes": [],
          "private": "bnVsbA==",
          "dependencies": [
            "module.aws_crossaccount_role.aws_iam_policy.cross_account_policy",
            "module.aws_crossaccount_role.aws_iam_role.cross_account_role",
            "module.aws_crossaccount_role.aws_iam_role_policy_attachment.cross_account_policy_attachment",
            "module.aws_crossaccount_role.data.databricks_aws_assume_role_policy.this",
            "module.aws_crossaccount_role.data.databricks_aws_crossaccount_policy.this",
            "module.aws_crossaccount_role.time_sleep.wait",
            "module.aws_vpc.data.aws_availability_zones.available",
            "module.aws_vpc.module.endpoints.aws_security_group.this",
            "module.aws_vpc.module.endpoints.aws_security_group_rule.this",
            "module.aws_vpc.module.endpoints.aws_vpc_endpoint.this",
            "module.aws_vpc.module.endpoints.data.aws_vpc_endpoint_service.this",
            "module.aws_vpc.module.vpc.aws_cloudwatch_log_group.flow_log",
            "module.aws_vpc.module.vpc.aws_customer_gateway.this",
            "module.aws_vpc.module.vpc.aws_db_subnet_group.database",
            "module.aws_vpc.module.vpc.aws_default_network_acl.this",
            "module.aws_vpc.module.vpc.aws_default_route_table.default",
            "module.aws_vpc.module.vpc.aws_default_security_group.this",
            "module.aws_vpc.module.vpc.aws_default_vpc.this",
            "module.aws_vpc.module.vpc.aws_egress_only_internet_gateway.this",
            "module.aws_vpc.module.vpc.aws_eip.nat",
            "module.aws_vpc.module.vpc.aws_elasticache_subnet_group.elasticache",
            "module.aws_vpc.module.vpc.aws_flow_log.this",
            "module.aws_vpc.module.vpc.aws_iam_policy.vpc_flow_log_cloudwatch",
            "module.aws_vpc.module.vpc.aws_iam_role.vpc_flow_log_cloudwatch",
            "module.aws_vpc.module.vpc.aws_iam_role_policy_attachment.vpc_flow_log_cloudwatch",
            "module.aws_vpc.module.vpc.aws_internet_gateway.this",
            "module.aws_vpc.module.vpc.aws_nat_gateway.this",
            "module.aws_vpc.module.vpc.aws_network_acl.database",
            "module.aws_vpc.module.vpc.aws_network_acl.elasticache",
            "module.aws_vpc.module.vpc.aws_network_acl.intra",
            "module.aws_vpc.module.vpc.aws_network_acl.outpost",
            "module.aws_vpc.module.vpc.aws_network_acl.private",
            "module.aws_vpc.module.vpc.aws_network_acl.public",
            "module.aws_vpc.module.vpc.aws_network_acl.redshift",
            "module.aws_vpc.module.vpc.aws_network_acl_rule.database_inbound",
            "module.aws_vpc.module.vpc.aws_network_acl_rule.database_outbound",
            "module.aws_vpc.module.vpc.aws_network_acl_rule.elasticache_inbound",
            "module.aws_vpc.module.vpc.aws_network_acl_rule.elasticache_outbound",
            "module.aws_vpc.module.vpc.aws_network_acl_rule.intra_inbound",
            "module.aws_vpc.module.vpc.aws_network_acl_rule.intra_outbound",
            "module.aws_vpc.module.vpc.aws_network_acl_rule.outpost_inbound",
            "module.aws_vpc.module.vpc.aws_network_acl_rule.outpost_outbound",
            "module.aws_vpc.module.vpc.aws_network_acl_rule.private_inbound",
            "module.aws_vpc.module.vpc.aws_network_acl_rule.private_outbound",
            "module.aws_vpc.module.vpc.aws_network_acl_rule.public_inbound",
            "module.aws_vpc.module.vpc.aws_network_acl_rule.public_outbound",
            "module.aws_vpc.module.vpc.aws_network_acl_rule.redshift_inbound",
            "module.aws_vpc.module.vpc.aws_network_acl_rule.redshift_outbound",
            "module.aws_vpc.module.vpc.aws_redshift_subnet_group.redshift",
            "module.aws_vpc.module.vpc.aws_route.database_dns64_nat_gateway",
            "module.aws_vpc.module.vpc.aws_route.database_internet_gateway",
            "module.aws_vpc.module.vpc.aws_route.database_ipv6_egress",
            "module.aws_vpc.module.vpc.aws_route.database_nat_gateway",
            "module.aws_vpc.module.vpc.aws_route.private_dns64_nat_gateway",
            "module.aws_vpc.module.vpc.aws_route.private_ipv6_egress",
            "module.aws_vpc.module.vpc.aws_route.private_nat_gateway",
            "module.aws_vpc.module.vpc.aws_route.public_internet_gateway",
            "module.aws_vpc.module.vpc.aws_route.public_internet_gateway_ipv6",
            "module.aws_vpc.module.vpc.aws_route_table.database",
            "module.aws_vpc.module.vpc.aws_route_table.elasticache",
            "module.aws_vpc.module.vpc.aws_route_table.intra",
            "module.aws_vpc.module.vpc.aws_route_table.private",
            "module.aws_vpc.module.vpc.aws_route_table.public",
            "module.aws_vpc.module.vpc.aws_route_table.redshift",
            "module.aws_vpc.module.vpc.aws_route_table_association.database",
            "module.aws_vpc.module.vpc.aws_route_table_association.elasticache",
            "module.aws_vpc.module.vpc.aws_route_table_association.intra",
            "module.aws_vpc.module.vpc.aws_route_table_association.outpost",
            "module.aws_vpc.module.vpc.aws_route_table_association.private",
            "module.aws_vpc.module.vpc.aws_route_table_association.public",
            "module.aws_vpc.module.vpc.aws_route_table_association.redshift",
            "module.aws_vpc.module.vpc.aws_route_table_association.redshift_public",
            "module.aws_vpc.module.vpc.aws_subnet.database",
            "module.aws_vpc.module.vpc.aws_subnet.elasticache",
            "module.aws_vpc.module.vpc.aws_subnet.intra",
            "module.aws_vpc.module.vpc.aws_subnet.outpost",
            "module.aws_vpc.module.vpc.aws_subnet.private",
            "module.aws_vpc.module.vpc.aws_subnet.public",
            "module.aws_vpc.module.vpc.aws_subnet.redshift",
            "module.aws_vpc.module.vpc.aws_vpc.this",
            "module.aws_vpc.module.vpc.aws_vpc_dhcp_options.this",
            "module.aws_vpc.module.vpc.aws_vpc_dhcp_options_association.this",
            "module.aws_vpc.module.vpc.aws_vpc_ipv4_cidr_block_association.this",
            "module.aws_vpc.module.vpc.aws_vpn_gateway.this",
            "module.aws_vpc.module.vpc.aws_vpn_gateway_attachment.this",
            "module.aws_vpc.module.vpc.aws_vpn_gateway_route_propagation.intra",
            "module.aws_vpc.module.vpc.aws_vpn_gateway_route_propagation.private",
            "module.aws_vpc.module.vpc.aws_vpn_gateway_route_propagation.public",
            "module.aws_vpc.module.vpc.data.aws_iam_policy_document.flow_log_cloudwatch_assume_role",
            "module.aws_vpc.module.vpc.data.aws_iam_policy_document.vpc_flow_log_cloudwatch",
            "module.uc_bootstrap.data.databricks_service_principal.terraform_sp",
            "module.uc_bootstrap.databricks_group.account_admin_group",
            "module.uc_bootstrap.databricks_group.workspace_admin_group",
            "module.uc_bootstrap.databricks_group.workspace_user_group",
            "module.uc_bootstrap.databricks_group_member.admin_group_member",
            "module.uc_bootstrap.databricks_group_member.workspace_admin_group_member",
            "module.uc_bootstrap.databricks_group_member.workspace_admin_group_member_sp",
            "module.uc_bootstrap.databricks_group_member.workspace_user_group_member",
            "module.uc_bootstrap.databricks_service_principal_role.terraform_admin",
            "module.uc_bootstrap.databricks_service_principal_secret.terraform_sp",
            "module.uc_bootstrap.databricks_user.unity_users",
            "module.uc_bootstrap.databricks_user_role.account_admin_role",
            "module.uc_metastore.databricks_metastore.this"
          ]
        }
      ]
    },
    {
      "module": "module.dev_workspace",
      "mode": "managed",
      "type": "databricks_mws_storage_configurations",
      "name": "this",
      "provider": "provider[\"registry.terraform.io/databricks/databricks\"].mws_accowner",
      "instances": [
        {
          "schema_version": 0,
          "attributes": {
            "account_id": "0c6d76dc-ee77-45f4-ac75-9a177cc435b4",
            "bucket_name": "dev-workspace-rootbucket-20240110224920167600000006",
            "creation_time": 1704926962996,
            "id": "0c6d76dc-ee77-45f4-ac75-9a177cc435b4/538c83be-6fd4-47b5-8411-31bb7276fb64",
            "storage_configuration_id": "538c83be-6fd4-47b5-8411-31bb7276fb64",
            "storage_configuration_name": "dev-storage"
          },
          "sensitive_attributes": [],
          "private": "bnVsbA==",
          "dependencies": [
            "module.aws_crossaccount_role.aws_iam_policy.cross_account_policy",
            "module.aws_crossaccount_role.aws_iam_role.cross_account_role",
            "module.aws_crossaccount_role.aws_iam_role_policy_attachment.cross_account_policy_attachment",
            "module.aws_crossaccount_role.data.databricks_aws_assume_role_policy.this",
            "module.aws_crossaccount_role.data.databricks_aws_crossaccount_policy.this",
            "module.aws_crossaccount_role.time_sleep.wait",
            "module.aws_vpc.data.aws_availability_zones.available",
            "module.aws_vpc.module.endpoints.aws_security_group.this",
            "module.aws_vpc.module.endpoints.aws_security_group_rule.this",
            "module.aws_vpc.module.endpoints.aws_vpc_endpoint.this",
            "module.aws_vpc.module.endpoints.data.aws_vpc_endpoint_service.this",
            "module.aws_vpc.module.vpc.aws_cloudwatch_log_group.flow_log",
            "module.aws_vpc.module.vpc.aws_customer_gateway.this",
            "module.aws_vpc.module.vpc.aws_db_subnet_group.database",
            "module.aws_vpc.module.vpc.aws_default_network_acl.this",
            "module.aws_vpc.module.vpc.aws_default_route_table.default",
            "module.aws_vpc.module.vpc.aws_default_security_group.this",
            "module.aws_vpc.module.vpc.aws_default_vpc.this",
            "module.aws_vpc.module.vpc.aws_egress_only_internet_gateway.this",
            "module.aws_vpc.module.vpc.aws_eip.nat",
            "module.aws_vpc.module.vpc.aws_elasticache_subnet_group.elasticache",
            "module.aws_vpc.module.vpc.aws_flow_log.this",
            "module.aws_vpc.module.vpc.aws_iam_policy.vpc_flow_log_cloudwatch",
            "module.aws_vpc.module.vpc.aws_iam_role.vpc_flow_log_cloudwatch",
            "module.aws_vpc.module.vpc.aws_iam_role_policy_attachment.vpc_flow_log_cloudwatch",
            "module.aws_vpc.module.vpc.aws_internet_gateway.this",
            "module.aws_vpc.module.vpc.aws_nat_gateway.this",
            "module.aws_vpc.module.vpc.aws_network_acl.database",
            "module.aws_vpc.module.vpc.aws_network_acl.elasticache",
            "module.aws_vpc.module.vpc.aws_network_acl.intra",
            "module.aws_vpc.module.vpc.aws_network_acl.outpost",
            "module.aws_vpc.module.vpc.aws_network_acl.private",
            "module.aws_vpc.module.vpc.aws_network_acl.public",
            "module.aws_vpc.module.vpc.aws_network_acl.redshift",
            "module.aws_vpc.module.vpc.aws_network_acl_rule.database_inbound",
            "module.aws_vpc.module.vpc.aws_network_acl_rule.database_outbound",
            "module.aws_vpc.module.vpc.aws_network_acl_rule.elasticache_inbound",
            "module.aws_vpc.module.vpc.aws_network_acl_rule.elasticache_outbound",
            "module.aws_vpc.module.vpc.aws_network_acl_rule.intra_inbound",
            "module.aws_vpc.module.vpc.aws_network_acl_rule.intra_outbound",
            "module.aws_vpc.module.vpc.aws_network_acl_rule.outpost_inbound",
            "module.aws_vpc.module.vpc.aws_network_acl_rule.outpost_outbound",
            "module.aws_vpc.module.vpc.aws_network_acl_rule.private_inbound",
            "module.aws_vpc.module.vpc.aws_network_acl_rule.private_outbound",
            "module.aws_vpc.module.vpc.aws_network_acl_rule.public_inbound",
            "module.aws_vpc.module.vpc.aws_network_acl_rule.public_outbound",
            "module.aws_vpc.module.vpc.aws_network_acl_rule.redshift_inbound",
            "module.aws_vpc.module.vpc.aws_network_acl_rule.redshift_outbound",
            "module.aws_vpc.module.vpc.aws_redshift_subnet_group.redshift",
            "module.aws_vpc.module.vpc.aws_route.database_dns64_nat_gateway",
            "module.aws_vpc.module.vpc.aws_route.database_internet_gateway",
            "module.aws_vpc.module.vpc.aws_route.database_ipv6_egress",
            "module.aws_vpc.module.vpc.aws_route.database_nat_gateway",
            "module.aws_vpc.module.vpc.aws_route.private_dns64_nat_gateway",
            "module.aws_vpc.module.vpc.aws_route.private_ipv6_egress",
            "module.aws_vpc.module.vpc.aws_route.private_nat_gateway",
            "module.aws_vpc.module.vpc.aws_route.public_internet_gateway",
            "module.aws_vpc.module.vpc.aws_route.public_internet_gateway_ipv6",
            "module.aws_vpc.module.vpc.aws_route_table.database",
            "module.aws_vpc.module.vpc.aws_route_table.elasticache",
            "module.aws_vpc.module.vpc.aws_route_table.intra",
            "module.aws_vpc.module.vpc.aws_route_table.private",
            "module.aws_vpc.module.vpc.aws_route_table.public",
            "module.aws_vpc.module.vpc.aws_route_table.redshift",
            "module.aws_vpc.module.vpc.aws_route_table_association.database",
            "module.aws_vpc.module.vpc.aws_route_table_association.elasticache",
            "module.aws_vpc.module.vpc.aws_route_table_association.intra",
            "module.aws_vpc.module.vpc.aws_route_table_association.outpost",
            "module.aws_vpc.module.vpc.aws_route_table_association.private",
            "module.aws_vpc.module.vpc.aws_route_table_association.public",
            "module.aws_vpc.module.vpc.aws_route_table_association.redshift",
            "module.aws_vpc.module.vpc.aws_route_table_association.redshift_public",
            "module.aws_vpc.module.vpc.aws_subnet.database",
            "module.aws_vpc.module.vpc.aws_subnet.elasticache",
            "module.aws_vpc.module.vpc.aws_subnet.intra",
            "module.aws_vpc.module.vpc.aws_subnet.outpost",
            "module.aws_vpc.module.vpc.aws_subnet.private",
            "module.aws_vpc.module.vpc.aws_subnet.public",
            "module.aws_vpc.module.vpc.aws_subnet.redshift",
            "module.aws_vpc.module.vpc.aws_vpc.this",
            "module.aws_vpc.module.vpc.aws_vpc_dhcp_options.this",
            "module.aws_vpc.module.vpc.aws_vpc_dhcp_options_association.this",
            "module.aws_vpc.module.vpc.aws_vpc_ipv4_cidr_block_association.this",
            "module.aws_vpc.module.vpc.aws_vpn_gateway.this",
            "module.aws_vpc.module.vpc.aws_vpn_gateway_attachment.this",
            "module.aws_vpc.module.vpc.aws_vpn_gateway_route_propagation.intra",
            "module.aws_vpc.module.vpc.aws_vpn_gateway_route_propagation.private",
            "module.aws_vpc.module.vpc.aws_vpn_gateway_route_propagation.public",
            "module.aws_vpc.module.vpc.data.aws_iam_policy_document.flow_log_cloudwatch_assume_role",
            "module.aws_vpc.module.vpc.data.aws_iam_policy_document.vpc_flow_log_cloudwatch",
            "module.dev_workspace.aws_s3_bucket.root_storage_bucket",
            "module.uc_bootstrap.data.databricks_service_principal.terraform_sp",
            "module.uc_bootstrap.databricks_group.account_admin_group",
            "module.uc_bootstrap.databricks_group.workspace_admin_group",
            "module.uc_bootstrap.databricks_group.workspace_user_group",
            "module.uc_bootstrap.databricks_group_member.admin_group_member",
            "module.uc_bootstrap.databricks_group_member.workspace_admin_group_member",
            "module.uc_bootstrap.databricks_group_member.workspace_admin_group_member_sp",
            "module.uc_bootstrap.databricks_group_member.workspace_user_group_member",
            "module.uc_bootstrap.databricks_service_principal_role.terraform_admin",
            "module.uc_bootstrap.databricks_service_principal_secret.terraform_sp",
            "module.uc_bootstrap.databricks_user.unity_users",
            "module.uc_bootstrap.databricks_user_role.account_admin_role",
            "module.uc_metastore.databricks_metastore.this"
          ]
        }
      ]
    },
    {
      "module": "module.dev_workspace",
      "mode": "managed",
      "type": "databricks_mws_workspaces",
      "name": "this",
      "provider": "provider[\"registry.terraform.io/databricks/databricks\"].mws_accowner",
      "instances": [
        {
          "schema_version": 3,
          "attributes": {
            "account_id": "0c6d76dc-ee77-45f4-ac75-9a177cc435b4",
            "aws_region": "ap-southeast-2",
            "cloud": null,
            "cloud_resource_container": [],
            "creation_time": 1704926972000,
            "credentials_id": "9b0fdc90-5d96-4091-9724-b541be65b713",
            "customer_managed_key_id": null,
            "deployment_name": "dbc-5a1501b2-eef6",
            "external_customer_info": [],
            "gcp_managed_network_config": [],
            "gke_config": [],
            "id": "0c6d76dc-ee77-45f4-ac75-9a177cc435b4/8034662282117448",
            "is_no_public_ip_enabled": true,
            "location": null,
            "managed_services_customer_managed_key_id": null,
            "network_id": "6b839e55-7450-4d15-b34f-3255ad2b0910",
            "pricing_tier": "PREMIUM",
            "private_access_settings_id": null,
            "storage_configuration_id": "538c83be-6fd4-47b5-8411-31bb7276fb64",
            "storage_customer_managed_key_id": null,
            "timeouts": null,
            "token": [
              {
                "comment": "Terraform PAT",
                "lifetime_seconds": 2592000,
                "token_id": "92f56d382123506750b2c27c539ec9a6f7ec86980da2d0c2028d9358ee91341d",
                "token_value": "dapif1b268c30ee541a25abbf5cc5acd38fc"
              }
            ],
            "workspace_id": 8034662282117448,
            "workspace_name": "dev",
            "workspace_status": "RUNNING",
            "workspace_status_message": "Workspace is running.",
            "workspace_url": "https://dbc-5a1501b2-eef6.cloud.databricks.com"
          },
          "sensitive_attributes": [],
          "private": "eyJlMmJmYjczMC1lY2FhLTExZTYtOGY4OC0zNDM2M2JjN2M0YzAiOnsiY3JlYXRlIjoxMjAwMDAwMDAwMDAwLCJyZWFkIjoxMjAwMDAwMDAwMDAwLCJ1cGRhdGUiOjEyMDAwMDAwMDAwMDB9LCJzY2hlbWFfdmVyc2lvbiI6IjMifQ==",
          "dependencies": [
            "module.aws_crossaccount_role.aws_iam_policy.cross_account_policy",
            "module.aws_crossaccount_role.aws_iam_role.cross_account_role",
            "module.aws_crossaccount_role.aws_iam_role_policy_attachment.cross_account_policy_attachment",
            "module.aws_crossaccount_role.data.databricks_aws_assume_role_policy.this",
            "module.aws_crossaccount_role.data.databricks_aws_crossaccount_policy.this",
            "module.aws_crossaccount_role.time_sleep.wait",
            "module.aws_vpc.data.aws_availability_zones.available",
            "module.aws_vpc.module.endpoints.aws_security_group.this",
            "module.aws_vpc.module.endpoints.aws_security_group_rule.this",
            "module.aws_vpc.module.endpoints.aws_vpc_endpoint.this",
            "module.aws_vpc.module.endpoints.data.aws_vpc_endpoint_service.this",
            "module.aws_vpc.module.vpc.aws_cloudwatch_log_group.flow_log",
            "module.aws_vpc.module.vpc.aws_customer_gateway.this",
            "module.aws_vpc.module.vpc.aws_db_subnet_group.database",
            "module.aws_vpc.module.vpc.aws_default_network_acl.this",
            "module.aws_vpc.module.vpc.aws_default_route_table.default",
            "module.aws_vpc.module.vpc.aws_default_security_group.this",
            "module.aws_vpc.module.vpc.aws_default_vpc.this",
            "module.aws_vpc.module.vpc.aws_egress_only_internet_gateway.this",
            "module.aws_vpc.module.vpc.aws_eip.nat",
            "module.aws_vpc.module.vpc.aws_elasticache_subnet_group.elasticache",
            "module.aws_vpc.module.vpc.aws_flow_log.this",
            "module.aws_vpc.module.vpc.aws_iam_policy.vpc_flow_log_cloudwatch",
            "module.aws_vpc.module.vpc.aws_iam_role.vpc_flow_log_cloudwatch",
            "module.aws_vpc.module.vpc.aws_iam_role_policy_attachment.vpc_flow_log_cloudwatch",
            "module.aws_vpc.module.vpc.aws_internet_gateway.this",
            "module.aws_vpc.module.vpc.aws_nat_gateway.this",
            "module.aws_vpc.module.vpc.aws_network_acl.database",
            "module.aws_vpc.module.vpc.aws_network_acl.elasticache",
            "module.aws_vpc.module.vpc.aws_network_acl.intra",
            "module.aws_vpc.module.vpc.aws_network_acl.outpost",
            "module.aws_vpc.module.vpc.aws_network_acl.private",
            "module.aws_vpc.module.vpc.aws_network_acl.public",
            "module.aws_vpc.module.vpc.aws_network_acl.redshift",
            "module.aws_vpc.module.vpc.aws_network_acl_rule.database_inbound",
            "module.aws_vpc.module.vpc.aws_network_acl_rule.database_outbound",
            "module.aws_vpc.module.vpc.aws_network_acl_rule.elasticache_inbound",
            "module.aws_vpc.module.vpc.aws_network_acl_rule.elasticache_outbound",
            "module.aws_vpc.module.vpc.aws_network_acl_rule.intra_inbound",
            "module.aws_vpc.module.vpc.aws_network_acl_rule.intra_outbound",
            "module.aws_vpc.module.vpc.aws_network_acl_rule.outpost_inbound",
            "module.aws_vpc.module.vpc.aws_network_acl_rule.outpost_outbound",
            "module.aws_vpc.module.vpc.aws_network_acl_rule.private_inbound",
            "module.aws_vpc.module.vpc.aws_network_acl_rule.private_outbound",
            "module.aws_vpc.module.vpc.aws_network_acl_rule.public_inbound",
            "module.aws_vpc.module.vpc.aws_network_acl_rule.public_outbound",
            "module.aws_vpc.module.vpc.aws_network_acl_rule.redshift_inbound",
            "module.aws_vpc.module.vpc.aws_network_acl_rule.redshift_outbound",
            "module.aws_vpc.module.vpc.aws_redshift_subnet_group.redshift",
            "module.aws_vpc.module.vpc.aws_route.database_dns64_nat_gateway",
            "module.aws_vpc.module.vpc.aws_route.database_internet_gateway",
            "module.aws_vpc.module.vpc.aws_route.database_ipv6_egress",
            "module.aws_vpc.module.vpc.aws_route.database_nat_gateway",
            "module.aws_vpc.module.vpc.aws_route.private_dns64_nat_gateway",
            "module.aws_vpc.module.vpc.aws_route.private_ipv6_egress",
            "module.aws_vpc.module.vpc.aws_route.private_nat_gateway",
            "module.aws_vpc.module.vpc.aws_route.public_internet_gateway",
            "module.aws_vpc.module.vpc.aws_route.public_internet_gateway_ipv6",
            "module.aws_vpc.module.vpc.aws_route_table.database",
            "module.aws_vpc.module.vpc.aws_route_table.elasticache",
            "module.aws_vpc.module.vpc.aws_route_table.intra",
            "module.aws_vpc.module.vpc.aws_route_table.private",
            "module.aws_vpc.module.vpc.aws_route_table.public",
            "module.aws_vpc.module.vpc.aws_route_table.redshift",
            "module.aws_vpc.module.vpc.aws_route_table_association.database",
            "module.aws_vpc.module.vpc.aws_route_table_association.elasticache",
            "module.aws_vpc.module.vpc.aws_route_table_association.intra",
            "module.aws_vpc.module.vpc.aws_route_table_association.outpost",
            "module.aws_vpc.module.vpc.aws_route_table_association.private",
            "module.aws_vpc.module.vpc.aws_route_table_association.public",
            "module.aws_vpc.module.vpc.aws_route_table_association.redshift",
            "module.aws_vpc.module.vpc.aws_route_table_association.redshift_public",
            "module.aws_vpc.module.vpc.aws_subnet.database",
            "module.aws_vpc.module.vpc.aws_subnet.elasticache",
            "module.aws_vpc.module.vpc.aws_subnet.intra",
            "module.aws_vpc.module.vpc.aws_subnet.outpost",
            "module.aws_vpc.module.vpc.aws_subnet.private",
            "module.aws_vpc.module.vpc.aws_subnet.public",
            "module.aws_vpc.module.vpc.aws_subnet.redshift",
            "module.aws_vpc.module.vpc.aws_vpc.this",
            "module.aws_vpc.module.vpc.aws_vpc_dhcp_options.this",
            "module.aws_vpc.module.vpc.aws_vpc_dhcp_options_association.this",
            "module.aws_vpc.module.vpc.aws_vpc_ipv4_cidr_block_association.this",
            "module.aws_vpc.module.vpc.aws_vpn_gateway.this",
            "module.aws_vpc.module.vpc.aws_vpn_gateway_attachment.this",
            "module.aws_vpc.module.vpc.aws_vpn_gateway_route_propagation.intra",
            "module.aws_vpc.module.vpc.aws_vpn_gateway_route_propagation.private",
            "module.aws_vpc.module.vpc.aws_vpn_gateway_route_propagation.public",
            "module.aws_vpc.module.vpc.data.aws_iam_policy_document.flow_log_cloudwatch_assume_role",
            "module.aws_vpc.module.vpc.data.aws_iam_policy_document.vpc_flow_log_cloudwatch",
            "module.dev_workspace.aws_s3_bucket.root_storage_bucket",
            "module.dev_workspace.databricks_mws_credentials.this",
            "module.dev_workspace.databricks_mws_networks.this",
            "module.dev_workspace.databricks_mws_storage_configurations.this",
            "module.uc_bootstrap.data.databricks_service_principal.terraform_sp",
            "module.uc_bootstrap.databricks_group.account_admin_group",
            "module.uc_bootstrap.databricks_group.workspace_admin_group",
            "module.uc_bootstrap.databricks_group.workspace_user_group",
            "module.uc_bootstrap.databricks_group_member.admin_group_member",
            "module.uc_bootstrap.databricks_group_member.workspace_admin_group_member",
            "module.uc_bootstrap.databricks_group_member.workspace_admin_group_member_sp",
            "module.uc_bootstrap.databricks_group_member.workspace_user_group_member",
            "module.uc_bootstrap.databricks_service_principal_role.terraform_admin",
            "module.uc_bootstrap.databricks_service_principal_secret.terraform_sp",
            "module.uc_bootstrap.databricks_user.unity_users",
            "module.uc_bootstrap.databricks_user_role.account_admin_role",
            "module.uc_metastore.databricks_metastore.this"
          ]
        }
      ]
    },
    {
      "module": "module.persist_catalog_grants",
      "mode": "managed",
      "type": "databricks_grants",
      "name": "catalog",
      "provider": "provider[\"registry.terraform.io/databricks/databricks\"].dev_ws",
      "instances": [
        {
          "schema_version": 0,
          "attributes": {
            "catalog": "_persist",
            "external_location": null,
            "foreign_connection": null,
            "function": null,
            "grant": [
              {
                "principal": "account_admins",
                "privileges": [
                  "ALL_PRIVILEGES"
                ]
              },
              {
                "principal": "workspace_admins",
                "privileges": [
                  "ALL_PRIVILEGES"
                ]
              },
              {
                "principal": "workspace_users",
                "privileges": [
                  "CREATE_FUNCTION",
                  "CREATE_TABLE",
                  "CREATE_VOLUME",
                  "EXECUTE",
                  "MODIFY",
                  "READ_VOLUME",
                  "REFRESH",
                  "SELECT",
                  "USE_CATALOG",
                  "USE_SCHEMA",
                  "WRITE_VOLUME"
                ]
              }
            ],
            "id": "catalog/_persist",
            "materialized_view": null,
            "metastore": null,
            "model": null,
            "schema": null,
            "share": null,
            "storage_credential": null,
            "table": null,
            "view": null,
            "volume": null
          },
          "sensitive_attributes": [],
          "private": "bnVsbA==",
          "dependencies": [
            "module.aws_crossaccount_role.aws_iam_policy.cross_account_policy",
            "module.aws_crossaccount_role.aws_iam_role.cross_account_role",
            "module.aws_crossaccount_role.aws_iam_role_policy_attachment.cross_account_policy_attachment",
            "module.aws_crossaccount_role.data.databricks_aws_assume_role_policy.this",
            "module.aws_crossaccount_role.data.databricks_aws_crossaccount_policy.this",
            "module.aws_crossaccount_role.time_sleep.wait",
            "module.aws_vpc.data.aws_availability_zones.available",
            "module.aws_vpc.module.endpoints.aws_security_group.this",
            "module.aws_vpc.module.endpoints.aws_security_group_rule.this",
            "module.aws_vpc.module.endpoints.aws_vpc_endpoint.this",
            "module.aws_vpc.module.endpoints.data.aws_vpc_endpoint_service.this",
            "module.aws_vpc.module.vpc.aws_cloudwatch_log_group.flow_log",
            "module.aws_vpc.module.vpc.aws_customer_gateway.this",
            "module.aws_vpc.module.vpc.aws_db_subnet_group.database",
            "module.aws_vpc.module.vpc.aws_default_network_acl.this",
            "module.aws_vpc.module.vpc.aws_default_route_table.default",
            "module.aws_vpc.module.vpc.aws_default_security_group.this",
            "module.aws_vpc.module.vpc.aws_default_vpc.this",
            "module.aws_vpc.module.vpc.aws_egress_only_internet_gateway.this",
            "module.aws_vpc.module.vpc.aws_eip.nat",
            "module.aws_vpc.module.vpc.aws_elasticache_subnet_group.elasticache",
            "module.aws_vpc.module.vpc.aws_flow_log.this",
            "module.aws_vpc.module.vpc.aws_iam_policy.vpc_flow_log_cloudwatch",
            "module.aws_vpc.module.vpc.aws_iam_role.vpc_flow_log_cloudwatch",
            "module.aws_vpc.module.vpc.aws_iam_role_policy_attachment.vpc_flow_log_cloudwatch",
            "module.aws_vpc.module.vpc.aws_internet_gateway.this",
            "module.aws_vpc.module.vpc.aws_nat_gateway.this",
            "module.aws_vpc.module.vpc.aws_network_acl.database",
            "module.aws_vpc.module.vpc.aws_network_acl.elasticache",
            "module.aws_vpc.module.vpc.aws_network_acl.intra",
            "module.aws_vpc.module.vpc.aws_network_acl.outpost",
            "module.aws_vpc.module.vpc.aws_network_acl.private",
            "module.aws_vpc.module.vpc.aws_network_acl.public",
            "module.aws_vpc.module.vpc.aws_network_acl.redshift",
            "module.aws_vpc.module.vpc.aws_network_acl_rule.database_inbound",
            "module.aws_vpc.module.vpc.aws_network_acl_rule.database_outbound",
            "module.aws_vpc.module.vpc.aws_network_acl_rule.elasticache_inbound",
            "module.aws_vpc.module.vpc.aws_network_acl_rule.elasticache_outbound",
            "module.aws_vpc.module.vpc.aws_network_acl_rule.intra_inbound",
            "module.aws_vpc.module.vpc.aws_network_acl_rule.intra_outbound",
            "module.aws_vpc.module.vpc.aws_network_acl_rule.outpost_inbound",
            "module.aws_vpc.module.vpc.aws_network_acl_rule.outpost_outbound",
            "module.aws_vpc.module.vpc.aws_network_acl_rule.private_inbound",
            "module.aws_vpc.module.vpc.aws_network_acl_rule.private_outbound",
            "module.aws_vpc.module.vpc.aws_network_acl_rule.public_inbound",
            "module.aws_vpc.module.vpc.aws_network_acl_rule.public_outbound",
            "module.aws_vpc.module.vpc.aws_network_acl_rule.redshift_inbound",
            "module.aws_vpc.module.vpc.aws_network_acl_rule.redshift_outbound",
            "module.aws_vpc.module.vpc.aws_redshift_subnet_group.redshift",
            "module.aws_vpc.module.vpc.aws_route.database_dns64_nat_gateway",
            "module.aws_vpc.module.vpc.aws_route.database_internet_gateway",
            "module.aws_vpc.module.vpc.aws_route.database_ipv6_egress",
            "module.aws_vpc.module.vpc.aws_route.database_nat_gateway",
            "module.aws_vpc.module.vpc.aws_route.private_dns64_nat_gateway",
            "module.aws_vpc.module.vpc.aws_route.private_ipv6_egress",
            "module.aws_vpc.module.vpc.aws_route.private_nat_gateway",
            "module.aws_vpc.module.vpc.aws_route.public_internet_gateway",
            "module.aws_vpc.module.vpc.aws_route.public_internet_gateway_ipv6",
            "module.aws_vpc.module.vpc.aws_route_table.database",
            "module.aws_vpc.module.vpc.aws_route_table.elasticache",
            "module.aws_vpc.module.vpc.aws_route_table.intra",
            "module.aws_vpc.module.vpc.aws_route_table.private",
            "module.aws_vpc.module.vpc.aws_route_table.public",
            "module.aws_vpc.module.vpc.aws_route_table.redshift",
            "module.aws_vpc.module.vpc.aws_route_table_association.database",
            "module.aws_vpc.module.vpc.aws_route_table_association.elasticache",
            "module.aws_vpc.module.vpc.aws_route_table_association.intra",
            "module.aws_vpc.module.vpc.aws_route_table_association.outpost",
            "module.aws_vpc.module.vpc.aws_route_table_association.private",
            "module.aws_vpc.module.vpc.aws_route_table_association.public",
            "module.aws_vpc.module.vpc.aws_route_table_association.redshift",
            "module.aws_vpc.module.vpc.aws_route_table_association.redshift_public",
            "module.aws_vpc.module.vpc.aws_subnet.database",
            "module.aws_vpc.module.vpc.aws_subnet.elasticache",
            "module.aws_vpc.module.vpc.aws_subnet.intra",
            "module.aws_vpc.module.vpc.aws_subnet.outpost",
            "module.aws_vpc.module.vpc.aws_subnet.private",
            "module.aws_vpc.module.vpc.aws_subnet.public",
            "module.aws_vpc.module.vpc.aws_subnet.redshift",
            "module.aws_vpc.module.vpc.aws_vpc.this",
            "module.aws_vpc.module.vpc.aws_vpc_dhcp_options.this",
            "module.aws_vpc.module.vpc.aws_vpc_dhcp_options_association.this",
            "module.aws_vpc.module.vpc.aws_vpc_ipv4_cidr_block_association.this",
            "module.aws_vpc.module.vpc.aws_vpn_gateway.this",
            "module.aws_vpc.module.vpc.aws_vpn_gateway_attachment.this",
            "module.aws_vpc.module.vpc.aws_vpn_gateway_route_propagation.intra",
            "module.aws_vpc.module.vpc.aws_vpn_gateway_route_propagation.private",
            "module.aws_vpc.module.vpc.aws_vpn_gateway_route_propagation.public",
            "module.aws_vpc.module.vpc.data.aws_iam_policy_document.flow_log_cloudwatch_assume_role",
            "module.aws_vpc.module.vpc.data.aws_iam_policy_document.vpc_flow_log_cloudwatch",
            "module.dev_workspace.aws_s3_bucket.root_storage_bucket",
            "module.dev_workspace.aws_s3_bucket_policy.root_bucket_policy",
            "module.dev_workspace.aws_s3_bucket_public_access_block.root_storage_bucket",
            "module.dev_workspace.aws_s3_bucket_server_side_encryption_configuration.root_storage_bucket",
            "module.dev_workspace.aws_s3_bucket_versioning.root_bucket_versioning",
            "module.dev_workspace.data.databricks_aws_bucket_policy.this",
            "module.dev_workspace.databricks_metastore_assignment.this",
            "module.dev_workspace.databricks_mws_credentials.this",
            "module.dev_workspace.databricks_mws_networks.this",
            "module.dev_workspace.databricks_mws_storage_configurations.this",
            "module.dev_workspace.databricks_mws_workspaces.this",
            "module.persistent_storage.databricks_catalog.this",
            "module.persistent_storage.databricks_external_location.this",
            "module.persistent_storage.databricks_schema.this",
            "module.persistent_storage.databricks_storage_credential.this",
            "module.persistent_storage.databricks_volume.this",
            "module.uc_bootstrap.data.databricks_service_principal.terraform_sp",
            "module.uc_bootstrap.databricks_group.account_admin_group",
            "module.uc_bootstrap.databricks_group.workspace_admin_group",
            "module.uc_bootstrap.databricks_group.workspace_user_group",
            "module.uc_bootstrap.databricks_group_member.admin_group_member",
            "module.uc_bootstrap.databricks_group_member.workspace_admin_group_member",
            "module.uc_bootstrap.databricks_group_member.workspace_admin_group_member_sp",
            "module.uc_bootstrap.databricks_group_member.workspace_user_group_member",
            "module.uc_bootstrap.databricks_service_principal_role.terraform_admin",
            "module.uc_bootstrap.databricks_service_principal_secret.terraform_sp",
            "module.uc_bootstrap.databricks_user.unity_users",
            "module.uc_bootstrap.databricks_user_role.account_admin_role",
            "module.uc_metastore.databricks_metastore.this"
          ]
        }
      ]
    },
    {
      "module": "module.persistent_storage",
      "mode": "managed",
      "type": "databricks_catalog",
      "name": "this",
      "provider": "provider[\"registry.terraform.io/databricks/databricks\"].dev_ws",
      "instances": [
        {
          "schema_version": 0,
          "attributes": {
            "comment": "Managed by Terraform",
            "connection_name": null,
            "force_destroy": true,
            "id": "_persist",
            "isolation_mode": "OPEN",
            "metastore_id": "23d06e21-8ff7-4f00-acd5-778c20aae6d4",
            "name": "_persist",
            "options": null,
            "owner": "xtarmitage+databricks-root@gmail.com",
            "properties": {
              "purpose": "persistent-storage"
            },
            "provider_name": null,
            "share_name": null,
            "storage_root": "s3://databricks-zaxier-persistent-storage/_persist-catalog"
          },
          "sensitive_attributes": [],
          "private": "bnVsbA==",
          "dependencies": [
            "module.aws_crossaccount_role.aws_iam_policy.cross_account_policy",
            "module.aws_crossaccount_role.aws_iam_role.cross_account_role",
            "module.aws_crossaccount_role.aws_iam_role_policy_attachment.cross_account_policy_attachment",
            "module.aws_crossaccount_role.data.databricks_aws_assume_role_policy.this",
            "module.aws_crossaccount_role.data.databricks_aws_crossaccount_policy.this",
            "module.aws_crossaccount_role.time_sleep.wait",
            "module.aws_vpc.data.aws_availability_zones.available",
            "module.aws_vpc.module.endpoints.aws_security_group.this",
            "module.aws_vpc.module.endpoints.aws_security_group_rule.this",
            "module.aws_vpc.module.endpoints.aws_vpc_endpoint.this",
            "module.aws_vpc.module.endpoints.data.aws_vpc_endpoint_service.this",
            "module.aws_vpc.module.vpc.aws_cloudwatch_log_group.flow_log",
            "module.aws_vpc.module.vpc.aws_customer_gateway.this",
            "module.aws_vpc.module.vpc.aws_db_subnet_group.database",
            "module.aws_vpc.module.vpc.aws_default_network_acl.this",
            "module.aws_vpc.module.vpc.aws_default_route_table.default",
            "module.aws_vpc.module.vpc.aws_default_security_group.this",
            "module.aws_vpc.module.vpc.aws_default_vpc.this",
            "module.aws_vpc.module.vpc.aws_egress_only_internet_gateway.this",
            "module.aws_vpc.module.vpc.aws_eip.nat",
            "module.aws_vpc.module.vpc.aws_elasticache_subnet_group.elasticache",
            "module.aws_vpc.module.vpc.aws_flow_log.this",
            "module.aws_vpc.module.vpc.aws_iam_policy.vpc_flow_log_cloudwatch",
            "module.aws_vpc.module.vpc.aws_iam_role.vpc_flow_log_cloudwatch",
            "module.aws_vpc.module.vpc.aws_iam_role_policy_attachment.vpc_flow_log_cloudwatch",
            "module.aws_vpc.module.vpc.aws_internet_gateway.this",
            "module.aws_vpc.module.vpc.aws_nat_gateway.this",
            "module.aws_vpc.module.vpc.aws_network_acl.database",
            "module.aws_vpc.module.vpc.aws_network_acl.elasticache",
            "module.aws_vpc.module.vpc.aws_network_acl.intra",
            "module.aws_vpc.module.vpc.aws_network_acl.outpost",
            "module.aws_vpc.module.vpc.aws_network_acl.private",
            "module.aws_vpc.module.vpc.aws_network_acl.public",
            "module.aws_vpc.module.vpc.aws_network_acl.redshift",
            "module.aws_vpc.module.vpc.aws_network_acl_rule.database_inbound",
            "module.aws_vpc.module.vpc.aws_network_acl_rule.database_outbound",
            "module.aws_vpc.module.vpc.aws_network_acl_rule.elasticache_inbound",
            "module.aws_vpc.module.vpc.aws_network_acl_rule.elasticache_outbound",
            "module.aws_vpc.module.vpc.aws_network_acl_rule.intra_inbound",
            "module.aws_vpc.module.vpc.aws_network_acl_rule.intra_outbound",
            "module.aws_vpc.module.vpc.aws_network_acl_rule.outpost_inbound",
            "module.aws_vpc.module.vpc.aws_network_acl_rule.outpost_outbound",
            "module.aws_vpc.module.vpc.aws_network_acl_rule.private_inbound",
            "module.aws_vpc.module.vpc.aws_network_acl_rule.private_outbound",
            "module.aws_vpc.module.vpc.aws_network_acl_rule.public_inbound",
            "module.aws_vpc.module.vpc.aws_network_acl_rule.public_outbound",
            "module.aws_vpc.module.vpc.aws_network_acl_rule.redshift_inbound",
            "module.aws_vpc.module.vpc.aws_network_acl_rule.redshift_outbound",
            "module.aws_vpc.module.vpc.aws_redshift_subnet_group.redshift",
            "module.aws_vpc.module.vpc.aws_route.database_dns64_nat_gateway",
            "module.aws_vpc.module.vpc.aws_route.database_internet_gateway",
            "module.aws_vpc.module.vpc.aws_route.database_ipv6_egress",
            "module.aws_vpc.module.vpc.aws_route.database_nat_gateway",
            "module.aws_vpc.module.vpc.aws_route.private_dns64_nat_gateway",
            "module.aws_vpc.module.vpc.aws_route.private_ipv6_egress",
            "module.aws_vpc.module.vpc.aws_route.private_nat_gateway",
            "module.aws_vpc.module.vpc.aws_route.public_internet_gateway",
            "module.aws_vpc.module.vpc.aws_route.public_internet_gateway_ipv6",
            "module.aws_vpc.module.vpc.aws_route_table.database",
            "module.aws_vpc.module.vpc.aws_route_table.elasticache",
            "module.aws_vpc.module.vpc.aws_route_table.intra",
            "module.aws_vpc.module.vpc.aws_route_table.private",
            "module.aws_vpc.module.vpc.aws_route_table.public",
            "module.aws_vpc.module.vpc.aws_route_table.redshift",
            "module.aws_vpc.module.vpc.aws_route_table_association.database",
            "module.aws_vpc.module.vpc.aws_route_table_association.elasticache",
            "module.aws_vpc.module.vpc.aws_route_table_association.intra",
            "module.aws_vpc.module.vpc.aws_route_table_association.outpost",
            "module.aws_vpc.module.vpc.aws_route_table_association.private",
            "module.aws_vpc.module.vpc.aws_route_table_association.public",
            "module.aws_vpc.module.vpc.aws_route_table_association.redshift",
            "module.aws_vpc.module.vpc.aws_route_table_association.redshift_public",
            "module.aws_vpc.module.vpc.aws_subnet.database",
            "module.aws_vpc.module.vpc.aws_subnet.elasticache",
            "module.aws_vpc.module.vpc.aws_subnet.intra",
            "module.aws_vpc.module.vpc.aws_subnet.outpost",
            "module.aws_vpc.module.vpc.aws_subnet.private",
            "module.aws_vpc.module.vpc.aws_subnet.public",
            "module.aws_vpc.module.vpc.aws_subnet.redshift",
            "module.aws_vpc.module.vpc.aws_vpc.this",
            "module.aws_vpc.module.vpc.aws_vpc_dhcp_options.this",
            "module.aws_vpc.module.vpc.aws_vpc_dhcp_options_association.this",
            "module.aws_vpc.module.vpc.aws_vpc_ipv4_cidr_block_association.this",
            "module.aws_vpc.module.vpc.aws_vpn_gateway.this",
            "module.aws_vpc.module.vpc.aws_vpn_gateway_attachment.this",
            "module.aws_vpc.module.vpc.aws_vpn_gateway_route_propagation.intra",
            "module.aws_vpc.module.vpc.aws_vpn_gateway_route_propagation.private",
            "module.aws_vpc.module.vpc.aws_vpn_gateway_route_propagation.public",
            "module.aws_vpc.module.vpc.data.aws_iam_policy_document.flow_log_cloudwatch_assume_role",
            "module.aws_vpc.module.vpc.data.aws_iam_policy_document.vpc_flow_log_cloudwatch",
            "module.dev_workspace.aws_s3_bucket.root_storage_bucket",
            "module.dev_workspace.aws_s3_bucket_policy.root_bucket_policy",
            "module.dev_workspace.aws_s3_bucket_public_access_block.root_storage_bucket",
            "module.dev_workspace.aws_s3_bucket_server_side_encryption_configuration.root_storage_bucket",
            "module.dev_workspace.aws_s3_bucket_versioning.root_bucket_versioning",
            "module.dev_workspace.data.databricks_aws_bucket_policy.this",
            "module.dev_workspace.databricks_metastore_assignment.this",
            "module.dev_workspace.databricks_mws_credentials.this",
            "module.dev_workspace.databricks_mws_networks.this",
            "module.dev_workspace.databricks_mws_storage_configurations.this",
            "module.dev_workspace.databricks_mws_workspaces.this",
            "module.persistent_storage.databricks_external_location.this",
            "module.persistent_storage.databricks_storage_credential.this",
            "module.uc_bootstrap.data.databricks_service_principal.terraform_sp",
            "module.uc_bootstrap.databricks_group.account_admin_group",
            "module.uc_bootstrap.databricks_group.workspace_admin_group",
            "module.uc_bootstrap.databricks_group.workspace_user_group",
            "module.uc_bootstrap.databricks_group_member.admin_group_member",
            "module.uc_bootstrap.databricks_group_member.workspace_admin_group_member",
            "module.uc_bootstrap.databricks_group_member.workspace_admin_group_member_sp",
            "module.uc_bootstrap.databricks_group_member.workspace_user_group_member",
            "module.uc_bootstrap.databricks_service_principal_role.terraform_admin",
            "module.uc_bootstrap.databricks_service_principal_secret.terraform_sp",
            "module.uc_bootstrap.databricks_user.unity_users",
            "module.uc_bootstrap.databricks_user_role.account_admin_role",
            "module.uc_metastore.databricks_metastore.this"
          ]
        }
      ]
    },
    {
      "module": "module.persistent_storage",
      "mode": "managed",
      "type": "databricks_external_location",
      "name": "this",
      "provider": "provider[\"registry.terraform.io/databricks/databricks\"].dev_ws",
      "instances": [
        {
          "schema_version": 0,
          "attributes": {
            "access_point": null,
            "comment": "Managed by Terraform",
            "credential_name": "persistent-storage-s3-external-access-credential",
            "encryption_details": [],
            "force_destroy": true,
            "force_update": null,
            "id": "persistent-storage-s3-external-location",
            "metastore_id": "23d06e21-8ff7-4f00-acd5-778c20aae6d4",
            "name": "persistent-storage-s3-external-location",
            "owner": "xtarmitage+databricks-root@gmail.com",
            "read_only": false,
            "skip_validation": null,
            "url": "s3://databricks-zaxier-persistent-storage/"
          },
          "sensitive_attributes": [],
          "private": "bnVsbA==",
          "dependencies": [
            "module.aws_crossaccount_role.aws_iam_policy.cross_account_policy",
            "module.aws_crossaccount_role.aws_iam_role.cross_account_role",
            "module.aws_crossaccount_role.aws_iam_role_policy_attachment.cross_account_policy_attachment",
            "module.aws_crossaccount_role.data.databricks_aws_assume_role_policy.this",
            "module.aws_crossaccount_role.data.databricks_aws_crossaccount_policy.this",
            "module.aws_crossaccount_role.time_sleep.wait",
            "module.aws_vpc.data.aws_availability_zones.available",
            "module.aws_vpc.module.endpoints.aws_security_group.this",
            "module.aws_vpc.module.endpoints.aws_security_group_rule.this",
            "module.aws_vpc.module.endpoints.aws_vpc_endpoint.this",
            "module.aws_vpc.module.endpoints.data.aws_vpc_endpoint_service.this",
            "module.aws_vpc.module.vpc.aws_cloudwatch_log_group.flow_log",
            "module.aws_vpc.module.vpc.aws_customer_gateway.this",
            "module.aws_vpc.module.vpc.aws_db_subnet_group.database",
            "module.aws_vpc.module.vpc.aws_default_network_acl.this",
            "module.aws_vpc.module.vpc.aws_default_route_table.default",
            "module.aws_vpc.module.vpc.aws_default_security_group.this",
            "module.aws_vpc.module.vpc.aws_default_vpc.this",
            "module.aws_vpc.module.vpc.aws_egress_only_internet_gateway.this",
            "module.aws_vpc.module.vpc.aws_eip.nat",
            "module.aws_vpc.module.vpc.aws_elasticache_subnet_group.elasticache",
            "module.aws_vpc.module.vpc.aws_flow_log.this",
            "module.aws_vpc.module.vpc.aws_iam_policy.vpc_flow_log_cloudwatch",
            "module.aws_vpc.module.vpc.aws_iam_role.vpc_flow_log_cloudwatch",
            "module.aws_vpc.module.vpc.aws_iam_role_policy_attachment.vpc_flow_log_cloudwatch",
            "module.aws_vpc.module.vpc.aws_internet_gateway.this",
            "module.aws_vpc.module.vpc.aws_nat_gateway.this",
            "module.aws_vpc.module.vpc.aws_network_acl.database",
            "module.aws_vpc.module.vpc.aws_network_acl.elasticache",
            "module.aws_vpc.module.vpc.aws_network_acl.intra",
            "module.aws_vpc.module.vpc.aws_network_acl.outpost",
            "module.aws_vpc.module.vpc.aws_network_acl.private",
            "module.aws_vpc.module.vpc.aws_network_acl.public",
            "module.aws_vpc.module.vpc.aws_network_acl.redshift",
            "module.aws_vpc.module.vpc.aws_network_acl_rule.database_inbound",
            "module.aws_vpc.module.vpc.aws_network_acl_rule.database_outbound",
            "module.aws_vpc.module.vpc.aws_network_acl_rule.elasticache_inbound",
            "module.aws_vpc.module.vpc.aws_network_acl_rule.elasticache_outbound",
            "module.aws_vpc.module.vpc.aws_network_acl_rule.intra_inbound",
            "module.aws_vpc.module.vpc.aws_network_acl_rule.intra_outbound",
            "module.aws_vpc.module.vpc.aws_network_acl_rule.outpost_inbound",
            "module.aws_vpc.module.vpc.aws_network_acl_rule.outpost_outbound",
            "module.aws_vpc.module.vpc.aws_network_acl_rule.private_inbound",
            "module.aws_vpc.module.vpc.aws_network_acl_rule.private_outbound",
            "module.aws_vpc.module.vpc.aws_network_acl_rule.public_inbound",
            "module.aws_vpc.module.vpc.aws_network_acl_rule.public_outbound",
            "module.aws_vpc.module.vpc.aws_network_acl_rule.redshift_inbound",
            "module.aws_vpc.module.vpc.aws_network_acl_rule.redshift_outbound",
            "module.aws_vpc.module.vpc.aws_redshift_subnet_group.redshift",
            "module.aws_vpc.module.vpc.aws_route.database_dns64_nat_gateway",
            "module.aws_vpc.module.vpc.aws_route.database_internet_gateway",
            "module.aws_vpc.module.vpc.aws_route.database_ipv6_egress",
            "module.aws_vpc.module.vpc.aws_route.database_nat_gateway",
            "module.aws_vpc.module.vpc.aws_route.private_dns64_nat_gateway",
            "module.aws_vpc.module.vpc.aws_route.private_ipv6_egress",
            "module.aws_vpc.module.vpc.aws_route.private_nat_gateway",
            "module.aws_vpc.module.vpc.aws_route.public_internet_gateway",
            "module.aws_vpc.module.vpc.aws_route.public_internet_gateway_ipv6",
            "module.aws_vpc.module.vpc.aws_route_table.database",
            "module.aws_vpc.module.vpc.aws_route_table.elasticache",
            "module.aws_vpc.module.vpc.aws_route_table.intra",
            "module.aws_vpc.module.vpc.aws_route_table.private",
            "module.aws_vpc.module.vpc.aws_route_table.public",
            "module.aws_vpc.module.vpc.aws_route_table.redshift",
            "module.aws_vpc.module.vpc.aws_route_table_association.database",
            "module.aws_vpc.module.vpc.aws_route_table_association.elasticache",
            "module.aws_vpc.module.vpc.aws_route_table_association.intra",
            "module.aws_vpc.module.vpc.aws_route_table_association.outpost",
            "module.aws_vpc.module.vpc.aws_route_table_association.private",
            "module.aws_vpc.module.vpc.aws_route_table_association.public",
            "module.aws_vpc.module.vpc.aws_route_table_association.redshift",
            "module.aws_vpc.module.vpc.aws_route_table_association.redshift_public",
            "module.aws_vpc.module.vpc.aws_subnet.database",
            "module.aws_vpc.module.vpc.aws_subnet.elasticache",
            "module.aws_vpc.module.vpc.aws_subnet.intra",
            "module.aws_vpc.module.vpc.aws_subnet.outpost",
            "module.aws_vpc.module.vpc.aws_subnet.private",
            "module.aws_vpc.module.vpc.aws_subnet.public",
            "module.aws_vpc.module.vpc.aws_subnet.redshift",
            "module.aws_vpc.module.vpc.aws_vpc.this",
            "module.aws_vpc.module.vpc.aws_vpc_dhcp_options.this",
            "module.aws_vpc.module.vpc.aws_vpc_dhcp_options_association.this",
            "module.aws_vpc.module.vpc.aws_vpc_ipv4_cidr_block_association.this",
            "module.aws_vpc.module.vpc.aws_vpn_gateway.this",
            "module.aws_vpc.module.vpc.aws_vpn_gateway_attachment.this",
            "module.aws_vpc.module.vpc.aws_vpn_gateway_route_propagation.intra",
            "module.aws_vpc.module.vpc.aws_vpn_gateway_route_propagation.private",
            "module.aws_vpc.module.vpc.aws_vpn_gateway_route_propagation.public",
            "module.aws_vpc.module.vpc.data.aws_iam_policy_document.flow_log_cloudwatch_assume_role",
            "module.aws_vpc.module.vpc.data.aws_iam_policy_document.vpc_flow_log_cloudwatch",
            "module.dev_workspace.aws_s3_bucket.root_storage_bucket",
            "module.dev_workspace.aws_s3_bucket_policy.root_bucket_policy",
            "module.dev_workspace.aws_s3_bucket_public_access_block.root_storage_bucket",
            "module.dev_workspace.aws_s3_bucket_server_side_encryption_configuration.root_storage_bucket",
            "module.dev_workspace.aws_s3_bucket_versioning.root_bucket_versioning",
            "module.dev_workspace.data.databricks_aws_bucket_policy.this",
            "module.dev_workspace.databricks_metastore_assignment.this",
            "module.dev_workspace.databricks_mws_credentials.this",
            "module.dev_workspace.databricks_mws_networks.this",
            "module.dev_workspace.databricks_mws_storage_configurations.this",
            "module.dev_workspace.databricks_mws_workspaces.this",
            "module.persistent_storage.databricks_storage_credential.this",
            "module.uc_bootstrap.data.databricks_service_principal.terraform_sp",
            "module.uc_bootstrap.databricks_group.account_admin_group",
            "module.uc_bootstrap.databricks_group.workspace_admin_group",
            "module.uc_bootstrap.databricks_group.workspace_user_group",
            "module.uc_bootstrap.databricks_group_member.admin_group_member",
            "module.uc_bootstrap.databricks_group_member.workspace_admin_group_member",
            "module.uc_bootstrap.databricks_group_member.workspace_admin_group_member_sp",
            "module.uc_bootstrap.databricks_group_member.workspace_user_group_member",
            "module.uc_bootstrap.databricks_service_principal_role.terraform_admin",
            "module.uc_bootstrap.databricks_service_principal_secret.terraform_sp",
            "module.uc_bootstrap.databricks_user.unity_users",
            "module.uc_bootstrap.databricks_user_role.account_admin_role",
            "module.uc_metastore.databricks_metastore.this"
          ]
        }
      ]
    },
    {
      "module": "module.persistent_storage",
      "mode": "managed",
      "type": "databricks_schema",
      "name": "this",
      "provider": "provider[\"registry.terraform.io/databricks/databricks\"].dev_ws",
      "instances": [
        {
          "schema_version": 0,
          "attributes": {
            "catalog_name": "_persist",
            "comment": "Managed by Terraform",
            "force_destroy": true,
            "id": "_persist.default",
            "metastore_id": "23d06e21-8ff7-4f00-acd5-778c20aae6d4",
            "name": "default",
            "owner": "xtarmitage+databricks-root@gmail.com",
            "properties": {
              "kind": "various"
            },
            "storage_root": null
          },
          "sensitive_attributes": [],
          "private": "bnVsbA==",
          "dependencies": [
            "module.aws_crossaccount_role.aws_iam_policy.cross_account_policy",
            "module.aws_crossaccount_role.aws_iam_role.cross_account_role",
            "module.aws_crossaccount_role.aws_iam_role_policy_attachment.cross_account_policy_attachment",
            "module.aws_crossaccount_role.data.databricks_aws_assume_role_policy.this",
            "module.aws_crossaccount_role.data.databricks_aws_crossaccount_policy.this",
            "module.aws_crossaccount_role.time_sleep.wait",
            "module.aws_vpc.data.aws_availability_zones.available",
            "module.aws_vpc.module.endpoints.aws_security_group.this",
            "module.aws_vpc.module.endpoints.aws_security_group_rule.this",
            "module.aws_vpc.module.endpoints.aws_vpc_endpoint.this",
            "module.aws_vpc.module.endpoints.data.aws_vpc_endpoint_service.this",
            "module.aws_vpc.module.vpc.aws_cloudwatch_log_group.flow_log",
            "module.aws_vpc.module.vpc.aws_customer_gateway.this",
            "module.aws_vpc.module.vpc.aws_db_subnet_group.database",
            "module.aws_vpc.module.vpc.aws_default_network_acl.this",
            "module.aws_vpc.module.vpc.aws_default_route_table.default",
            "module.aws_vpc.module.vpc.aws_default_security_group.this",
            "module.aws_vpc.module.vpc.aws_default_vpc.this",
            "module.aws_vpc.module.vpc.aws_egress_only_internet_gateway.this",
            "module.aws_vpc.module.vpc.aws_eip.nat",
            "module.aws_vpc.module.vpc.aws_elasticache_subnet_group.elasticache",
            "module.aws_vpc.module.vpc.aws_flow_log.this",
            "module.aws_vpc.module.vpc.aws_iam_policy.vpc_flow_log_cloudwatch",
            "module.aws_vpc.module.vpc.aws_iam_role.vpc_flow_log_cloudwatch",
            "module.aws_vpc.module.vpc.aws_iam_role_policy_attachment.vpc_flow_log_cloudwatch",
            "module.aws_vpc.module.vpc.aws_internet_gateway.this",
            "module.aws_vpc.module.vpc.aws_nat_gateway.this",
            "module.aws_vpc.module.vpc.aws_network_acl.database",
            "module.aws_vpc.module.vpc.aws_network_acl.elasticache",
            "module.aws_vpc.module.vpc.aws_network_acl.intra",
            "module.aws_vpc.module.vpc.aws_network_acl.outpost",
            "module.aws_vpc.module.vpc.aws_network_acl.private",
            "module.aws_vpc.module.vpc.aws_network_acl.public",
            "module.aws_vpc.module.vpc.aws_network_acl.redshift",
            "module.aws_vpc.module.vpc.aws_network_acl_rule.database_inbound",
            "module.aws_vpc.module.vpc.aws_network_acl_rule.database_outbound",
            "module.aws_vpc.module.vpc.aws_network_acl_rule.elasticache_inbound",
            "module.aws_vpc.module.vpc.aws_network_acl_rule.elasticache_outbound",
            "module.aws_vpc.module.vpc.aws_network_acl_rule.intra_inbound",
            "module.aws_vpc.module.vpc.aws_network_acl_rule.intra_outbound",
            "module.aws_vpc.module.vpc.aws_network_acl_rule.outpost_inbound",
            "module.aws_vpc.module.vpc.aws_network_acl_rule.outpost_outbound",
            "module.aws_vpc.module.vpc.aws_network_acl_rule.private_inbound",
            "module.aws_vpc.module.vpc.aws_network_acl_rule.private_outbound",
            "module.aws_vpc.module.vpc.aws_network_acl_rule.public_inbound",
            "module.aws_vpc.module.vpc.aws_network_acl_rule.public_outbound",
            "module.aws_vpc.module.vpc.aws_network_acl_rule.redshift_inbound",
            "module.aws_vpc.module.vpc.aws_network_acl_rule.redshift_outbound",
            "module.aws_vpc.module.vpc.aws_redshift_subnet_group.redshift",
            "module.aws_vpc.module.vpc.aws_route.database_dns64_nat_gateway",
            "module.aws_vpc.module.vpc.aws_route.database_internet_gateway",
            "module.aws_vpc.module.vpc.aws_route.database_ipv6_egress",
            "module.aws_vpc.module.vpc.aws_route.database_nat_gateway",
            "module.aws_vpc.module.vpc.aws_route.private_dns64_nat_gateway",
            "module.aws_vpc.module.vpc.aws_route.private_ipv6_egress",
            "module.aws_vpc.module.vpc.aws_route.private_nat_gateway",
            "module.aws_vpc.module.vpc.aws_route.public_internet_gateway",
            "module.aws_vpc.module.vpc.aws_route.public_internet_gateway_ipv6",
            "module.aws_vpc.module.vpc.aws_route_table.database",
            "module.aws_vpc.module.vpc.aws_route_table.elasticache",
            "module.aws_vpc.module.vpc.aws_route_table.intra",
            "module.aws_vpc.module.vpc.aws_route_table.private",
            "module.aws_vpc.module.vpc.aws_route_table.public",
            "module.aws_vpc.module.vpc.aws_route_table.redshift",
            "module.aws_vpc.module.vpc.aws_route_table_association.database",
            "module.aws_vpc.module.vpc.aws_route_table_association.elasticache",
            "module.aws_vpc.module.vpc.aws_route_table_association.intra",
            "module.aws_vpc.module.vpc.aws_route_table_association.outpost",
            "module.aws_vpc.module.vpc.aws_route_table_association.private",
            "module.aws_vpc.module.vpc.aws_route_table_association.public",
            "module.aws_vpc.module.vpc.aws_route_table_association.redshift",
            "module.aws_vpc.module.vpc.aws_route_table_association.redshift_public",
            "module.aws_vpc.module.vpc.aws_subnet.database",
            "module.aws_vpc.module.vpc.aws_subnet.elasticache",
            "module.aws_vpc.module.vpc.aws_subnet.intra",
            "module.aws_vpc.module.vpc.aws_subnet.outpost",
            "module.aws_vpc.module.vpc.aws_subnet.private",
            "module.aws_vpc.module.vpc.aws_subnet.public",
            "module.aws_vpc.module.vpc.aws_subnet.redshift",
            "module.aws_vpc.module.vpc.aws_vpc.this",
            "module.aws_vpc.module.vpc.aws_vpc_dhcp_options.this",
            "module.aws_vpc.module.vpc.aws_vpc_dhcp_options_association.this",
            "module.aws_vpc.module.vpc.aws_vpc_ipv4_cidr_block_association.this",
            "module.aws_vpc.module.vpc.aws_vpn_gateway.this",
            "module.aws_vpc.module.vpc.aws_vpn_gateway_attachment.this",
            "module.aws_vpc.module.vpc.aws_vpn_gateway_route_propagation.intra",
            "module.aws_vpc.module.vpc.aws_vpn_gateway_route_propagation.private",
            "module.aws_vpc.module.vpc.aws_vpn_gateway_route_propagation.public",
            "module.aws_vpc.module.vpc.data.aws_iam_policy_document.flow_log_cloudwatch_assume_role",
            "module.aws_vpc.module.vpc.data.aws_iam_policy_document.vpc_flow_log_cloudwatch",
            "module.dev_workspace.aws_s3_bucket.root_storage_bucket",
            "module.dev_workspace.aws_s3_bucket_policy.root_bucket_policy",
            "module.dev_workspace.aws_s3_bucket_public_access_block.root_storage_bucket",
            "module.dev_workspace.aws_s3_bucket_server_side_encryption_configuration.root_storage_bucket",
            "module.dev_workspace.aws_s3_bucket_versioning.root_bucket_versioning",
            "module.dev_workspace.data.databricks_aws_bucket_policy.this",
            "module.dev_workspace.databricks_metastore_assignment.this",
            "module.dev_workspace.databricks_mws_credentials.this",
            "module.dev_workspace.databricks_mws_networks.this",
            "module.dev_workspace.databricks_mws_storage_configurations.this",
            "module.dev_workspace.databricks_mws_workspaces.this",
            "module.persistent_storage.databricks_catalog.this",
            "module.persistent_storage.databricks_external_location.this",
            "module.persistent_storage.databricks_storage_credential.this",
            "module.uc_bootstrap.data.databricks_service_principal.terraform_sp",
            "module.uc_bootstrap.databricks_group.account_admin_group",
            "module.uc_bootstrap.databricks_group.workspace_admin_group",
            "module.uc_bootstrap.databricks_group.workspace_user_group",
            "module.uc_bootstrap.databricks_group_member.admin_group_member",
            "module.uc_bootstrap.databricks_group_member.workspace_admin_group_member",
            "module.uc_bootstrap.databricks_group_member.workspace_admin_group_member_sp",
            "module.uc_bootstrap.databricks_group_member.workspace_user_group_member",
            "module.uc_bootstrap.databricks_service_principal_role.terraform_admin",
            "module.uc_bootstrap.databricks_service_principal_secret.terraform_sp",
            "module.uc_bootstrap.databricks_user.unity_users",
            "module.uc_bootstrap.databricks_user_role.account_admin_role",
            "module.uc_metastore.databricks_metastore.this"
          ]
        }
      ]
    },
    {
      "module": "module.persistent_storage",
      "mode": "managed",
      "type": "databricks_storage_credential",
      "name": "this",
      "provider": "provider[\"registry.terraform.io/databricks/databricks\"].dev_ws",
      "instances": [
        {
          "schema_version": 0,
          "attributes": {
            "aws_iam_role": [
              {
                "external_id": "0c6d76dc-ee77-45f4-ac75-9a177cc435b4",
                "role_arn": "arn:aws:iam::136146594194:role/databricks-zaxier-persistent-storage-s3-external-access-role",
                "unity_catalog_iam_arn": "arn:aws:iam::414351767826:role/unity-catalog-prod-UCMasterRole-14S5ZJVKOTYTL"
              }
            ],
            "azure_managed_identity": [],
            "azure_service_principal": [],
            "comment": "Managed by Terraform",
            "databricks_gcp_service_account": null,
            "force_destroy": null,
            "gcp_service_account_key": [],
            "id": "persistent-storage-s3-external-access-credential",
            "metastore_id": "23d06e21-8ff7-4f00-acd5-778c20aae6d4",
            "name": "persistent-storage-s3-external-access-credential",
            "owner": "xtarmitage+databricks-root@gmail.com",
            "read_only": false
          },
          "sensitive_attributes": [],
          "private": "bnVsbA==",
          "dependencies": [
            "module.aws_crossaccount_role.aws_iam_policy.cross_account_policy",
            "module.aws_crossaccount_role.aws_iam_role.cross_account_role",
            "module.aws_crossaccount_role.aws_iam_role_policy_attachment.cross_account_policy_attachment",
            "module.aws_crossaccount_role.data.databricks_aws_assume_role_policy.this",
            "module.aws_crossaccount_role.data.databricks_aws_crossaccount_policy.this",
            "module.aws_crossaccount_role.time_sleep.wait",
            "module.aws_vpc.data.aws_availability_zones.available",
            "module.aws_vpc.module.endpoints.aws_security_group.this",
            "module.aws_vpc.module.endpoints.aws_security_group_rule.this",
            "module.aws_vpc.module.endpoints.aws_vpc_endpoint.this",
            "module.aws_vpc.module.endpoints.data.aws_vpc_endpoint_service.this",
            "module.aws_vpc.module.vpc.aws_cloudwatch_log_group.flow_log",
            "module.aws_vpc.module.vpc.aws_customer_gateway.this",
            "module.aws_vpc.module.vpc.aws_db_subnet_group.database",
            "module.aws_vpc.module.vpc.aws_default_network_acl.this",
            "module.aws_vpc.module.vpc.aws_default_route_table.default",
            "module.aws_vpc.module.vpc.aws_default_security_group.this",
            "module.aws_vpc.module.vpc.aws_default_vpc.this",
            "module.aws_vpc.module.vpc.aws_egress_only_internet_gateway.this",
            "module.aws_vpc.module.vpc.aws_eip.nat",
            "module.aws_vpc.module.vpc.aws_elasticache_subnet_group.elasticache",
            "module.aws_vpc.module.vpc.aws_flow_log.this",
            "module.aws_vpc.module.vpc.aws_iam_policy.vpc_flow_log_cloudwatch",
            "module.aws_vpc.module.vpc.aws_iam_role.vpc_flow_log_cloudwatch",
            "module.aws_vpc.module.vpc.aws_iam_role_policy_attachment.vpc_flow_log_cloudwatch",
            "module.aws_vpc.module.vpc.aws_internet_gateway.this",
            "module.aws_vpc.module.vpc.aws_nat_gateway.this",
            "module.aws_vpc.module.vpc.aws_network_acl.database",
            "module.aws_vpc.module.vpc.aws_network_acl.elasticache",
            "module.aws_vpc.module.vpc.aws_network_acl.intra",
            "module.aws_vpc.module.vpc.aws_network_acl.outpost",
            "module.aws_vpc.module.vpc.aws_network_acl.private",
            "module.aws_vpc.module.vpc.aws_network_acl.public",
            "module.aws_vpc.module.vpc.aws_network_acl.redshift",
            "module.aws_vpc.module.vpc.aws_network_acl_rule.database_inbound",
            "module.aws_vpc.module.vpc.aws_network_acl_rule.database_outbound",
            "module.aws_vpc.module.vpc.aws_network_acl_rule.elasticache_inbound",
            "module.aws_vpc.module.vpc.aws_network_acl_rule.elasticache_outbound",
            "module.aws_vpc.module.vpc.aws_network_acl_rule.intra_inbound",
            "module.aws_vpc.module.vpc.aws_network_acl_rule.intra_outbound",
            "module.aws_vpc.module.vpc.aws_network_acl_rule.outpost_inbound",
            "module.aws_vpc.module.vpc.aws_network_acl_rule.outpost_outbound",
            "module.aws_vpc.module.vpc.aws_network_acl_rule.private_inbound",
            "module.aws_vpc.module.vpc.aws_network_acl_rule.private_outbound",
            "module.aws_vpc.module.vpc.aws_network_acl_rule.public_inbound",
            "module.aws_vpc.module.vpc.aws_network_acl_rule.public_outbound",
            "module.aws_vpc.module.vpc.aws_network_acl_rule.redshift_inbound",
            "module.aws_vpc.module.vpc.aws_network_acl_rule.redshift_outbound",
            "module.aws_vpc.module.vpc.aws_redshift_subnet_group.redshift",
            "module.aws_vpc.module.vpc.aws_route.database_dns64_nat_gateway",
            "module.aws_vpc.module.vpc.aws_route.database_internet_gateway",
            "module.aws_vpc.module.vpc.aws_route.database_ipv6_egress",
            "module.aws_vpc.module.vpc.aws_route.database_nat_gateway",
            "module.aws_vpc.module.vpc.aws_route.private_dns64_nat_gateway",
            "module.aws_vpc.module.vpc.aws_route.private_ipv6_egress",
            "module.aws_vpc.module.vpc.aws_route.private_nat_gateway",
            "module.aws_vpc.module.vpc.aws_route.public_internet_gateway",
            "module.aws_vpc.module.vpc.aws_route.public_internet_gateway_ipv6",
            "module.aws_vpc.module.vpc.aws_route_table.database",
            "module.aws_vpc.module.vpc.aws_route_table.elasticache",
            "module.aws_vpc.module.vpc.aws_route_table.intra",
            "module.aws_vpc.module.vpc.aws_route_table.private",
            "module.aws_vpc.module.vpc.aws_route_table.public",
            "module.aws_vpc.module.vpc.aws_route_table.redshift",
            "module.aws_vpc.module.vpc.aws_route_table_association.database",
            "module.aws_vpc.module.vpc.aws_route_table_association.elasticache",
            "module.aws_vpc.module.vpc.aws_route_table_association.intra",
            "module.aws_vpc.module.vpc.aws_route_table_association.outpost",
            "module.aws_vpc.module.vpc.aws_route_table_association.private",
            "module.aws_vpc.module.vpc.aws_route_table_association.public",
            "module.aws_vpc.module.vpc.aws_route_table_association.redshift",
            "module.aws_vpc.module.vpc.aws_route_table_association.redshift_public",
            "module.aws_vpc.module.vpc.aws_subnet.database",
            "module.aws_vpc.module.vpc.aws_subnet.elasticache",
            "module.aws_vpc.module.vpc.aws_subnet.intra",
            "module.aws_vpc.module.vpc.aws_subnet.outpost",
            "module.aws_vpc.module.vpc.aws_subnet.private",
            "module.aws_vpc.module.vpc.aws_subnet.public",
            "module.aws_vpc.module.vpc.aws_subnet.redshift",
            "module.aws_vpc.module.vpc.aws_vpc.this",
            "module.aws_vpc.module.vpc.aws_vpc_dhcp_options.this",
            "module.aws_vpc.module.vpc.aws_vpc_dhcp_options_association.this",
            "module.aws_vpc.module.vpc.aws_vpc_ipv4_cidr_block_association.this",
            "module.aws_vpc.module.vpc.aws_vpn_gateway.this",
            "module.aws_vpc.module.vpc.aws_vpn_gateway_attachment.this",
            "module.aws_vpc.module.vpc.aws_vpn_gateway_route_propagation.intra",
            "module.aws_vpc.module.vpc.aws_vpn_gateway_route_propagation.private",
            "module.aws_vpc.module.vpc.aws_vpn_gateway_route_propagation.public",
            "module.aws_vpc.module.vpc.data.aws_iam_policy_document.flow_log_cloudwatch_assume_role",
            "module.aws_vpc.module.vpc.data.aws_iam_policy_document.vpc_flow_log_cloudwatch",
            "module.dev_workspace.aws_s3_bucket.root_storage_bucket",
            "module.dev_workspace.aws_s3_bucket_policy.root_bucket_policy",
            "module.dev_workspace.aws_s3_bucket_public_access_block.root_storage_bucket",
            "module.dev_workspace.aws_s3_bucket_server_side_encryption_configuration.root_storage_bucket",
            "module.dev_workspace.aws_s3_bucket_versioning.root_bucket_versioning",
            "module.dev_workspace.data.databricks_aws_bucket_policy.this",
            "module.dev_workspace.databricks_metastore_assignment.this",
            "module.dev_workspace.databricks_mws_credentials.this",
            "module.dev_workspace.databricks_mws_networks.this",
            "module.dev_workspace.databricks_mws_storage_configurations.this",
            "module.dev_workspace.databricks_mws_workspaces.this",
            "module.uc_bootstrap.data.databricks_service_principal.terraform_sp",
            "module.uc_bootstrap.databricks_group.account_admin_group",
            "module.uc_bootstrap.databricks_group.workspace_admin_group",
            "module.uc_bootstrap.databricks_group.workspace_user_group",
            "module.uc_bootstrap.databricks_group_member.admin_group_member",
            "module.uc_bootstrap.databricks_group_member.workspace_admin_group_member",
            "module.uc_bootstrap.databricks_group_member.workspace_admin_group_member_sp",
            "module.uc_bootstrap.databricks_group_member.workspace_user_group_member",
            "module.uc_bootstrap.databricks_service_principal_role.terraform_admin",
            "module.uc_bootstrap.databricks_service_principal_secret.terraform_sp",
            "module.uc_bootstrap.databricks_user.unity_users",
            "module.uc_bootstrap.databricks_user_role.account_admin_role",
            "module.uc_metastore.databricks_metastore.this"
          ]
        }
      ]
    },
    {
      "module": "module.persistent_storage",
      "mode": "managed",
      "type": "databricks_volume",
      "name": "this",
      "provider": "provider[\"registry.terraform.io/databricks/databricks\"].dev_ws",
      "instances": [
        {
          "schema_version": 0,
          "attributes": {
            "catalog_name": "_persist",
            "comment": "Managed by Terraform",
            "id": "_persist.default.files",
            "name": "files",
            "owner": "xtarmitage+databricks-root@gmail.com",
            "schema_name": "default",
            "storage_location": "s3://databricks-zaxier-persistent-storage/files",
            "volume_type": "EXTERNAL"
          },
          "sensitive_attributes": [],
          "private": "bnVsbA==",
          "dependencies": [
            "module.aws_crossaccount_role.aws_iam_policy.cross_account_policy",
            "module.aws_crossaccount_role.aws_iam_role.cross_account_role",
            "module.aws_crossaccount_role.aws_iam_role_policy_attachment.cross_account_policy_attachment",
            "module.aws_crossaccount_role.data.databricks_aws_assume_role_policy.this",
            "module.aws_crossaccount_role.data.databricks_aws_crossaccount_policy.this",
            "module.aws_crossaccount_role.time_sleep.wait",
            "module.aws_vpc.data.aws_availability_zones.available",
            "module.aws_vpc.module.endpoints.aws_security_group.this",
            "module.aws_vpc.module.endpoints.aws_security_group_rule.this",
            "module.aws_vpc.module.endpoints.aws_vpc_endpoint.this",
            "module.aws_vpc.module.endpoints.data.aws_vpc_endpoint_service.this",
            "module.aws_vpc.module.vpc.aws_cloudwatch_log_group.flow_log",
            "module.aws_vpc.module.vpc.aws_customer_gateway.this",
            "module.aws_vpc.module.vpc.aws_db_subnet_group.database",
            "module.aws_vpc.module.vpc.aws_default_network_acl.this",
            "module.aws_vpc.module.vpc.aws_default_route_table.default",
            "module.aws_vpc.module.vpc.aws_default_security_group.this",
            "module.aws_vpc.module.vpc.aws_default_vpc.this",
            "module.aws_vpc.module.vpc.aws_egress_only_internet_gateway.this",
            "module.aws_vpc.module.vpc.aws_eip.nat",
            "module.aws_vpc.module.vpc.aws_elasticache_subnet_group.elasticache",
            "module.aws_vpc.module.vpc.aws_flow_log.this",
            "module.aws_vpc.module.vpc.aws_iam_policy.vpc_flow_log_cloudwatch",
            "module.aws_vpc.module.vpc.aws_iam_role.vpc_flow_log_cloudwatch",
            "module.aws_vpc.module.vpc.aws_iam_role_policy_attachment.vpc_flow_log_cloudwatch",
            "module.aws_vpc.module.vpc.aws_internet_gateway.this",
            "module.aws_vpc.module.vpc.aws_nat_gateway.this",
            "module.aws_vpc.module.vpc.aws_network_acl.database",
            "module.aws_vpc.module.vpc.aws_network_acl.elasticache",
            "module.aws_vpc.module.vpc.aws_network_acl.intra",
            "module.aws_vpc.module.vpc.aws_network_acl.outpost",
            "module.aws_vpc.module.vpc.aws_network_acl.private",
            "module.aws_vpc.module.vpc.aws_network_acl.public",
            "module.aws_vpc.module.vpc.aws_network_acl.redshift",
            "module.aws_vpc.module.vpc.aws_network_acl_rule.database_inbound",
            "module.aws_vpc.module.vpc.aws_network_acl_rule.database_outbound",
            "module.aws_vpc.module.vpc.aws_network_acl_rule.elasticache_inbound",
            "module.aws_vpc.module.vpc.aws_network_acl_rule.elasticache_outbound",
            "module.aws_vpc.module.vpc.aws_network_acl_rule.intra_inbound",
            "module.aws_vpc.module.vpc.aws_network_acl_rule.intra_outbound",
            "module.aws_vpc.module.vpc.aws_network_acl_rule.outpost_inbound",
            "module.aws_vpc.module.vpc.aws_network_acl_rule.outpost_outbound",
            "module.aws_vpc.module.vpc.aws_network_acl_rule.private_inbound",
            "module.aws_vpc.module.vpc.aws_network_acl_rule.private_outbound",
            "module.aws_vpc.module.vpc.aws_network_acl_rule.public_inbound",
            "module.aws_vpc.module.vpc.aws_network_acl_rule.public_outbound",
            "module.aws_vpc.module.vpc.aws_network_acl_rule.redshift_inbound",
            "module.aws_vpc.module.vpc.aws_network_acl_rule.redshift_outbound",
            "module.aws_vpc.module.vpc.aws_redshift_subnet_group.redshift",
            "module.aws_vpc.module.vpc.aws_route.database_dns64_nat_gateway",
            "module.aws_vpc.module.vpc.aws_route.database_internet_gateway",
            "module.aws_vpc.module.vpc.aws_route.database_ipv6_egress",
            "module.aws_vpc.module.vpc.aws_route.database_nat_gateway",
            "module.aws_vpc.module.vpc.aws_route.private_dns64_nat_gateway",
            "module.aws_vpc.module.vpc.aws_route.private_ipv6_egress",
            "module.aws_vpc.module.vpc.aws_route.private_nat_gateway",
            "module.aws_vpc.module.vpc.aws_route.public_internet_gateway",
            "module.aws_vpc.module.vpc.aws_route.public_internet_gateway_ipv6",
            "module.aws_vpc.module.vpc.aws_route_table.database",
            "module.aws_vpc.module.vpc.aws_route_table.elasticache",
            "module.aws_vpc.module.vpc.aws_route_table.intra",
            "module.aws_vpc.module.vpc.aws_route_table.private",
            "module.aws_vpc.module.vpc.aws_route_table.public",
            "module.aws_vpc.module.vpc.aws_route_table.redshift",
            "module.aws_vpc.module.vpc.aws_route_table_association.database",
            "module.aws_vpc.module.vpc.aws_route_table_association.elasticache",
            "module.aws_vpc.module.vpc.aws_route_table_association.intra",
            "module.aws_vpc.module.vpc.aws_route_table_association.outpost",
            "module.aws_vpc.module.vpc.aws_route_table_association.private",
            "module.aws_vpc.module.vpc.aws_route_table_association.public",
            "module.aws_vpc.module.vpc.aws_route_table_association.redshift",
            "module.aws_vpc.module.vpc.aws_route_table_association.redshift_public",
            "module.aws_vpc.module.vpc.aws_subnet.database",
            "module.aws_vpc.module.vpc.aws_subnet.elasticache",
            "module.aws_vpc.module.vpc.aws_subnet.intra",
            "module.aws_vpc.module.vpc.aws_subnet.outpost",
            "module.aws_vpc.module.vpc.aws_subnet.private",
            "module.aws_vpc.module.vpc.aws_subnet.public",
            "module.aws_vpc.module.vpc.aws_subnet.redshift",
            "module.aws_vpc.module.vpc.aws_vpc.this",
            "module.aws_vpc.module.vpc.aws_vpc_dhcp_options.this",
            "module.aws_vpc.module.vpc.aws_vpc_dhcp_options_association.this",
            "module.aws_vpc.module.vpc.aws_vpc_ipv4_cidr_block_association.this",
            "module.aws_vpc.module.vpc.aws_vpn_gateway.this",
            "module.aws_vpc.module.vpc.aws_vpn_gateway_attachment.this",
            "module.aws_vpc.module.vpc.aws_vpn_gateway_route_propagation.intra",
            "module.aws_vpc.module.vpc.aws_vpn_gateway_route_propagation.private",
            "module.aws_vpc.module.vpc.aws_vpn_gateway_route_propagation.public",
            "module.aws_vpc.module.vpc.data.aws_iam_policy_document.flow_log_cloudwatch_assume_role",
            "module.aws_vpc.module.vpc.data.aws_iam_policy_document.vpc_flow_log_cloudwatch",
            "module.dev_workspace.aws_s3_bucket.root_storage_bucket",
            "module.dev_workspace.aws_s3_bucket_policy.root_bucket_policy",
            "module.dev_workspace.aws_s3_bucket_public_access_block.root_storage_bucket",
            "module.dev_workspace.aws_s3_bucket_server_side_encryption_configuration.root_storage_bucket",
            "module.dev_workspace.aws_s3_bucket_versioning.root_bucket_versioning",
            "module.dev_workspace.data.databricks_aws_bucket_policy.this",
            "module.dev_workspace.databricks_metastore_assignment.this",
            "module.dev_workspace.databricks_mws_credentials.this",
            "module.dev_workspace.databricks_mws_networks.this",
            "module.dev_workspace.databricks_mws_storage_configurations.this",
            "module.dev_workspace.databricks_mws_workspaces.this",
            "module.persistent_storage.databricks_catalog.this",
            "module.persistent_storage.databricks_external_location.this",
            "module.persistent_storage.databricks_schema.this",
            "module.persistent_storage.databricks_storage_credential.this",
            "module.uc_bootstrap.data.databricks_service_principal.terraform_sp",
            "module.uc_bootstrap.databricks_group.account_admin_group",
            "module.uc_bootstrap.databricks_group.workspace_admin_group",
            "module.uc_bootstrap.databricks_group.workspace_user_group",
            "module.uc_bootstrap.databricks_group_member.admin_group_member",
            "module.uc_bootstrap.databricks_group_member.workspace_admin_group_member",
            "module.uc_bootstrap.databricks_group_member.workspace_admin_group_member_sp",
            "module.uc_bootstrap.databricks_group_member.workspace_user_group_member",
            "module.uc_bootstrap.databricks_service_principal_role.terraform_admin",
            "module.uc_bootstrap.databricks_service_principal_secret.terraform_sp",
            "module.uc_bootstrap.databricks_user.unity_users",
            "module.uc_bootstrap.databricks_user_role.account_admin_role",
            "module.uc_metastore.databricks_metastore.this"
          ]
        }
      ]
    },
    {
      "module": "module.prod_catalog",
      "mode": "managed",
      "type": "aws_iam_policy",
      "name": "policy",
      "provider": "provider[\"registry.terraform.io/hashicorp/aws\"]",
      "instances": [
        {
          "schema_version": 0,
          "attributes": {
            "arn": "arn:aws:iam::136146594194:policy/_prod-catalog-s3-external-access-policy",
            "description": "Policy for S3 Bucket Access",
            "id": "arn:aws:iam::136146594194:policy/_prod-catalog-s3-external-access-policy",
            "name": "_prod-catalog-s3-external-access-policy",
            "name_prefix": "",
            "path": "/",
            "policy": "{\"Statement\":[{\"Action\":[\"s3:GetObject\",\"s3:PutObject\",\"s3:DeleteObject\",\"s3:ListBucket\",\"s3:GetBucketLocation\",\"s3:GetLifecycleConfiguration\",\"s3:PutLifecycleConfiguration\"],\"Effect\":\"Allow\",\"Resource\":[\"arn:aws:s3:::prod-catalog-storage-20240110225036746200000007\",\"arn:aws:s3:::prod-catalog-storage-20240110225036746200000007/*\"]},{\"Action\":[\"sts:AssumeRole\"],\"Effect\":\"Allow\",\"Resource\":[\"arn:aws:iam::136146594194:role/_prod-catalog-s3-external-access-role\"]}],\"Version\":\"2012-10-17\"}",
            "policy_id": "ANPAR7MXYFGJCN4UJLAZQ",
            "tags": {
              "Environment": "dev",
              "Project": "mars"
            },
            "tags_all": {
              "Environment": "dev",
              "Project": "mars"
            }
          },
          "sensitive_attributes": [],
          "private": "bnVsbA==",
          "dependencies": [
            "module.aws_crossaccount_role.aws_iam_policy.cross_account_policy",
            "module.aws_crossaccount_role.aws_iam_role.cross_account_role",
            "module.aws_crossaccount_role.aws_iam_role_policy_attachment.cross_account_policy_attachment",
            "module.aws_crossaccount_role.data.databricks_aws_assume_role_policy.this",
            "module.aws_crossaccount_role.data.databricks_aws_crossaccount_policy.this",
            "module.aws_crossaccount_role.time_sleep.wait",
            "module.aws_vpc.data.aws_availability_zones.available",
            "module.aws_vpc.module.endpoints.aws_security_group.this",
            "module.aws_vpc.module.endpoints.aws_security_group_rule.this",
            "module.aws_vpc.module.endpoints.aws_vpc_endpoint.this",
            "module.aws_vpc.module.endpoints.data.aws_vpc_endpoint_service.this",
            "module.aws_vpc.module.vpc.aws_cloudwatch_log_group.flow_log",
            "module.aws_vpc.module.vpc.aws_customer_gateway.this",
            "module.aws_vpc.module.vpc.aws_db_subnet_group.database",
            "module.aws_vpc.module.vpc.aws_default_network_acl.this",
            "module.aws_vpc.module.vpc.aws_default_route_table.default",
            "module.aws_vpc.module.vpc.aws_default_security_group.this",
            "module.aws_vpc.module.vpc.aws_default_vpc.this",
            "module.aws_vpc.module.vpc.aws_egress_only_internet_gateway.this",
            "module.aws_vpc.module.vpc.aws_eip.nat",
            "module.aws_vpc.module.vpc.aws_elasticache_subnet_group.elasticache",
            "module.aws_vpc.module.vpc.aws_flow_log.this",
            "module.aws_vpc.module.vpc.aws_iam_policy.vpc_flow_log_cloudwatch",
            "module.aws_vpc.module.vpc.aws_iam_role.vpc_flow_log_cloudwatch",
            "module.aws_vpc.module.vpc.aws_iam_role_policy_attachment.vpc_flow_log_cloudwatch",
            "module.aws_vpc.module.vpc.aws_internet_gateway.this",
            "module.aws_vpc.module.vpc.aws_nat_gateway.this",
            "module.aws_vpc.module.vpc.aws_network_acl.database",
            "module.aws_vpc.module.vpc.aws_network_acl.elasticache",
            "module.aws_vpc.module.vpc.aws_network_acl.intra",
            "module.aws_vpc.module.vpc.aws_network_acl.outpost",
            "module.aws_vpc.module.vpc.aws_network_acl.private",
            "module.aws_vpc.module.vpc.aws_network_acl.public",
            "module.aws_vpc.module.vpc.aws_network_acl.redshift",
            "module.aws_vpc.module.vpc.aws_network_acl_rule.database_inbound",
            "module.aws_vpc.module.vpc.aws_network_acl_rule.database_outbound",
            "module.aws_vpc.module.vpc.aws_network_acl_rule.elasticache_inbound",
            "module.aws_vpc.module.vpc.aws_network_acl_rule.elasticache_outbound",
            "module.aws_vpc.module.vpc.aws_network_acl_rule.intra_inbound",
            "module.aws_vpc.module.vpc.aws_network_acl_rule.intra_outbound",
            "module.aws_vpc.module.vpc.aws_network_acl_rule.outpost_inbound",
            "module.aws_vpc.module.vpc.aws_network_acl_rule.outpost_outbound",
            "module.aws_vpc.module.vpc.aws_network_acl_rule.private_inbound",
            "module.aws_vpc.module.vpc.aws_network_acl_rule.private_outbound",
            "module.aws_vpc.module.vpc.aws_network_acl_rule.public_inbound",
            "module.aws_vpc.module.vpc.aws_network_acl_rule.public_outbound",
            "module.aws_vpc.module.vpc.aws_network_acl_rule.redshift_inbound",
            "module.aws_vpc.module.vpc.aws_network_acl_rule.redshift_outbound",
            "module.aws_vpc.module.vpc.aws_redshift_subnet_group.redshift",
            "module.aws_vpc.module.vpc.aws_route.database_dns64_nat_gateway",
            "module.aws_vpc.module.vpc.aws_route.database_internet_gateway",
            "module.aws_vpc.module.vpc.aws_route.database_ipv6_egress",
            "module.aws_vpc.module.vpc.aws_route.database_nat_gateway",
            "module.aws_vpc.module.vpc.aws_route.private_dns64_nat_gateway",
            "module.aws_vpc.module.vpc.aws_route.private_ipv6_egress",
            "module.aws_vpc.module.vpc.aws_route.private_nat_gateway",
            "module.aws_vpc.module.vpc.aws_route.public_internet_gateway",
            "module.aws_vpc.module.vpc.aws_route.public_internet_gateway_ipv6",
            "module.aws_vpc.module.vpc.aws_route_table.database",
            "module.aws_vpc.module.vpc.aws_route_table.elasticache",
            "module.aws_vpc.module.vpc.aws_route_table.intra",
            "module.aws_vpc.module.vpc.aws_route_table.private",
            "module.aws_vpc.module.vpc.aws_route_table.public",
            "module.aws_vpc.module.vpc.aws_route_table.redshift",
            "module.aws_vpc.module.vpc.aws_route_table_association.database",
            "module.aws_vpc.module.vpc.aws_route_table_association.elasticache",
            "module.aws_vpc.module.vpc.aws_route_table_association.intra",
            "module.aws_vpc.module.vpc.aws_route_table_association.outpost",
            "module.aws_vpc.module.vpc.aws_route_table_association.private",
            "module.aws_vpc.module.vpc.aws_route_table_association.public",
            "module.aws_vpc.module.vpc.aws_route_table_association.redshift",
            "module.aws_vpc.module.vpc.aws_route_table_association.redshift_public",
            "module.aws_vpc.module.vpc.aws_subnet.database",
            "module.aws_vpc.module.vpc.aws_subnet.elasticache",
            "module.aws_vpc.module.vpc.aws_subnet.intra",
            "module.aws_vpc.module.vpc.aws_subnet.outpost",
            "module.aws_vpc.module.vpc.aws_subnet.private",
            "module.aws_vpc.module.vpc.aws_subnet.public",
            "module.aws_vpc.module.vpc.aws_subnet.redshift",
            "module.aws_vpc.module.vpc.aws_vpc.this",
            "module.aws_vpc.module.vpc.aws_vpc_dhcp_options.this",
            "module.aws_vpc.module.vpc.aws_vpc_dhcp_options_association.this",
            "module.aws_vpc.module.vpc.aws_vpc_ipv4_cidr_block_association.this",
            "module.aws_vpc.module.vpc.aws_vpn_gateway.this",
            "module.aws_vpc.module.vpc.aws_vpn_gateway_attachment.this",
            "module.aws_vpc.module.vpc.aws_vpn_gateway_route_propagation.intra",
            "module.aws_vpc.module.vpc.aws_vpn_gateway_route_propagation.private",
            "module.aws_vpc.module.vpc.aws_vpn_gateway_route_propagation.public",
            "module.aws_vpc.module.vpc.data.aws_iam_policy_document.flow_log_cloudwatch_assume_role",
            "module.aws_vpc.module.vpc.data.aws_iam_policy_document.vpc_flow_log_cloudwatch",
            "module.dev_workspace.aws_s3_bucket.root_storage_bucket",
            "module.dev_workspace.aws_s3_bucket_policy.root_bucket_policy",
            "module.dev_workspace.aws_s3_bucket_public_access_block.root_storage_bucket",
            "module.dev_workspace.aws_s3_bucket_server_side_encryption_configuration.root_storage_bucket",
            "module.dev_workspace.aws_s3_bucket_versioning.root_bucket_versioning",
            "module.dev_workspace.data.databricks_aws_bucket_policy.this",
            "module.dev_workspace.databricks_metastore_assignment.this",
            "module.dev_workspace.databricks_mws_credentials.this",
            "module.dev_workspace.databricks_mws_networks.this",
            "module.dev_workspace.databricks_mws_storage_configurations.this",
            "module.dev_workspace.databricks_mws_workspaces.this",
            "module.prod_catalog.aws_iam_role.role",
            "module.prod_catalog.module.s3_bucket.aws_s3_bucket.this",
            "module.uc_bootstrap.data.databricks_service_principal.terraform_sp",
            "module.uc_bootstrap.databricks_group.account_admin_group",
            "module.uc_bootstrap.databricks_group.workspace_admin_group",
            "module.uc_bootstrap.databricks_group.workspace_user_group",
            "module.uc_bootstrap.databricks_group_member.admin_group_member",
            "module.uc_bootstrap.databricks_group_member.workspace_admin_group_member",
            "module.uc_bootstrap.databricks_group_member.workspace_admin_group_member_sp",
            "module.uc_bootstrap.databricks_group_member.workspace_user_group_member",
            "module.uc_bootstrap.databricks_service_principal_role.terraform_admin",
            "module.uc_bootstrap.databricks_service_principal_secret.terraform_sp",
            "module.uc_bootstrap.databricks_user.unity_users",
            "module.uc_bootstrap.databricks_user_role.account_admin_role",
            "module.uc_metastore.databricks_metastore.this",
            "module.uc_privileges.databricks_grants.this"
          ]
        }
      ]
    },
    {
      "module": "module.prod_catalog",
      "mode": "managed",
      "type": "aws_iam_role",
      "name": "role",
      "provider": "provider[\"registry.terraform.io/hashicorp/aws\"]",
      "instances": [
        {
          "schema_version": 0,
          "attributes": {
            "arn": "arn:aws:iam::136146594194:role/_prod-catalog-s3-external-access-role",
            "assume_role_policy": "{\"Statement\":[{\"Action\":\"sts:AssumeRole\",\"Condition\":{\"StringEquals\":{\"sts:ExternalId\":\"0c6d76dc-ee77-45f4-ac75-9a177cc435b4\"}},\"Effect\":\"Allow\",\"Principal\":{\"AWS\":\"arn:aws:iam::414351767826:role/unity-catalog-prod-UCMasterRole-14S5ZJVKOTYTL\"}}],\"Version\":\"2008-10-17\"}",
            "create_date": "2024-01-10T22:50:37Z",
            "description": "",
            "force_detach_policies": false,
            "id": "_prod-catalog-s3-external-access-role",
            "inline_policy": [],
            "managed_policy_arns": [],
            "max_session_duration": 3600,
            "name": "_prod-catalog-s3-external-access-role",
            "name_prefix": "",
            "path": "/",
            "permissions_boundary": "",
            "tags": {
              "Environment": "dev",
              "Project": "mars"
            },
            "tags_all": {
              "Environment": "dev",
              "Project": "mars"
            },
            "unique_id": "AROAR7MXYFGJKG2QZUCMY"
          },
          "sensitive_attributes": [],
          "private": "bnVsbA==",
          "dependencies": [
            "module.aws_crossaccount_role.aws_iam_policy.cross_account_policy",
            "module.aws_crossaccount_role.aws_iam_role.cross_account_role",
            "module.aws_crossaccount_role.aws_iam_role_policy_attachment.cross_account_policy_attachment",
            "module.aws_crossaccount_role.data.databricks_aws_assume_role_policy.this",
            "module.aws_crossaccount_role.data.databricks_aws_crossaccount_policy.this",
            "module.aws_crossaccount_role.time_sleep.wait",
            "module.aws_vpc.data.aws_availability_zones.available",
            "module.aws_vpc.module.endpoints.aws_security_group.this",
            "module.aws_vpc.module.endpoints.aws_security_group_rule.this",
            "module.aws_vpc.module.endpoints.aws_vpc_endpoint.this",
            "module.aws_vpc.module.endpoints.data.aws_vpc_endpoint_service.this",
            "module.aws_vpc.module.vpc.aws_cloudwatch_log_group.flow_log",
            "module.aws_vpc.module.vpc.aws_customer_gateway.this",
            "module.aws_vpc.module.vpc.aws_db_subnet_group.database",
            "module.aws_vpc.module.vpc.aws_default_network_acl.this",
            "module.aws_vpc.module.vpc.aws_default_route_table.default",
            "module.aws_vpc.module.vpc.aws_default_security_group.this",
            "module.aws_vpc.module.vpc.aws_default_vpc.this",
            "module.aws_vpc.module.vpc.aws_egress_only_internet_gateway.this",
            "module.aws_vpc.module.vpc.aws_eip.nat",
            "module.aws_vpc.module.vpc.aws_elasticache_subnet_group.elasticache",
            "module.aws_vpc.module.vpc.aws_flow_log.this",
            "module.aws_vpc.module.vpc.aws_iam_policy.vpc_flow_log_cloudwatch",
            "module.aws_vpc.module.vpc.aws_iam_role.vpc_flow_log_cloudwatch",
            "module.aws_vpc.module.vpc.aws_iam_role_policy_attachment.vpc_flow_log_cloudwatch",
            "module.aws_vpc.module.vpc.aws_internet_gateway.this",
            "module.aws_vpc.module.vpc.aws_nat_gateway.this",
            "module.aws_vpc.module.vpc.aws_network_acl.database",
            "module.aws_vpc.module.vpc.aws_network_acl.elasticache",
            "module.aws_vpc.module.vpc.aws_network_acl.intra",
            "module.aws_vpc.module.vpc.aws_network_acl.outpost",
            "module.aws_vpc.module.vpc.aws_network_acl.private",
            "module.aws_vpc.module.vpc.aws_network_acl.public",
            "module.aws_vpc.module.vpc.aws_network_acl.redshift",
            "module.aws_vpc.module.vpc.aws_network_acl_rule.database_inbound",
            "module.aws_vpc.module.vpc.aws_network_acl_rule.database_outbound",
            "module.aws_vpc.module.vpc.aws_network_acl_rule.elasticache_inbound",
            "module.aws_vpc.module.vpc.aws_network_acl_rule.elasticache_outbound",
            "module.aws_vpc.module.vpc.aws_network_acl_rule.intra_inbound",
            "module.aws_vpc.module.vpc.aws_network_acl_rule.intra_outbound",
            "module.aws_vpc.module.vpc.aws_network_acl_rule.outpost_inbound",
            "module.aws_vpc.module.vpc.aws_network_acl_rule.outpost_outbound",
            "module.aws_vpc.module.vpc.aws_network_acl_rule.private_inbound",
            "module.aws_vpc.module.vpc.aws_network_acl_rule.private_outbound",
            "module.aws_vpc.module.vpc.aws_network_acl_rule.public_inbound",
            "module.aws_vpc.module.vpc.aws_network_acl_rule.public_outbound",
            "module.aws_vpc.module.vpc.aws_network_acl_rule.redshift_inbound",
            "module.aws_vpc.module.vpc.aws_network_acl_rule.redshift_outbound",
            "module.aws_vpc.module.vpc.aws_redshift_subnet_group.redshift",
            "module.aws_vpc.module.vpc.aws_route.database_dns64_nat_gateway",
            "module.aws_vpc.module.vpc.aws_route.database_internet_gateway",
            "module.aws_vpc.module.vpc.aws_route.database_ipv6_egress",
            "module.aws_vpc.module.vpc.aws_route.database_nat_gateway",
            "module.aws_vpc.module.vpc.aws_route.private_dns64_nat_gateway",
            "module.aws_vpc.module.vpc.aws_route.private_ipv6_egress",
            "module.aws_vpc.module.vpc.aws_route.private_nat_gateway",
            "module.aws_vpc.module.vpc.aws_route.public_internet_gateway",
            "module.aws_vpc.module.vpc.aws_route.public_internet_gateway_ipv6",
            "module.aws_vpc.module.vpc.aws_route_table.database",
            "module.aws_vpc.module.vpc.aws_route_table.elasticache",
            "module.aws_vpc.module.vpc.aws_route_table.intra",
            "module.aws_vpc.module.vpc.aws_route_table.private",
            "module.aws_vpc.module.vpc.aws_route_table.public",
            "module.aws_vpc.module.vpc.aws_route_table.redshift",
            "module.aws_vpc.module.vpc.aws_route_table_association.database",
            "module.aws_vpc.module.vpc.aws_route_table_association.elasticache",
            "module.aws_vpc.module.vpc.aws_route_table_association.intra",
            "module.aws_vpc.module.vpc.aws_route_table_association.outpost",
            "module.aws_vpc.module.vpc.aws_route_table_association.private",
            "module.aws_vpc.module.vpc.aws_route_table_association.public",
            "module.aws_vpc.module.vpc.aws_route_table_association.redshift",
            "module.aws_vpc.module.vpc.aws_route_table_association.redshift_public",
            "module.aws_vpc.module.vpc.aws_subnet.database",
            "module.aws_vpc.module.vpc.aws_subnet.elasticache",
            "module.aws_vpc.module.vpc.aws_subnet.intra",
            "module.aws_vpc.module.vpc.aws_subnet.outpost",
            "module.aws_vpc.module.vpc.aws_subnet.private",
            "module.aws_vpc.module.vpc.aws_subnet.public",
            "module.aws_vpc.module.vpc.aws_subnet.redshift",
            "module.aws_vpc.module.vpc.aws_vpc.this",
            "module.aws_vpc.module.vpc.aws_vpc_dhcp_options.this",
            "module.aws_vpc.module.vpc.aws_vpc_dhcp_options_association.this",
            "module.aws_vpc.module.vpc.aws_vpc_ipv4_cidr_block_association.this",
            "module.aws_vpc.module.vpc.aws_vpn_gateway.this",
            "module.aws_vpc.module.vpc.aws_vpn_gateway_attachment.this",
            "module.aws_vpc.module.vpc.aws_vpn_gateway_route_propagation.intra",
            "module.aws_vpc.module.vpc.aws_vpn_gateway_route_propagation.private",
            "module.aws_vpc.module.vpc.aws_vpn_gateway_route_propagation.public",
            "module.aws_vpc.module.vpc.data.aws_iam_policy_document.flow_log_cloudwatch_assume_role",
            "module.aws_vpc.module.vpc.data.aws_iam_policy_document.vpc_flow_log_cloudwatch",
            "module.dev_workspace.aws_s3_bucket.root_storage_bucket",
            "module.dev_workspace.aws_s3_bucket_policy.root_bucket_policy",
            "module.dev_workspace.aws_s3_bucket_public_access_block.root_storage_bucket",
            "module.dev_workspace.aws_s3_bucket_server_side_encryption_configuration.root_storage_bucket",
            "module.dev_workspace.aws_s3_bucket_versioning.root_bucket_versioning",
            "module.dev_workspace.data.databricks_aws_bucket_policy.this",
            "module.dev_workspace.databricks_metastore_assignment.this",
            "module.dev_workspace.databricks_mws_credentials.this",
            "module.dev_workspace.databricks_mws_networks.this",
            "module.dev_workspace.databricks_mws_storage_configurations.this",
            "module.dev_workspace.databricks_mws_workspaces.this",
            "module.uc_bootstrap.data.databricks_service_principal.terraform_sp",
            "module.uc_bootstrap.databricks_group.account_admin_group",
            "module.uc_bootstrap.databricks_group.workspace_admin_group",
            "module.uc_bootstrap.databricks_group.workspace_user_group",
            "module.uc_bootstrap.databricks_group_member.admin_group_member",
            "module.uc_bootstrap.databricks_group_member.workspace_admin_group_member",
            "module.uc_bootstrap.databricks_group_member.workspace_admin_group_member_sp",
            "module.uc_bootstrap.databricks_group_member.workspace_user_group_member",
            "module.uc_bootstrap.databricks_service_principal_role.terraform_admin",
            "module.uc_bootstrap.databricks_service_principal_secret.terraform_sp",
            "module.uc_bootstrap.databricks_user.unity_users",
            "module.uc_bootstrap.databricks_user_role.account_admin_role",
            "module.uc_metastore.databricks_metastore.this",
            "module.uc_privileges.databricks_grants.this"
          ]
        }
      ]
    },
    {
      "module": "module.prod_catalog",
      "mode": "managed",
      "type": "aws_iam_role_policy_attachment",
      "name": "attachment",
      "provider": "provider[\"registry.terraform.io/hashicorp/aws\"]",
      "instances": [
        {
          "schema_version": 0,
          "attributes": {
            "id": "_prod-catalog-s3-external-access-role-2024011022504060200000000c",
            "policy_arn": "arn:aws:iam::136146594194:policy/_prod-catalog-s3-external-access-policy",
            "role": "_prod-catalog-s3-external-access-role"
          },
          "sensitive_attributes": [],
          "private": "bnVsbA==",
          "dependencies": [
            "module.aws_crossaccount_role.aws_iam_policy.cross_account_policy",
            "module.aws_crossaccount_role.aws_iam_role.cross_account_role",
            "module.aws_crossaccount_role.aws_iam_role_policy_attachment.cross_account_policy_attachment",
            "module.aws_crossaccount_role.data.databricks_aws_assume_role_policy.this",
            "module.aws_crossaccount_role.data.databricks_aws_crossaccount_policy.this",
            "module.aws_crossaccount_role.time_sleep.wait",
            "module.aws_vpc.data.aws_availability_zones.available",
            "module.aws_vpc.module.endpoints.aws_security_group.this",
            "module.aws_vpc.module.endpoints.aws_security_group_rule.this",
            "module.aws_vpc.module.endpoints.aws_vpc_endpoint.this",
            "module.aws_vpc.module.endpoints.data.aws_vpc_endpoint_service.this",
            "module.aws_vpc.module.vpc.aws_cloudwatch_log_group.flow_log",
            "module.aws_vpc.module.vpc.aws_customer_gateway.this",
            "module.aws_vpc.module.vpc.aws_db_subnet_group.database",
            "module.aws_vpc.module.vpc.aws_default_network_acl.this",
            "module.aws_vpc.module.vpc.aws_default_route_table.default",
            "module.aws_vpc.module.vpc.aws_default_security_group.this",
            "module.aws_vpc.module.vpc.aws_default_vpc.this",
            "module.aws_vpc.module.vpc.aws_egress_only_internet_gateway.this",
            "module.aws_vpc.module.vpc.aws_eip.nat",
            "module.aws_vpc.module.vpc.aws_elasticache_subnet_group.elasticache",
            "module.aws_vpc.module.vpc.aws_flow_log.this",
            "module.aws_vpc.module.vpc.aws_iam_policy.vpc_flow_log_cloudwatch",
            "module.aws_vpc.module.vpc.aws_iam_role.vpc_flow_log_cloudwatch",
            "module.aws_vpc.module.vpc.aws_iam_role_policy_attachment.vpc_flow_log_cloudwatch",
            "module.aws_vpc.module.vpc.aws_internet_gateway.this",
            "module.aws_vpc.module.vpc.aws_nat_gateway.this",
            "module.aws_vpc.module.vpc.aws_network_acl.database",
            "module.aws_vpc.module.vpc.aws_network_acl.elasticache",
            "module.aws_vpc.module.vpc.aws_network_acl.intra",
            "module.aws_vpc.module.vpc.aws_network_acl.outpost",
            "module.aws_vpc.module.vpc.aws_network_acl.private",
            "module.aws_vpc.module.vpc.aws_network_acl.public",
            "module.aws_vpc.module.vpc.aws_network_acl.redshift",
            "module.aws_vpc.module.vpc.aws_network_acl_rule.database_inbound",
            "module.aws_vpc.module.vpc.aws_network_acl_rule.database_outbound",
            "module.aws_vpc.module.vpc.aws_network_acl_rule.elasticache_inbound",
            "module.aws_vpc.module.vpc.aws_network_acl_rule.elasticache_outbound",
            "module.aws_vpc.module.vpc.aws_network_acl_rule.intra_inbound",
            "module.aws_vpc.module.vpc.aws_network_acl_rule.intra_outbound",
            "module.aws_vpc.module.vpc.aws_network_acl_rule.outpost_inbound",
            "module.aws_vpc.module.vpc.aws_network_acl_rule.outpost_outbound",
            "module.aws_vpc.module.vpc.aws_network_acl_rule.private_inbound",
            "module.aws_vpc.module.vpc.aws_network_acl_rule.private_outbound",
            "module.aws_vpc.module.vpc.aws_network_acl_rule.public_inbound",
            "module.aws_vpc.module.vpc.aws_network_acl_rule.public_outbound",
            "module.aws_vpc.module.vpc.aws_network_acl_rule.redshift_inbound",
            "module.aws_vpc.module.vpc.aws_network_acl_rule.redshift_outbound",
            "module.aws_vpc.module.vpc.aws_redshift_subnet_group.redshift",
            "module.aws_vpc.module.vpc.aws_route.database_dns64_nat_gateway",
            "module.aws_vpc.module.vpc.aws_route.database_internet_gateway",
            "module.aws_vpc.module.vpc.aws_route.database_ipv6_egress",
            "module.aws_vpc.module.vpc.aws_route.database_nat_gateway",
            "module.aws_vpc.module.vpc.aws_route.private_dns64_nat_gateway",
            "module.aws_vpc.module.vpc.aws_route.private_ipv6_egress",
            "module.aws_vpc.module.vpc.aws_route.private_nat_gateway",
            "module.aws_vpc.module.vpc.aws_route.public_internet_gateway",
            "module.aws_vpc.module.vpc.aws_route.public_internet_gateway_ipv6",
            "module.aws_vpc.module.vpc.aws_route_table.database",
            "module.aws_vpc.module.vpc.aws_route_table.elasticache",
            "module.aws_vpc.module.vpc.aws_route_table.intra",
            "module.aws_vpc.module.vpc.aws_route_table.private",
            "module.aws_vpc.module.vpc.aws_route_table.public",
            "module.aws_vpc.module.vpc.aws_route_table.redshift",
            "module.aws_vpc.module.vpc.aws_route_table_association.database",
            "module.aws_vpc.module.vpc.aws_route_table_association.elasticache",
            "module.aws_vpc.module.vpc.aws_route_table_association.intra",
            "module.aws_vpc.module.vpc.aws_route_table_association.outpost",
            "module.aws_vpc.module.vpc.aws_route_table_association.private",
            "module.aws_vpc.module.vpc.aws_route_table_association.public",
            "module.aws_vpc.module.vpc.aws_route_table_association.redshift",
            "module.aws_vpc.module.vpc.aws_route_table_association.redshift_public",
            "module.aws_vpc.module.vpc.aws_subnet.database",
            "module.aws_vpc.module.vpc.aws_subnet.elasticache",
            "module.aws_vpc.module.vpc.aws_subnet.intra",
            "module.aws_vpc.module.vpc.aws_subnet.outpost",
            "module.aws_vpc.module.vpc.aws_subnet.private",
            "module.aws_vpc.module.vpc.aws_subnet.public",
            "module.aws_vpc.module.vpc.aws_subnet.redshift",
            "module.aws_vpc.module.vpc.aws_vpc.this",
            "module.aws_vpc.module.vpc.aws_vpc_dhcp_options.this",
            "module.aws_vpc.module.vpc.aws_vpc_dhcp_options_association.this",
            "module.aws_vpc.module.vpc.aws_vpc_ipv4_cidr_block_association.this",
            "module.aws_vpc.module.vpc.aws_vpn_gateway.this",
            "module.aws_vpc.module.vpc.aws_vpn_gateway_attachment.this",
            "module.aws_vpc.module.vpc.aws_vpn_gateway_route_propagation.intra",
            "module.aws_vpc.module.vpc.aws_vpn_gateway_route_propagation.private",
            "module.aws_vpc.module.vpc.aws_vpn_gateway_route_propagation.public",
            "module.aws_vpc.module.vpc.data.aws_iam_policy_document.flow_log_cloudwatch_assume_role",
            "module.aws_vpc.module.vpc.data.aws_iam_policy_document.vpc_flow_log_cloudwatch",
            "module.dev_workspace.aws_s3_bucket.root_storage_bucket",
            "module.dev_workspace.aws_s3_bucket_policy.root_bucket_policy",
            "module.dev_workspace.aws_s3_bucket_public_access_block.root_storage_bucket",
            "module.dev_workspace.aws_s3_bucket_server_side_encryption_configuration.root_storage_bucket",
            "module.dev_workspace.aws_s3_bucket_versioning.root_bucket_versioning",
            "module.dev_workspace.data.databricks_aws_bucket_policy.this",
            "module.dev_workspace.databricks_metastore_assignment.this",
            "module.dev_workspace.databricks_mws_credentials.this",
            "module.dev_workspace.databricks_mws_networks.this",
            "module.dev_workspace.databricks_mws_storage_configurations.this",
            "module.dev_workspace.databricks_mws_workspaces.this",
            "module.prod_catalog.aws_iam_policy.policy",
            "module.prod_catalog.aws_iam_role.role",
            "module.prod_catalog.module.s3_bucket.aws_s3_bucket.this",
            "module.uc_bootstrap.data.databricks_service_principal.terraform_sp",
            "module.uc_bootstrap.databricks_group.account_admin_group",
            "module.uc_bootstrap.databricks_group.workspace_admin_group",
            "module.uc_bootstrap.databricks_group.workspace_user_group",
            "module.uc_bootstrap.databricks_group_member.admin_group_member",
            "module.uc_bootstrap.databricks_group_member.workspace_admin_group_member",
            "module.uc_bootstrap.databricks_group_member.workspace_admin_group_member_sp",
            "module.uc_bootstrap.databricks_group_member.workspace_user_group_member",
            "module.uc_bootstrap.databricks_service_principal_role.terraform_admin",
            "module.uc_bootstrap.databricks_service_principal_secret.terraform_sp",
            "module.uc_bootstrap.databricks_user.unity_users",
            "module.uc_bootstrap.databricks_user_role.account_admin_role",
            "module.uc_metastore.databricks_metastore.this",
            "module.uc_privileges.databricks_grants.this"
          ]
        }
      ]
    },
    {
      "module": "module.prod_catalog",
      "mode": "managed",
      "type": "databricks_catalog",
      "name": "this",
      "provider": "provider[\"registry.terraform.io/databricks/databricks\"].dev_ws",
      "instances": [
        {
          "schema_version": 0,
          "attributes": {
            "comment": "Managed by Terraform",
            "connection_name": null,
            "force_destroy": true,
            "id": "_prod",
            "isolation_mode": "OPEN",
            "metastore_id": "23d06e21-8ff7-4f00-acd5-778c20aae6d4",
            "name": "_prod",
            "options": null,
            "owner": "xtarmitage+databricks-root@gmail.com",
            "properties": {
              "purpose": "prod"
            },
            "provider_name": null,
            "share_name": null,
            "storage_root": "s3://prod-catalog-storage-20240110225036746200000007/root"
          },
          "sensitive_attributes": [],
          "private": "bnVsbA==",
          "dependencies": [
            "module.aws_crossaccount_role.aws_iam_policy.cross_account_policy",
            "module.aws_crossaccount_role.aws_iam_role.cross_account_role",
            "module.aws_crossaccount_role.aws_iam_role_policy_attachment.cross_account_policy_attachment",
            "module.aws_crossaccount_role.data.databricks_aws_assume_role_policy.this",
            "module.aws_crossaccount_role.data.databricks_aws_crossaccount_policy.this",
            "module.aws_crossaccount_role.time_sleep.wait",
            "module.aws_vpc.data.aws_availability_zones.available",
            "module.aws_vpc.module.endpoints.aws_security_group.this",
            "module.aws_vpc.module.endpoints.aws_security_group_rule.this",
            "module.aws_vpc.module.endpoints.aws_vpc_endpoint.this",
            "module.aws_vpc.module.endpoints.data.aws_vpc_endpoint_service.this",
            "module.aws_vpc.module.vpc.aws_cloudwatch_log_group.flow_log",
            "module.aws_vpc.module.vpc.aws_customer_gateway.this",
            "module.aws_vpc.module.vpc.aws_db_subnet_group.database",
            "module.aws_vpc.module.vpc.aws_default_network_acl.this",
            "module.aws_vpc.module.vpc.aws_default_route_table.default",
            "module.aws_vpc.module.vpc.aws_default_security_group.this",
            "module.aws_vpc.module.vpc.aws_default_vpc.this",
            "module.aws_vpc.module.vpc.aws_egress_only_internet_gateway.this",
            "module.aws_vpc.module.vpc.aws_eip.nat",
            "module.aws_vpc.module.vpc.aws_elasticache_subnet_group.elasticache",
            "module.aws_vpc.module.vpc.aws_flow_log.this",
            "module.aws_vpc.module.vpc.aws_iam_policy.vpc_flow_log_cloudwatch",
            "module.aws_vpc.module.vpc.aws_iam_role.vpc_flow_log_cloudwatch",
            "module.aws_vpc.module.vpc.aws_iam_role_policy_attachment.vpc_flow_log_cloudwatch",
            "module.aws_vpc.module.vpc.aws_internet_gateway.this",
            "module.aws_vpc.module.vpc.aws_nat_gateway.this",
            "module.aws_vpc.module.vpc.aws_network_acl.database",
            "module.aws_vpc.module.vpc.aws_network_acl.elasticache",
            "module.aws_vpc.module.vpc.aws_network_acl.intra",
            "module.aws_vpc.module.vpc.aws_network_acl.outpost",
            "module.aws_vpc.module.vpc.aws_network_acl.private",
            "module.aws_vpc.module.vpc.aws_network_acl.public",
            "module.aws_vpc.module.vpc.aws_network_acl.redshift",
            "module.aws_vpc.module.vpc.aws_network_acl_rule.database_inbound",
            "module.aws_vpc.module.vpc.aws_network_acl_rule.database_outbound",
            "module.aws_vpc.module.vpc.aws_network_acl_rule.elasticache_inbound",
            "module.aws_vpc.module.vpc.aws_network_acl_rule.elasticache_outbound",
            "module.aws_vpc.module.vpc.aws_network_acl_rule.intra_inbound",
            "module.aws_vpc.module.vpc.aws_network_acl_rule.intra_outbound",
            "module.aws_vpc.module.vpc.aws_network_acl_rule.outpost_inbound",
            "module.aws_vpc.module.vpc.aws_network_acl_rule.outpost_outbound",
            "module.aws_vpc.module.vpc.aws_network_acl_rule.private_inbound",
            "module.aws_vpc.module.vpc.aws_network_acl_rule.private_outbound",
            "module.aws_vpc.module.vpc.aws_network_acl_rule.public_inbound",
            "module.aws_vpc.module.vpc.aws_network_acl_rule.public_outbound",
            "module.aws_vpc.module.vpc.aws_network_acl_rule.redshift_inbound",
            "module.aws_vpc.module.vpc.aws_network_acl_rule.redshift_outbound",
            "module.aws_vpc.module.vpc.aws_redshift_subnet_group.redshift",
            "module.aws_vpc.module.vpc.aws_route.database_dns64_nat_gateway",
            "module.aws_vpc.module.vpc.aws_route.database_internet_gateway",
            "module.aws_vpc.module.vpc.aws_route.database_ipv6_egress",
            "module.aws_vpc.module.vpc.aws_route.database_nat_gateway",
            "module.aws_vpc.module.vpc.aws_route.private_dns64_nat_gateway",
            "module.aws_vpc.module.vpc.aws_route.private_ipv6_egress",
            "module.aws_vpc.module.vpc.aws_route.private_nat_gateway",
            "module.aws_vpc.module.vpc.aws_route.public_internet_gateway",
            "module.aws_vpc.module.vpc.aws_route.public_internet_gateway_ipv6",
            "module.aws_vpc.module.vpc.aws_route_table.database",
            "module.aws_vpc.module.vpc.aws_route_table.elasticache",
            "module.aws_vpc.module.vpc.aws_route_table.intra",
            "module.aws_vpc.module.vpc.aws_route_table.private",
            "module.aws_vpc.module.vpc.aws_route_table.public",
            "module.aws_vpc.module.vpc.aws_route_table.redshift",
            "module.aws_vpc.module.vpc.aws_route_table_association.database",
            "module.aws_vpc.module.vpc.aws_route_table_association.elasticache",
            "module.aws_vpc.module.vpc.aws_route_table_association.intra",
            "module.aws_vpc.module.vpc.aws_route_table_association.outpost",
            "module.aws_vpc.module.vpc.aws_route_table_association.private",
            "module.aws_vpc.module.vpc.aws_route_table_association.public",
            "module.aws_vpc.module.vpc.aws_route_table_association.redshift",
            "module.aws_vpc.module.vpc.aws_route_table_association.redshift_public",
            "module.aws_vpc.module.vpc.aws_subnet.database",
            "module.aws_vpc.module.vpc.aws_subnet.elasticache",
            "module.aws_vpc.module.vpc.aws_subnet.intra",
            "module.aws_vpc.module.vpc.aws_subnet.outpost",
            "module.aws_vpc.module.vpc.aws_subnet.private",
            "module.aws_vpc.module.vpc.aws_subnet.public",
            "module.aws_vpc.module.vpc.aws_subnet.redshift",
            "module.aws_vpc.module.vpc.aws_vpc.this",
            "module.aws_vpc.module.vpc.aws_vpc_dhcp_options.this",
            "module.aws_vpc.module.vpc.aws_vpc_dhcp_options_association.this",
            "module.aws_vpc.module.vpc.aws_vpc_ipv4_cidr_block_association.this",
            "module.aws_vpc.module.vpc.aws_vpn_gateway.this",
            "module.aws_vpc.module.vpc.aws_vpn_gateway_attachment.this",
            "module.aws_vpc.module.vpc.aws_vpn_gateway_route_propagation.intra",
            "module.aws_vpc.module.vpc.aws_vpn_gateway_route_propagation.private",
            "module.aws_vpc.module.vpc.aws_vpn_gateway_route_propagation.public",
            "module.aws_vpc.module.vpc.data.aws_iam_policy_document.flow_log_cloudwatch_assume_role",
            "module.aws_vpc.module.vpc.data.aws_iam_policy_document.vpc_flow_log_cloudwatch",
            "module.dev_workspace.aws_s3_bucket.root_storage_bucket",
            "module.dev_workspace.aws_s3_bucket_policy.root_bucket_policy",
            "module.dev_workspace.aws_s3_bucket_public_access_block.root_storage_bucket",
            "module.dev_workspace.aws_s3_bucket_server_side_encryption_configuration.root_storage_bucket",
            "module.dev_workspace.aws_s3_bucket_versioning.root_bucket_versioning",
            "module.dev_workspace.data.databricks_aws_bucket_policy.this",
            "module.dev_workspace.databricks_metastore_assignment.this",
            "module.dev_workspace.databricks_mws_credentials.this",
            "module.dev_workspace.databricks_mws_networks.this",
            "module.dev_workspace.databricks_mws_storage_configurations.this",
            "module.dev_workspace.databricks_mws_workspaces.this",
            "module.prod_catalog.aws_iam_policy.policy",
            "module.prod_catalog.aws_iam_role.role",
            "module.prod_catalog.aws_iam_role_policy_attachment.attachment",
            "module.prod_catalog.databricks_external_location.this",
            "module.prod_catalog.databricks_storage_credential.this",
            "module.prod_catalog.module.s3_bucket.aws_s3_bucket.this",
            "module.prod_catalog.module.s3_bucket.aws_s3_bucket_policy.this",
            "module.prod_catalog.module.s3_bucket.aws_s3_bucket_public_access_block.this",
            "module.prod_catalog.module.s3_bucket.data.aws_caller_identity.current",
            "module.prod_catalog.module.s3_bucket.data.aws_iam_policy_document.access_log_delivery",
            "module.prod_catalog.module.s3_bucket.data.aws_iam_policy_document.combined",
            "module.prod_catalog.module.s3_bucket.data.aws_iam_policy_document.deny_incorrect_encryption_headers",
            "module.prod_catalog.module.s3_bucket.data.aws_iam_policy_document.deny_incorrect_kms_key_sse",
            "module.prod_catalog.module.s3_bucket.data.aws_iam_policy_document.deny_insecure_transport",
            "module.prod_catalog.module.s3_bucket.data.aws_iam_policy_document.deny_unencrypted_object_uploads",
            "module.prod_catalog.module.s3_bucket.data.aws_iam_policy_document.elb_log_delivery",
            "module.prod_catalog.module.s3_bucket.data.aws_iam_policy_document.inventory_and_analytics_destination_policy",
            "module.prod_catalog.module.s3_bucket.data.aws_iam_policy_document.lb_log_delivery",
            "module.prod_catalog.module.s3_bucket.data.aws_iam_policy_document.require_latest_tls",
            "module.prod_catalog.module.s3_bucket.data.aws_partition.current",
            "module.prod_catalog.module.s3_bucket.data.aws_region.current",
            "module.prod_catalog.time_sleep.wait",
            "module.uc_bootstrap.data.databricks_service_principal.terraform_sp",
            "module.uc_bootstrap.databricks_group.account_admin_group",
            "module.uc_bootstrap.databricks_group.workspace_admin_group",
            "module.uc_bootstrap.databricks_group.workspace_user_group",
            "module.uc_bootstrap.databricks_group_member.admin_group_member",
            "module.uc_bootstrap.databricks_group_member.workspace_admin_group_member",
            "module.uc_bootstrap.databricks_group_member.workspace_admin_group_member_sp",
            "module.uc_bootstrap.databricks_group_member.workspace_user_group_member",
            "module.uc_bootstrap.databricks_service_principal_role.terraform_admin",
            "module.uc_bootstrap.databricks_service_principal_secret.terraform_sp",
            "module.uc_bootstrap.databricks_user.unity_users",
            "module.uc_bootstrap.databricks_user_role.account_admin_role",
            "module.uc_metastore.databricks_metastore.this",
            "module.uc_privileges.databricks_grants.this"
          ]
        }
      ]
    },
    {
      "module": "module.prod_catalog",
      "mode": "managed",
      "type": "databricks_external_location",
      "name": "this",
      "provider": "provider[\"registry.terraform.io/databricks/databricks\"].dev_ws",
      "instances": [
        {
          "schema_version": 0,
          "attributes": {
            "access_point": null,
            "comment": "Managed by Terraform",
            "credential_name": "_prod-catalog-s3-external-access-credential-2",
            "encryption_details": [],
            "force_destroy": true,
            "force_update": null,
            "id": "_prod-catalog-s3-external-location",
            "metastore_id": "23d06e21-8ff7-4f00-acd5-778c20aae6d4",
            "name": "_prod-catalog-s3-external-location",
            "owner": "xtarmitage+databricks-root@gmail.com",
            "read_only": false,
            "skip_validation": null,
            "url": "s3://prod-catalog-storage-20240110225036746200000007/root"
          },
          "sensitive_attributes": [],
          "private": "bnVsbA==",
          "dependencies": [
            "module.aws_crossaccount_role.aws_iam_policy.cross_account_policy",
            "module.aws_crossaccount_role.aws_iam_role.cross_account_role",
            "module.aws_crossaccount_role.aws_iam_role_policy_attachment.cross_account_policy_attachment",
            "module.aws_crossaccount_role.data.databricks_aws_assume_role_policy.this",
            "module.aws_crossaccount_role.data.databricks_aws_crossaccount_policy.this",
            "module.aws_crossaccount_role.time_sleep.wait",
            "module.aws_vpc.data.aws_availability_zones.available",
            "module.aws_vpc.module.endpoints.aws_security_group.this",
            "module.aws_vpc.module.endpoints.aws_security_group_rule.this",
            "module.aws_vpc.module.endpoints.aws_vpc_endpoint.this",
            "module.aws_vpc.module.endpoints.data.aws_vpc_endpoint_service.this",
            "module.aws_vpc.module.vpc.aws_cloudwatch_log_group.flow_log",
            "module.aws_vpc.module.vpc.aws_customer_gateway.this",
            "module.aws_vpc.module.vpc.aws_db_subnet_group.database",
            "module.aws_vpc.module.vpc.aws_default_network_acl.this",
            "module.aws_vpc.module.vpc.aws_default_route_table.default",
            "module.aws_vpc.module.vpc.aws_default_security_group.this",
            "module.aws_vpc.module.vpc.aws_default_vpc.this",
            "module.aws_vpc.module.vpc.aws_egress_only_internet_gateway.this",
            "module.aws_vpc.module.vpc.aws_eip.nat",
            "module.aws_vpc.module.vpc.aws_elasticache_subnet_group.elasticache",
            "module.aws_vpc.module.vpc.aws_flow_log.this",
            "module.aws_vpc.module.vpc.aws_iam_policy.vpc_flow_log_cloudwatch",
            "module.aws_vpc.module.vpc.aws_iam_role.vpc_flow_log_cloudwatch",
            "module.aws_vpc.module.vpc.aws_iam_role_policy_attachment.vpc_flow_log_cloudwatch",
            "module.aws_vpc.module.vpc.aws_internet_gateway.this",
            "module.aws_vpc.module.vpc.aws_nat_gateway.this",
            "module.aws_vpc.module.vpc.aws_network_acl.database",
            "module.aws_vpc.module.vpc.aws_network_acl.elasticache",
            "module.aws_vpc.module.vpc.aws_network_acl.intra",
            "module.aws_vpc.module.vpc.aws_network_acl.outpost",
            "module.aws_vpc.module.vpc.aws_network_acl.private",
            "module.aws_vpc.module.vpc.aws_network_acl.public",
            "module.aws_vpc.module.vpc.aws_network_acl.redshift",
            "module.aws_vpc.module.vpc.aws_network_acl_rule.database_inbound",
            "module.aws_vpc.module.vpc.aws_network_acl_rule.database_outbound",
            "module.aws_vpc.module.vpc.aws_network_acl_rule.elasticache_inbound",
            "module.aws_vpc.module.vpc.aws_network_acl_rule.elasticache_outbound",
            "module.aws_vpc.module.vpc.aws_network_acl_rule.intra_inbound",
            "module.aws_vpc.module.vpc.aws_network_acl_rule.intra_outbound",
            "module.aws_vpc.module.vpc.aws_network_acl_rule.outpost_inbound",
            "module.aws_vpc.module.vpc.aws_network_acl_rule.outpost_outbound",
            "module.aws_vpc.module.vpc.aws_network_acl_rule.private_inbound",
            "module.aws_vpc.module.vpc.aws_network_acl_rule.private_outbound",
            "module.aws_vpc.module.vpc.aws_network_acl_rule.public_inbound",
            "module.aws_vpc.module.vpc.aws_network_acl_rule.public_outbound",
            "module.aws_vpc.module.vpc.aws_network_acl_rule.redshift_inbound",
            "module.aws_vpc.module.vpc.aws_network_acl_rule.redshift_outbound",
            "module.aws_vpc.module.vpc.aws_redshift_subnet_group.redshift",
            "module.aws_vpc.module.vpc.aws_route.database_dns64_nat_gateway",
            "module.aws_vpc.module.vpc.aws_route.database_internet_gateway",
            "module.aws_vpc.module.vpc.aws_route.database_ipv6_egress",
            "module.aws_vpc.module.vpc.aws_route.database_nat_gateway",
            "module.aws_vpc.module.vpc.aws_route.private_dns64_nat_gateway",
            "module.aws_vpc.module.vpc.aws_route.private_ipv6_egress",
            "module.aws_vpc.module.vpc.aws_route.private_nat_gateway",
            "module.aws_vpc.module.vpc.aws_route.public_internet_gateway",
            "module.aws_vpc.module.vpc.aws_route.public_internet_gateway_ipv6",
            "module.aws_vpc.module.vpc.aws_route_table.database",
            "module.aws_vpc.module.vpc.aws_route_table.elasticache",
            "module.aws_vpc.module.vpc.aws_route_table.intra",
            "module.aws_vpc.module.vpc.aws_route_table.private",
            "module.aws_vpc.module.vpc.aws_route_table.public",
            "module.aws_vpc.module.vpc.aws_route_table.redshift",
            "module.aws_vpc.module.vpc.aws_route_table_association.database",
            "module.aws_vpc.module.vpc.aws_route_table_association.elasticache",
            "module.aws_vpc.module.vpc.aws_route_table_association.intra",
            "module.aws_vpc.module.vpc.aws_route_table_association.outpost",
            "module.aws_vpc.module.vpc.aws_route_table_association.private",
            "module.aws_vpc.module.vpc.aws_route_table_association.public",
            "module.aws_vpc.module.vpc.aws_route_table_association.redshift",
            "module.aws_vpc.module.vpc.aws_route_table_association.redshift_public",
            "module.aws_vpc.module.vpc.aws_subnet.database",
            "module.aws_vpc.module.vpc.aws_subnet.elasticache",
            "module.aws_vpc.module.vpc.aws_subnet.intra",
            "module.aws_vpc.module.vpc.aws_subnet.outpost",
            "module.aws_vpc.module.vpc.aws_subnet.private",
            "module.aws_vpc.module.vpc.aws_subnet.public",
            "module.aws_vpc.module.vpc.aws_subnet.redshift",
            "module.aws_vpc.module.vpc.aws_vpc.this",
            "module.aws_vpc.module.vpc.aws_vpc_dhcp_options.this",
            "module.aws_vpc.module.vpc.aws_vpc_dhcp_options_association.this",
            "module.aws_vpc.module.vpc.aws_vpc_ipv4_cidr_block_association.this",
            "module.aws_vpc.module.vpc.aws_vpn_gateway.this",
            "module.aws_vpc.module.vpc.aws_vpn_gateway_attachment.this",
            "module.aws_vpc.module.vpc.aws_vpn_gateway_route_propagation.intra",
            "module.aws_vpc.module.vpc.aws_vpn_gateway_route_propagation.private",
            "module.aws_vpc.module.vpc.aws_vpn_gateway_route_propagation.public",
            "module.aws_vpc.module.vpc.data.aws_iam_policy_document.flow_log_cloudwatch_assume_role",
            "module.aws_vpc.module.vpc.data.aws_iam_policy_document.vpc_flow_log_cloudwatch",
            "module.dev_workspace.aws_s3_bucket.root_storage_bucket",
            "module.dev_workspace.aws_s3_bucket_policy.root_bucket_policy",
            "module.dev_workspace.aws_s3_bucket_public_access_block.root_storage_bucket",
            "module.dev_workspace.aws_s3_bucket_server_side_encryption_configuration.root_storage_bucket",
            "module.dev_workspace.aws_s3_bucket_versioning.root_bucket_versioning",
            "module.dev_workspace.data.databricks_aws_bucket_policy.this",
            "module.dev_workspace.databricks_metastore_assignment.this",
            "module.dev_workspace.databricks_mws_credentials.this",
            "module.dev_workspace.databricks_mws_networks.this",
            "module.dev_workspace.databricks_mws_storage_configurations.this",
            "module.dev_workspace.databricks_mws_workspaces.this",
            "module.prod_catalog.aws_iam_policy.policy",
            "module.prod_catalog.aws_iam_role.role",
            "module.prod_catalog.aws_iam_role_policy_attachment.attachment",
            "module.prod_catalog.databricks_storage_credential.this",
            "module.prod_catalog.module.s3_bucket.aws_s3_bucket.this",
            "module.prod_catalog.module.s3_bucket.aws_s3_bucket_policy.this",
            "module.prod_catalog.module.s3_bucket.aws_s3_bucket_public_access_block.this",
            "module.prod_catalog.module.s3_bucket.data.aws_caller_identity.current",
            "module.prod_catalog.module.s3_bucket.data.aws_iam_policy_document.access_log_delivery",
            "module.prod_catalog.module.s3_bucket.data.aws_iam_policy_document.combined",
            "module.prod_catalog.module.s3_bucket.data.aws_iam_policy_document.deny_incorrect_encryption_headers",
            "module.prod_catalog.module.s3_bucket.data.aws_iam_policy_document.deny_incorrect_kms_key_sse",
            "module.prod_catalog.module.s3_bucket.data.aws_iam_policy_document.deny_insecure_transport",
            "module.prod_catalog.module.s3_bucket.data.aws_iam_policy_document.deny_unencrypted_object_uploads",
            "module.prod_catalog.module.s3_bucket.data.aws_iam_policy_document.elb_log_delivery",
            "module.prod_catalog.module.s3_bucket.data.aws_iam_policy_document.inventory_and_analytics_destination_policy",
            "module.prod_catalog.module.s3_bucket.data.aws_iam_policy_document.lb_log_delivery",
            "module.prod_catalog.module.s3_bucket.data.aws_iam_policy_document.require_latest_tls",
            "module.prod_catalog.module.s3_bucket.data.aws_partition.current",
            "module.prod_catalog.module.s3_bucket.data.aws_region.current",
            "module.prod_catalog.time_sleep.wait",
            "module.uc_bootstrap.data.databricks_service_principal.terraform_sp",
            "module.uc_bootstrap.databricks_group.account_admin_group",
            "module.uc_bootstrap.databricks_group.workspace_admin_group",
            "module.uc_bootstrap.databricks_group.workspace_user_group",
            "module.uc_bootstrap.databricks_group_member.admin_group_member",
            "module.uc_bootstrap.databricks_group_member.workspace_admin_group_member",
            "module.uc_bootstrap.databricks_group_member.workspace_admin_group_member_sp",
            "module.uc_bootstrap.databricks_group_member.workspace_user_group_member",
            "module.uc_bootstrap.databricks_service_principal_role.terraform_admin",
            "module.uc_bootstrap.databricks_service_principal_secret.terraform_sp",
            "module.uc_bootstrap.databricks_user.unity_users",
            "module.uc_bootstrap.databricks_user_role.account_admin_role",
            "module.uc_metastore.databricks_metastore.this",
            "module.uc_privileges.databricks_grants.this"
          ]
        }
      ]
    },
    {
      "module": "module.prod_catalog",
      "mode": "managed",
      "type": "databricks_storage_credential",
      "name": "this",
      "provider": "provider[\"registry.terraform.io/databricks/databricks\"].dev_ws",
      "instances": [
        {
          "schema_version": 0,
          "attributes": {
            "aws_iam_role": [
              {
                "external_id": "0c6d76dc-ee77-45f4-ac75-9a177cc435b4",
                "role_arn": "arn:aws:iam::136146594194:role/_prod-catalog-s3-external-access-role",
                "unity_catalog_iam_arn": "arn:aws:iam::414351767826:role/unity-catalog-prod-UCMasterRole-14S5ZJVKOTYTL"
              }
            ],
            "azure_managed_identity": [],
            "azure_service_principal": [],
            "comment": "Managed by Terraform",
            "databricks_gcp_service_account": null,
            "force_destroy": null,
            "gcp_service_account_key": [],
            "id": "_prod-catalog-s3-external-access-credential-2",
            "metastore_id": "23d06e21-8ff7-4f00-acd5-778c20aae6d4",
            "name": "_prod-catalog-s3-external-access-credential-2",
            "owner": "xtarmitage+databricks-root@gmail.com",
            "read_only": false
          },
          "sensitive_attributes": [],
          "private": "bnVsbA==",
          "dependencies": [
            "module.aws_crossaccount_role.aws_iam_policy.cross_account_policy",
            "module.aws_crossaccount_role.aws_iam_role.cross_account_role",
            "module.aws_crossaccount_role.aws_iam_role_policy_attachment.cross_account_policy_attachment",
            "module.aws_crossaccount_role.data.databricks_aws_assume_role_policy.this",
            "module.aws_crossaccount_role.data.databricks_aws_crossaccount_policy.this",
            "module.aws_crossaccount_role.time_sleep.wait",
            "module.aws_vpc.data.aws_availability_zones.available",
            "module.aws_vpc.module.endpoints.aws_security_group.this",
            "module.aws_vpc.module.endpoints.aws_security_group_rule.this",
            "module.aws_vpc.module.endpoints.aws_vpc_endpoint.this",
            "module.aws_vpc.module.endpoints.data.aws_vpc_endpoint_service.this",
            "module.aws_vpc.module.vpc.aws_cloudwatch_log_group.flow_log",
            "module.aws_vpc.module.vpc.aws_customer_gateway.this",
            "module.aws_vpc.module.vpc.aws_db_subnet_group.database",
            "module.aws_vpc.module.vpc.aws_default_network_acl.this",
            "module.aws_vpc.module.vpc.aws_default_route_table.default",
            "module.aws_vpc.module.vpc.aws_default_security_group.this",
            "module.aws_vpc.module.vpc.aws_default_vpc.this",
            "module.aws_vpc.module.vpc.aws_egress_only_internet_gateway.this",
            "module.aws_vpc.module.vpc.aws_eip.nat",
            "module.aws_vpc.module.vpc.aws_elasticache_subnet_group.elasticache",
            "module.aws_vpc.module.vpc.aws_flow_log.this",
            "module.aws_vpc.module.vpc.aws_iam_policy.vpc_flow_log_cloudwatch",
            "module.aws_vpc.module.vpc.aws_iam_role.vpc_flow_log_cloudwatch",
            "module.aws_vpc.module.vpc.aws_iam_role_policy_attachment.vpc_flow_log_cloudwatch",
            "module.aws_vpc.module.vpc.aws_internet_gateway.this",
            "module.aws_vpc.module.vpc.aws_nat_gateway.this",
            "module.aws_vpc.module.vpc.aws_network_acl.database",
            "module.aws_vpc.module.vpc.aws_network_acl.elasticache",
            "module.aws_vpc.module.vpc.aws_network_acl.intra",
            "module.aws_vpc.module.vpc.aws_network_acl.outpost",
            "module.aws_vpc.module.vpc.aws_network_acl.private",
            "module.aws_vpc.module.vpc.aws_network_acl.public",
            "module.aws_vpc.module.vpc.aws_network_acl.redshift",
            "module.aws_vpc.module.vpc.aws_network_acl_rule.database_inbound",
            "module.aws_vpc.module.vpc.aws_network_acl_rule.database_outbound",
            "module.aws_vpc.module.vpc.aws_network_acl_rule.elasticache_inbound",
            "module.aws_vpc.module.vpc.aws_network_acl_rule.elasticache_outbound",
            "module.aws_vpc.module.vpc.aws_network_acl_rule.intra_inbound",
            "module.aws_vpc.module.vpc.aws_network_acl_rule.intra_outbound",
            "module.aws_vpc.module.vpc.aws_network_acl_rule.outpost_inbound",
            "module.aws_vpc.module.vpc.aws_network_acl_rule.outpost_outbound",
            "module.aws_vpc.module.vpc.aws_network_acl_rule.private_inbound",
            "module.aws_vpc.module.vpc.aws_network_acl_rule.private_outbound",
            "module.aws_vpc.module.vpc.aws_network_acl_rule.public_inbound",
            "module.aws_vpc.module.vpc.aws_network_acl_rule.public_outbound",
            "module.aws_vpc.module.vpc.aws_network_acl_rule.redshift_inbound",
            "module.aws_vpc.module.vpc.aws_network_acl_rule.redshift_outbound",
            "module.aws_vpc.module.vpc.aws_redshift_subnet_group.redshift",
            "module.aws_vpc.module.vpc.aws_route.database_dns64_nat_gateway",
            "module.aws_vpc.module.vpc.aws_route.database_internet_gateway",
            "module.aws_vpc.module.vpc.aws_route.database_ipv6_egress",
            "module.aws_vpc.module.vpc.aws_route.database_nat_gateway",
            "module.aws_vpc.module.vpc.aws_route.private_dns64_nat_gateway",
            "module.aws_vpc.module.vpc.aws_route.private_ipv6_egress",
            "module.aws_vpc.module.vpc.aws_route.private_nat_gateway",
            "module.aws_vpc.module.vpc.aws_route.public_internet_gateway",
            "module.aws_vpc.module.vpc.aws_route.public_internet_gateway_ipv6",
            "module.aws_vpc.module.vpc.aws_route_table.database",
            "module.aws_vpc.module.vpc.aws_route_table.elasticache",
            "module.aws_vpc.module.vpc.aws_route_table.intra",
            "module.aws_vpc.module.vpc.aws_route_table.private",
            "module.aws_vpc.module.vpc.aws_route_table.public",
            "module.aws_vpc.module.vpc.aws_route_table.redshift",
            "module.aws_vpc.module.vpc.aws_route_table_association.database",
            "module.aws_vpc.module.vpc.aws_route_table_association.elasticache",
            "module.aws_vpc.module.vpc.aws_route_table_association.intra",
            "module.aws_vpc.module.vpc.aws_route_table_association.outpost",
            "module.aws_vpc.module.vpc.aws_route_table_association.private",
            "module.aws_vpc.module.vpc.aws_route_table_association.public",
            "module.aws_vpc.module.vpc.aws_route_table_association.redshift",
            "module.aws_vpc.module.vpc.aws_route_table_association.redshift_public",
            "module.aws_vpc.module.vpc.aws_subnet.database",
            "module.aws_vpc.module.vpc.aws_subnet.elasticache",
            "module.aws_vpc.module.vpc.aws_subnet.intra",
            "module.aws_vpc.module.vpc.aws_subnet.outpost",
            "module.aws_vpc.module.vpc.aws_subnet.private",
            "module.aws_vpc.module.vpc.aws_subnet.public",
            "module.aws_vpc.module.vpc.aws_subnet.redshift",
            "module.aws_vpc.module.vpc.aws_vpc.this",
            "module.aws_vpc.module.vpc.aws_vpc_dhcp_options.this",
            "module.aws_vpc.module.vpc.aws_vpc_dhcp_options_association.this",
            "module.aws_vpc.module.vpc.aws_vpc_ipv4_cidr_block_association.this",
            "module.aws_vpc.module.vpc.aws_vpn_gateway.this",
            "module.aws_vpc.module.vpc.aws_vpn_gateway_attachment.this",
            "module.aws_vpc.module.vpc.aws_vpn_gateway_route_propagation.intra",
            "module.aws_vpc.module.vpc.aws_vpn_gateway_route_propagation.private",
            "module.aws_vpc.module.vpc.aws_vpn_gateway_route_propagation.public",
            "module.aws_vpc.module.vpc.data.aws_iam_policy_document.flow_log_cloudwatch_assume_role",
            "module.aws_vpc.module.vpc.data.aws_iam_policy_document.vpc_flow_log_cloudwatch",
            "module.dev_workspace.aws_s3_bucket.root_storage_bucket",
            "module.dev_workspace.aws_s3_bucket_policy.root_bucket_policy",
            "module.dev_workspace.aws_s3_bucket_public_access_block.root_storage_bucket",
            "module.dev_workspace.aws_s3_bucket_server_side_encryption_configuration.root_storage_bucket",
            "module.dev_workspace.aws_s3_bucket_versioning.root_bucket_versioning",
            "module.dev_workspace.data.databricks_aws_bucket_policy.this",
            "module.dev_workspace.databricks_metastore_assignment.this",
            "module.dev_workspace.databricks_mws_credentials.this",
            "module.dev_workspace.databricks_mws_networks.this",
            "module.dev_workspace.databricks_mws_storage_configurations.this",
            "module.dev_workspace.databricks_mws_workspaces.this",
            "module.prod_catalog.aws_iam_policy.policy",
            "module.prod_catalog.aws_iam_role.role",
            "module.prod_catalog.aws_iam_role_policy_attachment.attachment",
            "module.prod_catalog.module.s3_bucket.aws_s3_bucket.this",
            "module.prod_catalog.time_sleep.wait",
            "module.uc_bootstrap.data.databricks_service_principal.terraform_sp",
            "module.uc_bootstrap.databricks_group.account_admin_group",
            "module.uc_bootstrap.databricks_group.workspace_admin_group",
            "module.uc_bootstrap.databricks_group.workspace_user_group",
            "module.uc_bootstrap.databricks_group_member.admin_group_member",
            "module.uc_bootstrap.databricks_group_member.workspace_admin_group_member",
            "module.uc_bootstrap.databricks_group_member.workspace_admin_group_member_sp",
            "module.uc_bootstrap.databricks_group_member.workspace_user_group_member",
            "module.uc_bootstrap.databricks_service_principal_role.terraform_admin",
            "module.uc_bootstrap.databricks_service_principal_secret.terraform_sp",
            "module.uc_bootstrap.databricks_user.unity_users",
            "module.uc_bootstrap.databricks_user_role.account_admin_role",
            "module.uc_metastore.databricks_metastore.this",
            "module.uc_privileges.databricks_grants.this"
          ]
        }
      ]
    },
    {
      "module": "module.prod_catalog",
      "mode": "managed",
      "type": "time_sleep",
      "name": "wait",
      "provider": "provider[\"registry.terraform.io/hashicorp/time\"]",
      "instances": [
        {
          "schema_version": 0,
          "attributes": {
            "create_duration": "50s",
            "destroy_duration": null,
            "id": "2024-01-10T22:51:30Z",
            "triggers": null
          },
          "sensitive_attributes": [],
          "dependencies": [
            "module.aws_crossaccount_role.aws_iam_policy.cross_account_policy",
            "module.aws_crossaccount_role.aws_iam_role.cross_account_role",
            "module.aws_crossaccount_role.aws_iam_role_policy_attachment.cross_account_policy_attachment",
            "module.aws_crossaccount_role.data.databricks_aws_assume_role_policy.this",
            "module.aws_crossaccount_role.data.databricks_aws_crossaccount_policy.this",
            "module.aws_crossaccount_role.time_sleep.wait",
            "module.aws_vpc.data.aws_availability_zones.available",
            "module.aws_vpc.module.endpoints.aws_security_group.this",
            "module.aws_vpc.module.endpoints.aws_security_group_rule.this",
            "module.aws_vpc.module.endpoints.aws_vpc_endpoint.this",
            "module.aws_vpc.module.endpoints.data.aws_vpc_endpoint_service.this",
            "module.aws_vpc.module.vpc.aws_cloudwatch_log_group.flow_log",
            "module.aws_vpc.module.vpc.aws_customer_gateway.this",
            "module.aws_vpc.module.vpc.aws_db_subnet_group.database",
            "module.aws_vpc.module.vpc.aws_default_network_acl.this",
            "module.aws_vpc.module.vpc.aws_default_route_table.default",
            "module.aws_vpc.module.vpc.aws_default_security_group.this",
            "module.aws_vpc.module.vpc.aws_default_vpc.this",
            "module.aws_vpc.module.vpc.aws_egress_only_internet_gateway.this",
            "module.aws_vpc.module.vpc.aws_eip.nat",
            "module.aws_vpc.module.vpc.aws_elasticache_subnet_group.elasticache",
            "module.aws_vpc.module.vpc.aws_flow_log.this",
            "module.aws_vpc.module.vpc.aws_iam_policy.vpc_flow_log_cloudwatch",
            "module.aws_vpc.module.vpc.aws_iam_role.vpc_flow_log_cloudwatch",
            "module.aws_vpc.module.vpc.aws_iam_role_policy_attachment.vpc_flow_log_cloudwatch",
            "module.aws_vpc.module.vpc.aws_internet_gateway.this",
            "module.aws_vpc.module.vpc.aws_nat_gateway.this",
            "module.aws_vpc.module.vpc.aws_network_acl.database",
            "module.aws_vpc.module.vpc.aws_network_acl.elasticache",
            "module.aws_vpc.module.vpc.aws_network_acl.intra",
            "module.aws_vpc.module.vpc.aws_network_acl.outpost",
            "module.aws_vpc.module.vpc.aws_network_acl.private",
            "module.aws_vpc.module.vpc.aws_network_acl.public",
            "module.aws_vpc.module.vpc.aws_network_acl.redshift",
            "module.aws_vpc.module.vpc.aws_network_acl_rule.database_inbound",
            "module.aws_vpc.module.vpc.aws_network_acl_rule.database_outbound",
            "module.aws_vpc.module.vpc.aws_network_acl_rule.elasticache_inbound",
            "module.aws_vpc.module.vpc.aws_network_acl_rule.elasticache_outbound",
            "module.aws_vpc.module.vpc.aws_network_acl_rule.intra_inbound",
            "module.aws_vpc.module.vpc.aws_network_acl_rule.intra_outbound",
            "module.aws_vpc.module.vpc.aws_network_acl_rule.outpost_inbound",
            "module.aws_vpc.module.vpc.aws_network_acl_rule.outpost_outbound",
            "module.aws_vpc.module.vpc.aws_network_acl_rule.private_inbound",
            "module.aws_vpc.module.vpc.aws_network_acl_rule.private_outbound",
            "module.aws_vpc.module.vpc.aws_network_acl_rule.public_inbound",
            "module.aws_vpc.module.vpc.aws_network_acl_rule.public_outbound",
            "module.aws_vpc.module.vpc.aws_network_acl_rule.redshift_inbound",
            "module.aws_vpc.module.vpc.aws_network_acl_rule.redshift_outbound",
            "module.aws_vpc.module.vpc.aws_redshift_subnet_group.redshift",
            "module.aws_vpc.module.vpc.aws_route.database_dns64_nat_gateway",
            "module.aws_vpc.module.vpc.aws_route.database_internet_gateway",
            "module.aws_vpc.module.vpc.aws_route.database_ipv6_egress",
            "module.aws_vpc.module.vpc.aws_route.database_nat_gateway",
            "module.aws_vpc.module.vpc.aws_route.private_dns64_nat_gateway",
            "module.aws_vpc.module.vpc.aws_route.private_ipv6_egress",
            "module.aws_vpc.module.vpc.aws_route.private_nat_gateway",
            "module.aws_vpc.module.vpc.aws_route.public_internet_gateway",
            "module.aws_vpc.module.vpc.aws_route.public_internet_gateway_ipv6",
            "module.aws_vpc.module.vpc.aws_route_table.database",
            "module.aws_vpc.module.vpc.aws_route_table.elasticache",
            "module.aws_vpc.module.vpc.aws_route_table.intra",
            "module.aws_vpc.module.vpc.aws_route_table.private",
            "module.aws_vpc.module.vpc.aws_route_table.public",
            "module.aws_vpc.module.vpc.aws_route_table.redshift",
            "module.aws_vpc.module.vpc.aws_route_table_association.database",
            "module.aws_vpc.module.vpc.aws_route_table_association.elasticache",
            "module.aws_vpc.module.vpc.aws_route_table_association.intra",
            "module.aws_vpc.module.vpc.aws_route_table_association.outpost",
            "module.aws_vpc.module.vpc.aws_route_table_association.private",
            "module.aws_vpc.module.vpc.aws_route_table_association.public",
            "module.aws_vpc.module.vpc.aws_route_table_association.redshift",
            "module.aws_vpc.module.vpc.aws_route_table_association.redshift_public",
            "module.aws_vpc.module.vpc.aws_subnet.database",
            "module.aws_vpc.module.vpc.aws_subnet.elasticache",
            "module.aws_vpc.module.vpc.aws_subnet.intra",
            "module.aws_vpc.module.vpc.aws_subnet.outpost",
            "module.aws_vpc.module.vpc.aws_subnet.private",
            "module.aws_vpc.module.vpc.aws_subnet.public",
            "module.aws_vpc.module.vpc.aws_subnet.redshift",
            "module.aws_vpc.module.vpc.aws_vpc.this",
            "module.aws_vpc.module.vpc.aws_vpc_dhcp_options.this",
            "module.aws_vpc.module.vpc.aws_vpc_dhcp_options_association.this",
            "module.aws_vpc.module.vpc.aws_vpc_ipv4_cidr_block_association.this",
            "module.aws_vpc.module.vpc.aws_vpn_gateway.this",
            "module.aws_vpc.module.vpc.aws_vpn_gateway_attachment.this",
            "module.aws_vpc.module.vpc.aws_vpn_gateway_route_propagation.intra",
            "module.aws_vpc.module.vpc.aws_vpn_gateway_route_propagation.private",
            "module.aws_vpc.module.vpc.aws_vpn_gateway_route_propagation.public",
            "module.aws_vpc.module.vpc.data.aws_iam_policy_document.flow_log_cloudwatch_assume_role",
            "module.aws_vpc.module.vpc.data.aws_iam_policy_document.vpc_flow_log_cloudwatch",
            "module.dev_workspace.aws_s3_bucket.root_storage_bucket",
            "module.dev_workspace.aws_s3_bucket_policy.root_bucket_policy",
            "module.dev_workspace.aws_s3_bucket_public_access_block.root_storage_bucket",
            "module.dev_workspace.aws_s3_bucket_server_side_encryption_configuration.root_storage_bucket",
            "module.dev_workspace.aws_s3_bucket_versioning.root_bucket_versioning",
            "module.dev_workspace.data.databricks_aws_bucket_policy.this",
            "module.dev_workspace.databricks_metastore_assignment.this",
            "module.dev_workspace.databricks_mws_credentials.this",
            "module.dev_workspace.databricks_mws_networks.this",
            "module.dev_workspace.databricks_mws_storage_configurations.this",
            "module.dev_workspace.databricks_mws_workspaces.this",
            "module.prod_catalog.aws_iam_policy.policy",
            "module.prod_catalog.aws_iam_role.role",
            "module.prod_catalog.aws_iam_role_policy_attachment.attachment",
            "module.prod_catalog.module.s3_bucket.aws_s3_bucket.this",
            "module.uc_bootstrap.data.databricks_service_principal.terraform_sp",
            "module.uc_bootstrap.databricks_group.account_admin_group",
            "module.uc_bootstrap.databricks_group.workspace_admin_group",
            "module.uc_bootstrap.databricks_group.workspace_user_group",
            "module.uc_bootstrap.databricks_group_member.admin_group_member",
            "module.uc_bootstrap.databricks_group_member.workspace_admin_group_member",
            "module.uc_bootstrap.databricks_group_member.workspace_admin_group_member_sp",
            "module.uc_bootstrap.databricks_group_member.workspace_user_group_member",
            "module.uc_bootstrap.databricks_service_principal_role.terraform_admin",
            "module.uc_bootstrap.databricks_service_principal_secret.terraform_sp",
            "module.uc_bootstrap.databricks_user.unity_users",
            "module.uc_bootstrap.databricks_user_role.account_admin_role",
            "module.uc_metastore.databricks_metastore.this",
            "module.uc_privileges.databricks_grants.this"
          ]
        }
      ]
    },
    {
      "module": "module.prod_catalog.module.s3_bucket",
      "mode": "data",
      "type": "aws_caller_identity",
      "name": "current",
      "provider": "provider[\"registry.terraform.io/hashicorp/aws\"]",
      "instances": [
        {
          "schema_version": 0,
          "attributes": {
            "account_id": "136146594194",
            "arn": "arn:aws:iam::136146594194:user/cloud_admin",
            "id": "136146594194",
            "user_id": "AIDAR7MXYFGJBQJV6MFSU"
          },
          "sensitive_attributes": []
        }
      ]
    },
    {
      "module": "module.prod_catalog.module.s3_bucket",
      "mode": "data",
      "type": "aws_partition",
      "name": "current",
      "provider": "provider[\"registry.terraform.io/hashicorp/aws\"]",
      "instances": [
        {
          "schema_version": 0,
          "attributes": {
            "dns_suffix": "amazonaws.com",
            "id": "aws",
            "partition": "aws",
            "reverse_dns_prefix": "com.amazonaws"
          },
          "sensitive_attributes": []
        }
      ]
    },
    {
      "module": "module.prod_catalog.module.s3_bucket",
      "mode": "data",
      "type": "aws_region",
      "name": "current",
      "provider": "provider[\"registry.terraform.io/hashicorp/aws\"]",
      "instances": [
        {
          "schema_version": 0,
          "attributes": {
            "description": "Asia Pacific (Sydney)",
            "endpoint": "ec2.ap-southeast-2.amazonaws.com",
            "id": "ap-southeast-2",
            "name": "ap-southeast-2"
          },
          "sensitive_attributes": []
        }
      ]
    },
    {
      "module": "module.prod_catalog.module.s3_bucket",
      "mode": "managed",
      "type": "aws_s3_bucket",
      "name": "this",
      "provider": "provider[\"registry.terraform.io/hashicorp/aws\"]",
      "instances": [
        {
          "index_key": 0,
          "schema_version": 0,
          "attributes": {
            "acceleration_status": "",
            "acl": null,
            "arn": "arn:aws:s3:::prod-catalog-storage-20240110225036746200000007",
            "bucket": "prod-catalog-storage-20240110225036746200000007",
            "bucket_domain_name": "prod-catalog-storage-20240110225036746200000007.s3.amazonaws.com",
            "bucket_prefix": "prod-catalog-storage-",
            "bucket_regional_domain_name": "prod-catalog-storage-20240110225036746200000007.s3.ap-southeast-2.amazonaws.com",
            "cors_rule": [],
            "force_destroy": true,
            "grant": [
              {
                "id": "9c51f0ed535cb6ea55bb2b1ba811bbc6223a9d6e0146f0f320cda7be6a8973af",
                "permissions": [
                  "FULL_CONTROL"
                ],
                "type": "CanonicalUser",
                "uri": ""
              }
            ],
            "hosted_zone_id": "Z1WCIGYICN2BYD",
            "id": "prod-catalog-storage-20240110225036746200000007",
            "lifecycle_rule": [],
            "logging": [],
            "object_lock_configuration": [],
            "object_lock_enabled": false,
            "policy": "",
            "region": "ap-southeast-2",
            "replication_configuration": [],
            "request_payer": "BucketOwner",
            "server_side_encryption_configuration": [
              {
                "rule": [
                  {
                    "apply_server_side_encryption_by_default": [
                      {
                        "kms_master_key_id": "",
                        "sse_algorithm": "AES256"
                      }
                    ],
                    "bucket_key_enabled": false
                  }
                ]
              }
            ],
            "tags": {
              "Environment": "dev",
              "Project": "mars"
            },
            "tags_all": {
              "Environment": "dev",
              "Project": "mars"
            },
            "timeouts": null,
            "versioning": [
              {
                "enabled": false,
                "mfa_delete": false
              }
            ],
            "website": [],
            "website_domain": null,
            "website_endpoint": null
          },
          "sensitive_attributes": [],
          "private": "eyJlMmJmYjczMC1lY2FhLTExZTYtOGY4OC0zNDM2M2JjN2M0YzAiOnsiY3JlYXRlIjoxMjAwMDAwMDAwMDAwLCJkZWxldGUiOjM2MDAwMDAwMDAwMDAsInJlYWQiOjEyMDAwMDAwMDAwMDAsInVwZGF0ZSI6MTIwMDAwMDAwMDAwMH19",
          "dependencies": [
            "module.aws_crossaccount_role.aws_iam_policy.cross_account_policy",
            "module.aws_crossaccount_role.aws_iam_role.cross_account_role",
            "module.aws_crossaccount_role.aws_iam_role_policy_attachment.cross_account_policy_attachment",
            "module.aws_crossaccount_role.data.databricks_aws_assume_role_policy.this",
            "module.aws_crossaccount_role.data.databricks_aws_crossaccount_policy.this",
            "module.aws_crossaccount_role.time_sleep.wait",
            "module.aws_vpc.data.aws_availability_zones.available",
            "module.aws_vpc.module.endpoints.aws_security_group.this",
            "module.aws_vpc.module.endpoints.aws_security_group_rule.this",
            "module.aws_vpc.module.endpoints.aws_vpc_endpoint.this",
            "module.aws_vpc.module.endpoints.data.aws_vpc_endpoint_service.this",
            "module.aws_vpc.module.vpc.aws_cloudwatch_log_group.flow_log",
            "module.aws_vpc.module.vpc.aws_customer_gateway.this",
            "module.aws_vpc.module.vpc.aws_db_subnet_group.database",
            "module.aws_vpc.module.vpc.aws_default_network_acl.this",
            "module.aws_vpc.module.vpc.aws_default_route_table.default",
            "module.aws_vpc.module.vpc.aws_default_security_group.this",
            "module.aws_vpc.module.vpc.aws_default_vpc.this",
            "module.aws_vpc.module.vpc.aws_egress_only_internet_gateway.this",
            "module.aws_vpc.module.vpc.aws_eip.nat",
            "module.aws_vpc.module.vpc.aws_elasticache_subnet_group.elasticache",
            "module.aws_vpc.module.vpc.aws_flow_log.this",
            "module.aws_vpc.module.vpc.aws_iam_policy.vpc_flow_log_cloudwatch",
            "module.aws_vpc.module.vpc.aws_iam_role.vpc_flow_log_cloudwatch",
            "module.aws_vpc.module.vpc.aws_iam_role_policy_attachment.vpc_flow_log_cloudwatch",
            "module.aws_vpc.module.vpc.aws_internet_gateway.this",
            "module.aws_vpc.module.vpc.aws_nat_gateway.this",
            "module.aws_vpc.module.vpc.aws_network_acl.database",
            "module.aws_vpc.module.vpc.aws_network_acl.elasticache",
            "module.aws_vpc.module.vpc.aws_network_acl.intra",
            "module.aws_vpc.module.vpc.aws_network_acl.outpost",
            "module.aws_vpc.module.vpc.aws_network_acl.private",
            "module.aws_vpc.module.vpc.aws_network_acl.public",
            "module.aws_vpc.module.vpc.aws_network_acl.redshift",
            "module.aws_vpc.module.vpc.aws_network_acl_rule.database_inbound",
            "module.aws_vpc.module.vpc.aws_network_acl_rule.database_outbound",
            "module.aws_vpc.module.vpc.aws_network_acl_rule.elasticache_inbound",
            "module.aws_vpc.module.vpc.aws_network_acl_rule.elasticache_outbound",
            "module.aws_vpc.module.vpc.aws_network_acl_rule.intra_inbound",
            "module.aws_vpc.module.vpc.aws_network_acl_rule.intra_outbound",
            "module.aws_vpc.module.vpc.aws_network_acl_rule.outpost_inbound",
            "module.aws_vpc.module.vpc.aws_network_acl_rule.outpost_outbound",
            "module.aws_vpc.module.vpc.aws_network_acl_rule.private_inbound",
            "module.aws_vpc.module.vpc.aws_network_acl_rule.private_outbound",
            "module.aws_vpc.module.vpc.aws_network_acl_rule.public_inbound",
            "module.aws_vpc.module.vpc.aws_network_acl_rule.public_outbound",
            "module.aws_vpc.module.vpc.aws_network_acl_rule.redshift_inbound",
            "module.aws_vpc.module.vpc.aws_network_acl_rule.redshift_outbound",
            "module.aws_vpc.module.vpc.aws_redshift_subnet_group.redshift",
            "module.aws_vpc.module.vpc.aws_route.database_dns64_nat_gateway",
            "module.aws_vpc.module.vpc.aws_route.database_internet_gateway",
            "module.aws_vpc.module.vpc.aws_route.database_ipv6_egress",
            "module.aws_vpc.module.vpc.aws_route.database_nat_gateway",
            "module.aws_vpc.module.vpc.aws_route.private_dns64_nat_gateway",
            "module.aws_vpc.module.vpc.aws_route.private_ipv6_egress",
            "module.aws_vpc.module.vpc.aws_route.private_nat_gateway",
            "module.aws_vpc.module.vpc.aws_route.public_internet_gateway",
            "module.aws_vpc.module.vpc.aws_route.public_internet_gateway_ipv6",
            "module.aws_vpc.module.vpc.aws_route_table.database",
            "module.aws_vpc.module.vpc.aws_route_table.elasticache",
            "module.aws_vpc.module.vpc.aws_route_table.intra",
            "module.aws_vpc.module.vpc.aws_route_table.private",
            "module.aws_vpc.module.vpc.aws_route_table.public",
            "module.aws_vpc.module.vpc.aws_route_table.redshift",
            "module.aws_vpc.module.vpc.aws_route_table_association.database",
            "module.aws_vpc.module.vpc.aws_route_table_association.elasticache",
            "module.aws_vpc.module.vpc.aws_route_table_association.intra",
            "module.aws_vpc.module.vpc.aws_route_table_association.outpost",
            "module.aws_vpc.module.vpc.aws_route_table_association.private",
            "module.aws_vpc.module.vpc.aws_route_table_association.public",
            "module.aws_vpc.module.vpc.aws_route_table_association.redshift",
            "module.aws_vpc.module.vpc.aws_route_table_association.redshift_public",
            "module.aws_vpc.module.vpc.aws_subnet.database",
            "module.aws_vpc.module.vpc.aws_subnet.elasticache",
            "module.aws_vpc.module.vpc.aws_subnet.intra",
            "module.aws_vpc.module.vpc.aws_subnet.outpost",
            "module.aws_vpc.module.vpc.aws_subnet.private",
            "module.aws_vpc.module.vpc.aws_subnet.public",
            "module.aws_vpc.module.vpc.aws_subnet.redshift",
            "module.aws_vpc.module.vpc.aws_vpc.this",
            "module.aws_vpc.module.vpc.aws_vpc_dhcp_options.this",
            "module.aws_vpc.module.vpc.aws_vpc_dhcp_options_association.this",
            "module.aws_vpc.module.vpc.aws_vpc_ipv4_cidr_block_association.this",
            "module.aws_vpc.module.vpc.aws_vpn_gateway.this",
            "module.aws_vpc.module.vpc.aws_vpn_gateway_attachment.this",
            "module.aws_vpc.module.vpc.aws_vpn_gateway_route_propagation.intra",
            "module.aws_vpc.module.vpc.aws_vpn_gateway_route_propagation.private",
            "module.aws_vpc.module.vpc.aws_vpn_gateway_route_propagation.public",
            "module.aws_vpc.module.vpc.data.aws_iam_policy_document.flow_log_cloudwatch_assume_role",
            "module.aws_vpc.module.vpc.data.aws_iam_policy_document.vpc_flow_log_cloudwatch",
            "module.dev_workspace.aws_s3_bucket.root_storage_bucket",
            "module.dev_workspace.aws_s3_bucket_policy.root_bucket_policy",
            "module.dev_workspace.aws_s3_bucket_public_access_block.root_storage_bucket",
            "module.dev_workspace.aws_s3_bucket_server_side_encryption_configuration.root_storage_bucket",
            "module.dev_workspace.aws_s3_bucket_versioning.root_bucket_versioning",
            "module.dev_workspace.data.databricks_aws_bucket_policy.this",
            "module.dev_workspace.databricks_metastore_assignment.this",
            "module.dev_workspace.databricks_mws_credentials.this",
            "module.dev_workspace.databricks_mws_networks.this",
            "module.dev_workspace.databricks_mws_storage_configurations.this",
            "module.dev_workspace.databricks_mws_workspaces.this",
            "module.uc_bootstrap.data.databricks_service_principal.terraform_sp",
            "module.uc_bootstrap.databricks_group.account_admin_group",
            "module.uc_bootstrap.databricks_group.workspace_admin_group",
            "module.uc_bootstrap.databricks_group.workspace_user_group",
            "module.uc_bootstrap.databricks_group_member.admin_group_member",
            "module.uc_bootstrap.databricks_group_member.workspace_admin_group_member",
            "module.uc_bootstrap.databricks_group_member.workspace_admin_group_member_sp",
            "module.uc_bootstrap.databricks_group_member.workspace_user_group_member",
            "module.uc_bootstrap.databricks_service_principal_role.terraform_admin",
            "module.uc_bootstrap.databricks_service_principal_secret.terraform_sp",
            "module.uc_bootstrap.databricks_user.unity_users",
            "module.uc_bootstrap.databricks_user_role.account_admin_role",
            "module.uc_metastore.databricks_metastore.this",
            "module.uc_privileges.databricks_grants.this"
          ]
        }
      ]
    },
    {
      "module": "module.prod_catalog.module.s3_bucket",
      "mode": "managed",
      "type": "aws_s3_bucket_public_access_block",
      "name": "this",
      "provider": "provider[\"registry.terraform.io/hashicorp/aws\"]",
      "instances": [
        {
          "index_key": 0,
          "schema_version": 0,
          "attributes": {
            "block_public_acls": true,
            "block_public_policy": true,
            "bucket": "prod-catalog-storage-20240110225036746200000007",
            "id": "prod-catalog-storage-20240110225036746200000007",
            "ignore_public_acls": true,
            "restrict_public_buckets": true
          },
          "sensitive_attributes": [],
          "private": "bnVsbA==",
          "dependencies": [
            "module.aws_crossaccount_role.aws_iam_policy.cross_account_policy",
            "module.aws_crossaccount_role.aws_iam_role.cross_account_role",
            "module.aws_crossaccount_role.aws_iam_role_policy_attachment.cross_account_policy_attachment",
            "module.aws_crossaccount_role.data.databricks_aws_assume_role_policy.this",
            "module.aws_crossaccount_role.data.databricks_aws_crossaccount_policy.this",
            "module.aws_crossaccount_role.time_sleep.wait",
            "module.aws_vpc.data.aws_availability_zones.available",
            "module.aws_vpc.module.endpoints.aws_security_group.this",
            "module.aws_vpc.module.endpoints.aws_security_group_rule.this",
            "module.aws_vpc.module.endpoints.aws_vpc_endpoint.this",
            "module.aws_vpc.module.endpoints.data.aws_vpc_endpoint_service.this",
            "module.aws_vpc.module.vpc.aws_cloudwatch_log_group.flow_log",
            "module.aws_vpc.module.vpc.aws_customer_gateway.this",
            "module.aws_vpc.module.vpc.aws_db_subnet_group.database",
            "module.aws_vpc.module.vpc.aws_default_network_acl.this",
            "module.aws_vpc.module.vpc.aws_default_route_table.default",
            "module.aws_vpc.module.vpc.aws_default_security_group.this",
            "module.aws_vpc.module.vpc.aws_default_vpc.this",
            "module.aws_vpc.module.vpc.aws_egress_only_internet_gateway.this",
            "module.aws_vpc.module.vpc.aws_eip.nat",
            "module.aws_vpc.module.vpc.aws_elasticache_subnet_group.elasticache",
            "module.aws_vpc.module.vpc.aws_flow_log.this",
            "module.aws_vpc.module.vpc.aws_iam_policy.vpc_flow_log_cloudwatch",
            "module.aws_vpc.module.vpc.aws_iam_role.vpc_flow_log_cloudwatch",
            "module.aws_vpc.module.vpc.aws_iam_role_policy_attachment.vpc_flow_log_cloudwatch",
            "module.aws_vpc.module.vpc.aws_internet_gateway.this",
            "module.aws_vpc.module.vpc.aws_nat_gateway.this",
            "module.aws_vpc.module.vpc.aws_network_acl.database",
            "module.aws_vpc.module.vpc.aws_network_acl.elasticache",
            "module.aws_vpc.module.vpc.aws_network_acl.intra",
            "module.aws_vpc.module.vpc.aws_network_acl.outpost",
            "module.aws_vpc.module.vpc.aws_network_acl.private",
            "module.aws_vpc.module.vpc.aws_network_acl.public",
            "module.aws_vpc.module.vpc.aws_network_acl.redshift",
            "module.aws_vpc.module.vpc.aws_network_acl_rule.database_inbound",
            "module.aws_vpc.module.vpc.aws_network_acl_rule.database_outbound",
            "module.aws_vpc.module.vpc.aws_network_acl_rule.elasticache_inbound",
            "module.aws_vpc.module.vpc.aws_network_acl_rule.elasticache_outbound",
            "module.aws_vpc.module.vpc.aws_network_acl_rule.intra_inbound",
            "module.aws_vpc.module.vpc.aws_network_acl_rule.intra_outbound",
            "module.aws_vpc.module.vpc.aws_network_acl_rule.outpost_inbound",
            "module.aws_vpc.module.vpc.aws_network_acl_rule.outpost_outbound",
            "module.aws_vpc.module.vpc.aws_network_acl_rule.private_inbound",
            "module.aws_vpc.module.vpc.aws_network_acl_rule.private_outbound",
            "module.aws_vpc.module.vpc.aws_network_acl_rule.public_inbound",
            "module.aws_vpc.module.vpc.aws_network_acl_rule.public_outbound",
            "module.aws_vpc.module.vpc.aws_network_acl_rule.redshift_inbound",
            "module.aws_vpc.module.vpc.aws_network_acl_rule.redshift_outbound",
            "module.aws_vpc.module.vpc.aws_redshift_subnet_group.redshift",
            "module.aws_vpc.module.vpc.aws_route.database_dns64_nat_gateway",
            "module.aws_vpc.module.vpc.aws_route.database_internet_gateway",
            "module.aws_vpc.module.vpc.aws_route.database_ipv6_egress",
            "module.aws_vpc.module.vpc.aws_route.database_nat_gateway",
            "module.aws_vpc.module.vpc.aws_route.private_dns64_nat_gateway",
            "module.aws_vpc.module.vpc.aws_route.private_ipv6_egress",
            "module.aws_vpc.module.vpc.aws_route.private_nat_gateway",
            "module.aws_vpc.module.vpc.aws_route.public_internet_gateway",
            "module.aws_vpc.module.vpc.aws_route.public_internet_gateway_ipv6",
            "module.aws_vpc.module.vpc.aws_route_table.database",
            "module.aws_vpc.module.vpc.aws_route_table.elasticache",
            "module.aws_vpc.module.vpc.aws_route_table.intra",
            "module.aws_vpc.module.vpc.aws_route_table.private",
            "module.aws_vpc.module.vpc.aws_route_table.public",
            "module.aws_vpc.module.vpc.aws_route_table.redshift",
            "module.aws_vpc.module.vpc.aws_route_table_association.database",
            "module.aws_vpc.module.vpc.aws_route_table_association.elasticache",
            "module.aws_vpc.module.vpc.aws_route_table_association.intra",
            "module.aws_vpc.module.vpc.aws_route_table_association.outpost",
            "module.aws_vpc.module.vpc.aws_route_table_association.private",
            "module.aws_vpc.module.vpc.aws_route_table_association.public",
            "module.aws_vpc.module.vpc.aws_route_table_association.redshift",
            "module.aws_vpc.module.vpc.aws_route_table_association.redshift_public",
            "module.aws_vpc.module.vpc.aws_subnet.database",
            "module.aws_vpc.module.vpc.aws_subnet.elasticache",
            "module.aws_vpc.module.vpc.aws_subnet.intra",
            "module.aws_vpc.module.vpc.aws_subnet.outpost",
            "module.aws_vpc.module.vpc.aws_subnet.private",
            "module.aws_vpc.module.vpc.aws_subnet.public",
            "module.aws_vpc.module.vpc.aws_subnet.redshift",
            "module.aws_vpc.module.vpc.aws_vpc.this",
            "module.aws_vpc.module.vpc.aws_vpc_dhcp_options.this",
            "module.aws_vpc.module.vpc.aws_vpc_dhcp_options_association.this",
            "module.aws_vpc.module.vpc.aws_vpc_ipv4_cidr_block_association.this",
            "module.aws_vpc.module.vpc.aws_vpn_gateway.this",
            "module.aws_vpc.module.vpc.aws_vpn_gateway_attachment.this",
            "module.aws_vpc.module.vpc.aws_vpn_gateway_route_propagation.intra",
            "module.aws_vpc.module.vpc.aws_vpn_gateway_route_propagation.private",
            "module.aws_vpc.module.vpc.aws_vpn_gateway_route_propagation.public",
            "module.aws_vpc.module.vpc.data.aws_iam_policy_document.flow_log_cloudwatch_assume_role",
            "module.aws_vpc.module.vpc.data.aws_iam_policy_document.vpc_flow_log_cloudwatch",
            "module.dev_workspace.aws_s3_bucket.root_storage_bucket",
            "module.dev_workspace.aws_s3_bucket_policy.root_bucket_policy",
            "module.dev_workspace.aws_s3_bucket_public_access_block.root_storage_bucket",
            "module.dev_workspace.aws_s3_bucket_server_side_encryption_configuration.root_storage_bucket",
            "module.dev_workspace.aws_s3_bucket_versioning.root_bucket_versioning",
            "module.dev_workspace.data.databricks_aws_bucket_policy.this",
            "module.dev_workspace.databricks_metastore_assignment.this",
            "module.dev_workspace.databricks_mws_credentials.this",
            "module.dev_workspace.databricks_mws_networks.this",
            "module.dev_workspace.databricks_mws_storage_configurations.this",
            "module.dev_workspace.databricks_mws_workspaces.this",
            "module.prod_catalog.module.s3_bucket.aws_s3_bucket.this",
            "module.uc_bootstrap.data.databricks_service_principal.terraform_sp",
            "module.uc_bootstrap.databricks_group.account_admin_group",
            "module.uc_bootstrap.databricks_group.workspace_admin_group",
            "module.uc_bootstrap.databricks_group.workspace_user_group",
            "module.uc_bootstrap.databricks_group_member.admin_group_member",
            "module.uc_bootstrap.databricks_group_member.workspace_admin_group_member",
            "module.uc_bootstrap.databricks_group_member.workspace_admin_group_member_sp",
            "module.uc_bootstrap.databricks_group_member.workspace_user_group_member",
            "module.uc_bootstrap.databricks_service_principal_role.terraform_admin",
            "module.uc_bootstrap.databricks_service_principal_secret.terraform_sp",
            "module.uc_bootstrap.databricks_user.unity_users",
            "module.uc_bootstrap.databricks_user_role.account_admin_role",
            "module.uc_metastore.databricks_metastore.this",
            "module.uc_privileges.databricks_grants.this"
          ]
        }
      ]
    },
    {
      "module": "module.prod_catalog.module.s3_bucket",
      "mode": "managed",
      "type": "aws_s3_bucket_versioning",
      "name": "this",
      "provider": "provider[\"registry.terraform.io/hashicorp/aws\"]",
      "instances": [
        {
          "index_key": 0,
          "schema_version": 0,
          "attributes": {
            "bucket": "prod-catalog-storage-20240110225036746200000007",
            "expected_bucket_owner": "",
            "id": "prod-catalog-storage-20240110225036746200000007",
            "mfa": null,
            "versioning_configuration": [
              {
                "mfa_delete": "",
                "status": "Disabled"
              }
            ]
          },
          "sensitive_attributes": [],
          "private": "bnVsbA==",
          "dependencies": [
            "module.aws_crossaccount_role.aws_iam_policy.cross_account_policy",
            "module.aws_crossaccount_role.aws_iam_role.cross_account_role",
            "module.aws_crossaccount_role.aws_iam_role_policy_attachment.cross_account_policy_attachment",
            "module.aws_crossaccount_role.data.databricks_aws_assume_role_policy.this",
            "module.aws_crossaccount_role.data.databricks_aws_crossaccount_policy.this",
            "module.aws_crossaccount_role.time_sleep.wait",
            "module.aws_vpc.data.aws_availability_zones.available",
            "module.aws_vpc.module.endpoints.aws_security_group.this",
            "module.aws_vpc.module.endpoints.aws_security_group_rule.this",
            "module.aws_vpc.module.endpoints.aws_vpc_endpoint.this",
            "module.aws_vpc.module.endpoints.data.aws_vpc_endpoint_service.this",
            "module.aws_vpc.module.vpc.aws_cloudwatch_log_group.flow_log",
            "module.aws_vpc.module.vpc.aws_customer_gateway.this",
            "module.aws_vpc.module.vpc.aws_db_subnet_group.database",
            "module.aws_vpc.module.vpc.aws_default_network_acl.this",
            "module.aws_vpc.module.vpc.aws_default_route_table.default",
            "module.aws_vpc.module.vpc.aws_default_security_group.this",
            "module.aws_vpc.module.vpc.aws_default_vpc.this",
            "module.aws_vpc.module.vpc.aws_egress_only_internet_gateway.this",
            "module.aws_vpc.module.vpc.aws_eip.nat",
            "module.aws_vpc.module.vpc.aws_elasticache_subnet_group.elasticache",
            "module.aws_vpc.module.vpc.aws_flow_log.this",
            "module.aws_vpc.module.vpc.aws_iam_policy.vpc_flow_log_cloudwatch",
            "module.aws_vpc.module.vpc.aws_iam_role.vpc_flow_log_cloudwatch",
            "module.aws_vpc.module.vpc.aws_iam_role_policy_attachment.vpc_flow_log_cloudwatch",
            "module.aws_vpc.module.vpc.aws_internet_gateway.this",
            "module.aws_vpc.module.vpc.aws_nat_gateway.this",
            "module.aws_vpc.module.vpc.aws_network_acl.database",
            "module.aws_vpc.module.vpc.aws_network_acl.elasticache",
            "module.aws_vpc.module.vpc.aws_network_acl.intra",
            "module.aws_vpc.module.vpc.aws_network_acl.outpost",
            "module.aws_vpc.module.vpc.aws_network_acl.private",
            "module.aws_vpc.module.vpc.aws_network_acl.public",
            "module.aws_vpc.module.vpc.aws_network_acl.redshift",
            "module.aws_vpc.module.vpc.aws_network_acl_rule.database_inbound",
            "module.aws_vpc.module.vpc.aws_network_acl_rule.database_outbound",
            "module.aws_vpc.module.vpc.aws_network_acl_rule.elasticache_inbound",
            "module.aws_vpc.module.vpc.aws_network_acl_rule.elasticache_outbound",
            "module.aws_vpc.module.vpc.aws_network_acl_rule.intra_inbound",
            "module.aws_vpc.module.vpc.aws_network_acl_rule.intra_outbound",
            "module.aws_vpc.module.vpc.aws_network_acl_rule.outpost_inbound",
            "module.aws_vpc.module.vpc.aws_network_acl_rule.outpost_outbound",
            "module.aws_vpc.module.vpc.aws_network_acl_rule.private_inbound",
            "module.aws_vpc.module.vpc.aws_network_acl_rule.private_outbound",
            "module.aws_vpc.module.vpc.aws_network_acl_rule.public_inbound",
            "module.aws_vpc.module.vpc.aws_network_acl_rule.public_outbound",
            "module.aws_vpc.module.vpc.aws_network_acl_rule.redshift_inbound",
            "module.aws_vpc.module.vpc.aws_network_acl_rule.redshift_outbound",
            "module.aws_vpc.module.vpc.aws_redshift_subnet_group.redshift",
            "module.aws_vpc.module.vpc.aws_route.database_dns64_nat_gateway",
            "module.aws_vpc.module.vpc.aws_route.database_internet_gateway",
            "module.aws_vpc.module.vpc.aws_route.database_ipv6_egress",
            "module.aws_vpc.module.vpc.aws_route.database_nat_gateway",
            "module.aws_vpc.module.vpc.aws_route.private_dns64_nat_gateway",
            "module.aws_vpc.module.vpc.aws_route.private_ipv6_egress",
            "module.aws_vpc.module.vpc.aws_route.private_nat_gateway",
            "module.aws_vpc.module.vpc.aws_route.public_internet_gateway",
            "module.aws_vpc.module.vpc.aws_route.public_internet_gateway_ipv6",
            "module.aws_vpc.module.vpc.aws_route_table.database",
            "module.aws_vpc.module.vpc.aws_route_table.elasticache",
            "module.aws_vpc.module.vpc.aws_route_table.intra",
            "module.aws_vpc.module.vpc.aws_route_table.private",
            "module.aws_vpc.module.vpc.aws_route_table.public",
            "module.aws_vpc.module.vpc.aws_route_table.redshift",
            "module.aws_vpc.module.vpc.aws_route_table_association.database",
            "module.aws_vpc.module.vpc.aws_route_table_association.elasticache",
            "module.aws_vpc.module.vpc.aws_route_table_association.intra",
            "module.aws_vpc.module.vpc.aws_route_table_association.outpost",
            "module.aws_vpc.module.vpc.aws_route_table_association.private",
            "module.aws_vpc.module.vpc.aws_route_table_association.public",
            "module.aws_vpc.module.vpc.aws_route_table_association.redshift",
            "module.aws_vpc.module.vpc.aws_route_table_association.redshift_public",
            "module.aws_vpc.module.vpc.aws_subnet.database",
            "module.aws_vpc.module.vpc.aws_subnet.elasticache",
            "module.aws_vpc.module.vpc.aws_subnet.intra",
            "module.aws_vpc.module.vpc.aws_subnet.outpost",
            "module.aws_vpc.module.vpc.aws_subnet.private",
            "module.aws_vpc.module.vpc.aws_subnet.public",
            "module.aws_vpc.module.vpc.aws_subnet.redshift",
            "module.aws_vpc.module.vpc.aws_vpc.this",
            "module.aws_vpc.module.vpc.aws_vpc_dhcp_options.this",
            "module.aws_vpc.module.vpc.aws_vpc_dhcp_options_association.this",
            "module.aws_vpc.module.vpc.aws_vpc_ipv4_cidr_block_association.this",
            "module.aws_vpc.module.vpc.aws_vpn_gateway.this",
            "module.aws_vpc.module.vpc.aws_vpn_gateway_attachment.this",
            "module.aws_vpc.module.vpc.aws_vpn_gateway_route_propagation.intra",
            "module.aws_vpc.module.vpc.aws_vpn_gateway_route_propagation.private",
            "module.aws_vpc.module.vpc.aws_vpn_gateway_route_propagation.public",
            "module.aws_vpc.module.vpc.data.aws_iam_policy_document.flow_log_cloudwatch_assume_role",
            "module.aws_vpc.module.vpc.data.aws_iam_policy_document.vpc_flow_log_cloudwatch",
            "module.dev_workspace.aws_s3_bucket.root_storage_bucket",
            "module.dev_workspace.aws_s3_bucket_policy.root_bucket_policy",
            "module.dev_workspace.aws_s3_bucket_public_access_block.root_storage_bucket",
            "module.dev_workspace.aws_s3_bucket_server_side_encryption_configuration.root_storage_bucket",
            "module.dev_workspace.aws_s3_bucket_versioning.root_bucket_versioning",
            "module.dev_workspace.data.databricks_aws_bucket_policy.this",
            "module.dev_workspace.databricks_metastore_assignment.this",
            "module.dev_workspace.databricks_mws_credentials.this",
            "module.dev_workspace.databricks_mws_networks.this",
            "module.dev_workspace.databricks_mws_storage_configurations.this",
            "module.dev_workspace.databricks_mws_workspaces.this",
            "module.prod_catalog.module.s3_bucket.aws_s3_bucket.this",
            "module.uc_bootstrap.data.databricks_service_principal.terraform_sp",
            "module.uc_bootstrap.databricks_group.account_admin_group",
            "module.uc_bootstrap.databricks_group.workspace_admin_group",
            "module.uc_bootstrap.databricks_group.workspace_user_group",
            "module.uc_bootstrap.databricks_group_member.admin_group_member",
            "module.uc_bootstrap.databricks_group_member.workspace_admin_group_member",
            "module.uc_bootstrap.databricks_group_member.workspace_admin_group_member_sp",
            "module.uc_bootstrap.databricks_group_member.workspace_user_group_member",
            "module.uc_bootstrap.databricks_service_principal_role.terraform_admin",
            "module.uc_bootstrap.databricks_service_principal_secret.terraform_sp",
            "module.uc_bootstrap.databricks_user.unity_users",
            "module.uc_bootstrap.databricks_user_role.account_admin_role",
            "module.uc_metastore.databricks_metastore.this",
            "module.uc_privileges.databricks_grants.this"
          ]
        }
      ]
    },
    {
      "module": "module.prod_catalog_grants",
      "mode": "managed",
      "type": "databricks_grants",
      "name": "catalog",
      "provider": "provider[\"registry.terraform.io/databricks/databricks\"].dev_ws",
      "instances": [
        {
          "schema_version": 0,
          "attributes": {
            "catalog": "_prod",
            "external_location": null,
            "foreign_connection": null,
            "function": null,
            "grant": [
              {
                "principal": "account_admins",
                "privileges": [
                  "ALL_PRIVILEGES"
                ]
              },
              {
                "principal": "workspace_admins",
                "privileges": [
                  "ALL_PRIVILEGES"
                ]
              },
              {
                "principal": "workspace_users",
                "privileges": [
                  "CREATE_FUNCTION",
                  "CREATE_TABLE",
                  "CREATE_VOLUME",
                  "EXECUTE",
                  "MODIFY",
                  "READ_VOLUME",
                  "REFRESH",
                  "SELECT",
                  "USE_CATALOG",
                  "USE_SCHEMA",
                  "WRITE_VOLUME"
                ]
              }
            ],
            "id": "catalog/_prod",
            "materialized_view": null,
            "metastore": null,
            "model": null,
            "schema": null,
            "share": null,
            "storage_credential": null,
            "table": null,
            "view": null,
            "volume": null
          },
          "sensitive_attributes": [],
          "private": "bnVsbA==",
          "dependencies": [
            "module.aws_crossaccount_role.aws_iam_policy.cross_account_policy",
            "module.aws_crossaccount_role.aws_iam_role.cross_account_role",
            "module.aws_crossaccount_role.aws_iam_role_policy_attachment.cross_account_policy_attachment",
            "module.aws_crossaccount_role.data.databricks_aws_assume_role_policy.this",
            "module.aws_crossaccount_role.data.databricks_aws_crossaccount_policy.this",
            "module.aws_crossaccount_role.time_sleep.wait",
            "module.aws_vpc.data.aws_availability_zones.available",
            "module.aws_vpc.module.endpoints.aws_security_group.this",
            "module.aws_vpc.module.endpoints.aws_security_group_rule.this",
            "module.aws_vpc.module.endpoints.aws_vpc_endpoint.this",
            "module.aws_vpc.module.endpoints.data.aws_vpc_endpoint_service.this",
            "module.aws_vpc.module.vpc.aws_cloudwatch_log_group.flow_log",
            "module.aws_vpc.module.vpc.aws_customer_gateway.this",
            "module.aws_vpc.module.vpc.aws_db_subnet_group.database",
            "module.aws_vpc.module.vpc.aws_default_network_acl.this",
            "module.aws_vpc.module.vpc.aws_default_route_table.default",
            "module.aws_vpc.module.vpc.aws_default_security_group.this",
            "module.aws_vpc.module.vpc.aws_default_vpc.this",
            "module.aws_vpc.module.vpc.aws_egress_only_internet_gateway.this",
            "module.aws_vpc.module.vpc.aws_eip.nat",
            "module.aws_vpc.module.vpc.aws_elasticache_subnet_group.elasticache",
            "module.aws_vpc.module.vpc.aws_flow_log.this",
            "module.aws_vpc.module.vpc.aws_iam_policy.vpc_flow_log_cloudwatch",
            "module.aws_vpc.module.vpc.aws_iam_role.vpc_flow_log_cloudwatch",
            "module.aws_vpc.module.vpc.aws_iam_role_policy_attachment.vpc_flow_log_cloudwatch",
            "module.aws_vpc.module.vpc.aws_internet_gateway.this",
            "module.aws_vpc.module.vpc.aws_nat_gateway.this",
            "module.aws_vpc.module.vpc.aws_network_acl.database",
            "module.aws_vpc.module.vpc.aws_network_acl.elasticache",
            "module.aws_vpc.module.vpc.aws_network_acl.intra",
            "module.aws_vpc.module.vpc.aws_network_acl.outpost",
            "module.aws_vpc.module.vpc.aws_network_acl.private",
            "module.aws_vpc.module.vpc.aws_network_acl.public",
            "module.aws_vpc.module.vpc.aws_network_acl.redshift",
            "module.aws_vpc.module.vpc.aws_network_acl_rule.database_inbound",
            "module.aws_vpc.module.vpc.aws_network_acl_rule.database_outbound",
            "module.aws_vpc.module.vpc.aws_network_acl_rule.elasticache_inbound",
            "module.aws_vpc.module.vpc.aws_network_acl_rule.elasticache_outbound",
            "module.aws_vpc.module.vpc.aws_network_acl_rule.intra_inbound",
            "module.aws_vpc.module.vpc.aws_network_acl_rule.intra_outbound",
            "module.aws_vpc.module.vpc.aws_network_acl_rule.outpost_inbound",
            "module.aws_vpc.module.vpc.aws_network_acl_rule.outpost_outbound",
            "module.aws_vpc.module.vpc.aws_network_acl_rule.private_inbound",
            "module.aws_vpc.module.vpc.aws_network_acl_rule.private_outbound",
            "module.aws_vpc.module.vpc.aws_network_acl_rule.public_inbound",
            "module.aws_vpc.module.vpc.aws_network_acl_rule.public_outbound",
            "module.aws_vpc.module.vpc.aws_network_acl_rule.redshift_inbound",
            "module.aws_vpc.module.vpc.aws_network_acl_rule.redshift_outbound",
            "module.aws_vpc.module.vpc.aws_redshift_subnet_group.redshift",
            "module.aws_vpc.module.vpc.aws_route.database_dns64_nat_gateway",
            "module.aws_vpc.module.vpc.aws_route.database_internet_gateway",
            "module.aws_vpc.module.vpc.aws_route.database_ipv6_egress",
            "module.aws_vpc.module.vpc.aws_route.database_nat_gateway",
            "module.aws_vpc.module.vpc.aws_route.private_dns64_nat_gateway",
            "module.aws_vpc.module.vpc.aws_route.private_ipv6_egress",
            "module.aws_vpc.module.vpc.aws_route.private_nat_gateway",
            "module.aws_vpc.module.vpc.aws_route.public_internet_gateway",
            "module.aws_vpc.module.vpc.aws_route.public_internet_gateway_ipv6",
            "module.aws_vpc.module.vpc.aws_route_table.database",
            "module.aws_vpc.module.vpc.aws_route_table.elasticache",
            "module.aws_vpc.module.vpc.aws_route_table.intra",
            "module.aws_vpc.module.vpc.aws_route_table.private",
            "module.aws_vpc.module.vpc.aws_route_table.public",
            "module.aws_vpc.module.vpc.aws_route_table.redshift",
            "module.aws_vpc.module.vpc.aws_route_table_association.database",
            "module.aws_vpc.module.vpc.aws_route_table_association.elasticache",
            "module.aws_vpc.module.vpc.aws_route_table_association.intra",
            "module.aws_vpc.module.vpc.aws_route_table_association.outpost",
            "module.aws_vpc.module.vpc.aws_route_table_association.private",
            "module.aws_vpc.module.vpc.aws_route_table_association.public",
            "module.aws_vpc.module.vpc.aws_route_table_association.redshift",
            "module.aws_vpc.module.vpc.aws_route_table_association.redshift_public",
            "module.aws_vpc.module.vpc.aws_subnet.database",
            "module.aws_vpc.module.vpc.aws_subnet.elasticache",
            "module.aws_vpc.module.vpc.aws_subnet.intra",
            "module.aws_vpc.module.vpc.aws_subnet.outpost",
            "module.aws_vpc.module.vpc.aws_subnet.private",
            "module.aws_vpc.module.vpc.aws_subnet.public",
            "module.aws_vpc.module.vpc.aws_subnet.redshift",
            "module.aws_vpc.module.vpc.aws_vpc.this",
            "module.aws_vpc.module.vpc.aws_vpc_dhcp_options.this",
            "module.aws_vpc.module.vpc.aws_vpc_dhcp_options_association.this",
            "module.aws_vpc.module.vpc.aws_vpc_ipv4_cidr_block_association.this",
            "module.aws_vpc.module.vpc.aws_vpn_gateway.this",
            "module.aws_vpc.module.vpc.aws_vpn_gateway_attachment.this",
            "module.aws_vpc.module.vpc.aws_vpn_gateway_route_propagation.intra",
            "module.aws_vpc.module.vpc.aws_vpn_gateway_route_propagation.private",
            "module.aws_vpc.module.vpc.aws_vpn_gateway_route_propagation.public",
            "module.aws_vpc.module.vpc.data.aws_iam_policy_document.flow_log_cloudwatch_assume_role",
            "module.aws_vpc.module.vpc.data.aws_iam_policy_document.vpc_flow_log_cloudwatch",
            "module.dev_workspace.aws_s3_bucket.root_storage_bucket",
            "module.dev_workspace.aws_s3_bucket_policy.root_bucket_policy",
            "module.dev_workspace.aws_s3_bucket_public_access_block.root_storage_bucket",
            "module.dev_workspace.aws_s3_bucket_server_side_encryption_configuration.root_storage_bucket",
            "module.dev_workspace.aws_s3_bucket_versioning.root_bucket_versioning",
            "module.dev_workspace.data.databricks_aws_bucket_policy.this",
            "module.dev_workspace.databricks_metastore_assignment.this",
            "module.dev_workspace.databricks_mws_credentials.this",
            "module.dev_workspace.databricks_mws_networks.this",
            "module.dev_workspace.databricks_mws_storage_configurations.this",
            "module.dev_workspace.databricks_mws_workspaces.this",
            "module.prod_catalog.aws_iam_policy.policy",
            "module.prod_catalog.aws_iam_role.role",
            "module.prod_catalog.aws_iam_role_policy_attachment.attachment",
            "module.prod_catalog.databricks_catalog.this",
            "module.prod_catalog.databricks_external_location.this",
            "module.prod_catalog.databricks_storage_credential.this",
            "module.prod_catalog.module.s3_bucket.aws_s3_bucket.this",
            "module.prod_catalog.module.s3_bucket.aws_s3_bucket_accelerate_configuration.this",
            "module.prod_catalog.module.s3_bucket.aws_s3_bucket_acl.this",
            "module.prod_catalog.module.s3_bucket.aws_s3_bucket_analytics_configuration.this",
            "module.prod_catalog.module.s3_bucket.aws_s3_bucket_cors_configuration.this",
            "module.prod_catalog.module.s3_bucket.aws_s3_bucket_intelligent_tiering_configuration.this",
            "module.prod_catalog.module.s3_bucket.aws_s3_bucket_inventory.this",
            "module.prod_catalog.module.s3_bucket.aws_s3_bucket_lifecycle_configuration.this",
            "module.prod_catalog.module.s3_bucket.aws_s3_bucket_logging.this",
            "module.prod_catalog.module.s3_bucket.aws_s3_bucket_metric.this",
            "module.prod_catalog.module.s3_bucket.aws_s3_bucket_object_lock_configuration.this",
            "module.prod_catalog.module.s3_bucket.aws_s3_bucket_ownership_controls.this",
            "module.prod_catalog.module.s3_bucket.aws_s3_bucket_policy.this",
            "module.prod_catalog.module.s3_bucket.aws_s3_bucket_public_access_block.this",
            "module.prod_catalog.module.s3_bucket.aws_s3_bucket_replication_configuration.this",
            "module.prod_catalog.module.s3_bucket.aws_s3_bucket_request_payment_configuration.this",
            "module.prod_catalog.module.s3_bucket.aws_s3_bucket_server_side_encryption_configuration.this",
            "module.prod_catalog.module.s3_bucket.aws_s3_bucket_versioning.this",
            "module.prod_catalog.module.s3_bucket.aws_s3_bucket_website_configuration.this",
            "module.prod_catalog.module.s3_bucket.data.aws_caller_identity.current",
            "module.prod_catalog.module.s3_bucket.data.aws_canonical_user_id.this",
            "module.prod_catalog.module.s3_bucket.data.aws_iam_policy_document.access_log_delivery",
            "module.prod_catalog.module.s3_bucket.data.aws_iam_policy_document.combined",
            "module.prod_catalog.module.s3_bucket.data.aws_iam_policy_document.deny_incorrect_encryption_headers",
            "module.prod_catalog.module.s3_bucket.data.aws_iam_policy_document.deny_incorrect_kms_key_sse",
            "module.prod_catalog.module.s3_bucket.data.aws_iam_policy_document.deny_insecure_transport",
            "module.prod_catalog.module.s3_bucket.data.aws_iam_policy_document.deny_unencrypted_object_uploads",
            "module.prod_catalog.module.s3_bucket.data.aws_iam_policy_document.elb_log_delivery",
            "module.prod_catalog.module.s3_bucket.data.aws_iam_policy_document.inventory_and_analytics_destination_policy",
            "module.prod_catalog.module.s3_bucket.data.aws_iam_policy_document.lb_log_delivery",
            "module.prod_catalog.module.s3_bucket.data.aws_iam_policy_document.require_latest_tls",
            "module.prod_catalog.module.s3_bucket.data.aws_partition.current",
            "module.prod_catalog.module.s3_bucket.data.aws_region.current",
            "module.prod_catalog.time_sleep.wait",
            "module.uc_bootstrap.data.databricks_service_principal.terraform_sp",
            "module.uc_bootstrap.databricks_group.account_admin_group",
            "module.uc_bootstrap.databricks_group.workspace_admin_group",
            "module.uc_bootstrap.databricks_group.workspace_user_group",
            "module.uc_bootstrap.databricks_group_member.admin_group_member",
            "module.uc_bootstrap.databricks_group_member.workspace_admin_group_member",
            "module.uc_bootstrap.databricks_group_member.workspace_admin_group_member_sp",
            "module.uc_bootstrap.databricks_group_member.workspace_user_group_member",
            "module.uc_bootstrap.databricks_service_principal_role.terraform_admin",
            "module.uc_bootstrap.databricks_service_principal_secret.terraform_sp",
            "module.uc_bootstrap.databricks_user.unity_users",
            "module.uc_bootstrap.databricks_user_role.account_admin_role",
            "module.uc_metastore.databricks_metastore.this",
            "module.uc_privileges.databricks_grants.this"
          ]
        }
      ]
    },
    {
      "module": "module.test_catalog",
      "mode": "managed",
      "type": "aws_iam_policy",
      "name": "policy",
      "provider": "provider[\"registry.terraform.io/hashicorp/aws\"]",
      "instances": [
        {
          "schema_version": 0,
          "attributes": {
            "arn": "arn:aws:iam::136146594194:policy/_test-catalog-s3-external-access-policy",
            "description": "Policy for S3 Bucket Access",
            "id": "arn:aws:iam::136146594194:policy/_test-catalog-s3-external-access-policy",
            "name": "_test-catalog-s3-external-access-policy",
            "name_prefix": "",
            "path": "/",
            "policy": "{\"Statement\":[{\"Action\":[\"s3:GetObject\",\"s3:PutObject\",\"s3:DeleteObject\",\"s3:ListBucket\",\"s3:GetBucketLocation\",\"s3:GetLifecycleConfiguration\",\"s3:PutLifecycleConfiguration\"],\"Effect\":\"Allow\",\"Resource\":[\"arn:aws:s3:::test-catalog-storage-20240110225036788200000009\",\"arn:aws:s3:::test-catalog-storage-20240110225036788200000009/*\"]},{\"Action\":[\"sts:AssumeRole\"],\"Effect\":\"Allow\",\"Resource\":[\"arn:aws:iam::136146594194:role/_test-catalog-s3-external-access-role\"]}],\"Version\":\"2012-10-17\"}",
            "policy_id": "ANPAR7MXYFGJGHAEYRCVB",
            "tags": {
              "Environment": "dev",
              "Project": "mars"
            },
            "tags_all": {
              "Environment": "dev",
              "Project": "mars"
            }
          },
          "sensitive_attributes": [],
          "private": "bnVsbA==",
          "dependencies": [
            "module.aws_crossaccount_role.aws_iam_policy.cross_account_policy",
            "module.aws_crossaccount_role.aws_iam_role.cross_account_role",
            "module.aws_crossaccount_role.aws_iam_role_policy_attachment.cross_account_policy_attachment",
            "module.aws_crossaccount_role.data.databricks_aws_assume_role_policy.this",
            "module.aws_crossaccount_role.data.databricks_aws_crossaccount_policy.this",
            "module.aws_crossaccount_role.time_sleep.wait",
            "module.aws_vpc.data.aws_availability_zones.available",
            "module.aws_vpc.module.endpoints.aws_security_group.this",
            "module.aws_vpc.module.endpoints.aws_security_group_rule.this",
            "module.aws_vpc.module.endpoints.aws_vpc_endpoint.this",
            "module.aws_vpc.module.endpoints.data.aws_vpc_endpoint_service.this",
            "module.aws_vpc.module.vpc.aws_cloudwatch_log_group.flow_log",
            "module.aws_vpc.module.vpc.aws_customer_gateway.this",
            "module.aws_vpc.module.vpc.aws_db_subnet_group.database",
            "module.aws_vpc.module.vpc.aws_default_network_acl.this",
            "module.aws_vpc.module.vpc.aws_default_route_table.default",
            "module.aws_vpc.module.vpc.aws_default_security_group.this",
            "module.aws_vpc.module.vpc.aws_default_vpc.this",
            "module.aws_vpc.module.vpc.aws_egress_only_internet_gateway.this",
            "module.aws_vpc.module.vpc.aws_eip.nat",
            "module.aws_vpc.module.vpc.aws_elasticache_subnet_group.elasticache",
            "module.aws_vpc.module.vpc.aws_flow_log.this",
            "module.aws_vpc.module.vpc.aws_iam_policy.vpc_flow_log_cloudwatch",
            "module.aws_vpc.module.vpc.aws_iam_role.vpc_flow_log_cloudwatch",
            "module.aws_vpc.module.vpc.aws_iam_role_policy_attachment.vpc_flow_log_cloudwatch",
            "module.aws_vpc.module.vpc.aws_internet_gateway.this",
            "module.aws_vpc.module.vpc.aws_nat_gateway.this",
            "module.aws_vpc.module.vpc.aws_network_acl.database",
            "module.aws_vpc.module.vpc.aws_network_acl.elasticache",
            "module.aws_vpc.module.vpc.aws_network_acl.intra",
            "module.aws_vpc.module.vpc.aws_network_acl.outpost",
            "module.aws_vpc.module.vpc.aws_network_acl.private",
            "module.aws_vpc.module.vpc.aws_network_acl.public",
            "module.aws_vpc.module.vpc.aws_network_acl.redshift",
            "module.aws_vpc.module.vpc.aws_network_acl_rule.database_inbound",
            "module.aws_vpc.module.vpc.aws_network_acl_rule.database_outbound",
            "module.aws_vpc.module.vpc.aws_network_acl_rule.elasticache_inbound",
            "module.aws_vpc.module.vpc.aws_network_acl_rule.elasticache_outbound",
            "module.aws_vpc.module.vpc.aws_network_acl_rule.intra_inbound",
            "module.aws_vpc.module.vpc.aws_network_acl_rule.intra_outbound",
            "module.aws_vpc.module.vpc.aws_network_acl_rule.outpost_inbound",
            "module.aws_vpc.module.vpc.aws_network_acl_rule.outpost_outbound",
            "module.aws_vpc.module.vpc.aws_network_acl_rule.private_inbound",
            "module.aws_vpc.module.vpc.aws_network_acl_rule.private_outbound",
            "module.aws_vpc.module.vpc.aws_network_acl_rule.public_inbound",
            "module.aws_vpc.module.vpc.aws_network_acl_rule.public_outbound",
            "module.aws_vpc.module.vpc.aws_network_acl_rule.redshift_inbound",
            "module.aws_vpc.module.vpc.aws_network_acl_rule.redshift_outbound",
            "module.aws_vpc.module.vpc.aws_redshift_subnet_group.redshift",
            "module.aws_vpc.module.vpc.aws_route.database_dns64_nat_gateway",
            "module.aws_vpc.module.vpc.aws_route.database_internet_gateway",
            "module.aws_vpc.module.vpc.aws_route.database_ipv6_egress",
            "module.aws_vpc.module.vpc.aws_route.database_nat_gateway",
            "module.aws_vpc.module.vpc.aws_route.private_dns64_nat_gateway",
            "module.aws_vpc.module.vpc.aws_route.private_ipv6_egress",
            "module.aws_vpc.module.vpc.aws_route.private_nat_gateway",
            "module.aws_vpc.module.vpc.aws_route.public_internet_gateway",
            "module.aws_vpc.module.vpc.aws_route.public_internet_gateway_ipv6",
            "module.aws_vpc.module.vpc.aws_route_table.database",
            "module.aws_vpc.module.vpc.aws_route_table.elasticache",
            "module.aws_vpc.module.vpc.aws_route_table.intra",
            "module.aws_vpc.module.vpc.aws_route_table.private",
            "module.aws_vpc.module.vpc.aws_route_table.public",
            "module.aws_vpc.module.vpc.aws_route_table.redshift",
            "module.aws_vpc.module.vpc.aws_route_table_association.database",
            "module.aws_vpc.module.vpc.aws_route_table_association.elasticache",
            "module.aws_vpc.module.vpc.aws_route_table_association.intra",
            "module.aws_vpc.module.vpc.aws_route_table_association.outpost",
            "module.aws_vpc.module.vpc.aws_route_table_association.private",
            "module.aws_vpc.module.vpc.aws_route_table_association.public",
            "module.aws_vpc.module.vpc.aws_route_table_association.redshift",
            "module.aws_vpc.module.vpc.aws_route_table_association.redshift_public",
            "module.aws_vpc.module.vpc.aws_subnet.database",
            "module.aws_vpc.module.vpc.aws_subnet.elasticache",
            "module.aws_vpc.module.vpc.aws_subnet.intra",
            "module.aws_vpc.module.vpc.aws_subnet.outpost",
            "module.aws_vpc.module.vpc.aws_subnet.private",
            "module.aws_vpc.module.vpc.aws_subnet.public",
            "module.aws_vpc.module.vpc.aws_subnet.redshift",
            "module.aws_vpc.module.vpc.aws_vpc.this",
            "module.aws_vpc.module.vpc.aws_vpc_dhcp_options.this",
            "module.aws_vpc.module.vpc.aws_vpc_dhcp_options_association.this",
            "module.aws_vpc.module.vpc.aws_vpc_ipv4_cidr_block_association.this",
            "module.aws_vpc.module.vpc.aws_vpn_gateway.this",
            "module.aws_vpc.module.vpc.aws_vpn_gateway_attachment.this",
            "module.aws_vpc.module.vpc.aws_vpn_gateway_route_propagation.intra",
            "module.aws_vpc.module.vpc.aws_vpn_gateway_route_propagation.private",
            "module.aws_vpc.module.vpc.aws_vpn_gateway_route_propagation.public",
            "module.aws_vpc.module.vpc.data.aws_iam_policy_document.flow_log_cloudwatch_assume_role",
            "module.aws_vpc.module.vpc.data.aws_iam_policy_document.vpc_flow_log_cloudwatch",
            "module.dev_workspace.aws_s3_bucket.root_storage_bucket",
            "module.dev_workspace.aws_s3_bucket_policy.root_bucket_policy",
            "module.dev_workspace.aws_s3_bucket_public_access_block.root_storage_bucket",
            "module.dev_workspace.aws_s3_bucket_server_side_encryption_configuration.root_storage_bucket",
            "module.dev_workspace.aws_s3_bucket_versioning.root_bucket_versioning",
            "module.dev_workspace.data.databricks_aws_bucket_policy.this",
            "module.dev_workspace.databricks_metastore_assignment.this",
            "module.dev_workspace.databricks_mws_credentials.this",
            "module.dev_workspace.databricks_mws_networks.this",
            "module.dev_workspace.databricks_mws_storage_configurations.this",
            "module.dev_workspace.databricks_mws_workspaces.this",
            "module.test_catalog.aws_iam_role.role",
            "module.test_catalog.module.s3_bucket.aws_s3_bucket.this",
            "module.uc_bootstrap.data.databricks_service_principal.terraform_sp",
            "module.uc_bootstrap.databricks_group.account_admin_group",
            "module.uc_bootstrap.databricks_group.workspace_admin_group",
            "module.uc_bootstrap.databricks_group.workspace_user_group",
            "module.uc_bootstrap.databricks_group_member.admin_group_member",
            "module.uc_bootstrap.databricks_group_member.workspace_admin_group_member",
            "module.uc_bootstrap.databricks_group_member.workspace_admin_group_member_sp",
            "module.uc_bootstrap.databricks_group_member.workspace_user_group_member",
            "module.uc_bootstrap.databricks_service_principal_role.terraform_admin",
            "module.uc_bootstrap.databricks_service_principal_secret.terraform_sp",
            "module.uc_bootstrap.databricks_user.unity_users",
            "module.uc_bootstrap.databricks_user_role.account_admin_role",
            "module.uc_metastore.databricks_metastore.this",
            "module.uc_privileges.databricks_grants.this"
          ]
        }
      ]
    },
    {
      "module": "module.test_catalog",
      "mode": "managed",
      "type": "aws_iam_role",
      "name": "role",
      "provider": "provider[\"registry.terraform.io/hashicorp/aws\"]",
      "instances": [
        {
          "schema_version": 0,
          "attributes": {
            "arn": "arn:aws:iam::136146594194:role/_test-catalog-s3-external-access-role",
            "assume_role_policy": "{\"Statement\":[{\"Action\":\"sts:AssumeRole\",\"Condition\":{\"StringEquals\":{\"sts:ExternalId\":\"0c6d76dc-ee77-45f4-ac75-9a177cc435b4\"}},\"Effect\":\"Allow\",\"Principal\":{\"AWS\":\"arn:aws:iam::414351767826:role/unity-catalog-prod-UCMasterRole-14S5ZJVKOTYTL\"}}],\"Version\":\"2008-10-17\"}",
            "create_date": "2024-01-10T22:50:37Z",
            "description": "",
            "force_detach_policies": false,
            "id": "_test-catalog-s3-external-access-role",
            "inline_policy": [],
            "managed_policy_arns": [],
            "max_session_duration": 3600,
            "name": "_test-catalog-s3-external-access-role",
            "name_prefix": "",
            "path": "/",
            "permissions_boundary": "",
            "tags": {
              "Environment": "dev",
              "Project": "mars"
            },
            "tags_all": {
              "Environment": "dev",
              "Project": "mars"
            },
            "unique_id": "AROAR7MXYFGJPITEBCH3T"
          },
          "sensitive_attributes": [],
          "private": "bnVsbA==",
          "dependencies": [
            "module.aws_crossaccount_role.aws_iam_policy.cross_account_policy",
            "module.aws_crossaccount_role.aws_iam_role.cross_account_role",
            "module.aws_crossaccount_role.aws_iam_role_policy_attachment.cross_account_policy_attachment",
            "module.aws_crossaccount_role.data.databricks_aws_assume_role_policy.this",
            "module.aws_crossaccount_role.data.databricks_aws_crossaccount_policy.this",
            "module.aws_crossaccount_role.time_sleep.wait",
            "module.aws_vpc.data.aws_availability_zones.available",
            "module.aws_vpc.module.endpoints.aws_security_group.this",
            "module.aws_vpc.module.endpoints.aws_security_group_rule.this",
            "module.aws_vpc.module.endpoints.aws_vpc_endpoint.this",
            "module.aws_vpc.module.endpoints.data.aws_vpc_endpoint_service.this",
            "module.aws_vpc.module.vpc.aws_cloudwatch_log_group.flow_log",
            "module.aws_vpc.module.vpc.aws_customer_gateway.this",
            "module.aws_vpc.module.vpc.aws_db_subnet_group.database",
            "module.aws_vpc.module.vpc.aws_default_network_acl.this",
            "module.aws_vpc.module.vpc.aws_default_route_table.default",
            "module.aws_vpc.module.vpc.aws_default_security_group.this",
            "module.aws_vpc.module.vpc.aws_default_vpc.this",
            "module.aws_vpc.module.vpc.aws_egress_only_internet_gateway.this",
            "module.aws_vpc.module.vpc.aws_eip.nat",
            "module.aws_vpc.module.vpc.aws_elasticache_subnet_group.elasticache",
            "module.aws_vpc.module.vpc.aws_flow_log.this",
            "module.aws_vpc.module.vpc.aws_iam_policy.vpc_flow_log_cloudwatch",
            "module.aws_vpc.module.vpc.aws_iam_role.vpc_flow_log_cloudwatch",
            "module.aws_vpc.module.vpc.aws_iam_role_policy_attachment.vpc_flow_log_cloudwatch",
            "module.aws_vpc.module.vpc.aws_internet_gateway.this",
            "module.aws_vpc.module.vpc.aws_nat_gateway.this",
            "module.aws_vpc.module.vpc.aws_network_acl.database",
            "module.aws_vpc.module.vpc.aws_network_acl.elasticache",
            "module.aws_vpc.module.vpc.aws_network_acl.intra",
            "module.aws_vpc.module.vpc.aws_network_acl.outpost",
            "module.aws_vpc.module.vpc.aws_network_acl.private",
            "module.aws_vpc.module.vpc.aws_network_acl.public",
            "module.aws_vpc.module.vpc.aws_network_acl.redshift",
            "module.aws_vpc.module.vpc.aws_network_acl_rule.database_inbound",
            "module.aws_vpc.module.vpc.aws_network_acl_rule.database_outbound",
            "module.aws_vpc.module.vpc.aws_network_acl_rule.elasticache_inbound",
            "module.aws_vpc.module.vpc.aws_network_acl_rule.elasticache_outbound",
            "module.aws_vpc.module.vpc.aws_network_acl_rule.intra_inbound",
            "module.aws_vpc.module.vpc.aws_network_acl_rule.intra_outbound",
            "module.aws_vpc.module.vpc.aws_network_acl_rule.outpost_inbound",
            "module.aws_vpc.module.vpc.aws_network_acl_rule.outpost_outbound",
            "module.aws_vpc.module.vpc.aws_network_acl_rule.private_inbound",
            "module.aws_vpc.module.vpc.aws_network_acl_rule.private_outbound",
            "module.aws_vpc.module.vpc.aws_network_acl_rule.public_inbound",
            "module.aws_vpc.module.vpc.aws_network_acl_rule.public_outbound",
            "module.aws_vpc.module.vpc.aws_network_acl_rule.redshift_inbound",
            "module.aws_vpc.module.vpc.aws_network_acl_rule.redshift_outbound",
            "module.aws_vpc.module.vpc.aws_redshift_subnet_group.redshift",
            "module.aws_vpc.module.vpc.aws_route.database_dns64_nat_gateway",
            "module.aws_vpc.module.vpc.aws_route.database_internet_gateway",
            "module.aws_vpc.module.vpc.aws_route.database_ipv6_egress",
            "module.aws_vpc.module.vpc.aws_route.database_nat_gateway",
            "module.aws_vpc.module.vpc.aws_route.private_dns64_nat_gateway",
            "module.aws_vpc.module.vpc.aws_route.private_ipv6_egress",
            "module.aws_vpc.module.vpc.aws_route.private_nat_gateway",
            "module.aws_vpc.module.vpc.aws_route.public_internet_gateway",
            "module.aws_vpc.module.vpc.aws_route.public_internet_gateway_ipv6",
            "module.aws_vpc.module.vpc.aws_route_table.database",
            "module.aws_vpc.module.vpc.aws_route_table.elasticache",
            "module.aws_vpc.module.vpc.aws_route_table.intra",
            "module.aws_vpc.module.vpc.aws_route_table.private",
            "module.aws_vpc.module.vpc.aws_route_table.public",
            "module.aws_vpc.module.vpc.aws_route_table.redshift",
            "module.aws_vpc.module.vpc.aws_route_table_association.database",
            "module.aws_vpc.module.vpc.aws_route_table_association.elasticache",
            "module.aws_vpc.module.vpc.aws_route_table_association.intra",
            "module.aws_vpc.module.vpc.aws_route_table_association.outpost",
            "module.aws_vpc.module.vpc.aws_route_table_association.private",
            "module.aws_vpc.module.vpc.aws_route_table_association.public",
            "module.aws_vpc.module.vpc.aws_route_table_association.redshift",
            "module.aws_vpc.module.vpc.aws_route_table_association.redshift_public",
            "module.aws_vpc.module.vpc.aws_subnet.database",
            "module.aws_vpc.module.vpc.aws_subnet.elasticache",
            "module.aws_vpc.module.vpc.aws_subnet.intra",
            "module.aws_vpc.module.vpc.aws_subnet.outpost",
            "module.aws_vpc.module.vpc.aws_subnet.private",
            "module.aws_vpc.module.vpc.aws_subnet.public",
            "module.aws_vpc.module.vpc.aws_subnet.redshift",
            "module.aws_vpc.module.vpc.aws_vpc.this",
            "module.aws_vpc.module.vpc.aws_vpc_dhcp_options.this",
            "module.aws_vpc.module.vpc.aws_vpc_dhcp_options_association.this",
            "module.aws_vpc.module.vpc.aws_vpc_ipv4_cidr_block_association.this",
            "module.aws_vpc.module.vpc.aws_vpn_gateway.this",
            "module.aws_vpc.module.vpc.aws_vpn_gateway_attachment.this",
            "module.aws_vpc.module.vpc.aws_vpn_gateway_route_propagation.intra",
            "module.aws_vpc.module.vpc.aws_vpn_gateway_route_propagation.private",
            "module.aws_vpc.module.vpc.aws_vpn_gateway_route_propagation.public",
            "module.aws_vpc.module.vpc.data.aws_iam_policy_document.flow_log_cloudwatch_assume_role",
            "module.aws_vpc.module.vpc.data.aws_iam_policy_document.vpc_flow_log_cloudwatch",
            "module.dev_workspace.aws_s3_bucket.root_storage_bucket",
            "module.dev_workspace.aws_s3_bucket_policy.root_bucket_policy",
            "module.dev_workspace.aws_s3_bucket_public_access_block.root_storage_bucket",
            "module.dev_workspace.aws_s3_bucket_server_side_encryption_configuration.root_storage_bucket",
            "module.dev_workspace.aws_s3_bucket_versioning.root_bucket_versioning",
            "module.dev_workspace.data.databricks_aws_bucket_policy.this",
            "module.dev_workspace.databricks_metastore_assignment.this",
            "module.dev_workspace.databricks_mws_credentials.this",
            "module.dev_workspace.databricks_mws_networks.this",
            "module.dev_workspace.databricks_mws_storage_configurations.this",
            "module.dev_workspace.databricks_mws_workspaces.this",
            "module.uc_bootstrap.data.databricks_service_principal.terraform_sp",
            "module.uc_bootstrap.databricks_group.account_admin_group",
            "module.uc_bootstrap.databricks_group.workspace_admin_group",
            "module.uc_bootstrap.databricks_group.workspace_user_group",
            "module.uc_bootstrap.databricks_group_member.admin_group_member",
            "module.uc_bootstrap.databricks_group_member.workspace_admin_group_member",
            "module.uc_bootstrap.databricks_group_member.workspace_admin_group_member_sp",
            "module.uc_bootstrap.databricks_group_member.workspace_user_group_member",
            "module.uc_bootstrap.databricks_service_principal_role.terraform_admin",
            "module.uc_bootstrap.databricks_service_principal_secret.terraform_sp",
            "module.uc_bootstrap.databricks_user.unity_users",
            "module.uc_bootstrap.databricks_user_role.account_admin_role",
            "module.uc_metastore.databricks_metastore.this",
            "module.uc_privileges.databricks_grants.this"
          ]
        }
      ]
    },
    {
      "module": "module.test_catalog",
      "mode": "managed",
      "type": "aws_iam_role_policy_attachment",
      "name": "attachment",
      "provider": "provider[\"registry.terraform.io/hashicorp/aws\"]",
      "instances": [
        {
          "schema_version": 0,
          "attributes": {
            "id": "_test-catalog-s3-external-access-role-2024011022504059170000000b",
            "policy_arn": "arn:aws:iam::136146594194:policy/_test-catalog-s3-external-access-policy",
            "role": "_test-catalog-s3-external-access-role"
          },
          "sensitive_attributes": [],
          "private": "bnVsbA==",
          "dependencies": [
            "module.aws_crossaccount_role.aws_iam_policy.cross_account_policy",
            "module.aws_crossaccount_role.aws_iam_role.cross_account_role",
            "module.aws_crossaccount_role.aws_iam_role_policy_attachment.cross_account_policy_attachment",
            "module.aws_crossaccount_role.data.databricks_aws_assume_role_policy.this",
            "module.aws_crossaccount_role.data.databricks_aws_crossaccount_policy.this",
            "module.aws_crossaccount_role.time_sleep.wait",
            "module.aws_vpc.data.aws_availability_zones.available",
            "module.aws_vpc.module.endpoints.aws_security_group.this",
            "module.aws_vpc.module.endpoints.aws_security_group_rule.this",
            "module.aws_vpc.module.endpoints.aws_vpc_endpoint.this",
            "module.aws_vpc.module.endpoints.data.aws_vpc_endpoint_service.this",
            "module.aws_vpc.module.vpc.aws_cloudwatch_log_group.flow_log",
            "module.aws_vpc.module.vpc.aws_customer_gateway.this",
            "module.aws_vpc.module.vpc.aws_db_subnet_group.database",
            "module.aws_vpc.module.vpc.aws_default_network_acl.this",
            "module.aws_vpc.module.vpc.aws_default_route_table.default",
            "module.aws_vpc.module.vpc.aws_default_security_group.this",
            "module.aws_vpc.module.vpc.aws_default_vpc.this",
            "module.aws_vpc.module.vpc.aws_egress_only_internet_gateway.this",
            "module.aws_vpc.module.vpc.aws_eip.nat",
            "module.aws_vpc.module.vpc.aws_elasticache_subnet_group.elasticache",
            "module.aws_vpc.module.vpc.aws_flow_log.this",
            "module.aws_vpc.module.vpc.aws_iam_policy.vpc_flow_log_cloudwatch",
            "module.aws_vpc.module.vpc.aws_iam_role.vpc_flow_log_cloudwatch",
            "module.aws_vpc.module.vpc.aws_iam_role_policy_attachment.vpc_flow_log_cloudwatch",
            "module.aws_vpc.module.vpc.aws_internet_gateway.this",
            "module.aws_vpc.module.vpc.aws_nat_gateway.this",
            "module.aws_vpc.module.vpc.aws_network_acl.database",
            "module.aws_vpc.module.vpc.aws_network_acl.elasticache",
            "module.aws_vpc.module.vpc.aws_network_acl.intra",
            "module.aws_vpc.module.vpc.aws_network_acl.outpost",
            "module.aws_vpc.module.vpc.aws_network_acl.private",
            "module.aws_vpc.module.vpc.aws_network_acl.public",
            "module.aws_vpc.module.vpc.aws_network_acl.redshift",
            "module.aws_vpc.module.vpc.aws_network_acl_rule.database_inbound",
            "module.aws_vpc.module.vpc.aws_network_acl_rule.database_outbound",
            "module.aws_vpc.module.vpc.aws_network_acl_rule.elasticache_inbound",
            "module.aws_vpc.module.vpc.aws_network_acl_rule.elasticache_outbound",
            "module.aws_vpc.module.vpc.aws_network_acl_rule.intra_inbound",
            "module.aws_vpc.module.vpc.aws_network_acl_rule.intra_outbound",
            "module.aws_vpc.module.vpc.aws_network_acl_rule.outpost_inbound",
            "module.aws_vpc.module.vpc.aws_network_acl_rule.outpost_outbound",
            "module.aws_vpc.module.vpc.aws_network_acl_rule.private_inbound",
            "module.aws_vpc.module.vpc.aws_network_acl_rule.private_outbound",
            "module.aws_vpc.module.vpc.aws_network_acl_rule.public_inbound",
            "module.aws_vpc.module.vpc.aws_network_acl_rule.public_outbound",
            "module.aws_vpc.module.vpc.aws_network_acl_rule.redshift_inbound",
            "module.aws_vpc.module.vpc.aws_network_acl_rule.redshift_outbound",
            "module.aws_vpc.module.vpc.aws_redshift_subnet_group.redshift",
            "module.aws_vpc.module.vpc.aws_route.database_dns64_nat_gateway",
            "module.aws_vpc.module.vpc.aws_route.database_internet_gateway",
            "module.aws_vpc.module.vpc.aws_route.database_ipv6_egress",
            "module.aws_vpc.module.vpc.aws_route.database_nat_gateway",
            "module.aws_vpc.module.vpc.aws_route.private_dns64_nat_gateway",
            "module.aws_vpc.module.vpc.aws_route.private_ipv6_egress",
            "module.aws_vpc.module.vpc.aws_route.private_nat_gateway",
            "module.aws_vpc.module.vpc.aws_route.public_internet_gateway",
            "module.aws_vpc.module.vpc.aws_route.public_internet_gateway_ipv6",
            "module.aws_vpc.module.vpc.aws_route_table.database",
            "module.aws_vpc.module.vpc.aws_route_table.elasticache",
            "module.aws_vpc.module.vpc.aws_route_table.intra",
            "module.aws_vpc.module.vpc.aws_route_table.private",
            "module.aws_vpc.module.vpc.aws_route_table.public",
            "module.aws_vpc.module.vpc.aws_route_table.redshift",
            "module.aws_vpc.module.vpc.aws_route_table_association.database",
            "module.aws_vpc.module.vpc.aws_route_table_association.elasticache",
            "module.aws_vpc.module.vpc.aws_route_table_association.intra",
            "module.aws_vpc.module.vpc.aws_route_table_association.outpost",
            "module.aws_vpc.module.vpc.aws_route_table_association.private",
            "module.aws_vpc.module.vpc.aws_route_table_association.public",
            "module.aws_vpc.module.vpc.aws_route_table_association.redshift",
            "module.aws_vpc.module.vpc.aws_route_table_association.redshift_public",
            "module.aws_vpc.module.vpc.aws_subnet.database",
            "module.aws_vpc.module.vpc.aws_subnet.elasticache",
            "module.aws_vpc.module.vpc.aws_subnet.intra",
            "module.aws_vpc.module.vpc.aws_subnet.outpost",
            "module.aws_vpc.module.vpc.aws_subnet.private",
            "module.aws_vpc.module.vpc.aws_subnet.public",
            "module.aws_vpc.module.vpc.aws_subnet.redshift",
            "module.aws_vpc.module.vpc.aws_vpc.this",
            "module.aws_vpc.module.vpc.aws_vpc_dhcp_options.this",
            "module.aws_vpc.module.vpc.aws_vpc_dhcp_options_association.this",
            "module.aws_vpc.module.vpc.aws_vpc_ipv4_cidr_block_association.this",
            "module.aws_vpc.module.vpc.aws_vpn_gateway.this",
            "module.aws_vpc.module.vpc.aws_vpn_gateway_attachment.this",
            "module.aws_vpc.module.vpc.aws_vpn_gateway_route_propagation.intra",
            "module.aws_vpc.module.vpc.aws_vpn_gateway_route_propagation.private",
            "module.aws_vpc.module.vpc.aws_vpn_gateway_route_propagation.public",
            "module.aws_vpc.module.vpc.data.aws_iam_policy_document.flow_log_cloudwatch_assume_role",
            "module.aws_vpc.module.vpc.data.aws_iam_policy_document.vpc_flow_log_cloudwatch",
            "module.dev_workspace.aws_s3_bucket.root_storage_bucket",
            "module.dev_workspace.aws_s3_bucket_policy.root_bucket_policy",
            "module.dev_workspace.aws_s3_bucket_public_access_block.root_storage_bucket",
            "module.dev_workspace.aws_s3_bucket_server_side_encryption_configuration.root_storage_bucket",
            "module.dev_workspace.aws_s3_bucket_versioning.root_bucket_versioning",
            "module.dev_workspace.data.databricks_aws_bucket_policy.this",
            "module.dev_workspace.databricks_metastore_assignment.this",
            "module.dev_workspace.databricks_mws_credentials.this",
            "module.dev_workspace.databricks_mws_networks.this",
            "module.dev_workspace.databricks_mws_storage_configurations.this",
            "module.dev_workspace.databricks_mws_workspaces.this",
            "module.test_catalog.aws_iam_policy.policy",
            "module.test_catalog.aws_iam_role.role",
            "module.test_catalog.module.s3_bucket.aws_s3_bucket.this",
            "module.uc_bootstrap.data.databricks_service_principal.terraform_sp",
            "module.uc_bootstrap.databricks_group.account_admin_group",
            "module.uc_bootstrap.databricks_group.workspace_admin_group",
            "module.uc_bootstrap.databricks_group.workspace_user_group",
            "module.uc_bootstrap.databricks_group_member.admin_group_member",
            "module.uc_bootstrap.databricks_group_member.workspace_admin_group_member",
            "module.uc_bootstrap.databricks_group_member.workspace_admin_group_member_sp",
            "module.uc_bootstrap.databricks_group_member.workspace_user_group_member",
            "module.uc_bootstrap.databricks_service_principal_role.terraform_admin",
            "module.uc_bootstrap.databricks_service_principal_secret.terraform_sp",
            "module.uc_bootstrap.databricks_user.unity_users",
            "module.uc_bootstrap.databricks_user_role.account_admin_role",
            "module.uc_metastore.databricks_metastore.this",
            "module.uc_privileges.databricks_grants.this"
          ]
        }
      ]
    },
    {
      "module": "module.test_catalog",
      "mode": "managed",
      "type": "databricks_catalog",
      "name": "this",
      "provider": "provider[\"registry.terraform.io/databricks/databricks\"].dev_ws",
      "instances": [
        {
          "schema_version": 0,
          "attributes": {
            "comment": "Managed by Terraform",
            "connection_name": null,
            "force_destroy": true,
            "id": "_test",
            "isolation_mode": "OPEN",
            "metastore_id": "23d06e21-8ff7-4f00-acd5-778c20aae6d4",
            "name": "_test",
            "options": null,
            "owner": "xtarmitage+databricks-root@gmail.com",
            "properties": {
              "purpose": "test"
            },
            "provider_name": null,
            "share_name": null,
            "storage_root": "s3://test-catalog-storage-20240110225036788200000009/root"
          },
          "sensitive_attributes": [],
          "private": "bnVsbA==",
          "dependencies": [
            "module.aws_crossaccount_role.aws_iam_policy.cross_account_policy",
            "module.aws_crossaccount_role.aws_iam_role.cross_account_role",
            "module.aws_crossaccount_role.aws_iam_role_policy_attachment.cross_account_policy_attachment",
            "module.aws_crossaccount_role.data.databricks_aws_assume_role_policy.this",
            "module.aws_crossaccount_role.data.databricks_aws_crossaccount_policy.this",
            "module.aws_crossaccount_role.time_sleep.wait",
            "module.aws_vpc.data.aws_availability_zones.available",
            "module.aws_vpc.module.endpoints.aws_security_group.this",
            "module.aws_vpc.module.endpoints.aws_security_group_rule.this",
            "module.aws_vpc.module.endpoints.aws_vpc_endpoint.this",
            "module.aws_vpc.module.endpoints.data.aws_vpc_endpoint_service.this",
            "module.aws_vpc.module.vpc.aws_cloudwatch_log_group.flow_log",
            "module.aws_vpc.module.vpc.aws_customer_gateway.this",
            "module.aws_vpc.module.vpc.aws_db_subnet_group.database",
            "module.aws_vpc.module.vpc.aws_default_network_acl.this",
            "module.aws_vpc.module.vpc.aws_default_route_table.default",
            "module.aws_vpc.module.vpc.aws_default_security_group.this",
            "module.aws_vpc.module.vpc.aws_default_vpc.this",
            "module.aws_vpc.module.vpc.aws_egress_only_internet_gateway.this",
            "module.aws_vpc.module.vpc.aws_eip.nat",
            "module.aws_vpc.module.vpc.aws_elasticache_subnet_group.elasticache",
            "module.aws_vpc.module.vpc.aws_flow_log.this",
            "module.aws_vpc.module.vpc.aws_iam_policy.vpc_flow_log_cloudwatch",
            "module.aws_vpc.module.vpc.aws_iam_role.vpc_flow_log_cloudwatch",
            "module.aws_vpc.module.vpc.aws_iam_role_policy_attachment.vpc_flow_log_cloudwatch",
            "module.aws_vpc.module.vpc.aws_internet_gateway.this",
            "module.aws_vpc.module.vpc.aws_nat_gateway.this",
            "module.aws_vpc.module.vpc.aws_network_acl.database",
            "module.aws_vpc.module.vpc.aws_network_acl.elasticache",
            "module.aws_vpc.module.vpc.aws_network_acl.intra",
            "module.aws_vpc.module.vpc.aws_network_acl.outpost",
            "module.aws_vpc.module.vpc.aws_network_acl.private",
            "module.aws_vpc.module.vpc.aws_network_acl.public",
            "module.aws_vpc.module.vpc.aws_network_acl.redshift",
            "module.aws_vpc.module.vpc.aws_network_acl_rule.database_inbound",
            "module.aws_vpc.module.vpc.aws_network_acl_rule.database_outbound",
            "module.aws_vpc.module.vpc.aws_network_acl_rule.elasticache_inbound",
            "module.aws_vpc.module.vpc.aws_network_acl_rule.elasticache_outbound",
            "module.aws_vpc.module.vpc.aws_network_acl_rule.intra_inbound",
            "module.aws_vpc.module.vpc.aws_network_acl_rule.intra_outbound",
            "module.aws_vpc.module.vpc.aws_network_acl_rule.outpost_inbound",
            "module.aws_vpc.module.vpc.aws_network_acl_rule.outpost_outbound",
            "module.aws_vpc.module.vpc.aws_network_acl_rule.private_inbound",
            "module.aws_vpc.module.vpc.aws_network_acl_rule.private_outbound",
            "module.aws_vpc.module.vpc.aws_network_acl_rule.public_inbound",
            "module.aws_vpc.module.vpc.aws_network_acl_rule.public_outbound",
            "module.aws_vpc.module.vpc.aws_network_acl_rule.redshift_inbound",
            "module.aws_vpc.module.vpc.aws_network_acl_rule.redshift_outbound",
            "module.aws_vpc.module.vpc.aws_redshift_subnet_group.redshift",
            "module.aws_vpc.module.vpc.aws_route.database_dns64_nat_gateway",
            "module.aws_vpc.module.vpc.aws_route.database_internet_gateway",
            "module.aws_vpc.module.vpc.aws_route.database_ipv6_egress",
            "module.aws_vpc.module.vpc.aws_route.database_nat_gateway",
            "module.aws_vpc.module.vpc.aws_route.private_dns64_nat_gateway",
            "module.aws_vpc.module.vpc.aws_route.private_ipv6_egress",
            "module.aws_vpc.module.vpc.aws_route.private_nat_gateway",
            "module.aws_vpc.module.vpc.aws_route.public_internet_gateway",
            "module.aws_vpc.module.vpc.aws_route.public_internet_gateway_ipv6",
            "module.aws_vpc.module.vpc.aws_route_table.database",
            "module.aws_vpc.module.vpc.aws_route_table.elasticache",
            "module.aws_vpc.module.vpc.aws_route_table.intra",
            "module.aws_vpc.module.vpc.aws_route_table.private",
            "module.aws_vpc.module.vpc.aws_route_table.public",
            "module.aws_vpc.module.vpc.aws_route_table.redshift",
            "module.aws_vpc.module.vpc.aws_route_table_association.database",
            "module.aws_vpc.module.vpc.aws_route_table_association.elasticache",
            "module.aws_vpc.module.vpc.aws_route_table_association.intra",
            "module.aws_vpc.module.vpc.aws_route_table_association.outpost",
            "module.aws_vpc.module.vpc.aws_route_table_association.private",
            "module.aws_vpc.module.vpc.aws_route_table_association.public",
            "module.aws_vpc.module.vpc.aws_route_table_association.redshift",
            "module.aws_vpc.module.vpc.aws_route_table_association.redshift_public",
            "module.aws_vpc.module.vpc.aws_subnet.database",
            "module.aws_vpc.module.vpc.aws_subnet.elasticache",
            "module.aws_vpc.module.vpc.aws_subnet.intra",
            "module.aws_vpc.module.vpc.aws_subnet.outpost",
            "module.aws_vpc.module.vpc.aws_subnet.private",
            "module.aws_vpc.module.vpc.aws_subnet.public",
            "module.aws_vpc.module.vpc.aws_subnet.redshift",
            "module.aws_vpc.module.vpc.aws_vpc.this",
            "module.aws_vpc.module.vpc.aws_vpc_dhcp_options.this",
            "module.aws_vpc.module.vpc.aws_vpc_dhcp_options_association.this",
            "module.aws_vpc.module.vpc.aws_vpc_ipv4_cidr_block_association.this",
            "module.aws_vpc.module.vpc.aws_vpn_gateway.this",
            "module.aws_vpc.module.vpc.aws_vpn_gateway_attachment.this",
            "module.aws_vpc.module.vpc.aws_vpn_gateway_route_propagation.intra",
            "module.aws_vpc.module.vpc.aws_vpn_gateway_route_propagation.private",
            "module.aws_vpc.module.vpc.aws_vpn_gateway_route_propagation.public",
            "module.aws_vpc.module.vpc.data.aws_iam_policy_document.flow_log_cloudwatch_assume_role",
            "module.aws_vpc.module.vpc.data.aws_iam_policy_document.vpc_flow_log_cloudwatch",
            "module.dev_workspace.aws_s3_bucket.root_storage_bucket",
            "module.dev_workspace.aws_s3_bucket_policy.root_bucket_policy",
            "module.dev_workspace.aws_s3_bucket_public_access_block.root_storage_bucket",
            "module.dev_workspace.aws_s3_bucket_server_side_encryption_configuration.root_storage_bucket",
            "module.dev_workspace.aws_s3_bucket_versioning.root_bucket_versioning",
            "module.dev_workspace.data.databricks_aws_bucket_policy.this",
            "module.dev_workspace.databricks_metastore_assignment.this",
            "module.dev_workspace.databricks_mws_credentials.this",
            "module.dev_workspace.databricks_mws_networks.this",
            "module.dev_workspace.databricks_mws_storage_configurations.this",
            "module.dev_workspace.databricks_mws_workspaces.this",
            "module.test_catalog.aws_iam_policy.policy",
            "module.test_catalog.aws_iam_role.role",
            "module.test_catalog.aws_iam_role_policy_attachment.attachment",
            "module.test_catalog.databricks_external_location.this",
            "module.test_catalog.databricks_storage_credential.this",
            "module.test_catalog.module.s3_bucket.aws_s3_bucket.this",
            "module.test_catalog.module.s3_bucket.aws_s3_bucket_policy.this",
            "module.test_catalog.module.s3_bucket.aws_s3_bucket_public_access_block.this",
            "module.test_catalog.module.s3_bucket.data.aws_caller_identity.current",
            "module.test_catalog.module.s3_bucket.data.aws_iam_policy_document.access_log_delivery",
            "module.test_catalog.module.s3_bucket.data.aws_iam_policy_document.combined",
            "module.test_catalog.module.s3_bucket.data.aws_iam_policy_document.deny_incorrect_encryption_headers",
            "module.test_catalog.module.s3_bucket.data.aws_iam_policy_document.deny_incorrect_kms_key_sse",
            "module.test_catalog.module.s3_bucket.data.aws_iam_policy_document.deny_insecure_transport",
            "module.test_catalog.module.s3_bucket.data.aws_iam_policy_document.deny_unencrypted_object_uploads",
            "module.test_catalog.module.s3_bucket.data.aws_iam_policy_document.elb_log_delivery",
            "module.test_catalog.module.s3_bucket.data.aws_iam_policy_document.inventory_and_analytics_destination_policy",
            "module.test_catalog.module.s3_bucket.data.aws_iam_policy_document.lb_log_delivery",
            "module.test_catalog.module.s3_bucket.data.aws_iam_policy_document.require_latest_tls",
            "module.test_catalog.module.s3_bucket.data.aws_partition.current",
            "module.test_catalog.module.s3_bucket.data.aws_region.current",
            "module.test_catalog.time_sleep.wait",
            "module.uc_bootstrap.data.databricks_service_principal.terraform_sp",
            "module.uc_bootstrap.databricks_group.account_admin_group",
            "module.uc_bootstrap.databricks_group.workspace_admin_group",
            "module.uc_bootstrap.databricks_group.workspace_user_group",
            "module.uc_bootstrap.databricks_group_member.admin_group_member",
            "module.uc_bootstrap.databricks_group_member.workspace_admin_group_member",
            "module.uc_bootstrap.databricks_group_member.workspace_admin_group_member_sp",
            "module.uc_bootstrap.databricks_group_member.workspace_user_group_member",
            "module.uc_bootstrap.databricks_service_principal_role.terraform_admin",
            "module.uc_bootstrap.databricks_service_principal_secret.terraform_sp",
            "module.uc_bootstrap.databricks_user.unity_users",
            "module.uc_bootstrap.databricks_user_role.account_admin_role",
            "module.uc_metastore.databricks_metastore.this",
            "module.uc_privileges.databricks_grants.this"
          ]
        }
      ]
    },
    {
      "module": "module.test_catalog",
      "mode": "managed",
      "type": "databricks_external_location",
      "name": "this",
      "provider": "provider[\"registry.terraform.io/databricks/databricks\"].dev_ws",
      "instances": [
        {
          "schema_version": 0,
          "attributes": {
            "access_point": null,
            "comment": "Managed by Terraform",
            "credential_name": "_test-catalog-s3-external-access-credential-2",
            "encryption_details": [],
            "force_destroy": true,
            "force_update": null,
            "id": "_test-catalog-s3-external-location",
            "metastore_id": "23d06e21-8ff7-4f00-acd5-778c20aae6d4",
            "name": "_test-catalog-s3-external-location",
            "owner": "xtarmitage+databricks-root@gmail.com",
            "read_only": false,
            "skip_validation": null,
            "url": "s3://test-catalog-storage-20240110225036788200000009/root"
          },
          "sensitive_attributes": [],
          "private": "bnVsbA==",
          "dependencies": [
            "module.aws_crossaccount_role.aws_iam_policy.cross_account_policy",
            "module.aws_crossaccount_role.aws_iam_role.cross_account_role",
            "module.aws_crossaccount_role.aws_iam_role_policy_attachment.cross_account_policy_attachment",
            "module.aws_crossaccount_role.data.databricks_aws_assume_role_policy.this",
            "module.aws_crossaccount_role.data.databricks_aws_crossaccount_policy.this",
            "module.aws_crossaccount_role.time_sleep.wait",
            "module.aws_vpc.data.aws_availability_zones.available",
            "module.aws_vpc.module.endpoints.aws_security_group.this",
            "module.aws_vpc.module.endpoints.aws_security_group_rule.this",
            "module.aws_vpc.module.endpoints.aws_vpc_endpoint.this",
            "module.aws_vpc.module.endpoints.data.aws_vpc_endpoint_service.this",
            "module.aws_vpc.module.vpc.aws_cloudwatch_log_group.flow_log",
            "module.aws_vpc.module.vpc.aws_customer_gateway.this",
            "module.aws_vpc.module.vpc.aws_db_subnet_group.database",
            "module.aws_vpc.module.vpc.aws_default_network_acl.this",
            "module.aws_vpc.module.vpc.aws_default_route_table.default",
            "module.aws_vpc.module.vpc.aws_default_security_group.this",
            "module.aws_vpc.module.vpc.aws_default_vpc.this",
            "module.aws_vpc.module.vpc.aws_egress_only_internet_gateway.this",
            "module.aws_vpc.module.vpc.aws_eip.nat",
            "module.aws_vpc.module.vpc.aws_elasticache_subnet_group.elasticache",
            "module.aws_vpc.module.vpc.aws_flow_log.this",
            "module.aws_vpc.module.vpc.aws_iam_policy.vpc_flow_log_cloudwatch",
            "module.aws_vpc.module.vpc.aws_iam_role.vpc_flow_log_cloudwatch",
            "module.aws_vpc.module.vpc.aws_iam_role_policy_attachment.vpc_flow_log_cloudwatch",
            "module.aws_vpc.module.vpc.aws_internet_gateway.this",
            "module.aws_vpc.module.vpc.aws_nat_gateway.this",
            "module.aws_vpc.module.vpc.aws_network_acl.database",
            "module.aws_vpc.module.vpc.aws_network_acl.elasticache",
            "module.aws_vpc.module.vpc.aws_network_acl.intra",
            "module.aws_vpc.module.vpc.aws_network_acl.outpost",
            "module.aws_vpc.module.vpc.aws_network_acl.private",
            "module.aws_vpc.module.vpc.aws_network_acl.public",
            "module.aws_vpc.module.vpc.aws_network_acl.redshift",
            "module.aws_vpc.module.vpc.aws_network_acl_rule.database_inbound",
            "module.aws_vpc.module.vpc.aws_network_acl_rule.database_outbound",
            "module.aws_vpc.module.vpc.aws_network_acl_rule.elasticache_inbound",
            "module.aws_vpc.module.vpc.aws_network_acl_rule.elasticache_outbound",
            "module.aws_vpc.module.vpc.aws_network_acl_rule.intra_inbound",
            "module.aws_vpc.module.vpc.aws_network_acl_rule.intra_outbound",
            "module.aws_vpc.module.vpc.aws_network_acl_rule.outpost_inbound",
            "module.aws_vpc.module.vpc.aws_network_acl_rule.outpost_outbound",
            "module.aws_vpc.module.vpc.aws_network_acl_rule.private_inbound",
            "module.aws_vpc.module.vpc.aws_network_acl_rule.private_outbound",
            "module.aws_vpc.module.vpc.aws_network_acl_rule.public_inbound",
            "module.aws_vpc.module.vpc.aws_network_acl_rule.public_outbound",
            "module.aws_vpc.module.vpc.aws_network_acl_rule.redshift_inbound",
            "module.aws_vpc.module.vpc.aws_network_acl_rule.redshift_outbound",
            "module.aws_vpc.module.vpc.aws_redshift_subnet_group.redshift",
            "module.aws_vpc.module.vpc.aws_route.database_dns64_nat_gateway",
            "module.aws_vpc.module.vpc.aws_route.database_internet_gateway",
            "module.aws_vpc.module.vpc.aws_route.database_ipv6_egress",
            "module.aws_vpc.module.vpc.aws_route.database_nat_gateway",
            "module.aws_vpc.module.vpc.aws_route.private_dns64_nat_gateway",
            "module.aws_vpc.module.vpc.aws_route.private_ipv6_egress",
            "module.aws_vpc.module.vpc.aws_route.private_nat_gateway",
            "module.aws_vpc.module.vpc.aws_route.public_internet_gateway",
            "module.aws_vpc.module.vpc.aws_route.public_internet_gateway_ipv6",
            "module.aws_vpc.module.vpc.aws_route_table.database",
            "module.aws_vpc.module.vpc.aws_route_table.elasticache",
            "module.aws_vpc.module.vpc.aws_route_table.intra",
            "module.aws_vpc.module.vpc.aws_route_table.private",
            "module.aws_vpc.module.vpc.aws_route_table.public",
            "module.aws_vpc.module.vpc.aws_route_table.redshift",
            "module.aws_vpc.module.vpc.aws_route_table_association.database",
            "module.aws_vpc.module.vpc.aws_route_table_association.elasticache",
            "module.aws_vpc.module.vpc.aws_route_table_association.intra",
            "module.aws_vpc.module.vpc.aws_route_table_association.outpost",
            "module.aws_vpc.module.vpc.aws_route_table_association.private",
            "module.aws_vpc.module.vpc.aws_route_table_association.public",
            "module.aws_vpc.module.vpc.aws_route_table_association.redshift",
            "module.aws_vpc.module.vpc.aws_route_table_association.redshift_public",
            "module.aws_vpc.module.vpc.aws_subnet.database",
            "module.aws_vpc.module.vpc.aws_subnet.elasticache",
            "module.aws_vpc.module.vpc.aws_subnet.intra",
            "module.aws_vpc.module.vpc.aws_subnet.outpost",
            "module.aws_vpc.module.vpc.aws_subnet.private",
            "module.aws_vpc.module.vpc.aws_subnet.public",
            "module.aws_vpc.module.vpc.aws_subnet.redshift",
            "module.aws_vpc.module.vpc.aws_vpc.this",
            "module.aws_vpc.module.vpc.aws_vpc_dhcp_options.this",
            "module.aws_vpc.module.vpc.aws_vpc_dhcp_options_association.this",
            "module.aws_vpc.module.vpc.aws_vpc_ipv4_cidr_block_association.this",
            "module.aws_vpc.module.vpc.aws_vpn_gateway.this",
            "module.aws_vpc.module.vpc.aws_vpn_gateway_attachment.this",
            "module.aws_vpc.module.vpc.aws_vpn_gateway_route_propagation.intra",
            "module.aws_vpc.module.vpc.aws_vpn_gateway_route_propagation.private",
            "module.aws_vpc.module.vpc.aws_vpn_gateway_route_propagation.public",
            "module.aws_vpc.module.vpc.data.aws_iam_policy_document.flow_log_cloudwatch_assume_role",
            "module.aws_vpc.module.vpc.data.aws_iam_policy_document.vpc_flow_log_cloudwatch",
            "module.dev_workspace.aws_s3_bucket.root_storage_bucket",
            "module.dev_workspace.aws_s3_bucket_policy.root_bucket_policy",
            "module.dev_workspace.aws_s3_bucket_public_access_block.root_storage_bucket",
            "module.dev_workspace.aws_s3_bucket_server_side_encryption_configuration.root_storage_bucket",
            "module.dev_workspace.aws_s3_bucket_versioning.root_bucket_versioning",
            "module.dev_workspace.data.databricks_aws_bucket_policy.this",
            "module.dev_workspace.databricks_metastore_assignment.this",
            "module.dev_workspace.databricks_mws_credentials.this",
            "module.dev_workspace.databricks_mws_networks.this",
            "module.dev_workspace.databricks_mws_storage_configurations.this",
            "module.dev_workspace.databricks_mws_workspaces.this",
            "module.test_catalog.aws_iam_policy.policy",
            "module.test_catalog.aws_iam_role.role",
            "module.test_catalog.aws_iam_role_policy_attachment.attachment",
            "module.test_catalog.databricks_storage_credential.this",
            "module.test_catalog.module.s3_bucket.aws_s3_bucket.this",
            "module.test_catalog.module.s3_bucket.aws_s3_bucket_policy.this",
            "module.test_catalog.module.s3_bucket.aws_s3_bucket_public_access_block.this",
            "module.test_catalog.module.s3_bucket.data.aws_caller_identity.current",
            "module.test_catalog.module.s3_bucket.data.aws_iam_policy_document.access_log_delivery",
            "module.test_catalog.module.s3_bucket.data.aws_iam_policy_document.combined",
            "module.test_catalog.module.s3_bucket.data.aws_iam_policy_document.deny_incorrect_encryption_headers",
            "module.test_catalog.module.s3_bucket.data.aws_iam_policy_document.deny_incorrect_kms_key_sse",
            "module.test_catalog.module.s3_bucket.data.aws_iam_policy_document.deny_insecure_transport",
            "module.test_catalog.module.s3_bucket.data.aws_iam_policy_document.deny_unencrypted_object_uploads",
            "module.test_catalog.module.s3_bucket.data.aws_iam_policy_document.elb_log_delivery",
            "module.test_catalog.module.s3_bucket.data.aws_iam_policy_document.inventory_and_analytics_destination_policy",
            "module.test_catalog.module.s3_bucket.data.aws_iam_policy_document.lb_log_delivery",
            "module.test_catalog.module.s3_bucket.data.aws_iam_policy_document.require_latest_tls",
            "module.test_catalog.module.s3_bucket.data.aws_partition.current",
            "module.test_catalog.module.s3_bucket.data.aws_region.current",
            "module.test_catalog.time_sleep.wait",
            "module.uc_bootstrap.data.databricks_service_principal.terraform_sp",
            "module.uc_bootstrap.databricks_group.account_admin_group",
            "module.uc_bootstrap.databricks_group.workspace_admin_group",
            "module.uc_bootstrap.databricks_group.workspace_user_group",
            "module.uc_bootstrap.databricks_group_member.admin_group_member",
            "module.uc_bootstrap.databricks_group_member.workspace_admin_group_member",
            "module.uc_bootstrap.databricks_group_member.workspace_admin_group_member_sp",
            "module.uc_bootstrap.databricks_group_member.workspace_user_group_member",
            "module.uc_bootstrap.databricks_service_principal_role.terraform_admin",
            "module.uc_bootstrap.databricks_service_principal_secret.terraform_sp",
            "module.uc_bootstrap.databricks_user.unity_users",
            "module.uc_bootstrap.databricks_user_role.account_admin_role",
            "module.uc_metastore.databricks_metastore.this",
            "module.uc_privileges.databricks_grants.this"
          ]
        }
      ]
    },
    {
      "module": "module.test_catalog",
      "mode": "managed",
      "type": "databricks_storage_credential",
      "name": "this",
      "provider": "provider[\"registry.terraform.io/databricks/databricks\"].dev_ws",
      "instances": [
        {
          "schema_version": 0,
          "attributes": {
            "aws_iam_role": [
              {
                "external_id": "0c6d76dc-ee77-45f4-ac75-9a177cc435b4",
                "role_arn": "arn:aws:iam::136146594194:role/_test-catalog-s3-external-access-role",
                "unity_catalog_iam_arn": "arn:aws:iam::414351767826:role/unity-catalog-prod-UCMasterRole-14S5ZJVKOTYTL"
              }
            ],
            "azure_managed_identity": [],
            "azure_service_principal": [],
            "comment": "Managed by Terraform",
            "databricks_gcp_service_account": null,
            "force_destroy": null,
            "gcp_service_account_key": [],
            "id": "_test-catalog-s3-external-access-credential-2",
            "metastore_id": "23d06e21-8ff7-4f00-acd5-778c20aae6d4",
            "name": "_test-catalog-s3-external-access-credential-2",
            "owner": "xtarmitage+databricks-root@gmail.com",
            "read_only": false
          },
          "sensitive_attributes": [],
          "private": "bnVsbA==",
          "dependencies": [
            "module.aws_crossaccount_role.aws_iam_policy.cross_account_policy",
            "module.aws_crossaccount_role.aws_iam_role.cross_account_role",
            "module.aws_crossaccount_role.aws_iam_role_policy_attachment.cross_account_policy_attachment",
            "module.aws_crossaccount_role.data.databricks_aws_assume_role_policy.this",
            "module.aws_crossaccount_role.data.databricks_aws_crossaccount_policy.this",
            "module.aws_crossaccount_role.time_sleep.wait",
            "module.aws_vpc.data.aws_availability_zones.available",
            "module.aws_vpc.module.endpoints.aws_security_group.this",
            "module.aws_vpc.module.endpoints.aws_security_group_rule.this",
            "module.aws_vpc.module.endpoints.aws_vpc_endpoint.this",
            "module.aws_vpc.module.endpoints.data.aws_vpc_endpoint_service.this",
            "module.aws_vpc.module.vpc.aws_cloudwatch_log_group.flow_log",
            "module.aws_vpc.module.vpc.aws_customer_gateway.this",
            "module.aws_vpc.module.vpc.aws_db_subnet_group.database",
            "module.aws_vpc.module.vpc.aws_default_network_acl.this",
            "module.aws_vpc.module.vpc.aws_default_route_table.default",
            "module.aws_vpc.module.vpc.aws_default_security_group.this",
            "module.aws_vpc.module.vpc.aws_default_vpc.this",
            "module.aws_vpc.module.vpc.aws_egress_only_internet_gateway.this",
            "module.aws_vpc.module.vpc.aws_eip.nat",
            "module.aws_vpc.module.vpc.aws_elasticache_subnet_group.elasticache",
            "module.aws_vpc.module.vpc.aws_flow_log.this",
            "module.aws_vpc.module.vpc.aws_iam_policy.vpc_flow_log_cloudwatch",
            "module.aws_vpc.module.vpc.aws_iam_role.vpc_flow_log_cloudwatch",
            "module.aws_vpc.module.vpc.aws_iam_role_policy_attachment.vpc_flow_log_cloudwatch",
            "module.aws_vpc.module.vpc.aws_internet_gateway.this",
            "module.aws_vpc.module.vpc.aws_nat_gateway.this",
            "module.aws_vpc.module.vpc.aws_network_acl.database",
            "module.aws_vpc.module.vpc.aws_network_acl.elasticache",
            "module.aws_vpc.module.vpc.aws_network_acl.intra",
            "module.aws_vpc.module.vpc.aws_network_acl.outpost",
            "module.aws_vpc.module.vpc.aws_network_acl.private",
            "module.aws_vpc.module.vpc.aws_network_acl.public",
            "module.aws_vpc.module.vpc.aws_network_acl.redshift",
            "module.aws_vpc.module.vpc.aws_network_acl_rule.database_inbound",
            "module.aws_vpc.module.vpc.aws_network_acl_rule.database_outbound",
            "module.aws_vpc.module.vpc.aws_network_acl_rule.elasticache_inbound",
            "module.aws_vpc.module.vpc.aws_network_acl_rule.elasticache_outbound",
            "module.aws_vpc.module.vpc.aws_network_acl_rule.intra_inbound",
            "module.aws_vpc.module.vpc.aws_network_acl_rule.intra_outbound",
            "module.aws_vpc.module.vpc.aws_network_acl_rule.outpost_inbound",
            "module.aws_vpc.module.vpc.aws_network_acl_rule.outpost_outbound",
            "module.aws_vpc.module.vpc.aws_network_acl_rule.private_inbound",
            "module.aws_vpc.module.vpc.aws_network_acl_rule.private_outbound",
            "module.aws_vpc.module.vpc.aws_network_acl_rule.public_inbound",
            "module.aws_vpc.module.vpc.aws_network_acl_rule.public_outbound",
            "module.aws_vpc.module.vpc.aws_network_acl_rule.redshift_inbound",
            "module.aws_vpc.module.vpc.aws_network_acl_rule.redshift_outbound",
            "module.aws_vpc.module.vpc.aws_redshift_subnet_group.redshift",
            "module.aws_vpc.module.vpc.aws_route.database_dns64_nat_gateway",
            "module.aws_vpc.module.vpc.aws_route.database_internet_gateway",
            "module.aws_vpc.module.vpc.aws_route.database_ipv6_egress",
            "module.aws_vpc.module.vpc.aws_route.database_nat_gateway",
            "module.aws_vpc.module.vpc.aws_route.private_dns64_nat_gateway",
            "module.aws_vpc.module.vpc.aws_route.private_ipv6_egress",
            "module.aws_vpc.module.vpc.aws_route.private_nat_gateway",
            "module.aws_vpc.module.vpc.aws_route.public_internet_gateway",
            "module.aws_vpc.module.vpc.aws_route.public_internet_gateway_ipv6",
            "module.aws_vpc.module.vpc.aws_route_table.database",
            "module.aws_vpc.module.vpc.aws_route_table.elasticache",
            "module.aws_vpc.module.vpc.aws_route_table.intra",
            "module.aws_vpc.module.vpc.aws_route_table.private",
            "module.aws_vpc.module.vpc.aws_route_table.public",
            "module.aws_vpc.module.vpc.aws_route_table.redshift",
            "module.aws_vpc.module.vpc.aws_route_table_association.database",
            "module.aws_vpc.module.vpc.aws_route_table_association.elasticache",
            "module.aws_vpc.module.vpc.aws_route_table_association.intra",
            "module.aws_vpc.module.vpc.aws_route_table_association.outpost",
            "module.aws_vpc.module.vpc.aws_route_table_association.private",
            "module.aws_vpc.module.vpc.aws_route_table_association.public",
            "module.aws_vpc.module.vpc.aws_route_table_association.redshift",
            "module.aws_vpc.module.vpc.aws_route_table_association.redshift_public",
            "module.aws_vpc.module.vpc.aws_subnet.database",
            "module.aws_vpc.module.vpc.aws_subnet.elasticache",
            "module.aws_vpc.module.vpc.aws_subnet.intra",
            "module.aws_vpc.module.vpc.aws_subnet.outpost",
            "module.aws_vpc.module.vpc.aws_subnet.private",
            "module.aws_vpc.module.vpc.aws_subnet.public",
            "module.aws_vpc.module.vpc.aws_subnet.redshift",
            "module.aws_vpc.module.vpc.aws_vpc.this",
            "module.aws_vpc.module.vpc.aws_vpc_dhcp_options.this",
            "module.aws_vpc.module.vpc.aws_vpc_dhcp_options_association.this",
            "module.aws_vpc.module.vpc.aws_vpc_ipv4_cidr_block_association.this",
            "module.aws_vpc.module.vpc.aws_vpn_gateway.this",
            "module.aws_vpc.module.vpc.aws_vpn_gateway_attachment.this",
            "module.aws_vpc.module.vpc.aws_vpn_gateway_route_propagation.intra",
            "module.aws_vpc.module.vpc.aws_vpn_gateway_route_propagation.private",
            "module.aws_vpc.module.vpc.aws_vpn_gateway_route_propagation.public",
            "module.aws_vpc.module.vpc.data.aws_iam_policy_document.flow_log_cloudwatch_assume_role",
            "module.aws_vpc.module.vpc.data.aws_iam_policy_document.vpc_flow_log_cloudwatch",
            "module.dev_workspace.aws_s3_bucket.root_storage_bucket",
            "module.dev_workspace.aws_s3_bucket_policy.root_bucket_policy",
            "module.dev_workspace.aws_s3_bucket_public_access_block.root_storage_bucket",
            "module.dev_workspace.aws_s3_bucket_server_side_encryption_configuration.root_storage_bucket",
            "module.dev_workspace.aws_s3_bucket_versioning.root_bucket_versioning",
            "module.dev_workspace.data.databricks_aws_bucket_policy.this",
            "module.dev_workspace.databricks_metastore_assignment.this",
            "module.dev_workspace.databricks_mws_credentials.this",
            "module.dev_workspace.databricks_mws_networks.this",
            "module.dev_workspace.databricks_mws_storage_configurations.this",
            "module.dev_workspace.databricks_mws_workspaces.this",
            "module.test_catalog.aws_iam_policy.policy",
            "module.test_catalog.aws_iam_role.role",
            "module.test_catalog.aws_iam_role_policy_attachment.attachment",
            "module.test_catalog.module.s3_bucket.aws_s3_bucket.this",
            "module.test_catalog.time_sleep.wait",
            "module.uc_bootstrap.data.databricks_service_principal.terraform_sp",
            "module.uc_bootstrap.databricks_group.account_admin_group",
            "module.uc_bootstrap.databricks_group.workspace_admin_group",
            "module.uc_bootstrap.databricks_group.workspace_user_group",
            "module.uc_bootstrap.databricks_group_member.admin_group_member",
            "module.uc_bootstrap.databricks_group_member.workspace_admin_group_member",
            "module.uc_bootstrap.databricks_group_member.workspace_admin_group_member_sp",
            "module.uc_bootstrap.databricks_group_member.workspace_user_group_member",
            "module.uc_bootstrap.databricks_service_principal_role.terraform_admin",
            "module.uc_bootstrap.databricks_service_principal_secret.terraform_sp",
            "module.uc_bootstrap.databricks_user.unity_users",
            "module.uc_bootstrap.databricks_user_role.account_admin_role",
            "module.uc_metastore.databricks_metastore.this",
            "module.uc_privileges.databricks_grants.this"
          ]
        }
      ]
    },
    {
      "module": "module.test_catalog",
      "mode": "managed",
      "type": "time_sleep",
      "name": "wait",
      "provider": "provider[\"registry.terraform.io/hashicorp/time\"]",
      "instances": [
        {
          "schema_version": 0,
          "attributes": {
            "create_duration": "50s",
            "destroy_duration": null,
            "id": "2024-01-10T22:51:30Z",
            "triggers": null
          },
          "sensitive_attributes": [],
          "dependencies": [
            "module.aws_crossaccount_role.aws_iam_policy.cross_account_policy",
            "module.aws_crossaccount_role.aws_iam_role.cross_account_role",
            "module.aws_crossaccount_role.aws_iam_role_policy_attachment.cross_account_policy_attachment",
            "module.aws_crossaccount_role.data.databricks_aws_assume_role_policy.this",
            "module.aws_crossaccount_role.data.databricks_aws_crossaccount_policy.this",
            "module.aws_crossaccount_role.time_sleep.wait",
            "module.aws_vpc.data.aws_availability_zones.available",
            "module.aws_vpc.module.endpoints.aws_security_group.this",
            "module.aws_vpc.module.endpoints.aws_security_group_rule.this",
            "module.aws_vpc.module.endpoints.aws_vpc_endpoint.this",
            "module.aws_vpc.module.endpoints.data.aws_vpc_endpoint_service.this",
            "module.aws_vpc.module.vpc.aws_cloudwatch_log_group.flow_log",
            "module.aws_vpc.module.vpc.aws_customer_gateway.this",
            "module.aws_vpc.module.vpc.aws_db_subnet_group.database",
            "module.aws_vpc.module.vpc.aws_default_network_acl.this",
            "module.aws_vpc.module.vpc.aws_default_route_table.default",
            "module.aws_vpc.module.vpc.aws_default_security_group.this",
            "module.aws_vpc.module.vpc.aws_default_vpc.this",
            "module.aws_vpc.module.vpc.aws_egress_only_internet_gateway.this",
            "module.aws_vpc.module.vpc.aws_eip.nat",
            "module.aws_vpc.module.vpc.aws_elasticache_subnet_group.elasticache",
            "module.aws_vpc.module.vpc.aws_flow_log.this",
            "module.aws_vpc.module.vpc.aws_iam_policy.vpc_flow_log_cloudwatch",
            "module.aws_vpc.module.vpc.aws_iam_role.vpc_flow_log_cloudwatch",
            "module.aws_vpc.module.vpc.aws_iam_role_policy_attachment.vpc_flow_log_cloudwatch",
            "module.aws_vpc.module.vpc.aws_internet_gateway.this",
            "module.aws_vpc.module.vpc.aws_nat_gateway.this",
            "module.aws_vpc.module.vpc.aws_network_acl.database",
            "module.aws_vpc.module.vpc.aws_network_acl.elasticache",
            "module.aws_vpc.module.vpc.aws_network_acl.intra",
            "module.aws_vpc.module.vpc.aws_network_acl.outpost",
            "module.aws_vpc.module.vpc.aws_network_acl.private",
            "module.aws_vpc.module.vpc.aws_network_acl.public",
            "module.aws_vpc.module.vpc.aws_network_acl.redshift",
            "module.aws_vpc.module.vpc.aws_network_acl_rule.database_inbound",
            "module.aws_vpc.module.vpc.aws_network_acl_rule.database_outbound",
            "module.aws_vpc.module.vpc.aws_network_acl_rule.elasticache_inbound",
            "module.aws_vpc.module.vpc.aws_network_acl_rule.elasticache_outbound",
            "module.aws_vpc.module.vpc.aws_network_acl_rule.intra_inbound",
            "module.aws_vpc.module.vpc.aws_network_acl_rule.intra_outbound",
            "module.aws_vpc.module.vpc.aws_network_acl_rule.outpost_inbound",
            "module.aws_vpc.module.vpc.aws_network_acl_rule.outpost_outbound",
            "module.aws_vpc.module.vpc.aws_network_acl_rule.private_inbound",
            "module.aws_vpc.module.vpc.aws_network_acl_rule.private_outbound",
            "module.aws_vpc.module.vpc.aws_network_acl_rule.public_inbound",
            "module.aws_vpc.module.vpc.aws_network_acl_rule.public_outbound",
            "module.aws_vpc.module.vpc.aws_network_acl_rule.redshift_inbound",
            "module.aws_vpc.module.vpc.aws_network_acl_rule.redshift_outbound",
            "module.aws_vpc.module.vpc.aws_redshift_subnet_group.redshift",
            "module.aws_vpc.module.vpc.aws_route.database_dns64_nat_gateway",
            "module.aws_vpc.module.vpc.aws_route.database_internet_gateway",
            "module.aws_vpc.module.vpc.aws_route.database_ipv6_egress",
            "module.aws_vpc.module.vpc.aws_route.database_nat_gateway",
            "module.aws_vpc.module.vpc.aws_route.private_dns64_nat_gateway",
            "module.aws_vpc.module.vpc.aws_route.private_ipv6_egress",
            "module.aws_vpc.module.vpc.aws_route.private_nat_gateway",
            "module.aws_vpc.module.vpc.aws_route.public_internet_gateway",
            "module.aws_vpc.module.vpc.aws_route.public_internet_gateway_ipv6",
            "module.aws_vpc.module.vpc.aws_route_table.database",
            "module.aws_vpc.module.vpc.aws_route_table.elasticache",
            "module.aws_vpc.module.vpc.aws_route_table.intra",
            "module.aws_vpc.module.vpc.aws_route_table.private",
            "module.aws_vpc.module.vpc.aws_route_table.public",
            "module.aws_vpc.module.vpc.aws_route_table.redshift",
            "module.aws_vpc.module.vpc.aws_route_table_association.database",
            "module.aws_vpc.module.vpc.aws_route_table_association.elasticache",
            "module.aws_vpc.module.vpc.aws_route_table_association.intra",
            "module.aws_vpc.module.vpc.aws_route_table_association.outpost",
            "module.aws_vpc.module.vpc.aws_route_table_association.private",
            "module.aws_vpc.module.vpc.aws_route_table_association.public",
            "module.aws_vpc.module.vpc.aws_route_table_association.redshift",
            "module.aws_vpc.module.vpc.aws_route_table_association.redshift_public",
            "module.aws_vpc.module.vpc.aws_subnet.database",
            "module.aws_vpc.module.vpc.aws_subnet.elasticache",
            "module.aws_vpc.module.vpc.aws_subnet.intra",
            "module.aws_vpc.module.vpc.aws_subnet.outpost",
            "module.aws_vpc.module.vpc.aws_subnet.private",
            "module.aws_vpc.module.vpc.aws_subnet.public",
            "module.aws_vpc.module.vpc.aws_subnet.redshift",
            "module.aws_vpc.module.vpc.aws_vpc.this",
            "module.aws_vpc.module.vpc.aws_vpc_dhcp_options.this",
            "module.aws_vpc.module.vpc.aws_vpc_dhcp_options_association.this",
            "module.aws_vpc.module.vpc.aws_vpc_ipv4_cidr_block_association.this",
            "module.aws_vpc.module.vpc.aws_vpn_gateway.this",
            "module.aws_vpc.module.vpc.aws_vpn_gateway_attachment.this",
            "module.aws_vpc.module.vpc.aws_vpn_gateway_route_propagation.intra",
            "module.aws_vpc.module.vpc.aws_vpn_gateway_route_propagation.private",
            "module.aws_vpc.module.vpc.aws_vpn_gateway_route_propagation.public",
            "module.aws_vpc.module.vpc.data.aws_iam_policy_document.flow_log_cloudwatch_assume_role",
            "module.aws_vpc.module.vpc.data.aws_iam_policy_document.vpc_flow_log_cloudwatch",
            "module.dev_workspace.aws_s3_bucket.root_storage_bucket",
            "module.dev_workspace.aws_s3_bucket_policy.root_bucket_policy",
            "module.dev_workspace.aws_s3_bucket_public_access_block.root_storage_bucket",
            "module.dev_workspace.aws_s3_bucket_server_side_encryption_configuration.root_storage_bucket",
            "module.dev_workspace.aws_s3_bucket_versioning.root_bucket_versioning",
            "module.dev_workspace.data.databricks_aws_bucket_policy.this",
            "module.dev_workspace.databricks_metastore_assignment.this",
            "module.dev_workspace.databricks_mws_credentials.this",
            "module.dev_workspace.databricks_mws_networks.this",
            "module.dev_workspace.databricks_mws_storage_configurations.this",
            "module.dev_workspace.databricks_mws_workspaces.this",
            "module.test_catalog.aws_iam_policy.policy",
            "module.test_catalog.aws_iam_role.role",
            "module.test_catalog.aws_iam_role_policy_attachment.attachment",
            "module.test_catalog.module.s3_bucket.aws_s3_bucket.this",
            "module.uc_bootstrap.data.databricks_service_principal.terraform_sp",
            "module.uc_bootstrap.databricks_group.account_admin_group",
            "module.uc_bootstrap.databricks_group.workspace_admin_group",
            "module.uc_bootstrap.databricks_group.workspace_user_group",
            "module.uc_bootstrap.databricks_group_member.admin_group_member",
            "module.uc_bootstrap.databricks_group_member.workspace_admin_group_member",
            "module.uc_bootstrap.databricks_group_member.workspace_admin_group_member_sp",
            "module.uc_bootstrap.databricks_group_member.workspace_user_group_member",
            "module.uc_bootstrap.databricks_service_principal_role.terraform_admin",
            "module.uc_bootstrap.databricks_service_principal_secret.terraform_sp",
            "module.uc_bootstrap.databricks_user.unity_users",
            "module.uc_bootstrap.databricks_user_role.account_admin_role",
            "module.uc_metastore.databricks_metastore.this",
            "module.uc_privileges.databricks_grants.this"
          ]
        }
      ]
    },
    {
      "module": "module.test_catalog.module.s3_bucket",
      "mode": "data",
      "type": "aws_caller_identity",
      "name": "current",
      "provider": "provider[\"registry.terraform.io/hashicorp/aws\"]",
      "instances": [
        {
          "schema_version": 0,
          "attributes": {
            "account_id": "136146594194",
            "arn": "arn:aws:iam::136146594194:user/cloud_admin",
            "id": "136146594194",
            "user_id": "AIDAR7MXYFGJBQJV6MFSU"
          },
          "sensitive_attributes": []
        }
      ]
    },
    {
      "module": "module.test_catalog.module.s3_bucket",
      "mode": "data",
      "type": "aws_partition",
      "name": "current",
      "provider": "provider[\"registry.terraform.io/hashicorp/aws\"]",
      "instances": [
        {
          "schema_version": 0,
          "attributes": {
            "dns_suffix": "amazonaws.com",
            "id": "aws",
            "partition": "aws",
            "reverse_dns_prefix": "com.amazonaws"
          },
          "sensitive_attributes": []
        }
      ]
    },
    {
      "module": "module.test_catalog.module.s3_bucket",
      "mode": "data",
      "type": "aws_region",
      "name": "current",
      "provider": "provider[\"registry.terraform.io/hashicorp/aws\"]",
      "instances": [
        {
          "schema_version": 0,
          "attributes": {
            "description": "Asia Pacific (Sydney)",
            "endpoint": "ec2.ap-southeast-2.amazonaws.com",
            "id": "ap-southeast-2",
            "name": "ap-southeast-2"
          },
          "sensitive_attributes": []
        }
      ]
    },
    {
      "module": "module.test_catalog.module.s3_bucket",
      "mode": "managed",
      "type": "aws_s3_bucket",
      "name": "this",
      "provider": "provider[\"registry.terraform.io/hashicorp/aws\"]",
      "instances": [
        {
          "index_key": 0,
          "schema_version": 0,
          "attributes": {
            "acceleration_status": "",
            "acl": null,
            "arn": "arn:aws:s3:::test-catalog-storage-20240110225036788200000009",
            "bucket": "test-catalog-storage-20240110225036788200000009",
            "bucket_domain_name": "test-catalog-storage-20240110225036788200000009.s3.amazonaws.com",
            "bucket_prefix": "test-catalog-storage-",
            "bucket_regional_domain_name": "test-catalog-storage-20240110225036788200000009.s3.ap-southeast-2.amazonaws.com",
            "cors_rule": [],
            "force_destroy": true,
            "grant": [
              {
                "id": "9c51f0ed535cb6ea55bb2b1ba811bbc6223a9d6e0146f0f320cda7be6a8973af",
                "permissions": [
                  "FULL_CONTROL"
                ],
                "type": "CanonicalUser",
                "uri": ""
              }
            ],
            "hosted_zone_id": "Z1WCIGYICN2BYD",
            "id": "test-catalog-storage-20240110225036788200000009",
            "lifecycle_rule": [],
            "logging": [],
            "object_lock_configuration": [],
            "object_lock_enabled": false,
            "policy": "",
            "region": "ap-southeast-2",
            "replication_configuration": [],
            "request_payer": "BucketOwner",
            "server_side_encryption_configuration": [
              {
                "rule": [
                  {
                    "apply_server_side_encryption_by_default": [
                      {
                        "kms_master_key_id": "",
                        "sse_algorithm": "AES256"
                      }
                    ],
                    "bucket_key_enabled": false
                  }
                ]
              }
            ],
            "tags": {
              "Environment": "dev",
              "Project": "mars"
            },
            "tags_all": {
              "Environment": "dev",
              "Project": "mars"
            },
            "timeouts": null,
            "versioning": [
              {
                "enabled": false,
                "mfa_delete": false
              }
            ],
            "website": [],
            "website_domain": null,
            "website_endpoint": null
          },
          "sensitive_attributes": [],
          "private": "eyJlMmJmYjczMC1lY2FhLTExZTYtOGY4OC0zNDM2M2JjN2M0YzAiOnsiY3JlYXRlIjoxMjAwMDAwMDAwMDAwLCJkZWxldGUiOjM2MDAwMDAwMDAwMDAsInJlYWQiOjEyMDAwMDAwMDAwMDAsInVwZGF0ZSI6MTIwMDAwMDAwMDAwMH19",
          "dependencies": [
            "module.aws_crossaccount_role.aws_iam_policy.cross_account_policy",
            "module.aws_crossaccount_role.aws_iam_role.cross_account_role",
            "module.aws_crossaccount_role.aws_iam_role_policy_attachment.cross_account_policy_attachment",
            "module.aws_crossaccount_role.data.databricks_aws_assume_role_policy.this",
            "module.aws_crossaccount_role.data.databricks_aws_crossaccount_policy.this",
            "module.aws_crossaccount_role.time_sleep.wait",
            "module.aws_vpc.data.aws_availability_zones.available",
            "module.aws_vpc.module.endpoints.aws_security_group.this",
            "module.aws_vpc.module.endpoints.aws_security_group_rule.this",
            "module.aws_vpc.module.endpoints.aws_vpc_endpoint.this",
            "module.aws_vpc.module.endpoints.data.aws_vpc_endpoint_service.this",
            "module.aws_vpc.module.vpc.aws_cloudwatch_log_group.flow_log",
            "module.aws_vpc.module.vpc.aws_customer_gateway.this",
            "module.aws_vpc.module.vpc.aws_db_subnet_group.database",
            "module.aws_vpc.module.vpc.aws_default_network_acl.this",
            "module.aws_vpc.module.vpc.aws_default_route_table.default",
            "module.aws_vpc.module.vpc.aws_default_security_group.this",
            "module.aws_vpc.module.vpc.aws_default_vpc.this",
            "module.aws_vpc.module.vpc.aws_egress_only_internet_gateway.this",
            "module.aws_vpc.module.vpc.aws_eip.nat",
            "module.aws_vpc.module.vpc.aws_elasticache_subnet_group.elasticache",
            "module.aws_vpc.module.vpc.aws_flow_log.this",
            "module.aws_vpc.module.vpc.aws_iam_policy.vpc_flow_log_cloudwatch",
            "module.aws_vpc.module.vpc.aws_iam_role.vpc_flow_log_cloudwatch",
            "module.aws_vpc.module.vpc.aws_iam_role_policy_attachment.vpc_flow_log_cloudwatch",
            "module.aws_vpc.module.vpc.aws_internet_gateway.this",
            "module.aws_vpc.module.vpc.aws_nat_gateway.this",
            "module.aws_vpc.module.vpc.aws_network_acl.database",
            "module.aws_vpc.module.vpc.aws_network_acl.elasticache",
            "module.aws_vpc.module.vpc.aws_network_acl.intra",
            "module.aws_vpc.module.vpc.aws_network_acl.outpost",
            "module.aws_vpc.module.vpc.aws_network_acl.private",
            "module.aws_vpc.module.vpc.aws_network_acl.public",
            "module.aws_vpc.module.vpc.aws_network_acl.redshift",
            "module.aws_vpc.module.vpc.aws_network_acl_rule.database_inbound",
            "module.aws_vpc.module.vpc.aws_network_acl_rule.database_outbound",
            "module.aws_vpc.module.vpc.aws_network_acl_rule.elasticache_inbound",
            "module.aws_vpc.module.vpc.aws_network_acl_rule.elasticache_outbound",
            "module.aws_vpc.module.vpc.aws_network_acl_rule.intra_inbound",
            "module.aws_vpc.module.vpc.aws_network_acl_rule.intra_outbound",
            "module.aws_vpc.module.vpc.aws_network_acl_rule.outpost_inbound",
            "module.aws_vpc.module.vpc.aws_network_acl_rule.outpost_outbound",
            "module.aws_vpc.module.vpc.aws_network_acl_rule.private_inbound",
            "module.aws_vpc.module.vpc.aws_network_acl_rule.private_outbound",
            "module.aws_vpc.module.vpc.aws_network_acl_rule.public_inbound",
            "module.aws_vpc.module.vpc.aws_network_acl_rule.public_outbound",
            "module.aws_vpc.module.vpc.aws_network_acl_rule.redshift_inbound",
            "module.aws_vpc.module.vpc.aws_network_acl_rule.redshift_outbound",
            "module.aws_vpc.module.vpc.aws_redshift_subnet_group.redshift",
            "module.aws_vpc.module.vpc.aws_route.database_dns64_nat_gateway",
            "module.aws_vpc.module.vpc.aws_route.database_internet_gateway",
            "module.aws_vpc.module.vpc.aws_route.database_ipv6_egress",
            "module.aws_vpc.module.vpc.aws_route.database_nat_gateway",
            "module.aws_vpc.module.vpc.aws_route.private_dns64_nat_gateway",
            "module.aws_vpc.module.vpc.aws_route.private_ipv6_egress",
            "module.aws_vpc.module.vpc.aws_route.private_nat_gateway",
            "module.aws_vpc.module.vpc.aws_route.public_internet_gateway",
            "module.aws_vpc.module.vpc.aws_route.public_internet_gateway_ipv6",
            "module.aws_vpc.module.vpc.aws_route_table.database",
            "module.aws_vpc.module.vpc.aws_route_table.elasticache",
            "module.aws_vpc.module.vpc.aws_route_table.intra",
            "module.aws_vpc.module.vpc.aws_route_table.private",
            "module.aws_vpc.module.vpc.aws_route_table.public",
            "module.aws_vpc.module.vpc.aws_route_table.redshift",
            "module.aws_vpc.module.vpc.aws_route_table_association.database",
            "module.aws_vpc.module.vpc.aws_route_table_association.elasticache",
            "module.aws_vpc.module.vpc.aws_route_table_association.intra",
            "module.aws_vpc.module.vpc.aws_route_table_association.outpost",
            "module.aws_vpc.module.vpc.aws_route_table_association.private",
            "module.aws_vpc.module.vpc.aws_route_table_association.public",
            "module.aws_vpc.module.vpc.aws_route_table_association.redshift",
            "module.aws_vpc.module.vpc.aws_route_table_association.redshift_public",
            "module.aws_vpc.module.vpc.aws_subnet.database",
            "module.aws_vpc.module.vpc.aws_subnet.elasticache",
            "module.aws_vpc.module.vpc.aws_subnet.intra",
            "module.aws_vpc.module.vpc.aws_subnet.outpost",
            "module.aws_vpc.module.vpc.aws_subnet.private",
            "module.aws_vpc.module.vpc.aws_subnet.public",
            "module.aws_vpc.module.vpc.aws_subnet.redshift",
            "module.aws_vpc.module.vpc.aws_vpc.this",
            "module.aws_vpc.module.vpc.aws_vpc_dhcp_options.this",
            "module.aws_vpc.module.vpc.aws_vpc_dhcp_options_association.this",
            "module.aws_vpc.module.vpc.aws_vpc_ipv4_cidr_block_association.this",
            "module.aws_vpc.module.vpc.aws_vpn_gateway.this",
            "module.aws_vpc.module.vpc.aws_vpn_gateway_attachment.this",
            "module.aws_vpc.module.vpc.aws_vpn_gateway_route_propagation.intra",
            "module.aws_vpc.module.vpc.aws_vpn_gateway_route_propagation.private",
            "module.aws_vpc.module.vpc.aws_vpn_gateway_route_propagation.public",
            "module.aws_vpc.module.vpc.data.aws_iam_policy_document.flow_log_cloudwatch_assume_role",
            "module.aws_vpc.module.vpc.data.aws_iam_policy_document.vpc_flow_log_cloudwatch",
            "module.dev_workspace.aws_s3_bucket.root_storage_bucket",
            "module.dev_workspace.aws_s3_bucket_policy.root_bucket_policy",
            "module.dev_workspace.aws_s3_bucket_public_access_block.root_storage_bucket",
            "module.dev_workspace.aws_s3_bucket_server_side_encryption_configuration.root_storage_bucket",
            "module.dev_workspace.aws_s3_bucket_versioning.root_bucket_versioning",
            "module.dev_workspace.data.databricks_aws_bucket_policy.this",
            "module.dev_workspace.databricks_metastore_assignment.this",
            "module.dev_workspace.databricks_mws_credentials.this",
            "module.dev_workspace.databricks_mws_networks.this",
            "module.dev_workspace.databricks_mws_storage_configurations.this",
            "module.dev_workspace.databricks_mws_workspaces.this",
            "module.uc_bootstrap.data.databricks_service_principal.terraform_sp",
            "module.uc_bootstrap.databricks_group.account_admin_group",
            "module.uc_bootstrap.databricks_group.workspace_admin_group",
            "module.uc_bootstrap.databricks_group.workspace_user_group",
            "module.uc_bootstrap.databricks_group_member.admin_group_member",
            "module.uc_bootstrap.databricks_group_member.workspace_admin_group_member",
            "module.uc_bootstrap.databricks_group_member.workspace_admin_group_member_sp",
            "module.uc_bootstrap.databricks_group_member.workspace_user_group_member",
            "module.uc_bootstrap.databricks_service_principal_role.terraform_admin",
            "module.uc_bootstrap.databricks_service_principal_secret.terraform_sp",
            "module.uc_bootstrap.databricks_user.unity_users",
            "module.uc_bootstrap.databricks_user_role.account_admin_role",
            "module.uc_metastore.databricks_metastore.this",
            "module.uc_privileges.databricks_grants.this"
          ]
        }
      ]
    },
    {
      "module": "module.test_catalog.module.s3_bucket",
      "mode": "managed",
      "type": "aws_s3_bucket_public_access_block",
      "name": "this",
      "provider": "provider[\"registry.terraform.io/hashicorp/aws\"]",
      "instances": [
        {
          "index_key": 0,
          "schema_version": 0,
          "attributes": {
            "block_public_acls": true,
            "block_public_policy": true,
            "bucket": "test-catalog-storage-20240110225036788200000009",
            "id": "test-catalog-storage-20240110225036788200000009",
            "ignore_public_acls": true,
            "restrict_public_buckets": true
          },
          "sensitive_attributes": [],
          "private": "bnVsbA==",
          "dependencies": [
            "module.aws_crossaccount_role.aws_iam_policy.cross_account_policy",
            "module.aws_crossaccount_role.aws_iam_role.cross_account_role",
            "module.aws_crossaccount_role.aws_iam_role_policy_attachment.cross_account_policy_attachment",
            "module.aws_crossaccount_role.data.databricks_aws_assume_role_policy.this",
            "module.aws_crossaccount_role.data.databricks_aws_crossaccount_policy.this",
            "module.aws_crossaccount_role.time_sleep.wait",
            "module.aws_vpc.data.aws_availability_zones.available",
            "module.aws_vpc.module.endpoints.aws_security_group.this",
            "module.aws_vpc.module.endpoints.aws_security_group_rule.this",
            "module.aws_vpc.module.endpoints.aws_vpc_endpoint.this",
            "module.aws_vpc.module.endpoints.data.aws_vpc_endpoint_service.this",
            "module.aws_vpc.module.vpc.aws_cloudwatch_log_group.flow_log",
            "module.aws_vpc.module.vpc.aws_customer_gateway.this",
            "module.aws_vpc.module.vpc.aws_db_subnet_group.database",
            "module.aws_vpc.module.vpc.aws_default_network_acl.this",
            "module.aws_vpc.module.vpc.aws_default_route_table.default",
            "module.aws_vpc.module.vpc.aws_default_security_group.this",
            "module.aws_vpc.module.vpc.aws_default_vpc.this",
            "module.aws_vpc.module.vpc.aws_egress_only_internet_gateway.this",
            "module.aws_vpc.module.vpc.aws_eip.nat",
            "module.aws_vpc.module.vpc.aws_elasticache_subnet_group.elasticache",
            "module.aws_vpc.module.vpc.aws_flow_log.this",
            "module.aws_vpc.module.vpc.aws_iam_policy.vpc_flow_log_cloudwatch",
            "module.aws_vpc.module.vpc.aws_iam_role.vpc_flow_log_cloudwatch",
            "module.aws_vpc.module.vpc.aws_iam_role_policy_attachment.vpc_flow_log_cloudwatch",
            "module.aws_vpc.module.vpc.aws_internet_gateway.this",
            "module.aws_vpc.module.vpc.aws_nat_gateway.this",
            "module.aws_vpc.module.vpc.aws_network_acl.database",
            "module.aws_vpc.module.vpc.aws_network_acl.elasticache",
            "module.aws_vpc.module.vpc.aws_network_acl.intra",
            "module.aws_vpc.module.vpc.aws_network_acl.outpost",
            "module.aws_vpc.module.vpc.aws_network_acl.private",
            "module.aws_vpc.module.vpc.aws_network_acl.public",
            "module.aws_vpc.module.vpc.aws_network_acl.redshift",
            "module.aws_vpc.module.vpc.aws_network_acl_rule.database_inbound",
            "module.aws_vpc.module.vpc.aws_network_acl_rule.database_outbound",
            "module.aws_vpc.module.vpc.aws_network_acl_rule.elasticache_inbound",
            "module.aws_vpc.module.vpc.aws_network_acl_rule.elasticache_outbound",
            "module.aws_vpc.module.vpc.aws_network_acl_rule.intra_inbound",
            "module.aws_vpc.module.vpc.aws_network_acl_rule.intra_outbound",
            "module.aws_vpc.module.vpc.aws_network_acl_rule.outpost_inbound",
            "module.aws_vpc.module.vpc.aws_network_acl_rule.outpost_outbound",
            "module.aws_vpc.module.vpc.aws_network_acl_rule.private_inbound",
            "module.aws_vpc.module.vpc.aws_network_acl_rule.private_outbound",
            "module.aws_vpc.module.vpc.aws_network_acl_rule.public_inbound",
            "module.aws_vpc.module.vpc.aws_network_acl_rule.public_outbound",
            "module.aws_vpc.module.vpc.aws_network_acl_rule.redshift_inbound",
            "module.aws_vpc.module.vpc.aws_network_acl_rule.redshift_outbound",
            "module.aws_vpc.module.vpc.aws_redshift_subnet_group.redshift",
            "module.aws_vpc.module.vpc.aws_route.database_dns64_nat_gateway",
            "module.aws_vpc.module.vpc.aws_route.database_internet_gateway",
            "module.aws_vpc.module.vpc.aws_route.database_ipv6_egress",
            "module.aws_vpc.module.vpc.aws_route.database_nat_gateway",
            "module.aws_vpc.module.vpc.aws_route.private_dns64_nat_gateway",
            "module.aws_vpc.module.vpc.aws_route.private_ipv6_egress",
            "module.aws_vpc.module.vpc.aws_route.private_nat_gateway",
            "module.aws_vpc.module.vpc.aws_route.public_internet_gateway",
            "module.aws_vpc.module.vpc.aws_route.public_internet_gateway_ipv6",
            "module.aws_vpc.module.vpc.aws_route_table.database",
            "module.aws_vpc.module.vpc.aws_route_table.elasticache",
            "module.aws_vpc.module.vpc.aws_route_table.intra",
            "module.aws_vpc.module.vpc.aws_route_table.private",
            "module.aws_vpc.module.vpc.aws_route_table.public",
            "module.aws_vpc.module.vpc.aws_route_table.redshift",
            "module.aws_vpc.module.vpc.aws_route_table_association.database",
            "module.aws_vpc.module.vpc.aws_route_table_association.elasticache",
            "module.aws_vpc.module.vpc.aws_route_table_association.intra",
            "module.aws_vpc.module.vpc.aws_route_table_association.outpost",
            "module.aws_vpc.module.vpc.aws_route_table_association.private",
            "module.aws_vpc.module.vpc.aws_route_table_association.public",
            "module.aws_vpc.module.vpc.aws_route_table_association.redshift",
            "module.aws_vpc.module.vpc.aws_route_table_association.redshift_public",
            "module.aws_vpc.module.vpc.aws_subnet.database",
            "module.aws_vpc.module.vpc.aws_subnet.elasticache",
            "module.aws_vpc.module.vpc.aws_subnet.intra",
            "module.aws_vpc.module.vpc.aws_subnet.outpost",
            "module.aws_vpc.module.vpc.aws_subnet.private",
            "module.aws_vpc.module.vpc.aws_subnet.public",
            "module.aws_vpc.module.vpc.aws_subnet.redshift",
            "module.aws_vpc.module.vpc.aws_vpc.this",
            "module.aws_vpc.module.vpc.aws_vpc_dhcp_options.this",
            "module.aws_vpc.module.vpc.aws_vpc_dhcp_options_association.this",
            "module.aws_vpc.module.vpc.aws_vpc_ipv4_cidr_block_association.this",
            "module.aws_vpc.module.vpc.aws_vpn_gateway.this",
            "module.aws_vpc.module.vpc.aws_vpn_gateway_attachment.this",
            "module.aws_vpc.module.vpc.aws_vpn_gateway_route_propagation.intra",
            "module.aws_vpc.module.vpc.aws_vpn_gateway_route_propagation.private",
            "module.aws_vpc.module.vpc.aws_vpn_gateway_route_propagation.public",
            "module.aws_vpc.module.vpc.data.aws_iam_policy_document.flow_log_cloudwatch_assume_role",
            "module.aws_vpc.module.vpc.data.aws_iam_policy_document.vpc_flow_log_cloudwatch",
            "module.dev_workspace.aws_s3_bucket.root_storage_bucket",
            "module.dev_workspace.aws_s3_bucket_policy.root_bucket_policy",
            "module.dev_workspace.aws_s3_bucket_public_access_block.root_storage_bucket",
            "module.dev_workspace.aws_s3_bucket_server_side_encryption_configuration.root_storage_bucket",
            "module.dev_workspace.aws_s3_bucket_versioning.root_bucket_versioning",
            "module.dev_workspace.data.databricks_aws_bucket_policy.this",
            "module.dev_workspace.databricks_metastore_assignment.this",
            "module.dev_workspace.databricks_mws_credentials.this",
            "module.dev_workspace.databricks_mws_networks.this",
            "module.dev_workspace.databricks_mws_storage_configurations.this",
            "module.dev_workspace.databricks_mws_workspaces.this",
            "module.test_catalog.module.s3_bucket.aws_s3_bucket.this",
            "module.uc_bootstrap.data.databricks_service_principal.terraform_sp",
            "module.uc_bootstrap.databricks_group.account_admin_group",
            "module.uc_bootstrap.databricks_group.workspace_admin_group",
            "module.uc_bootstrap.databricks_group.workspace_user_group",
            "module.uc_bootstrap.databricks_group_member.admin_group_member",
            "module.uc_bootstrap.databricks_group_member.workspace_admin_group_member",
            "module.uc_bootstrap.databricks_group_member.workspace_admin_group_member_sp",
            "module.uc_bootstrap.databricks_group_member.workspace_user_group_member",
            "module.uc_bootstrap.databricks_service_principal_role.terraform_admin",
            "module.uc_bootstrap.databricks_service_principal_secret.terraform_sp",
            "module.uc_bootstrap.databricks_user.unity_users",
            "module.uc_bootstrap.databricks_user_role.account_admin_role",
            "module.uc_metastore.databricks_metastore.this",
            "module.uc_privileges.databricks_grants.this"
          ]
        }
      ]
    },
    {
      "module": "module.test_catalog.module.s3_bucket",
      "mode": "managed",
      "type": "aws_s3_bucket_versioning",
      "name": "this",
      "provider": "provider[\"registry.terraform.io/hashicorp/aws\"]",
      "instances": [
        {
          "index_key": 0,
          "schema_version": 0,
          "attributes": {
            "bucket": "test-catalog-storage-20240110225036788200000009",
            "expected_bucket_owner": "",
            "id": "test-catalog-storage-20240110225036788200000009",
            "mfa": null,
            "versioning_configuration": [
              {
                "mfa_delete": "",
                "status": "Disabled"
              }
            ]
          },
          "sensitive_attributes": [],
          "private": "bnVsbA==",
          "dependencies": [
            "module.aws_crossaccount_role.aws_iam_policy.cross_account_policy",
            "module.aws_crossaccount_role.aws_iam_role.cross_account_role",
            "module.aws_crossaccount_role.aws_iam_role_policy_attachment.cross_account_policy_attachment",
            "module.aws_crossaccount_role.data.databricks_aws_assume_role_policy.this",
            "module.aws_crossaccount_role.data.databricks_aws_crossaccount_policy.this",
            "module.aws_crossaccount_role.time_sleep.wait",
            "module.aws_vpc.data.aws_availability_zones.available",
            "module.aws_vpc.module.endpoints.aws_security_group.this",
            "module.aws_vpc.module.endpoints.aws_security_group_rule.this",
            "module.aws_vpc.module.endpoints.aws_vpc_endpoint.this",
            "module.aws_vpc.module.endpoints.data.aws_vpc_endpoint_service.this",
            "module.aws_vpc.module.vpc.aws_cloudwatch_log_group.flow_log",
            "module.aws_vpc.module.vpc.aws_customer_gateway.this",
            "module.aws_vpc.module.vpc.aws_db_subnet_group.database",
            "module.aws_vpc.module.vpc.aws_default_network_acl.this",
            "module.aws_vpc.module.vpc.aws_default_route_table.default",
            "module.aws_vpc.module.vpc.aws_default_security_group.this",
            "module.aws_vpc.module.vpc.aws_default_vpc.this",
            "module.aws_vpc.module.vpc.aws_egress_only_internet_gateway.this",
            "module.aws_vpc.module.vpc.aws_eip.nat",
            "module.aws_vpc.module.vpc.aws_elasticache_subnet_group.elasticache",
            "module.aws_vpc.module.vpc.aws_flow_log.this",
            "module.aws_vpc.module.vpc.aws_iam_policy.vpc_flow_log_cloudwatch",
            "module.aws_vpc.module.vpc.aws_iam_role.vpc_flow_log_cloudwatch",
            "module.aws_vpc.module.vpc.aws_iam_role_policy_attachment.vpc_flow_log_cloudwatch",
            "module.aws_vpc.module.vpc.aws_internet_gateway.this",
            "module.aws_vpc.module.vpc.aws_nat_gateway.this",
            "module.aws_vpc.module.vpc.aws_network_acl.database",
            "module.aws_vpc.module.vpc.aws_network_acl.elasticache",
            "module.aws_vpc.module.vpc.aws_network_acl.intra",
            "module.aws_vpc.module.vpc.aws_network_acl.outpost",
            "module.aws_vpc.module.vpc.aws_network_acl.private",
            "module.aws_vpc.module.vpc.aws_network_acl.public",
            "module.aws_vpc.module.vpc.aws_network_acl.redshift",
            "module.aws_vpc.module.vpc.aws_network_acl_rule.database_inbound",
            "module.aws_vpc.module.vpc.aws_network_acl_rule.database_outbound",
            "module.aws_vpc.module.vpc.aws_network_acl_rule.elasticache_inbound",
            "module.aws_vpc.module.vpc.aws_network_acl_rule.elasticache_outbound",
            "module.aws_vpc.module.vpc.aws_network_acl_rule.intra_inbound",
            "module.aws_vpc.module.vpc.aws_network_acl_rule.intra_outbound",
            "module.aws_vpc.module.vpc.aws_network_acl_rule.outpost_inbound",
            "module.aws_vpc.module.vpc.aws_network_acl_rule.outpost_outbound",
            "module.aws_vpc.module.vpc.aws_network_acl_rule.private_inbound",
            "module.aws_vpc.module.vpc.aws_network_acl_rule.private_outbound",
            "module.aws_vpc.module.vpc.aws_network_acl_rule.public_inbound",
            "module.aws_vpc.module.vpc.aws_network_acl_rule.public_outbound",
            "module.aws_vpc.module.vpc.aws_network_acl_rule.redshift_inbound",
            "module.aws_vpc.module.vpc.aws_network_acl_rule.redshift_outbound",
            "module.aws_vpc.module.vpc.aws_redshift_subnet_group.redshift",
            "module.aws_vpc.module.vpc.aws_route.database_dns64_nat_gateway",
            "module.aws_vpc.module.vpc.aws_route.database_internet_gateway",
            "module.aws_vpc.module.vpc.aws_route.database_ipv6_egress",
            "module.aws_vpc.module.vpc.aws_route.database_nat_gateway",
            "module.aws_vpc.module.vpc.aws_route.private_dns64_nat_gateway",
            "module.aws_vpc.module.vpc.aws_route.private_ipv6_egress",
            "module.aws_vpc.module.vpc.aws_route.private_nat_gateway",
            "module.aws_vpc.module.vpc.aws_route.public_internet_gateway",
            "module.aws_vpc.module.vpc.aws_route.public_internet_gateway_ipv6",
            "module.aws_vpc.module.vpc.aws_route_table.database",
            "module.aws_vpc.module.vpc.aws_route_table.elasticache",
            "module.aws_vpc.module.vpc.aws_route_table.intra",
            "module.aws_vpc.module.vpc.aws_route_table.private",
            "module.aws_vpc.module.vpc.aws_route_table.public",
            "module.aws_vpc.module.vpc.aws_route_table.redshift",
            "module.aws_vpc.module.vpc.aws_route_table_association.database",
            "module.aws_vpc.module.vpc.aws_route_table_association.elasticache",
            "module.aws_vpc.module.vpc.aws_route_table_association.intra",
            "module.aws_vpc.module.vpc.aws_route_table_association.outpost",
            "module.aws_vpc.module.vpc.aws_route_table_association.private",
            "module.aws_vpc.module.vpc.aws_route_table_association.public",
            "module.aws_vpc.module.vpc.aws_route_table_association.redshift",
            "module.aws_vpc.module.vpc.aws_route_table_association.redshift_public",
            "module.aws_vpc.module.vpc.aws_subnet.database",
            "module.aws_vpc.module.vpc.aws_subnet.elasticache",
            "module.aws_vpc.module.vpc.aws_subnet.intra",
            "module.aws_vpc.module.vpc.aws_subnet.outpost",
            "module.aws_vpc.module.vpc.aws_subnet.private",
            "module.aws_vpc.module.vpc.aws_subnet.public",
            "module.aws_vpc.module.vpc.aws_subnet.redshift",
            "module.aws_vpc.module.vpc.aws_vpc.this",
            "module.aws_vpc.module.vpc.aws_vpc_dhcp_options.this",
            "module.aws_vpc.module.vpc.aws_vpc_dhcp_options_association.this",
            "module.aws_vpc.module.vpc.aws_vpc_ipv4_cidr_block_association.this",
            "module.aws_vpc.module.vpc.aws_vpn_gateway.this",
            "module.aws_vpc.module.vpc.aws_vpn_gateway_attachment.this",
            "module.aws_vpc.module.vpc.aws_vpn_gateway_route_propagation.intra",
            "module.aws_vpc.module.vpc.aws_vpn_gateway_route_propagation.private",
            "module.aws_vpc.module.vpc.aws_vpn_gateway_route_propagation.public",
            "module.aws_vpc.module.vpc.data.aws_iam_policy_document.flow_log_cloudwatch_assume_role",
            "module.aws_vpc.module.vpc.data.aws_iam_policy_document.vpc_flow_log_cloudwatch",
            "module.dev_workspace.aws_s3_bucket.root_storage_bucket",
            "module.dev_workspace.aws_s3_bucket_policy.root_bucket_policy",
            "module.dev_workspace.aws_s3_bucket_public_access_block.root_storage_bucket",
            "module.dev_workspace.aws_s3_bucket_server_side_encryption_configuration.root_storage_bucket",
            "module.dev_workspace.aws_s3_bucket_versioning.root_bucket_versioning",
            "module.dev_workspace.data.databricks_aws_bucket_policy.this",
            "module.dev_workspace.databricks_metastore_assignment.this",
            "module.dev_workspace.databricks_mws_credentials.this",
            "module.dev_workspace.databricks_mws_networks.this",
            "module.dev_workspace.databricks_mws_storage_configurations.this",
            "module.dev_workspace.databricks_mws_workspaces.this",
            "module.test_catalog.module.s3_bucket.aws_s3_bucket.this",
            "module.uc_bootstrap.data.databricks_service_principal.terraform_sp",
            "module.uc_bootstrap.databricks_group.account_admin_group",
            "module.uc_bootstrap.databricks_group.workspace_admin_group",
            "module.uc_bootstrap.databricks_group.workspace_user_group",
            "module.uc_bootstrap.databricks_group_member.admin_group_member",
            "module.uc_bootstrap.databricks_group_member.workspace_admin_group_member",
            "module.uc_bootstrap.databricks_group_member.workspace_admin_group_member_sp",
            "module.uc_bootstrap.databricks_group_member.workspace_user_group_member",
            "module.uc_bootstrap.databricks_service_principal_role.terraform_admin",
            "module.uc_bootstrap.databricks_service_principal_secret.terraform_sp",
            "module.uc_bootstrap.databricks_user.unity_users",
            "module.uc_bootstrap.databricks_user_role.account_admin_role",
            "module.uc_metastore.databricks_metastore.this",
            "module.uc_privileges.databricks_grants.this"
          ]
        }
      ]
    },
    {
      "module": "module.test_catalog_grants",
      "mode": "managed",
      "type": "databricks_grants",
      "name": "catalog",
      "provider": "provider[\"registry.terraform.io/databricks/databricks\"].dev_ws",
      "instances": [
        {
          "schema_version": 0,
          "attributes": {
            "catalog": "_test",
            "external_location": null,
            "foreign_connection": null,
            "function": null,
            "grant": [
              {
                "principal": "account_admins",
                "privileges": [
                  "ALL_PRIVILEGES"
                ]
              },
              {
                "principal": "workspace_admins",
                "privileges": [
                  "ALL_PRIVILEGES"
                ]
              },
              {
                "principal": "workspace_users",
                "privileges": [
                  "CREATE_FUNCTION",
                  "CREATE_TABLE",
                  "CREATE_VOLUME",
                  "EXECUTE",
                  "MODIFY",
                  "READ_VOLUME",
                  "REFRESH",
                  "SELECT",
                  "USE_CATALOG",
                  "USE_SCHEMA",
                  "WRITE_VOLUME"
                ]
              }
            ],
            "id": "catalog/_test",
            "materialized_view": null,
            "metastore": null,
            "model": null,
            "schema": null,
            "share": null,
            "storage_credential": null,
            "table": null,
            "view": null,
            "volume": null
          },
          "sensitive_attributes": [],
          "private": "bnVsbA==",
          "dependencies": [
            "module.aws_crossaccount_role.aws_iam_policy.cross_account_policy",
            "module.aws_crossaccount_role.aws_iam_role.cross_account_role",
            "module.aws_crossaccount_role.aws_iam_role_policy_attachment.cross_account_policy_attachment",
            "module.aws_crossaccount_role.data.databricks_aws_assume_role_policy.this",
            "module.aws_crossaccount_role.data.databricks_aws_crossaccount_policy.this",
            "module.aws_crossaccount_role.time_sleep.wait",
            "module.aws_vpc.data.aws_availability_zones.available",
            "module.aws_vpc.module.endpoints.aws_security_group.this",
            "module.aws_vpc.module.endpoints.aws_security_group_rule.this",
            "module.aws_vpc.module.endpoints.aws_vpc_endpoint.this",
            "module.aws_vpc.module.endpoints.data.aws_vpc_endpoint_service.this",
            "module.aws_vpc.module.vpc.aws_cloudwatch_log_group.flow_log",
            "module.aws_vpc.module.vpc.aws_customer_gateway.this",
            "module.aws_vpc.module.vpc.aws_db_subnet_group.database",
            "module.aws_vpc.module.vpc.aws_default_network_acl.this",
            "module.aws_vpc.module.vpc.aws_default_route_table.default",
            "module.aws_vpc.module.vpc.aws_default_security_group.this",
            "module.aws_vpc.module.vpc.aws_default_vpc.this",
            "module.aws_vpc.module.vpc.aws_egress_only_internet_gateway.this",
            "module.aws_vpc.module.vpc.aws_eip.nat",
            "module.aws_vpc.module.vpc.aws_elasticache_subnet_group.elasticache",
            "module.aws_vpc.module.vpc.aws_flow_log.this",
            "module.aws_vpc.module.vpc.aws_iam_policy.vpc_flow_log_cloudwatch",
            "module.aws_vpc.module.vpc.aws_iam_role.vpc_flow_log_cloudwatch",
            "module.aws_vpc.module.vpc.aws_iam_role_policy_attachment.vpc_flow_log_cloudwatch",
            "module.aws_vpc.module.vpc.aws_internet_gateway.this",
            "module.aws_vpc.module.vpc.aws_nat_gateway.this",
            "module.aws_vpc.module.vpc.aws_network_acl.database",
            "module.aws_vpc.module.vpc.aws_network_acl.elasticache",
            "module.aws_vpc.module.vpc.aws_network_acl.intra",
            "module.aws_vpc.module.vpc.aws_network_acl.outpost",
            "module.aws_vpc.module.vpc.aws_network_acl.private",
            "module.aws_vpc.module.vpc.aws_network_acl.public",
            "module.aws_vpc.module.vpc.aws_network_acl.redshift",
            "module.aws_vpc.module.vpc.aws_network_acl_rule.database_inbound",
            "module.aws_vpc.module.vpc.aws_network_acl_rule.database_outbound",
            "module.aws_vpc.module.vpc.aws_network_acl_rule.elasticache_inbound",
            "module.aws_vpc.module.vpc.aws_network_acl_rule.elasticache_outbound",
            "module.aws_vpc.module.vpc.aws_network_acl_rule.intra_inbound",
            "module.aws_vpc.module.vpc.aws_network_acl_rule.intra_outbound",
            "module.aws_vpc.module.vpc.aws_network_acl_rule.outpost_inbound",
            "module.aws_vpc.module.vpc.aws_network_acl_rule.outpost_outbound",
            "module.aws_vpc.module.vpc.aws_network_acl_rule.private_inbound",
            "module.aws_vpc.module.vpc.aws_network_acl_rule.private_outbound",
            "module.aws_vpc.module.vpc.aws_network_acl_rule.public_inbound",
            "module.aws_vpc.module.vpc.aws_network_acl_rule.public_outbound",
            "module.aws_vpc.module.vpc.aws_network_acl_rule.redshift_inbound",
            "module.aws_vpc.module.vpc.aws_network_acl_rule.redshift_outbound",
            "module.aws_vpc.module.vpc.aws_redshift_subnet_group.redshift",
            "module.aws_vpc.module.vpc.aws_route.database_dns64_nat_gateway",
            "module.aws_vpc.module.vpc.aws_route.database_internet_gateway",
            "module.aws_vpc.module.vpc.aws_route.database_ipv6_egress",
            "module.aws_vpc.module.vpc.aws_route.database_nat_gateway",
            "module.aws_vpc.module.vpc.aws_route.private_dns64_nat_gateway",
            "module.aws_vpc.module.vpc.aws_route.private_ipv6_egress",
            "module.aws_vpc.module.vpc.aws_route.private_nat_gateway",
            "module.aws_vpc.module.vpc.aws_route.public_internet_gateway",
            "module.aws_vpc.module.vpc.aws_route.public_internet_gateway_ipv6",
            "module.aws_vpc.module.vpc.aws_route_table.database",
            "module.aws_vpc.module.vpc.aws_route_table.elasticache",
            "module.aws_vpc.module.vpc.aws_route_table.intra",
            "module.aws_vpc.module.vpc.aws_route_table.private",
            "module.aws_vpc.module.vpc.aws_route_table.public",
            "module.aws_vpc.module.vpc.aws_route_table.redshift",
            "module.aws_vpc.module.vpc.aws_route_table_association.database",
            "module.aws_vpc.module.vpc.aws_route_table_association.elasticache",
            "module.aws_vpc.module.vpc.aws_route_table_association.intra",
            "module.aws_vpc.module.vpc.aws_route_table_association.outpost",
            "module.aws_vpc.module.vpc.aws_route_table_association.private",
            "module.aws_vpc.module.vpc.aws_route_table_association.public",
            "module.aws_vpc.module.vpc.aws_route_table_association.redshift",
            "module.aws_vpc.module.vpc.aws_route_table_association.redshift_public",
            "module.aws_vpc.module.vpc.aws_subnet.database",
            "module.aws_vpc.module.vpc.aws_subnet.elasticache",
            "module.aws_vpc.module.vpc.aws_subnet.intra",
            "module.aws_vpc.module.vpc.aws_subnet.outpost",
            "module.aws_vpc.module.vpc.aws_subnet.private",
            "module.aws_vpc.module.vpc.aws_subnet.public",
            "module.aws_vpc.module.vpc.aws_subnet.redshift",
            "module.aws_vpc.module.vpc.aws_vpc.this",
            "module.aws_vpc.module.vpc.aws_vpc_dhcp_options.this",
            "module.aws_vpc.module.vpc.aws_vpc_dhcp_options_association.this",
            "module.aws_vpc.module.vpc.aws_vpc_ipv4_cidr_block_association.this",
            "module.aws_vpc.module.vpc.aws_vpn_gateway.this",
            "module.aws_vpc.module.vpc.aws_vpn_gateway_attachment.this",
            "module.aws_vpc.module.vpc.aws_vpn_gateway_route_propagation.intra",
            "module.aws_vpc.module.vpc.aws_vpn_gateway_route_propagation.private",
            "module.aws_vpc.module.vpc.aws_vpn_gateway_route_propagation.public",
            "module.aws_vpc.module.vpc.data.aws_iam_policy_document.flow_log_cloudwatch_assume_role",
            "module.aws_vpc.module.vpc.data.aws_iam_policy_document.vpc_flow_log_cloudwatch",
            "module.dev_workspace.aws_s3_bucket.root_storage_bucket",
            "module.dev_workspace.aws_s3_bucket_policy.root_bucket_policy",
            "module.dev_workspace.aws_s3_bucket_public_access_block.root_storage_bucket",
            "module.dev_workspace.aws_s3_bucket_server_side_encryption_configuration.root_storage_bucket",
            "module.dev_workspace.aws_s3_bucket_versioning.root_bucket_versioning",
            "module.dev_workspace.data.databricks_aws_bucket_policy.this",
            "module.dev_workspace.databricks_metastore_assignment.this",
            "module.dev_workspace.databricks_mws_credentials.this",
            "module.dev_workspace.databricks_mws_networks.this",
            "module.dev_workspace.databricks_mws_storage_configurations.this",
            "module.dev_workspace.databricks_mws_workspaces.this",
            "module.test_catalog.aws_iam_policy.policy",
            "module.test_catalog.aws_iam_role.role",
            "module.test_catalog.aws_iam_role_policy_attachment.attachment",
            "module.test_catalog.databricks_catalog.this",
            "module.test_catalog.databricks_external_location.this",
            "module.test_catalog.databricks_storage_credential.this",
            "module.test_catalog.module.s3_bucket.aws_s3_bucket.this",
            "module.test_catalog.module.s3_bucket.aws_s3_bucket_accelerate_configuration.this",
            "module.test_catalog.module.s3_bucket.aws_s3_bucket_acl.this",
            "module.test_catalog.module.s3_bucket.aws_s3_bucket_analytics_configuration.this",
            "module.test_catalog.module.s3_bucket.aws_s3_bucket_cors_configuration.this",
            "module.test_catalog.module.s3_bucket.aws_s3_bucket_intelligent_tiering_configuration.this",
            "module.test_catalog.module.s3_bucket.aws_s3_bucket_inventory.this",
            "module.test_catalog.module.s3_bucket.aws_s3_bucket_lifecycle_configuration.this",
            "module.test_catalog.module.s3_bucket.aws_s3_bucket_logging.this",
            "module.test_catalog.module.s3_bucket.aws_s3_bucket_metric.this",
            "module.test_catalog.module.s3_bucket.aws_s3_bucket_object_lock_configuration.this",
            "module.test_catalog.module.s3_bucket.aws_s3_bucket_ownership_controls.this",
            "module.test_catalog.module.s3_bucket.aws_s3_bucket_policy.this",
            "module.test_catalog.module.s3_bucket.aws_s3_bucket_public_access_block.this",
            "module.test_catalog.module.s3_bucket.aws_s3_bucket_replication_configuration.this",
            "module.test_catalog.module.s3_bucket.aws_s3_bucket_request_payment_configuration.this",
            "module.test_catalog.module.s3_bucket.aws_s3_bucket_server_side_encryption_configuration.this",
            "module.test_catalog.module.s3_bucket.aws_s3_bucket_versioning.this",
            "module.test_catalog.module.s3_bucket.aws_s3_bucket_website_configuration.this",
            "module.test_catalog.module.s3_bucket.data.aws_caller_identity.current",
            "module.test_catalog.module.s3_bucket.data.aws_canonical_user_id.this",
            "module.test_catalog.module.s3_bucket.data.aws_iam_policy_document.access_log_delivery",
            "module.test_catalog.module.s3_bucket.data.aws_iam_policy_document.combined",
            "module.test_catalog.module.s3_bucket.data.aws_iam_policy_document.deny_incorrect_encryption_headers",
            "module.test_catalog.module.s3_bucket.data.aws_iam_policy_document.deny_incorrect_kms_key_sse",
            "module.test_catalog.module.s3_bucket.data.aws_iam_policy_document.deny_insecure_transport",
            "module.test_catalog.module.s3_bucket.data.aws_iam_policy_document.deny_unencrypted_object_uploads",
            "module.test_catalog.module.s3_bucket.data.aws_iam_policy_document.elb_log_delivery",
            "module.test_catalog.module.s3_bucket.data.aws_iam_policy_document.inventory_and_analytics_destination_policy",
            "module.test_catalog.module.s3_bucket.data.aws_iam_policy_document.lb_log_delivery",
            "module.test_catalog.module.s3_bucket.data.aws_iam_policy_document.require_latest_tls",
            "module.test_catalog.module.s3_bucket.data.aws_partition.current",
            "module.test_catalog.module.s3_bucket.data.aws_region.current",
            "module.test_catalog.time_sleep.wait",
            "module.uc_bootstrap.data.databricks_service_principal.terraform_sp",
            "module.uc_bootstrap.databricks_group.account_admin_group",
            "module.uc_bootstrap.databricks_group.workspace_admin_group",
            "module.uc_bootstrap.databricks_group.workspace_user_group",
            "module.uc_bootstrap.databricks_group_member.admin_group_member",
            "module.uc_bootstrap.databricks_group_member.workspace_admin_group_member",
            "module.uc_bootstrap.databricks_group_member.workspace_admin_group_member_sp",
            "module.uc_bootstrap.databricks_group_member.workspace_user_group_member",
            "module.uc_bootstrap.databricks_service_principal_role.terraform_admin",
            "module.uc_bootstrap.databricks_service_principal_secret.terraform_sp",
            "module.uc_bootstrap.databricks_user.unity_users",
            "module.uc_bootstrap.databricks_user_role.account_admin_role",
            "module.uc_metastore.databricks_metastore.this",
            "module.uc_privileges.databricks_grants.this"
          ]
        }
      ]
    },
    {
      "module": "module.uc_bootstrap",
      "mode": "data",
      "type": "databricks_service_principal",
      "name": "terraform_sp",
      "provider": "provider[\"registry.terraform.io/databricks/databricks\"].mws_accowner",
      "instances": [
        {
          "schema_version": 0,
          "attributes": {
            "acl_principal_id": "servicePrincipals/a7c65ec9-faf2-432f-8512-2a32f798fd59",
            "active": true,
            "application_id": "a7c65ec9-faf2-432f-8512-2a32f798fd59",
            "display_name": "terraform-identity",
            "external_id": null,
            "home": "/Users/a7c65ec9-faf2-432f-8512-2a32f798fd59",
            "id": "8111227499085862",
            "repos": "/Repos/a7c65ec9-faf2-432f-8512-2a32f798fd59",
            "sp_id": "8111227499085862"
          },
          "sensitive_attributes": []
        }
      ]
    },
    {
      "module": "module.uc_bootstrap",
      "mode": "managed",
      "type": "databricks_group",
      "name": "account_admin_group",
      "provider": "provider[\"registry.terraform.io/databricks/databricks\"].mws_accowner",
      "instances": [
        {
          "schema_version": 0,
          "attributes": {
            "acl_principal_id": "groups/account_admins",
            "allow_cluster_create": false,
            "allow_instance_pool_create": false,
            "databricks_sql_access": false,
            "display_name": "account_admins",
            "external_id": "",
            "force": null,
            "id": "926799822948495",
            "url": "https://accounts.cloud.databricks.com/users/groups/926799822948495/information",
            "workspace_access": false
          },
          "sensitive_attributes": [],
          "private": "bnVsbA==",
          "dependencies": [
            "module.aws_crossaccount_role.aws_iam_policy.cross_account_policy",
            "module.aws_crossaccount_role.aws_iam_role.cross_account_role",
            "module.aws_crossaccount_role.aws_iam_role_policy_attachment.cross_account_policy_attachment",
            "module.aws_crossaccount_role.data.databricks_aws_assume_role_policy.this",
            "module.aws_crossaccount_role.data.databricks_aws_crossaccount_policy.this",
            "module.aws_crossaccount_role.time_sleep.wait",
            "module.aws_vpc.data.aws_availability_zones.available",
            "module.aws_vpc.module.endpoints.aws_security_group.this",
            "module.aws_vpc.module.endpoints.aws_security_group_rule.this",
            "module.aws_vpc.module.endpoints.aws_vpc_endpoint.this",
            "module.aws_vpc.module.endpoints.data.aws_vpc_endpoint_service.this",
            "module.aws_vpc.module.vpc.aws_cloudwatch_log_group.flow_log",
            "module.aws_vpc.module.vpc.aws_customer_gateway.this",
            "module.aws_vpc.module.vpc.aws_db_subnet_group.database",
            "module.aws_vpc.module.vpc.aws_default_network_acl.this",
            "module.aws_vpc.module.vpc.aws_default_route_table.default",
            "module.aws_vpc.module.vpc.aws_default_security_group.this",
            "module.aws_vpc.module.vpc.aws_default_vpc.this",
            "module.aws_vpc.module.vpc.aws_egress_only_internet_gateway.this",
            "module.aws_vpc.module.vpc.aws_eip.nat",
            "module.aws_vpc.module.vpc.aws_elasticache_subnet_group.elasticache",
            "module.aws_vpc.module.vpc.aws_flow_log.this",
            "module.aws_vpc.module.vpc.aws_iam_policy.vpc_flow_log_cloudwatch",
            "module.aws_vpc.module.vpc.aws_iam_role.vpc_flow_log_cloudwatch",
            "module.aws_vpc.module.vpc.aws_iam_role_policy_attachment.vpc_flow_log_cloudwatch",
            "module.aws_vpc.module.vpc.aws_internet_gateway.this",
            "module.aws_vpc.module.vpc.aws_nat_gateway.this",
            "module.aws_vpc.module.vpc.aws_network_acl.database",
            "module.aws_vpc.module.vpc.aws_network_acl.elasticache",
            "module.aws_vpc.module.vpc.aws_network_acl.intra",
            "module.aws_vpc.module.vpc.aws_network_acl.outpost",
            "module.aws_vpc.module.vpc.aws_network_acl.private",
            "module.aws_vpc.module.vpc.aws_network_acl.public",
            "module.aws_vpc.module.vpc.aws_network_acl.redshift",
            "module.aws_vpc.module.vpc.aws_network_acl_rule.database_inbound",
            "module.aws_vpc.module.vpc.aws_network_acl_rule.database_outbound",
            "module.aws_vpc.module.vpc.aws_network_acl_rule.elasticache_inbound",
            "module.aws_vpc.module.vpc.aws_network_acl_rule.elasticache_outbound",
            "module.aws_vpc.module.vpc.aws_network_acl_rule.intra_inbound",
            "module.aws_vpc.module.vpc.aws_network_acl_rule.intra_outbound",
            "module.aws_vpc.module.vpc.aws_network_acl_rule.outpost_inbound",
            "module.aws_vpc.module.vpc.aws_network_acl_rule.outpost_outbound",
            "module.aws_vpc.module.vpc.aws_network_acl_rule.private_inbound",
            "module.aws_vpc.module.vpc.aws_network_acl_rule.private_outbound",
            "module.aws_vpc.module.vpc.aws_network_acl_rule.public_inbound",
            "module.aws_vpc.module.vpc.aws_network_acl_rule.public_outbound",
            "module.aws_vpc.module.vpc.aws_network_acl_rule.redshift_inbound",
            "module.aws_vpc.module.vpc.aws_network_acl_rule.redshift_outbound",
            "module.aws_vpc.module.vpc.aws_redshift_subnet_group.redshift",
            "module.aws_vpc.module.vpc.aws_route.database_dns64_nat_gateway",
            "module.aws_vpc.module.vpc.aws_route.database_internet_gateway",
            "module.aws_vpc.module.vpc.aws_route.database_ipv6_egress",
            "module.aws_vpc.module.vpc.aws_route.database_nat_gateway",
            "module.aws_vpc.module.vpc.aws_route.private_dns64_nat_gateway",
            "module.aws_vpc.module.vpc.aws_route.private_ipv6_egress",
            "module.aws_vpc.module.vpc.aws_route.private_nat_gateway",
            "module.aws_vpc.module.vpc.aws_route.public_internet_gateway",
            "module.aws_vpc.module.vpc.aws_route.public_internet_gateway_ipv6",
            "module.aws_vpc.module.vpc.aws_route_table.database",
            "module.aws_vpc.module.vpc.aws_route_table.elasticache",
            "module.aws_vpc.module.vpc.aws_route_table.intra",
            "module.aws_vpc.module.vpc.aws_route_table.private",
            "module.aws_vpc.module.vpc.aws_route_table.public",
            "module.aws_vpc.module.vpc.aws_route_table.redshift",
            "module.aws_vpc.module.vpc.aws_route_table_association.database",
            "module.aws_vpc.module.vpc.aws_route_table_association.elasticache",
            "module.aws_vpc.module.vpc.aws_route_table_association.intra",
            "module.aws_vpc.module.vpc.aws_route_table_association.outpost",
            "module.aws_vpc.module.vpc.aws_route_table_association.private",
            "module.aws_vpc.module.vpc.aws_route_table_association.public",
            "module.aws_vpc.module.vpc.aws_route_table_association.redshift",
            "module.aws_vpc.module.vpc.aws_route_table_association.redshift_public",
            "module.aws_vpc.module.vpc.aws_subnet.database",
            "module.aws_vpc.module.vpc.aws_subnet.elasticache",
            "module.aws_vpc.module.vpc.aws_subnet.intra",
            "module.aws_vpc.module.vpc.aws_subnet.outpost",
            "module.aws_vpc.module.vpc.aws_subnet.private",
            "module.aws_vpc.module.vpc.aws_subnet.public",
            "module.aws_vpc.module.vpc.aws_subnet.redshift",
            "module.aws_vpc.module.vpc.aws_vpc.this",
            "module.aws_vpc.module.vpc.aws_vpc_dhcp_options.this",
            "module.aws_vpc.module.vpc.aws_vpc_dhcp_options_association.this",
            "module.aws_vpc.module.vpc.aws_vpc_ipv4_cidr_block_association.this",
            "module.aws_vpc.module.vpc.aws_vpn_gateway.this",
            "module.aws_vpc.module.vpc.aws_vpn_gateway_attachment.this",
            "module.aws_vpc.module.vpc.aws_vpn_gateway_route_propagation.intra",
            "module.aws_vpc.module.vpc.aws_vpn_gateway_route_propagation.private",
            "module.aws_vpc.module.vpc.aws_vpn_gateway_route_propagation.public",
            "module.aws_vpc.module.vpc.data.aws_iam_policy_document.flow_log_cloudwatch_assume_role",
            "module.aws_vpc.module.vpc.data.aws_iam_policy_document.vpc_flow_log_cloudwatch"
          ]
        }
      ]
    },
    {
      "module": "module.uc_bootstrap",
      "mode": "managed",
      "type": "databricks_group",
      "name": "workspace_admin_group",
      "provider": "provider[\"registry.terraform.io/databricks/databricks\"].mws_accowner",
      "instances": [
        {
          "schema_version": 0,
          "attributes": {
            "acl_principal_id": "groups/workspace_admins",
            "allow_cluster_create": false,
            "allow_instance_pool_create": false,
            "databricks_sql_access": false,
            "display_name": "workspace_admins",
            "external_id": "",
            "force": null,
            "id": "489628703039926",
            "url": "https://accounts.cloud.databricks.com/users/groups/489628703039926/information",
            "workspace_access": false
          },
          "sensitive_attributes": [],
          "private": "bnVsbA==",
          "dependencies": [
            "module.aws_crossaccount_role.aws_iam_policy.cross_account_policy",
            "module.aws_crossaccount_role.aws_iam_role.cross_account_role",
            "module.aws_crossaccount_role.aws_iam_role_policy_attachment.cross_account_policy_attachment",
            "module.aws_crossaccount_role.data.databricks_aws_assume_role_policy.this",
            "module.aws_crossaccount_role.data.databricks_aws_crossaccount_policy.this",
            "module.aws_crossaccount_role.time_sleep.wait",
            "module.aws_vpc.data.aws_availability_zones.available",
            "module.aws_vpc.module.endpoints.aws_security_group.this",
            "module.aws_vpc.module.endpoints.aws_security_group_rule.this",
            "module.aws_vpc.module.endpoints.aws_vpc_endpoint.this",
            "module.aws_vpc.module.endpoints.data.aws_vpc_endpoint_service.this",
            "module.aws_vpc.module.vpc.aws_cloudwatch_log_group.flow_log",
            "module.aws_vpc.module.vpc.aws_customer_gateway.this",
            "module.aws_vpc.module.vpc.aws_db_subnet_group.database",
            "module.aws_vpc.module.vpc.aws_default_network_acl.this",
            "module.aws_vpc.module.vpc.aws_default_route_table.default",
            "module.aws_vpc.module.vpc.aws_default_security_group.this",
            "module.aws_vpc.module.vpc.aws_default_vpc.this",
            "module.aws_vpc.module.vpc.aws_egress_only_internet_gateway.this",
            "module.aws_vpc.module.vpc.aws_eip.nat",
            "module.aws_vpc.module.vpc.aws_elasticache_subnet_group.elasticache",
            "module.aws_vpc.module.vpc.aws_flow_log.this",
            "module.aws_vpc.module.vpc.aws_iam_policy.vpc_flow_log_cloudwatch",
            "module.aws_vpc.module.vpc.aws_iam_role.vpc_flow_log_cloudwatch",
            "module.aws_vpc.module.vpc.aws_iam_role_policy_attachment.vpc_flow_log_cloudwatch",
            "module.aws_vpc.module.vpc.aws_internet_gateway.this",
            "module.aws_vpc.module.vpc.aws_nat_gateway.this",
            "module.aws_vpc.module.vpc.aws_network_acl.database",
            "module.aws_vpc.module.vpc.aws_network_acl.elasticache",
            "module.aws_vpc.module.vpc.aws_network_acl.intra",
            "module.aws_vpc.module.vpc.aws_network_acl.outpost",
            "module.aws_vpc.module.vpc.aws_network_acl.private",
            "module.aws_vpc.module.vpc.aws_network_acl.public",
            "module.aws_vpc.module.vpc.aws_network_acl.redshift",
            "module.aws_vpc.module.vpc.aws_network_acl_rule.database_inbound",
            "module.aws_vpc.module.vpc.aws_network_acl_rule.database_outbound",
            "module.aws_vpc.module.vpc.aws_network_acl_rule.elasticache_inbound",
            "module.aws_vpc.module.vpc.aws_network_acl_rule.elasticache_outbound",
            "module.aws_vpc.module.vpc.aws_network_acl_rule.intra_inbound",
            "module.aws_vpc.module.vpc.aws_network_acl_rule.intra_outbound",
            "module.aws_vpc.module.vpc.aws_network_acl_rule.outpost_inbound",
            "module.aws_vpc.module.vpc.aws_network_acl_rule.outpost_outbound",
            "module.aws_vpc.module.vpc.aws_network_acl_rule.private_inbound",
            "module.aws_vpc.module.vpc.aws_network_acl_rule.private_outbound",
            "module.aws_vpc.module.vpc.aws_network_acl_rule.public_inbound",
            "module.aws_vpc.module.vpc.aws_network_acl_rule.public_outbound",
            "module.aws_vpc.module.vpc.aws_network_acl_rule.redshift_inbound",
            "module.aws_vpc.module.vpc.aws_network_acl_rule.redshift_outbound",
            "module.aws_vpc.module.vpc.aws_redshift_subnet_group.redshift",
            "module.aws_vpc.module.vpc.aws_route.database_dns64_nat_gateway",
            "module.aws_vpc.module.vpc.aws_route.database_internet_gateway",
            "module.aws_vpc.module.vpc.aws_route.database_ipv6_egress",
            "module.aws_vpc.module.vpc.aws_route.database_nat_gateway",
            "module.aws_vpc.module.vpc.aws_route.private_dns64_nat_gateway",
            "module.aws_vpc.module.vpc.aws_route.private_ipv6_egress",
            "module.aws_vpc.module.vpc.aws_route.private_nat_gateway",
            "module.aws_vpc.module.vpc.aws_route.public_internet_gateway",
            "module.aws_vpc.module.vpc.aws_route.public_internet_gateway_ipv6",
            "module.aws_vpc.module.vpc.aws_route_table.database",
            "module.aws_vpc.module.vpc.aws_route_table.elasticache",
            "module.aws_vpc.module.vpc.aws_route_table.intra",
            "module.aws_vpc.module.vpc.aws_route_table.private",
            "module.aws_vpc.module.vpc.aws_route_table.public",
            "module.aws_vpc.module.vpc.aws_route_table.redshift",
            "module.aws_vpc.module.vpc.aws_route_table_association.database",
            "module.aws_vpc.module.vpc.aws_route_table_association.elasticache",
            "module.aws_vpc.module.vpc.aws_route_table_association.intra",
            "module.aws_vpc.module.vpc.aws_route_table_association.outpost",
            "module.aws_vpc.module.vpc.aws_route_table_association.private",
            "module.aws_vpc.module.vpc.aws_route_table_association.public",
            "module.aws_vpc.module.vpc.aws_route_table_association.redshift",
            "module.aws_vpc.module.vpc.aws_route_table_association.redshift_public",
            "module.aws_vpc.module.vpc.aws_subnet.database",
            "module.aws_vpc.module.vpc.aws_subnet.elasticache",
            "module.aws_vpc.module.vpc.aws_subnet.intra",
            "module.aws_vpc.module.vpc.aws_subnet.outpost",
            "module.aws_vpc.module.vpc.aws_subnet.private",
            "module.aws_vpc.module.vpc.aws_subnet.public",
            "module.aws_vpc.module.vpc.aws_subnet.redshift",
            "module.aws_vpc.module.vpc.aws_vpc.this",
            "module.aws_vpc.module.vpc.aws_vpc_dhcp_options.this",
            "module.aws_vpc.module.vpc.aws_vpc_dhcp_options_association.this",
            "module.aws_vpc.module.vpc.aws_vpc_ipv4_cidr_block_association.this",
            "module.aws_vpc.module.vpc.aws_vpn_gateway.this",
            "module.aws_vpc.module.vpc.aws_vpn_gateway_attachment.this",
            "module.aws_vpc.module.vpc.aws_vpn_gateway_route_propagation.intra",
            "module.aws_vpc.module.vpc.aws_vpn_gateway_route_propagation.private",
            "module.aws_vpc.module.vpc.aws_vpn_gateway_route_propagation.public",
            "module.aws_vpc.module.vpc.data.aws_iam_policy_document.flow_log_cloudwatch_assume_role",
            "module.aws_vpc.module.vpc.data.aws_iam_policy_document.vpc_flow_log_cloudwatch"
          ]
        }
      ]
    },
    {
      "module": "module.uc_bootstrap",
      "mode": "managed",
      "type": "databricks_group",
      "name": "workspace_user_group",
      "provider": "provider[\"registry.terraform.io/databricks/databricks\"].mws_accowner",
      "instances": [
        {
          "schema_version": 0,
          "attributes": {
            "acl_principal_id": "groups/workspace_users",
            "allow_cluster_create": false,
            "allow_instance_pool_create": false,
            "databricks_sql_access": false,
            "display_name": "workspace_users",
            "external_id": "",
            "force": null,
            "id": "1064028720162395",
            "url": "https://accounts.cloud.databricks.com/users/groups/1064028720162395/information",
            "workspace_access": false
          },
          "sensitive_attributes": [],
          "private": "bnVsbA==",
          "dependencies": [
            "module.aws_crossaccount_role.aws_iam_policy.cross_account_policy",
            "module.aws_crossaccount_role.aws_iam_role.cross_account_role",
            "module.aws_crossaccount_role.aws_iam_role_policy_attachment.cross_account_policy_attachment",
            "module.aws_crossaccount_role.data.databricks_aws_assume_role_policy.this",
            "module.aws_crossaccount_role.data.databricks_aws_crossaccount_policy.this",
            "module.aws_crossaccount_role.time_sleep.wait",
            "module.aws_vpc.data.aws_availability_zones.available",
            "module.aws_vpc.module.endpoints.aws_security_group.this",
            "module.aws_vpc.module.endpoints.aws_security_group_rule.this",
            "module.aws_vpc.module.endpoints.aws_vpc_endpoint.this",
            "module.aws_vpc.module.endpoints.data.aws_vpc_endpoint_service.this",
            "module.aws_vpc.module.vpc.aws_cloudwatch_log_group.flow_log",
            "module.aws_vpc.module.vpc.aws_customer_gateway.this",
            "module.aws_vpc.module.vpc.aws_db_subnet_group.database",
            "module.aws_vpc.module.vpc.aws_default_network_acl.this",
            "module.aws_vpc.module.vpc.aws_default_route_table.default",
            "module.aws_vpc.module.vpc.aws_default_security_group.this",
            "module.aws_vpc.module.vpc.aws_default_vpc.this",
            "module.aws_vpc.module.vpc.aws_egress_only_internet_gateway.this",
            "module.aws_vpc.module.vpc.aws_eip.nat",
            "module.aws_vpc.module.vpc.aws_elasticache_subnet_group.elasticache",
            "module.aws_vpc.module.vpc.aws_flow_log.this",
            "module.aws_vpc.module.vpc.aws_iam_policy.vpc_flow_log_cloudwatch",
            "module.aws_vpc.module.vpc.aws_iam_role.vpc_flow_log_cloudwatch",
            "module.aws_vpc.module.vpc.aws_iam_role_policy_attachment.vpc_flow_log_cloudwatch",
            "module.aws_vpc.module.vpc.aws_internet_gateway.this",
            "module.aws_vpc.module.vpc.aws_nat_gateway.this",
            "module.aws_vpc.module.vpc.aws_network_acl.database",
            "module.aws_vpc.module.vpc.aws_network_acl.elasticache",
            "module.aws_vpc.module.vpc.aws_network_acl.intra",
            "module.aws_vpc.module.vpc.aws_network_acl.outpost",
            "module.aws_vpc.module.vpc.aws_network_acl.private",
            "module.aws_vpc.module.vpc.aws_network_acl.public",
            "module.aws_vpc.module.vpc.aws_network_acl.redshift",
            "module.aws_vpc.module.vpc.aws_network_acl_rule.database_inbound",
            "module.aws_vpc.module.vpc.aws_network_acl_rule.database_outbound",
            "module.aws_vpc.module.vpc.aws_network_acl_rule.elasticache_inbound",
            "module.aws_vpc.module.vpc.aws_network_acl_rule.elasticache_outbound",
            "module.aws_vpc.module.vpc.aws_network_acl_rule.intra_inbound",
            "module.aws_vpc.module.vpc.aws_network_acl_rule.intra_outbound",
            "module.aws_vpc.module.vpc.aws_network_acl_rule.outpost_inbound",
            "module.aws_vpc.module.vpc.aws_network_acl_rule.outpost_outbound",
            "module.aws_vpc.module.vpc.aws_network_acl_rule.private_inbound",
            "module.aws_vpc.module.vpc.aws_network_acl_rule.private_outbound",
            "module.aws_vpc.module.vpc.aws_network_acl_rule.public_inbound",
            "module.aws_vpc.module.vpc.aws_network_acl_rule.public_outbound",
            "module.aws_vpc.module.vpc.aws_network_acl_rule.redshift_inbound",
            "module.aws_vpc.module.vpc.aws_network_acl_rule.redshift_outbound",
            "module.aws_vpc.module.vpc.aws_redshift_subnet_group.redshift",
            "module.aws_vpc.module.vpc.aws_route.database_dns64_nat_gateway",
            "module.aws_vpc.module.vpc.aws_route.database_internet_gateway",
            "module.aws_vpc.module.vpc.aws_route.database_ipv6_egress",
            "module.aws_vpc.module.vpc.aws_route.database_nat_gateway",
            "module.aws_vpc.module.vpc.aws_route.private_dns64_nat_gateway",
            "module.aws_vpc.module.vpc.aws_route.private_ipv6_egress",
            "module.aws_vpc.module.vpc.aws_route.private_nat_gateway",
            "module.aws_vpc.module.vpc.aws_route.public_internet_gateway",
            "module.aws_vpc.module.vpc.aws_route.public_internet_gateway_ipv6",
            "module.aws_vpc.module.vpc.aws_route_table.database",
            "module.aws_vpc.module.vpc.aws_route_table.elasticache",
            "module.aws_vpc.module.vpc.aws_route_table.intra",
            "module.aws_vpc.module.vpc.aws_route_table.private",
            "module.aws_vpc.module.vpc.aws_route_table.public",
            "module.aws_vpc.module.vpc.aws_route_table.redshift",
            "module.aws_vpc.module.vpc.aws_route_table_association.database",
            "module.aws_vpc.module.vpc.aws_route_table_association.elasticache",
            "module.aws_vpc.module.vpc.aws_route_table_association.intra",
            "module.aws_vpc.module.vpc.aws_route_table_association.outpost",
            "module.aws_vpc.module.vpc.aws_route_table_association.private",
            "module.aws_vpc.module.vpc.aws_route_table_association.public",
            "module.aws_vpc.module.vpc.aws_route_table_association.redshift",
            "module.aws_vpc.module.vpc.aws_route_table_association.redshift_public",
            "module.aws_vpc.module.vpc.aws_subnet.database",
            "module.aws_vpc.module.vpc.aws_subnet.elasticache",
            "module.aws_vpc.module.vpc.aws_subnet.intra",
            "module.aws_vpc.module.vpc.aws_subnet.outpost",
            "module.aws_vpc.module.vpc.aws_subnet.private",
            "module.aws_vpc.module.vpc.aws_subnet.public",
            "module.aws_vpc.module.vpc.aws_subnet.redshift",
            "module.aws_vpc.module.vpc.aws_vpc.this",
            "module.aws_vpc.module.vpc.aws_vpc_dhcp_options.this",
            "module.aws_vpc.module.vpc.aws_vpc_dhcp_options_association.this",
            "module.aws_vpc.module.vpc.aws_vpc_ipv4_cidr_block_association.this",
            "module.aws_vpc.module.vpc.aws_vpn_gateway.this",
            "module.aws_vpc.module.vpc.aws_vpn_gateway_attachment.this",
            "module.aws_vpc.module.vpc.aws_vpn_gateway_route_propagation.intra",
            "module.aws_vpc.module.vpc.aws_vpn_gateway_route_propagation.private",
            "module.aws_vpc.module.vpc.aws_vpn_gateway_route_propagation.public",
            "module.aws_vpc.module.vpc.data.aws_iam_policy_document.flow_log_cloudwatch_assume_role",
            "module.aws_vpc.module.vpc.data.aws_iam_policy_document.vpc_flow_log_cloudwatch"
          ]
        }
      ]
    },
    {
      "module": "module.uc_bootstrap",
      "mode": "managed",
      "type": "databricks_group_member",
      "name": "admin_group_member",
      "provider": "provider[\"registry.terraform.io/databricks/databricks\"].mws_accowner",
      "instances": [
        {
          "index_key": "xa_admin1@pm.me",
          "schema_version": 0,
          "attributes": {
            "group_id": "926799822948495",
            "id": "926799822948495|4876023393150737",
            "member_id": "4876023393150737"
          },
          "sensitive_attributes": [],
          "private": "bnVsbA==",
          "dependencies": [
            "module.aws_crossaccount_role.aws_iam_policy.cross_account_policy",
            "module.aws_crossaccount_role.aws_iam_role.cross_account_role",
            "module.aws_crossaccount_role.aws_iam_role_policy_attachment.cross_account_policy_attachment",
            "module.aws_crossaccount_role.data.databricks_aws_assume_role_policy.this",
            "module.aws_crossaccount_role.data.databricks_aws_crossaccount_policy.this",
            "module.aws_crossaccount_role.time_sleep.wait",
            "module.aws_vpc.data.aws_availability_zones.available",
            "module.aws_vpc.module.endpoints.aws_security_group.this",
            "module.aws_vpc.module.endpoints.aws_security_group_rule.this",
            "module.aws_vpc.module.endpoints.aws_vpc_endpoint.this",
            "module.aws_vpc.module.endpoints.data.aws_vpc_endpoint_service.this",
            "module.aws_vpc.module.vpc.aws_cloudwatch_log_group.flow_log",
            "module.aws_vpc.module.vpc.aws_customer_gateway.this",
            "module.aws_vpc.module.vpc.aws_db_subnet_group.database",
            "module.aws_vpc.module.vpc.aws_default_network_acl.this",
            "module.aws_vpc.module.vpc.aws_default_route_table.default",
            "module.aws_vpc.module.vpc.aws_default_security_group.this",
            "module.aws_vpc.module.vpc.aws_default_vpc.this",
            "module.aws_vpc.module.vpc.aws_egress_only_internet_gateway.this",
            "module.aws_vpc.module.vpc.aws_eip.nat",
            "module.aws_vpc.module.vpc.aws_elasticache_subnet_group.elasticache",
            "module.aws_vpc.module.vpc.aws_flow_log.this",
            "module.aws_vpc.module.vpc.aws_iam_policy.vpc_flow_log_cloudwatch",
            "module.aws_vpc.module.vpc.aws_iam_role.vpc_flow_log_cloudwatch",
            "module.aws_vpc.module.vpc.aws_iam_role_policy_attachment.vpc_flow_log_cloudwatch",
            "module.aws_vpc.module.vpc.aws_internet_gateway.this",
            "module.aws_vpc.module.vpc.aws_nat_gateway.this",
            "module.aws_vpc.module.vpc.aws_network_acl.database",
            "module.aws_vpc.module.vpc.aws_network_acl.elasticache",
            "module.aws_vpc.module.vpc.aws_network_acl.intra",
            "module.aws_vpc.module.vpc.aws_network_acl.outpost",
            "module.aws_vpc.module.vpc.aws_network_acl.private",
            "module.aws_vpc.module.vpc.aws_network_acl.public",
            "module.aws_vpc.module.vpc.aws_network_acl.redshift",
            "module.aws_vpc.module.vpc.aws_network_acl_rule.database_inbound",
            "module.aws_vpc.module.vpc.aws_network_acl_rule.database_outbound",
            "module.aws_vpc.module.vpc.aws_network_acl_rule.elasticache_inbound",
            "module.aws_vpc.module.vpc.aws_network_acl_rule.elasticache_outbound",
            "module.aws_vpc.module.vpc.aws_network_acl_rule.intra_inbound",
            "module.aws_vpc.module.vpc.aws_network_acl_rule.intra_outbound",
            "module.aws_vpc.module.vpc.aws_network_acl_rule.outpost_inbound",
            "module.aws_vpc.module.vpc.aws_network_acl_rule.outpost_outbound",
            "module.aws_vpc.module.vpc.aws_network_acl_rule.private_inbound",
            "module.aws_vpc.module.vpc.aws_network_acl_rule.private_outbound",
            "module.aws_vpc.module.vpc.aws_network_acl_rule.public_inbound",
            "module.aws_vpc.module.vpc.aws_network_acl_rule.public_outbound",
            "module.aws_vpc.module.vpc.aws_network_acl_rule.redshift_inbound",
            "module.aws_vpc.module.vpc.aws_network_acl_rule.redshift_outbound",
            "module.aws_vpc.module.vpc.aws_redshift_subnet_group.redshift",
            "module.aws_vpc.module.vpc.aws_route.database_dns64_nat_gateway",
            "module.aws_vpc.module.vpc.aws_route.database_internet_gateway",
            "module.aws_vpc.module.vpc.aws_route.database_ipv6_egress",
            "module.aws_vpc.module.vpc.aws_route.database_nat_gateway",
            "module.aws_vpc.module.vpc.aws_route.private_dns64_nat_gateway",
            "module.aws_vpc.module.vpc.aws_route.private_ipv6_egress",
            "module.aws_vpc.module.vpc.aws_route.private_nat_gateway",
            "module.aws_vpc.module.vpc.aws_route.public_internet_gateway",
            "module.aws_vpc.module.vpc.aws_route.public_internet_gateway_ipv6",
            "module.aws_vpc.module.vpc.aws_route_table.database",
            "module.aws_vpc.module.vpc.aws_route_table.elasticache",
            "module.aws_vpc.module.vpc.aws_route_table.intra",
            "module.aws_vpc.module.vpc.aws_route_table.private",
            "module.aws_vpc.module.vpc.aws_route_table.public",
            "module.aws_vpc.module.vpc.aws_route_table.redshift",
            "module.aws_vpc.module.vpc.aws_route_table_association.database",
            "module.aws_vpc.module.vpc.aws_route_table_association.elasticache",
            "module.aws_vpc.module.vpc.aws_route_table_association.intra",
            "module.aws_vpc.module.vpc.aws_route_table_association.outpost",
            "module.aws_vpc.module.vpc.aws_route_table_association.private",
            "module.aws_vpc.module.vpc.aws_route_table_association.public",
            "module.aws_vpc.module.vpc.aws_route_table_association.redshift",
            "module.aws_vpc.module.vpc.aws_route_table_association.redshift_public",
            "module.aws_vpc.module.vpc.aws_subnet.database",
            "module.aws_vpc.module.vpc.aws_subnet.elasticache",
            "module.aws_vpc.module.vpc.aws_subnet.intra",
            "module.aws_vpc.module.vpc.aws_subnet.outpost",
            "module.aws_vpc.module.vpc.aws_subnet.private",
            "module.aws_vpc.module.vpc.aws_subnet.public",
            "module.aws_vpc.module.vpc.aws_subnet.redshift",
            "module.aws_vpc.module.vpc.aws_vpc.this",
            "module.aws_vpc.module.vpc.aws_vpc_dhcp_options.this",
            "module.aws_vpc.module.vpc.aws_vpc_dhcp_options_association.this",
            "module.aws_vpc.module.vpc.aws_vpc_ipv4_cidr_block_association.this",
            "module.aws_vpc.module.vpc.aws_vpn_gateway.this",
            "module.aws_vpc.module.vpc.aws_vpn_gateway_attachment.this",
            "module.aws_vpc.module.vpc.aws_vpn_gateway_route_propagation.intra",
            "module.aws_vpc.module.vpc.aws_vpn_gateway_route_propagation.private",
            "module.aws_vpc.module.vpc.aws_vpn_gateway_route_propagation.public",
            "module.aws_vpc.module.vpc.data.aws_iam_policy_document.flow_log_cloudwatch_assume_role",
            "module.aws_vpc.module.vpc.data.aws_iam_policy_document.vpc_flow_log_cloudwatch",
            "module.uc_bootstrap.databricks_group.account_admin_group",
            "module.uc_bootstrap.databricks_user.unity_users"
          ]
        },
        {
          "index_key": "xtarmitage+databricks-root@gmail.com",
          "schema_version": 0,
          "attributes": {
            "group_id": "926799822948495",
            "id": "926799822948495|5233665981611100",
            "member_id": "5233665981611100"
          },
          "sensitive_attributes": [],
          "private": "bnVsbA==",
          "dependencies": [
            "module.aws_crossaccount_role.aws_iam_policy.cross_account_policy",
            "module.aws_crossaccount_role.aws_iam_role.cross_account_role",
            "module.aws_crossaccount_role.aws_iam_role_policy_attachment.cross_account_policy_attachment",
            "module.aws_crossaccount_role.data.databricks_aws_assume_role_policy.this",
            "module.aws_crossaccount_role.data.databricks_aws_crossaccount_policy.this",
            "module.aws_crossaccount_role.time_sleep.wait",
            "module.aws_vpc.data.aws_availability_zones.available",
            "module.aws_vpc.module.endpoints.aws_security_group.this",
            "module.aws_vpc.module.endpoints.aws_security_group_rule.this",
            "module.aws_vpc.module.endpoints.aws_vpc_endpoint.this",
            "module.aws_vpc.module.endpoints.data.aws_vpc_endpoint_service.this",
            "module.aws_vpc.module.vpc.aws_cloudwatch_log_group.flow_log",
            "module.aws_vpc.module.vpc.aws_customer_gateway.this",
            "module.aws_vpc.module.vpc.aws_db_subnet_group.database",
            "module.aws_vpc.module.vpc.aws_default_network_acl.this",
            "module.aws_vpc.module.vpc.aws_default_route_table.default",
            "module.aws_vpc.module.vpc.aws_default_security_group.this",
            "module.aws_vpc.module.vpc.aws_default_vpc.this",
            "module.aws_vpc.module.vpc.aws_egress_only_internet_gateway.this",
            "module.aws_vpc.module.vpc.aws_eip.nat",
            "module.aws_vpc.module.vpc.aws_elasticache_subnet_group.elasticache",
            "module.aws_vpc.module.vpc.aws_flow_log.this",
            "module.aws_vpc.module.vpc.aws_iam_policy.vpc_flow_log_cloudwatch",
            "module.aws_vpc.module.vpc.aws_iam_role.vpc_flow_log_cloudwatch",
            "module.aws_vpc.module.vpc.aws_iam_role_policy_attachment.vpc_flow_log_cloudwatch",
            "module.aws_vpc.module.vpc.aws_internet_gateway.this",
            "module.aws_vpc.module.vpc.aws_nat_gateway.this",
            "module.aws_vpc.module.vpc.aws_network_acl.database",
            "module.aws_vpc.module.vpc.aws_network_acl.elasticache",
            "module.aws_vpc.module.vpc.aws_network_acl.intra",
            "module.aws_vpc.module.vpc.aws_network_acl.outpost",
            "module.aws_vpc.module.vpc.aws_network_acl.private",
            "module.aws_vpc.module.vpc.aws_network_acl.public",
            "module.aws_vpc.module.vpc.aws_network_acl.redshift",
            "module.aws_vpc.module.vpc.aws_network_acl_rule.database_inbound",
            "module.aws_vpc.module.vpc.aws_network_acl_rule.database_outbound",
            "module.aws_vpc.module.vpc.aws_network_acl_rule.elasticache_inbound",
            "module.aws_vpc.module.vpc.aws_network_acl_rule.elasticache_outbound",
            "module.aws_vpc.module.vpc.aws_network_acl_rule.intra_inbound",
            "module.aws_vpc.module.vpc.aws_network_acl_rule.intra_outbound",
            "module.aws_vpc.module.vpc.aws_network_acl_rule.outpost_inbound",
            "module.aws_vpc.module.vpc.aws_network_acl_rule.outpost_outbound",
            "module.aws_vpc.module.vpc.aws_network_acl_rule.private_inbound",
            "module.aws_vpc.module.vpc.aws_network_acl_rule.private_outbound",
            "module.aws_vpc.module.vpc.aws_network_acl_rule.public_inbound",
            "module.aws_vpc.module.vpc.aws_network_acl_rule.public_outbound",
            "module.aws_vpc.module.vpc.aws_network_acl_rule.redshift_inbound",
            "module.aws_vpc.module.vpc.aws_network_acl_rule.redshift_outbound",
            "module.aws_vpc.module.vpc.aws_redshift_subnet_group.redshift",
            "module.aws_vpc.module.vpc.aws_route.database_dns64_nat_gateway",
            "module.aws_vpc.module.vpc.aws_route.database_internet_gateway",
            "module.aws_vpc.module.vpc.aws_route.database_ipv6_egress",
            "module.aws_vpc.module.vpc.aws_route.database_nat_gateway",
            "module.aws_vpc.module.vpc.aws_route.private_dns64_nat_gateway",
            "module.aws_vpc.module.vpc.aws_route.private_ipv6_egress",
            "module.aws_vpc.module.vpc.aws_route.private_nat_gateway",
            "module.aws_vpc.module.vpc.aws_route.public_internet_gateway",
            "module.aws_vpc.module.vpc.aws_route.public_internet_gateway_ipv6",
            "module.aws_vpc.module.vpc.aws_route_table.database",
            "module.aws_vpc.module.vpc.aws_route_table.elasticache",
            "module.aws_vpc.module.vpc.aws_route_table.intra",
            "module.aws_vpc.module.vpc.aws_route_table.private",
            "module.aws_vpc.module.vpc.aws_route_table.public",
            "module.aws_vpc.module.vpc.aws_route_table.redshift",
            "module.aws_vpc.module.vpc.aws_route_table_association.database",
            "module.aws_vpc.module.vpc.aws_route_table_association.elasticache",
            "module.aws_vpc.module.vpc.aws_route_table_association.intra",
            "module.aws_vpc.module.vpc.aws_route_table_association.outpost",
            "module.aws_vpc.module.vpc.aws_route_table_association.private",
            "module.aws_vpc.module.vpc.aws_route_table_association.public",
            "module.aws_vpc.module.vpc.aws_route_table_association.redshift",
            "module.aws_vpc.module.vpc.aws_route_table_association.redshift_public",
            "module.aws_vpc.module.vpc.aws_subnet.database",
            "module.aws_vpc.module.vpc.aws_subnet.elasticache",
            "module.aws_vpc.module.vpc.aws_subnet.intra",
            "module.aws_vpc.module.vpc.aws_subnet.outpost",
            "module.aws_vpc.module.vpc.aws_subnet.private",
            "module.aws_vpc.module.vpc.aws_subnet.public",
            "module.aws_vpc.module.vpc.aws_subnet.redshift",
            "module.aws_vpc.module.vpc.aws_vpc.this",
            "module.aws_vpc.module.vpc.aws_vpc_dhcp_options.this",
            "module.aws_vpc.module.vpc.aws_vpc_dhcp_options_association.this",
            "module.aws_vpc.module.vpc.aws_vpc_ipv4_cidr_block_association.this",
            "module.aws_vpc.module.vpc.aws_vpn_gateway.this",
            "module.aws_vpc.module.vpc.aws_vpn_gateway_attachment.this",
            "module.aws_vpc.module.vpc.aws_vpn_gateway_route_propagation.intra",
            "module.aws_vpc.module.vpc.aws_vpn_gateway_route_propagation.private",
            "module.aws_vpc.module.vpc.aws_vpn_gateway_route_propagation.public",
            "module.aws_vpc.module.vpc.data.aws_iam_policy_document.flow_log_cloudwatch_assume_role",
            "module.aws_vpc.module.vpc.data.aws_iam_policy_document.vpc_flow_log_cloudwatch",
            "module.uc_bootstrap.databricks_group.account_admin_group",
            "module.uc_bootstrap.databricks_user.unity_users"
          ]
        }
      ]
    },
    {
      "module": "module.uc_bootstrap",
      "mode": "managed",
      "type": "databricks_group_member",
      "name": "workspace_admin_group_member",
      "provider": "provider[\"registry.terraform.io/databricks/databricks\"].mws_accowner",
      "instances": [
        {
          "index_key": "xa_admin1@pm.me",
          "schema_version": 0,
          "attributes": {
            "group_id": "489628703039926",
            "id": "489628703039926|4876023393150737",
            "member_id": "4876023393150737"
          },
          "sensitive_attributes": [],
          "private": "bnVsbA==",
          "dependencies": [
            "module.aws_crossaccount_role.aws_iam_policy.cross_account_policy",
            "module.aws_crossaccount_role.aws_iam_role.cross_account_role",
            "module.aws_crossaccount_role.aws_iam_role_policy_attachment.cross_account_policy_attachment",
            "module.aws_crossaccount_role.data.databricks_aws_assume_role_policy.this",
            "module.aws_crossaccount_role.data.databricks_aws_crossaccount_policy.this",
            "module.aws_crossaccount_role.time_sleep.wait",
            "module.aws_vpc.data.aws_availability_zones.available",
            "module.aws_vpc.module.endpoints.aws_security_group.this",
            "module.aws_vpc.module.endpoints.aws_security_group_rule.this",
            "module.aws_vpc.module.endpoints.aws_vpc_endpoint.this",
            "module.aws_vpc.module.endpoints.data.aws_vpc_endpoint_service.this",
            "module.aws_vpc.module.vpc.aws_cloudwatch_log_group.flow_log",
            "module.aws_vpc.module.vpc.aws_customer_gateway.this",
            "module.aws_vpc.module.vpc.aws_db_subnet_group.database",
            "module.aws_vpc.module.vpc.aws_default_network_acl.this",
            "module.aws_vpc.module.vpc.aws_default_route_table.default",
            "module.aws_vpc.module.vpc.aws_default_security_group.this",
            "module.aws_vpc.module.vpc.aws_default_vpc.this",
            "module.aws_vpc.module.vpc.aws_egress_only_internet_gateway.this",
            "module.aws_vpc.module.vpc.aws_eip.nat",
            "module.aws_vpc.module.vpc.aws_elasticache_subnet_group.elasticache",
            "module.aws_vpc.module.vpc.aws_flow_log.this",
            "module.aws_vpc.module.vpc.aws_iam_policy.vpc_flow_log_cloudwatch",
            "module.aws_vpc.module.vpc.aws_iam_role.vpc_flow_log_cloudwatch",
            "module.aws_vpc.module.vpc.aws_iam_role_policy_attachment.vpc_flow_log_cloudwatch",
            "module.aws_vpc.module.vpc.aws_internet_gateway.this",
            "module.aws_vpc.module.vpc.aws_nat_gateway.this",
            "module.aws_vpc.module.vpc.aws_network_acl.database",
            "module.aws_vpc.module.vpc.aws_network_acl.elasticache",
            "module.aws_vpc.module.vpc.aws_network_acl.intra",
            "module.aws_vpc.module.vpc.aws_network_acl.outpost",
            "module.aws_vpc.module.vpc.aws_network_acl.private",
            "module.aws_vpc.module.vpc.aws_network_acl.public",
            "module.aws_vpc.module.vpc.aws_network_acl.redshift",
            "module.aws_vpc.module.vpc.aws_network_acl_rule.database_inbound",
            "module.aws_vpc.module.vpc.aws_network_acl_rule.database_outbound",
            "module.aws_vpc.module.vpc.aws_network_acl_rule.elasticache_inbound",
            "module.aws_vpc.module.vpc.aws_network_acl_rule.elasticache_outbound",
            "module.aws_vpc.module.vpc.aws_network_acl_rule.intra_inbound",
            "module.aws_vpc.module.vpc.aws_network_acl_rule.intra_outbound",
            "module.aws_vpc.module.vpc.aws_network_acl_rule.outpost_inbound",
            "module.aws_vpc.module.vpc.aws_network_acl_rule.outpost_outbound",
            "module.aws_vpc.module.vpc.aws_network_acl_rule.private_inbound",
            "module.aws_vpc.module.vpc.aws_network_acl_rule.private_outbound",
            "module.aws_vpc.module.vpc.aws_network_acl_rule.public_inbound",
            "module.aws_vpc.module.vpc.aws_network_acl_rule.public_outbound",
            "module.aws_vpc.module.vpc.aws_network_acl_rule.redshift_inbound",
            "module.aws_vpc.module.vpc.aws_network_acl_rule.redshift_outbound",
            "module.aws_vpc.module.vpc.aws_redshift_subnet_group.redshift",
            "module.aws_vpc.module.vpc.aws_route.database_dns64_nat_gateway",
            "module.aws_vpc.module.vpc.aws_route.database_internet_gateway",
            "module.aws_vpc.module.vpc.aws_route.database_ipv6_egress",
            "module.aws_vpc.module.vpc.aws_route.database_nat_gateway",
            "module.aws_vpc.module.vpc.aws_route.private_dns64_nat_gateway",
            "module.aws_vpc.module.vpc.aws_route.private_ipv6_egress",
            "module.aws_vpc.module.vpc.aws_route.private_nat_gateway",
            "module.aws_vpc.module.vpc.aws_route.public_internet_gateway",
            "module.aws_vpc.module.vpc.aws_route.public_internet_gateway_ipv6",
            "module.aws_vpc.module.vpc.aws_route_table.database",
            "module.aws_vpc.module.vpc.aws_route_table.elasticache",
            "module.aws_vpc.module.vpc.aws_route_table.intra",
            "module.aws_vpc.module.vpc.aws_route_table.private",
            "module.aws_vpc.module.vpc.aws_route_table.public",
            "module.aws_vpc.module.vpc.aws_route_table.redshift",
            "module.aws_vpc.module.vpc.aws_route_table_association.database",
            "module.aws_vpc.module.vpc.aws_route_table_association.elasticache",
            "module.aws_vpc.module.vpc.aws_route_table_association.intra",
            "module.aws_vpc.module.vpc.aws_route_table_association.outpost",
            "module.aws_vpc.module.vpc.aws_route_table_association.private",
            "module.aws_vpc.module.vpc.aws_route_table_association.public",
            "module.aws_vpc.module.vpc.aws_route_table_association.redshift",
            "module.aws_vpc.module.vpc.aws_route_table_association.redshift_public",
            "module.aws_vpc.module.vpc.aws_subnet.database",
            "module.aws_vpc.module.vpc.aws_subnet.elasticache",
            "module.aws_vpc.module.vpc.aws_subnet.intra",
            "module.aws_vpc.module.vpc.aws_subnet.outpost",
            "module.aws_vpc.module.vpc.aws_subnet.private",
            "module.aws_vpc.module.vpc.aws_subnet.public",
            "module.aws_vpc.module.vpc.aws_subnet.redshift",
            "module.aws_vpc.module.vpc.aws_vpc.this",
            "module.aws_vpc.module.vpc.aws_vpc_dhcp_options.this",
            "module.aws_vpc.module.vpc.aws_vpc_dhcp_options_association.this",
            "module.aws_vpc.module.vpc.aws_vpc_ipv4_cidr_block_association.this",
            "module.aws_vpc.module.vpc.aws_vpn_gateway.this",
            "module.aws_vpc.module.vpc.aws_vpn_gateway_attachment.this",
            "module.aws_vpc.module.vpc.aws_vpn_gateway_route_propagation.intra",
            "module.aws_vpc.module.vpc.aws_vpn_gateway_route_propagation.private",
            "module.aws_vpc.module.vpc.aws_vpn_gateway_route_propagation.public",
            "module.aws_vpc.module.vpc.data.aws_iam_policy_document.flow_log_cloudwatch_assume_role",
            "module.aws_vpc.module.vpc.data.aws_iam_policy_document.vpc_flow_log_cloudwatch",
            "module.uc_bootstrap.databricks_group.workspace_admin_group",
            "module.uc_bootstrap.databricks_user.unity_users"
          ]
        },
        {
          "index_key": "xtarmitage+databricks-root@gmail.com",
          "schema_version": 0,
          "attributes": {
            "group_id": "489628703039926",
            "id": "489628703039926|5233665981611100",
            "member_id": "5233665981611100"
          },
          "sensitive_attributes": [],
          "private": "bnVsbA==",
          "dependencies": [
            "module.aws_crossaccount_role.aws_iam_policy.cross_account_policy",
            "module.aws_crossaccount_role.aws_iam_role.cross_account_role",
            "module.aws_crossaccount_role.aws_iam_role_policy_attachment.cross_account_policy_attachment",
            "module.aws_crossaccount_role.data.databricks_aws_assume_role_policy.this",
            "module.aws_crossaccount_role.data.databricks_aws_crossaccount_policy.this",
            "module.aws_crossaccount_role.time_sleep.wait",
            "module.aws_vpc.data.aws_availability_zones.available",
            "module.aws_vpc.module.endpoints.aws_security_group.this",
            "module.aws_vpc.module.endpoints.aws_security_group_rule.this",
            "module.aws_vpc.module.endpoints.aws_vpc_endpoint.this",
            "module.aws_vpc.module.endpoints.data.aws_vpc_endpoint_service.this",
            "module.aws_vpc.module.vpc.aws_cloudwatch_log_group.flow_log",
            "module.aws_vpc.module.vpc.aws_customer_gateway.this",
            "module.aws_vpc.module.vpc.aws_db_subnet_group.database",
            "module.aws_vpc.module.vpc.aws_default_network_acl.this",
            "module.aws_vpc.module.vpc.aws_default_route_table.default",
            "module.aws_vpc.module.vpc.aws_default_security_group.this",
            "module.aws_vpc.module.vpc.aws_default_vpc.this",
            "module.aws_vpc.module.vpc.aws_egress_only_internet_gateway.this",
            "module.aws_vpc.module.vpc.aws_eip.nat",
            "module.aws_vpc.module.vpc.aws_elasticache_subnet_group.elasticache",
            "module.aws_vpc.module.vpc.aws_flow_log.this",
            "module.aws_vpc.module.vpc.aws_iam_policy.vpc_flow_log_cloudwatch",
            "module.aws_vpc.module.vpc.aws_iam_role.vpc_flow_log_cloudwatch",
            "module.aws_vpc.module.vpc.aws_iam_role_policy_attachment.vpc_flow_log_cloudwatch",
            "module.aws_vpc.module.vpc.aws_internet_gateway.this",
            "module.aws_vpc.module.vpc.aws_nat_gateway.this",
            "module.aws_vpc.module.vpc.aws_network_acl.database",
            "module.aws_vpc.module.vpc.aws_network_acl.elasticache",
            "module.aws_vpc.module.vpc.aws_network_acl.intra",
            "module.aws_vpc.module.vpc.aws_network_acl.outpost",
            "module.aws_vpc.module.vpc.aws_network_acl.private",
            "module.aws_vpc.module.vpc.aws_network_acl.public",
            "module.aws_vpc.module.vpc.aws_network_acl.redshift",
            "module.aws_vpc.module.vpc.aws_network_acl_rule.database_inbound",
            "module.aws_vpc.module.vpc.aws_network_acl_rule.database_outbound",
            "module.aws_vpc.module.vpc.aws_network_acl_rule.elasticache_inbound",
            "module.aws_vpc.module.vpc.aws_network_acl_rule.elasticache_outbound",
            "module.aws_vpc.module.vpc.aws_network_acl_rule.intra_inbound",
            "module.aws_vpc.module.vpc.aws_network_acl_rule.intra_outbound",
            "module.aws_vpc.module.vpc.aws_network_acl_rule.outpost_inbound",
            "module.aws_vpc.module.vpc.aws_network_acl_rule.outpost_outbound",
            "module.aws_vpc.module.vpc.aws_network_acl_rule.private_inbound",
            "module.aws_vpc.module.vpc.aws_network_acl_rule.private_outbound",
            "module.aws_vpc.module.vpc.aws_network_acl_rule.public_inbound",
            "module.aws_vpc.module.vpc.aws_network_acl_rule.public_outbound",
            "module.aws_vpc.module.vpc.aws_network_acl_rule.redshift_inbound",
            "module.aws_vpc.module.vpc.aws_network_acl_rule.redshift_outbound",
            "module.aws_vpc.module.vpc.aws_redshift_subnet_group.redshift",
            "module.aws_vpc.module.vpc.aws_route.database_dns64_nat_gateway",
            "module.aws_vpc.module.vpc.aws_route.database_internet_gateway",
            "module.aws_vpc.module.vpc.aws_route.database_ipv6_egress",
            "module.aws_vpc.module.vpc.aws_route.database_nat_gateway",
            "module.aws_vpc.module.vpc.aws_route.private_dns64_nat_gateway",
            "module.aws_vpc.module.vpc.aws_route.private_ipv6_egress",
            "module.aws_vpc.module.vpc.aws_route.private_nat_gateway",
            "module.aws_vpc.module.vpc.aws_route.public_internet_gateway",
            "module.aws_vpc.module.vpc.aws_route.public_internet_gateway_ipv6",
            "module.aws_vpc.module.vpc.aws_route_table.database",
            "module.aws_vpc.module.vpc.aws_route_table.elasticache",
            "module.aws_vpc.module.vpc.aws_route_table.intra",
            "module.aws_vpc.module.vpc.aws_route_table.private",
            "module.aws_vpc.module.vpc.aws_route_table.public",
            "module.aws_vpc.module.vpc.aws_route_table.redshift",
            "module.aws_vpc.module.vpc.aws_route_table_association.database",
            "module.aws_vpc.module.vpc.aws_route_table_association.elasticache",
            "module.aws_vpc.module.vpc.aws_route_table_association.intra",
            "module.aws_vpc.module.vpc.aws_route_table_association.outpost",
            "module.aws_vpc.module.vpc.aws_route_table_association.private",
            "module.aws_vpc.module.vpc.aws_route_table_association.public",
            "module.aws_vpc.module.vpc.aws_route_table_association.redshift",
            "module.aws_vpc.module.vpc.aws_route_table_association.redshift_public",
            "module.aws_vpc.module.vpc.aws_subnet.database",
            "module.aws_vpc.module.vpc.aws_subnet.elasticache",
            "module.aws_vpc.module.vpc.aws_subnet.intra",
            "module.aws_vpc.module.vpc.aws_subnet.outpost",
            "module.aws_vpc.module.vpc.aws_subnet.private",
            "module.aws_vpc.module.vpc.aws_subnet.public",
            "module.aws_vpc.module.vpc.aws_subnet.redshift",
            "module.aws_vpc.module.vpc.aws_vpc.this",
            "module.aws_vpc.module.vpc.aws_vpc_dhcp_options.this",
            "module.aws_vpc.module.vpc.aws_vpc_dhcp_options_association.this",
            "module.aws_vpc.module.vpc.aws_vpc_ipv4_cidr_block_association.this",
            "module.aws_vpc.module.vpc.aws_vpn_gateway.this",
            "module.aws_vpc.module.vpc.aws_vpn_gateway_attachment.this",
            "module.aws_vpc.module.vpc.aws_vpn_gateway_route_propagation.intra",
            "module.aws_vpc.module.vpc.aws_vpn_gateway_route_propagation.private",
            "module.aws_vpc.module.vpc.aws_vpn_gateway_route_propagation.public",
            "module.aws_vpc.module.vpc.data.aws_iam_policy_document.flow_log_cloudwatch_assume_role",
            "module.aws_vpc.module.vpc.data.aws_iam_policy_document.vpc_flow_log_cloudwatch",
            "module.uc_bootstrap.databricks_group.workspace_admin_group",
            "module.uc_bootstrap.databricks_user.unity_users"
          ]
        }
      ]
    },
    {
      "module": "module.uc_bootstrap",
      "mode": "managed",
      "type": "databricks_group_member",
      "name": "workspace_admin_group_member_sp",
      "provider": "provider[\"registry.terraform.io/databricks/databricks\"].mws_accowner",
      "instances": [
        {
          "schema_version": 0,
          "attributes": {
            "group_id": "489628703039926",
            "id": "489628703039926|8111227499085862",
            "member_id": "8111227499085862"
          },
          "sensitive_attributes": [],
          "private": "bnVsbA==",
          "dependencies": [
            "module.aws_crossaccount_role.aws_iam_policy.cross_account_policy",
            "module.aws_crossaccount_role.aws_iam_role.cross_account_role",
            "module.aws_crossaccount_role.aws_iam_role_policy_attachment.cross_account_policy_attachment",
            "module.aws_crossaccount_role.data.databricks_aws_assume_role_policy.this",
            "module.aws_crossaccount_role.data.databricks_aws_crossaccount_policy.this",
            "module.aws_crossaccount_role.time_sleep.wait",
            "module.aws_vpc.data.aws_availability_zones.available",
            "module.aws_vpc.module.endpoints.aws_security_group.this",
            "module.aws_vpc.module.endpoints.aws_security_group_rule.this",
            "module.aws_vpc.module.endpoints.aws_vpc_endpoint.this",
            "module.aws_vpc.module.endpoints.data.aws_vpc_endpoint_service.this",
            "module.aws_vpc.module.vpc.aws_cloudwatch_log_group.flow_log",
            "module.aws_vpc.module.vpc.aws_customer_gateway.this",
            "module.aws_vpc.module.vpc.aws_db_subnet_group.database",
            "module.aws_vpc.module.vpc.aws_default_network_acl.this",
            "module.aws_vpc.module.vpc.aws_default_route_table.default",
            "module.aws_vpc.module.vpc.aws_default_security_group.this",
            "module.aws_vpc.module.vpc.aws_default_vpc.this",
            "module.aws_vpc.module.vpc.aws_egress_only_internet_gateway.this",
            "module.aws_vpc.module.vpc.aws_eip.nat",
            "module.aws_vpc.module.vpc.aws_elasticache_subnet_group.elasticache",
            "module.aws_vpc.module.vpc.aws_flow_log.this",
            "module.aws_vpc.module.vpc.aws_iam_policy.vpc_flow_log_cloudwatch",
            "module.aws_vpc.module.vpc.aws_iam_role.vpc_flow_log_cloudwatch",
            "module.aws_vpc.module.vpc.aws_iam_role_policy_attachment.vpc_flow_log_cloudwatch",
            "module.aws_vpc.module.vpc.aws_internet_gateway.this",
            "module.aws_vpc.module.vpc.aws_nat_gateway.this",
            "module.aws_vpc.module.vpc.aws_network_acl.database",
            "module.aws_vpc.module.vpc.aws_network_acl.elasticache",
            "module.aws_vpc.module.vpc.aws_network_acl.intra",
            "module.aws_vpc.module.vpc.aws_network_acl.outpost",
            "module.aws_vpc.module.vpc.aws_network_acl.private",
            "module.aws_vpc.module.vpc.aws_network_acl.public",
            "module.aws_vpc.module.vpc.aws_network_acl.redshift",
            "module.aws_vpc.module.vpc.aws_network_acl_rule.database_inbound",
            "module.aws_vpc.module.vpc.aws_network_acl_rule.database_outbound",
            "module.aws_vpc.module.vpc.aws_network_acl_rule.elasticache_inbound",
            "module.aws_vpc.module.vpc.aws_network_acl_rule.elasticache_outbound",
            "module.aws_vpc.module.vpc.aws_network_acl_rule.intra_inbound",
            "module.aws_vpc.module.vpc.aws_network_acl_rule.intra_outbound",
            "module.aws_vpc.module.vpc.aws_network_acl_rule.outpost_inbound",
            "module.aws_vpc.module.vpc.aws_network_acl_rule.outpost_outbound",
            "module.aws_vpc.module.vpc.aws_network_acl_rule.private_inbound",
            "module.aws_vpc.module.vpc.aws_network_acl_rule.private_outbound",
            "module.aws_vpc.module.vpc.aws_network_acl_rule.public_inbound",
            "module.aws_vpc.module.vpc.aws_network_acl_rule.public_outbound",
            "module.aws_vpc.module.vpc.aws_network_acl_rule.redshift_inbound",
            "module.aws_vpc.module.vpc.aws_network_acl_rule.redshift_outbound",
            "module.aws_vpc.module.vpc.aws_redshift_subnet_group.redshift",
            "module.aws_vpc.module.vpc.aws_route.database_dns64_nat_gateway",
            "module.aws_vpc.module.vpc.aws_route.database_internet_gateway",
            "module.aws_vpc.module.vpc.aws_route.database_ipv6_egress",
            "module.aws_vpc.module.vpc.aws_route.database_nat_gateway",
            "module.aws_vpc.module.vpc.aws_route.private_dns64_nat_gateway",
            "module.aws_vpc.module.vpc.aws_route.private_ipv6_egress",
            "module.aws_vpc.module.vpc.aws_route.private_nat_gateway",
            "module.aws_vpc.module.vpc.aws_route.public_internet_gateway",
            "module.aws_vpc.module.vpc.aws_route.public_internet_gateway_ipv6",
            "module.aws_vpc.module.vpc.aws_route_table.database",
            "module.aws_vpc.module.vpc.aws_route_table.elasticache",
            "module.aws_vpc.module.vpc.aws_route_table.intra",
            "module.aws_vpc.module.vpc.aws_route_table.private",
            "module.aws_vpc.module.vpc.aws_route_table.public",
            "module.aws_vpc.module.vpc.aws_route_table.redshift",
            "module.aws_vpc.module.vpc.aws_route_table_association.database",
            "module.aws_vpc.module.vpc.aws_route_table_association.elasticache",
            "module.aws_vpc.module.vpc.aws_route_table_association.intra",
            "module.aws_vpc.module.vpc.aws_route_table_association.outpost",
            "module.aws_vpc.module.vpc.aws_route_table_association.private",
            "module.aws_vpc.module.vpc.aws_route_table_association.public",
            "module.aws_vpc.module.vpc.aws_route_table_association.redshift",
            "module.aws_vpc.module.vpc.aws_route_table_association.redshift_public",
            "module.aws_vpc.module.vpc.aws_subnet.database",
            "module.aws_vpc.module.vpc.aws_subnet.elasticache",
            "module.aws_vpc.module.vpc.aws_subnet.intra",
            "module.aws_vpc.module.vpc.aws_subnet.outpost",
            "module.aws_vpc.module.vpc.aws_subnet.private",
            "module.aws_vpc.module.vpc.aws_subnet.public",
            "module.aws_vpc.module.vpc.aws_subnet.redshift",
            "module.aws_vpc.module.vpc.aws_vpc.this",
            "module.aws_vpc.module.vpc.aws_vpc_dhcp_options.this",
            "module.aws_vpc.module.vpc.aws_vpc_dhcp_options_association.this",
            "module.aws_vpc.module.vpc.aws_vpc_ipv4_cidr_block_association.this",
            "module.aws_vpc.module.vpc.aws_vpn_gateway.this",
            "module.aws_vpc.module.vpc.aws_vpn_gateway_attachment.this",
            "module.aws_vpc.module.vpc.aws_vpn_gateway_route_propagation.intra",
            "module.aws_vpc.module.vpc.aws_vpn_gateway_route_propagation.private",
            "module.aws_vpc.module.vpc.aws_vpn_gateway_route_propagation.public",
            "module.aws_vpc.module.vpc.data.aws_iam_policy_document.flow_log_cloudwatch_assume_role",
            "module.aws_vpc.module.vpc.data.aws_iam_policy_document.vpc_flow_log_cloudwatch",
            "module.uc_bootstrap.data.databricks_service_principal.terraform_sp",
            "module.uc_bootstrap.databricks_group.workspace_admin_group"
          ]
        }
      ]
    },
    {
      "module": "module.uc_bootstrap",
      "mode": "managed",
      "type": "databricks_group_member",
      "name": "workspace_user_group_member",
      "provider": "provider[\"registry.terraform.io/databricks/databricks\"].mws_accowner",
      "instances": [
        {
          "index_key": "xa_admin1@pm.me",
          "schema_version": 0,
          "attributes": {
            "group_id": "1064028720162395",
            "id": "1064028720162395|4876023393150737",
            "member_id": "4876023393150737"
          },
          "sensitive_attributes": [],
          "private": "bnVsbA==",
          "dependencies": [
            "module.aws_crossaccount_role.aws_iam_policy.cross_account_policy",
            "module.aws_crossaccount_role.aws_iam_role.cross_account_role",
            "module.aws_crossaccount_role.aws_iam_role_policy_attachment.cross_account_policy_attachment",
            "module.aws_crossaccount_role.data.databricks_aws_assume_role_policy.this",
            "module.aws_crossaccount_role.data.databricks_aws_crossaccount_policy.this",
            "module.aws_crossaccount_role.time_sleep.wait",
            "module.aws_vpc.data.aws_availability_zones.available",
            "module.aws_vpc.module.endpoints.aws_security_group.this",
            "module.aws_vpc.module.endpoints.aws_security_group_rule.this",
            "module.aws_vpc.module.endpoints.aws_vpc_endpoint.this",
            "module.aws_vpc.module.endpoints.data.aws_vpc_endpoint_service.this",
            "module.aws_vpc.module.vpc.aws_cloudwatch_log_group.flow_log",
            "module.aws_vpc.module.vpc.aws_customer_gateway.this",
            "module.aws_vpc.module.vpc.aws_db_subnet_group.database",
            "module.aws_vpc.module.vpc.aws_default_network_acl.this",
            "module.aws_vpc.module.vpc.aws_default_route_table.default",
            "module.aws_vpc.module.vpc.aws_default_security_group.this",
            "module.aws_vpc.module.vpc.aws_default_vpc.this",
            "module.aws_vpc.module.vpc.aws_egress_only_internet_gateway.this",
            "module.aws_vpc.module.vpc.aws_eip.nat",
            "module.aws_vpc.module.vpc.aws_elasticache_subnet_group.elasticache",
            "module.aws_vpc.module.vpc.aws_flow_log.this",
            "module.aws_vpc.module.vpc.aws_iam_policy.vpc_flow_log_cloudwatch",
            "module.aws_vpc.module.vpc.aws_iam_role.vpc_flow_log_cloudwatch",
            "module.aws_vpc.module.vpc.aws_iam_role_policy_attachment.vpc_flow_log_cloudwatch",
            "module.aws_vpc.module.vpc.aws_internet_gateway.this",
            "module.aws_vpc.module.vpc.aws_nat_gateway.this",
            "module.aws_vpc.module.vpc.aws_network_acl.database",
            "module.aws_vpc.module.vpc.aws_network_acl.elasticache",
            "module.aws_vpc.module.vpc.aws_network_acl.intra",
            "module.aws_vpc.module.vpc.aws_network_acl.outpost",
            "module.aws_vpc.module.vpc.aws_network_acl.private",
            "module.aws_vpc.module.vpc.aws_network_acl.public",
            "module.aws_vpc.module.vpc.aws_network_acl.redshift",
            "module.aws_vpc.module.vpc.aws_network_acl_rule.database_inbound",
            "module.aws_vpc.module.vpc.aws_network_acl_rule.database_outbound",
            "module.aws_vpc.module.vpc.aws_network_acl_rule.elasticache_inbound",
            "module.aws_vpc.module.vpc.aws_network_acl_rule.elasticache_outbound",
            "module.aws_vpc.module.vpc.aws_network_acl_rule.intra_inbound",
            "module.aws_vpc.module.vpc.aws_network_acl_rule.intra_outbound",
            "module.aws_vpc.module.vpc.aws_network_acl_rule.outpost_inbound",
            "module.aws_vpc.module.vpc.aws_network_acl_rule.outpost_outbound",
            "module.aws_vpc.module.vpc.aws_network_acl_rule.private_inbound",
            "module.aws_vpc.module.vpc.aws_network_acl_rule.private_outbound",
            "module.aws_vpc.module.vpc.aws_network_acl_rule.public_inbound",
            "module.aws_vpc.module.vpc.aws_network_acl_rule.public_outbound",
            "module.aws_vpc.module.vpc.aws_network_acl_rule.redshift_inbound",
            "module.aws_vpc.module.vpc.aws_network_acl_rule.redshift_outbound",
            "module.aws_vpc.module.vpc.aws_redshift_subnet_group.redshift",
            "module.aws_vpc.module.vpc.aws_route.database_dns64_nat_gateway",
            "module.aws_vpc.module.vpc.aws_route.database_internet_gateway",
            "module.aws_vpc.module.vpc.aws_route.database_ipv6_egress",
            "module.aws_vpc.module.vpc.aws_route.database_nat_gateway",
            "module.aws_vpc.module.vpc.aws_route.private_dns64_nat_gateway",
            "module.aws_vpc.module.vpc.aws_route.private_ipv6_egress",
            "module.aws_vpc.module.vpc.aws_route.private_nat_gateway",
            "module.aws_vpc.module.vpc.aws_route.public_internet_gateway",
            "module.aws_vpc.module.vpc.aws_route.public_internet_gateway_ipv6",
            "module.aws_vpc.module.vpc.aws_route_table.database",
            "module.aws_vpc.module.vpc.aws_route_table.elasticache",
            "module.aws_vpc.module.vpc.aws_route_table.intra",
            "module.aws_vpc.module.vpc.aws_route_table.private",
            "module.aws_vpc.module.vpc.aws_route_table.public",
            "module.aws_vpc.module.vpc.aws_route_table.redshift",
            "module.aws_vpc.module.vpc.aws_route_table_association.database",
            "module.aws_vpc.module.vpc.aws_route_table_association.elasticache",
            "module.aws_vpc.module.vpc.aws_route_table_association.intra",
            "module.aws_vpc.module.vpc.aws_route_table_association.outpost",
            "module.aws_vpc.module.vpc.aws_route_table_association.private",
            "module.aws_vpc.module.vpc.aws_route_table_association.public",
            "module.aws_vpc.module.vpc.aws_route_table_association.redshift",
            "module.aws_vpc.module.vpc.aws_route_table_association.redshift_public",
            "module.aws_vpc.module.vpc.aws_subnet.database",
            "module.aws_vpc.module.vpc.aws_subnet.elasticache",
            "module.aws_vpc.module.vpc.aws_subnet.intra",
            "module.aws_vpc.module.vpc.aws_subnet.outpost",
            "module.aws_vpc.module.vpc.aws_subnet.private",
            "module.aws_vpc.module.vpc.aws_subnet.public",
            "module.aws_vpc.module.vpc.aws_subnet.redshift",
            "module.aws_vpc.module.vpc.aws_vpc.this",
            "module.aws_vpc.module.vpc.aws_vpc_dhcp_options.this",
            "module.aws_vpc.module.vpc.aws_vpc_dhcp_options_association.this",
            "module.aws_vpc.module.vpc.aws_vpc_ipv4_cidr_block_association.this",
            "module.aws_vpc.module.vpc.aws_vpn_gateway.this",
            "module.aws_vpc.module.vpc.aws_vpn_gateway_attachment.this",
            "module.aws_vpc.module.vpc.aws_vpn_gateway_route_propagation.intra",
            "module.aws_vpc.module.vpc.aws_vpn_gateway_route_propagation.private",
            "module.aws_vpc.module.vpc.aws_vpn_gateway_route_propagation.public",
            "module.aws_vpc.module.vpc.data.aws_iam_policy_document.flow_log_cloudwatch_assume_role",
            "module.aws_vpc.module.vpc.data.aws_iam_policy_document.vpc_flow_log_cloudwatch",
            "module.uc_bootstrap.databricks_group.workspace_user_group",
            "module.uc_bootstrap.databricks_user.unity_users"
          ]
        },
        {
          "index_key": "xa_user1@pm.me",
          "schema_version": 0,
          "attributes": {
            "group_id": "1064028720162395",
            "id": "1064028720162395|1935037988835115",
            "member_id": "1935037988835115"
          },
          "sensitive_attributes": [],
          "private": "bnVsbA==",
          "dependencies": [
            "module.aws_crossaccount_role.aws_iam_policy.cross_account_policy",
            "module.aws_crossaccount_role.aws_iam_role.cross_account_role",
            "module.aws_crossaccount_role.aws_iam_role_policy_attachment.cross_account_policy_attachment",
            "module.aws_crossaccount_role.data.databricks_aws_assume_role_policy.this",
            "module.aws_crossaccount_role.data.databricks_aws_crossaccount_policy.this",
            "module.aws_crossaccount_role.time_sleep.wait",
            "module.aws_vpc.data.aws_availability_zones.available",
            "module.aws_vpc.module.endpoints.aws_security_group.this",
            "module.aws_vpc.module.endpoints.aws_security_group_rule.this",
            "module.aws_vpc.module.endpoints.aws_vpc_endpoint.this",
            "module.aws_vpc.module.endpoints.data.aws_vpc_endpoint_service.this",
            "module.aws_vpc.module.vpc.aws_cloudwatch_log_group.flow_log",
            "module.aws_vpc.module.vpc.aws_customer_gateway.this",
            "module.aws_vpc.module.vpc.aws_db_subnet_group.database",
            "module.aws_vpc.module.vpc.aws_default_network_acl.this",
            "module.aws_vpc.module.vpc.aws_default_route_table.default",
            "module.aws_vpc.module.vpc.aws_default_security_group.this",
            "module.aws_vpc.module.vpc.aws_default_vpc.this",
            "module.aws_vpc.module.vpc.aws_egress_only_internet_gateway.this",
            "module.aws_vpc.module.vpc.aws_eip.nat",
            "module.aws_vpc.module.vpc.aws_elasticache_subnet_group.elasticache",
            "module.aws_vpc.module.vpc.aws_flow_log.this",
            "module.aws_vpc.module.vpc.aws_iam_policy.vpc_flow_log_cloudwatch",
            "module.aws_vpc.module.vpc.aws_iam_role.vpc_flow_log_cloudwatch",
            "module.aws_vpc.module.vpc.aws_iam_role_policy_attachment.vpc_flow_log_cloudwatch",
            "module.aws_vpc.module.vpc.aws_internet_gateway.this",
            "module.aws_vpc.module.vpc.aws_nat_gateway.this",
            "module.aws_vpc.module.vpc.aws_network_acl.database",
            "module.aws_vpc.module.vpc.aws_network_acl.elasticache",
            "module.aws_vpc.module.vpc.aws_network_acl.intra",
            "module.aws_vpc.module.vpc.aws_network_acl.outpost",
            "module.aws_vpc.module.vpc.aws_network_acl.private",
            "module.aws_vpc.module.vpc.aws_network_acl.public",
            "module.aws_vpc.module.vpc.aws_network_acl.redshift",
            "module.aws_vpc.module.vpc.aws_network_acl_rule.database_inbound",
            "module.aws_vpc.module.vpc.aws_network_acl_rule.database_outbound",
            "module.aws_vpc.module.vpc.aws_network_acl_rule.elasticache_inbound",
            "module.aws_vpc.module.vpc.aws_network_acl_rule.elasticache_outbound",
            "module.aws_vpc.module.vpc.aws_network_acl_rule.intra_inbound",
            "module.aws_vpc.module.vpc.aws_network_acl_rule.intra_outbound",
            "module.aws_vpc.module.vpc.aws_network_acl_rule.outpost_inbound",
            "module.aws_vpc.module.vpc.aws_network_acl_rule.outpost_outbound",
            "module.aws_vpc.module.vpc.aws_network_acl_rule.private_inbound",
            "module.aws_vpc.module.vpc.aws_network_acl_rule.private_outbound",
            "module.aws_vpc.module.vpc.aws_network_acl_rule.public_inbound",
            "module.aws_vpc.module.vpc.aws_network_acl_rule.public_outbound",
            "module.aws_vpc.module.vpc.aws_network_acl_rule.redshift_inbound",
            "module.aws_vpc.module.vpc.aws_network_acl_rule.redshift_outbound",
            "module.aws_vpc.module.vpc.aws_redshift_subnet_group.redshift",
            "module.aws_vpc.module.vpc.aws_route.database_dns64_nat_gateway",
            "module.aws_vpc.module.vpc.aws_route.database_internet_gateway",
            "module.aws_vpc.module.vpc.aws_route.database_ipv6_egress",
            "module.aws_vpc.module.vpc.aws_route.database_nat_gateway",
            "module.aws_vpc.module.vpc.aws_route.private_dns64_nat_gateway",
            "module.aws_vpc.module.vpc.aws_route.private_ipv6_egress",
            "module.aws_vpc.module.vpc.aws_route.private_nat_gateway",
            "module.aws_vpc.module.vpc.aws_route.public_internet_gateway",
            "module.aws_vpc.module.vpc.aws_route.public_internet_gateway_ipv6",
            "module.aws_vpc.module.vpc.aws_route_table.database",
            "module.aws_vpc.module.vpc.aws_route_table.elasticache",
            "module.aws_vpc.module.vpc.aws_route_table.intra",
            "module.aws_vpc.module.vpc.aws_route_table.private",
            "module.aws_vpc.module.vpc.aws_route_table.public",
            "module.aws_vpc.module.vpc.aws_route_table.redshift",
            "module.aws_vpc.module.vpc.aws_route_table_association.database",
            "module.aws_vpc.module.vpc.aws_route_table_association.elasticache",
            "module.aws_vpc.module.vpc.aws_route_table_association.intra",
            "module.aws_vpc.module.vpc.aws_route_table_association.outpost",
            "module.aws_vpc.module.vpc.aws_route_table_association.private",
            "module.aws_vpc.module.vpc.aws_route_table_association.public",
            "module.aws_vpc.module.vpc.aws_route_table_association.redshift",
            "module.aws_vpc.module.vpc.aws_route_table_association.redshift_public",
            "module.aws_vpc.module.vpc.aws_subnet.database",
            "module.aws_vpc.module.vpc.aws_subnet.elasticache",
            "module.aws_vpc.module.vpc.aws_subnet.intra",
            "module.aws_vpc.module.vpc.aws_subnet.outpost",
            "module.aws_vpc.module.vpc.aws_subnet.private",
            "module.aws_vpc.module.vpc.aws_subnet.public",
            "module.aws_vpc.module.vpc.aws_subnet.redshift",
            "module.aws_vpc.module.vpc.aws_vpc.this",
            "module.aws_vpc.module.vpc.aws_vpc_dhcp_options.this",
            "module.aws_vpc.module.vpc.aws_vpc_dhcp_options_association.this",
            "module.aws_vpc.module.vpc.aws_vpc_ipv4_cidr_block_association.this",
            "module.aws_vpc.module.vpc.aws_vpn_gateway.this",
            "module.aws_vpc.module.vpc.aws_vpn_gateway_attachment.this",
            "module.aws_vpc.module.vpc.aws_vpn_gateway_route_propagation.intra",
            "module.aws_vpc.module.vpc.aws_vpn_gateway_route_propagation.private",
            "module.aws_vpc.module.vpc.aws_vpn_gateway_route_propagation.public",
            "module.aws_vpc.module.vpc.data.aws_iam_policy_document.flow_log_cloudwatch_assume_role",
            "module.aws_vpc.module.vpc.data.aws_iam_policy_document.vpc_flow_log_cloudwatch",
            "module.uc_bootstrap.databricks_group.workspace_user_group",
            "module.uc_bootstrap.databricks_user.unity_users"
          ]
        },
        {
          "index_key": "xa_user2@pm.me",
          "schema_version": 0,
          "attributes": {
            "group_id": "1064028720162395",
            "id": "1064028720162395|3903097452926542",
            "member_id": "3903097452926542"
          },
          "sensitive_attributes": [],
          "private": "bnVsbA==",
          "dependencies": [
            "module.aws_crossaccount_role.aws_iam_policy.cross_account_policy",
            "module.aws_crossaccount_role.aws_iam_role.cross_account_role",
            "module.aws_crossaccount_role.aws_iam_role_policy_attachment.cross_account_policy_attachment",
            "module.aws_crossaccount_role.data.databricks_aws_assume_role_policy.this",
            "module.aws_crossaccount_role.data.databricks_aws_crossaccount_policy.this",
            "module.aws_crossaccount_role.time_sleep.wait",
            "module.aws_vpc.data.aws_availability_zones.available",
            "module.aws_vpc.module.endpoints.aws_security_group.this",
            "module.aws_vpc.module.endpoints.aws_security_group_rule.this",
            "module.aws_vpc.module.endpoints.aws_vpc_endpoint.this",
            "module.aws_vpc.module.endpoints.data.aws_vpc_endpoint_service.this",
            "module.aws_vpc.module.vpc.aws_cloudwatch_log_group.flow_log",
            "module.aws_vpc.module.vpc.aws_customer_gateway.this",
            "module.aws_vpc.module.vpc.aws_db_subnet_group.database",
            "module.aws_vpc.module.vpc.aws_default_network_acl.this",
            "module.aws_vpc.module.vpc.aws_default_route_table.default",
            "module.aws_vpc.module.vpc.aws_default_security_group.this",
            "module.aws_vpc.module.vpc.aws_default_vpc.this",
            "module.aws_vpc.module.vpc.aws_egress_only_internet_gateway.this",
            "module.aws_vpc.module.vpc.aws_eip.nat",
            "module.aws_vpc.module.vpc.aws_elasticache_subnet_group.elasticache",
            "module.aws_vpc.module.vpc.aws_flow_log.this",
            "module.aws_vpc.module.vpc.aws_iam_policy.vpc_flow_log_cloudwatch",
            "module.aws_vpc.module.vpc.aws_iam_role.vpc_flow_log_cloudwatch",
            "module.aws_vpc.module.vpc.aws_iam_role_policy_attachment.vpc_flow_log_cloudwatch",
            "module.aws_vpc.module.vpc.aws_internet_gateway.this",
            "module.aws_vpc.module.vpc.aws_nat_gateway.this",
            "module.aws_vpc.module.vpc.aws_network_acl.database",
            "module.aws_vpc.module.vpc.aws_network_acl.elasticache",
            "module.aws_vpc.module.vpc.aws_network_acl.intra",
            "module.aws_vpc.module.vpc.aws_network_acl.outpost",
            "module.aws_vpc.module.vpc.aws_network_acl.private",
            "module.aws_vpc.module.vpc.aws_network_acl.public",
            "module.aws_vpc.module.vpc.aws_network_acl.redshift",
            "module.aws_vpc.module.vpc.aws_network_acl_rule.database_inbound",
            "module.aws_vpc.module.vpc.aws_network_acl_rule.database_outbound",
            "module.aws_vpc.module.vpc.aws_network_acl_rule.elasticache_inbound",
            "module.aws_vpc.module.vpc.aws_network_acl_rule.elasticache_outbound",
            "module.aws_vpc.module.vpc.aws_network_acl_rule.intra_inbound",
            "module.aws_vpc.module.vpc.aws_network_acl_rule.intra_outbound",
            "module.aws_vpc.module.vpc.aws_network_acl_rule.outpost_inbound",
            "module.aws_vpc.module.vpc.aws_network_acl_rule.outpost_outbound",
            "module.aws_vpc.module.vpc.aws_network_acl_rule.private_inbound",
            "module.aws_vpc.module.vpc.aws_network_acl_rule.private_outbound",
            "module.aws_vpc.module.vpc.aws_network_acl_rule.public_inbound",
            "module.aws_vpc.module.vpc.aws_network_acl_rule.public_outbound",
            "module.aws_vpc.module.vpc.aws_network_acl_rule.redshift_inbound",
            "module.aws_vpc.module.vpc.aws_network_acl_rule.redshift_outbound",
            "module.aws_vpc.module.vpc.aws_redshift_subnet_group.redshift",
            "module.aws_vpc.module.vpc.aws_route.database_dns64_nat_gateway",
            "module.aws_vpc.module.vpc.aws_route.database_internet_gateway",
            "module.aws_vpc.module.vpc.aws_route.database_ipv6_egress",
            "module.aws_vpc.module.vpc.aws_route.database_nat_gateway",
            "module.aws_vpc.module.vpc.aws_route.private_dns64_nat_gateway",
            "module.aws_vpc.module.vpc.aws_route.private_ipv6_egress",
            "module.aws_vpc.module.vpc.aws_route.private_nat_gateway",
            "module.aws_vpc.module.vpc.aws_route.public_internet_gateway",
            "module.aws_vpc.module.vpc.aws_route.public_internet_gateway_ipv6",
            "module.aws_vpc.module.vpc.aws_route_table.database",
            "module.aws_vpc.module.vpc.aws_route_table.elasticache",
            "module.aws_vpc.module.vpc.aws_route_table.intra",
            "module.aws_vpc.module.vpc.aws_route_table.private",
            "module.aws_vpc.module.vpc.aws_route_table.public",
            "module.aws_vpc.module.vpc.aws_route_table.redshift",
            "module.aws_vpc.module.vpc.aws_route_table_association.database",
            "module.aws_vpc.module.vpc.aws_route_table_association.elasticache",
            "module.aws_vpc.module.vpc.aws_route_table_association.intra",
            "module.aws_vpc.module.vpc.aws_route_table_association.outpost",
            "module.aws_vpc.module.vpc.aws_route_table_association.private",
            "module.aws_vpc.module.vpc.aws_route_table_association.public",
            "module.aws_vpc.module.vpc.aws_route_table_association.redshift",
            "module.aws_vpc.module.vpc.aws_route_table_association.redshift_public",
            "module.aws_vpc.module.vpc.aws_subnet.database",
            "module.aws_vpc.module.vpc.aws_subnet.elasticache",
            "module.aws_vpc.module.vpc.aws_subnet.intra",
            "module.aws_vpc.module.vpc.aws_subnet.outpost",
            "module.aws_vpc.module.vpc.aws_subnet.private",
            "module.aws_vpc.module.vpc.aws_subnet.public",
            "module.aws_vpc.module.vpc.aws_subnet.redshift",
            "module.aws_vpc.module.vpc.aws_vpc.this",
            "module.aws_vpc.module.vpc.aws_vpc_dhcp_options.this",
            "module.aws_vpc.module.vpc.aws_vpc_dhcp_options_association.this",
            "module.aws_vpc.module.vpc.aws_vpc_ipv4_cidr_block_association.this",
            "module.aws_vpc.module.vpc.aws_vpn_gateway.this",
            "module.aws_vpc.module.vpc.aws_vpn_gateway_attachment.this",
            "module.aws_vpc.module.vpc.aws_vpn_gateway_route_propagation.intra",
            "module.aws_vpc.module.vpc.aws_vpn_gateway_route_propagation.private",
            "module.aws_vpc.module.vpc.aws_vpn_gateway_route_propagation.public",
            "module.aws_vpc.module.vpc.data.aws_iam_policy_document.flow_log_cloudwatch_assume_role",
            "module.aws_vpc.module.vpc.data.aws_iam_policy_document.vpc_flow_log_cloudwatch",
            "module.uc_bootstrap.databricks_group.workspace_user_group",
            "module.uc_bootstrap.databricks_user.unity_users"
          ]
        },
        {
          "index_key": "xtarmitage+databricks-root@gmail.com",
          "schema_version": 0,
          "attributes": {
            "group_id": "1064028720162395",
            "id": "1064028720162395|5233665981611100",
            "member_id": "5233665981611100"
          },
          "sensitive_attributes": [],
          "private": "bnVsbA==",
          "dependencies": [
            "module.aws_crossaccount_role.aws_iam_policy.cross_account_policy",
            "module.aws_crossaccount_role.aws_iam_role.cross_account_role",
            "module.aws_crossaccount_role.aws_iam_role_policy_attachment.cross_account_policy_attachment",
            "module.aws_crossaccount_role.data.databricks_aws_assume_role_policy.this",
            "module.aws_crossaccount_role.data.databricks_aws_crossaccount_policy.this",
            "module.aws_crossaccount_role.time_sleep.wait",
            "module.aws_vpc.data.aws_availability_zones.available",
            "module.aws_vpc.module.endpoints.aws_security_group.this",
            "module.aws_vpc.module.endpoints.aws_security_group_rule.this",
            "module.aws_vpc.module.endpoints.aws_vpc_endpoint.this",
            "module.aws_vpc.module.endpoints.data.aws_vpc_endpoint_service.this",
            "module.aws_vpc.module.vpc.aws_cloudwatch_log_group.flow_log",
            "module.aws_vpc.module.vpc.aws_customer_gateway.this",
            "module.aws_vpc.module.vpc.aws_db_subnet_group.database",
            "module.aws_vpc.module.vpc.aws_default_network_acl.this",
            "module.aws_vpc.module.vpc.aws_default_route_table.default",
            "module.aws_vpc.module.vpc.aws_default_security_group.this",
            "module.aws_vpc.module.vpc.aws_default_vpc.this",
            "module.aws_vpc.module.vpc.aws_egress_only_internet_gateway.this",
            "module.aws_vpc.module.vpc.aws_eip.nat",
            "module.aws_vpc.module.vpc.aws_elasticache_subnet_group.elasticache",
            "module.aws_vpc.module.vpc.aws_flow_log.this",
            "module.aws_vpc.module.vpc.aws_iam_policy.vpc_flow_log_cloudwatch",
            "module.aws_vpc.module.vpc.aws_iam_role.vpc_flow_log_cloudwatch",
            "module.aws_vpc.module.vpc.aws_iam_role_policy_attachment.vpc_flow_log_cloudwatch",
            "module.aws_vpc.module.vpc.aws_internet_gateway.this",
            "module.aws_vpc.module.vpc.aws_nat_gateway.this",
            "module.aws_vpc.module.vpc.aws_network_acl.database",
            "module.aws_vpc.module.vpc.aws_network_acl.elasticache",
            "module.aws_vpc.module.vpc.aws_network_acl.intra",
            "module.aws_vpc.module.vpc.aws_network_acl.outpost",
            "module.aws_vpc.module.vpc.aws_network_acl.private",
            "module.aws_vpc.module.vpc.aws_network_acl.public",
            "module.aws_vpc.module.vpc.aws_network_acl.redshift",
            "module.aws_vpc.module.vpc.aws_network_acl_rule.database_inbound",
            "module.aws_vpc.module.vpc.aws_network_acl_rule.database_outbound",
            "module.aws_vpc.module.vpc.aws_network_acl_rule.elasticache_inbound",
            "module.aws_vpc.module.vpc.aws_network_acl_rule.elasticache_outbound",
            "module.aws_vpc.module.vpc.aws_network_acl_rule.intra_inbound",
            "module.aws_vpc.module.vpc.aws_network_acl_rule.intra_outbound",
            "module.aws_vpc.module.vpc.aws_network_acl_rule.outpost_inbound",
            "module.aws_vpc.module.vpc.aws_network_acl_rule.outpost_outbound",
            "module.aws_vpc.module.vpc.aws_network_acl_rule.private_inbound",
            "module.aws_vpc.module.vpc.aws_network_acl_rule.private_outbound",
            "module.aws_vpc.module.vpc.aws_network_acl_rule.public_inbound",
            "module.aws_vpc.module.vpc.aws_network_acl_rule.public_outbound",
            "module.aws_vpc.module.vpc.aws_network_acl_rule.redshift_inbound",
            "module.aws_vpc.module.vpc.aws_network_acl_rule.redshift_outbound",
            "module.aws_vpc.module.vpc.aws_redshift_subnet_group.redshift",
            "module.aws_vpc.module.vpc.aws_route.database_dns64_nat_gateway",
            "module.aws_vpc.module.vpc.aws_route.database_internet_gateway",
            "module.aws_vpc.module.vpc.aws_route.database_ipv6_egress",
            "module.aws_vpc.module.vpc.aws_route.database_nat_gateway",
            "module.aws_vpc.module.vpc.aws_route.private_dns64_nat_gateway",
            "module.aws_vpc.module.vpc.aws_route.private_ipv6_egress",
            "module.aws_vpc.module.vpc.aws_route.private_nat_gateway",
            "module.aws_vpc.module.vpc.aws_route.public_internet_gateway",
            "module.aws_vpc.module.vpc.aws_route.public_internet_gateway_ipv6",
            "module.aws_vpc.module.vpc.aws_route_table.database",
            "module.aws_vpc.module.vpc.aws_route_table.elasticache",
            "module.aws_vpc.module.vpc.aws_route_table.intra",
            "module.aws_vpc.module.vpc.aws_route_table.private",
            "module.aws_vpc.module.vpc.aws_route_table.public",
            "module.aws_vpc.module.vpc.aws_route_table.redshift",
            "module.aws_vpc.module.vpc.aws_route_table_association.database",
            "module.aws_vpc.module.vpc.aws_route_table_association.elasticache",
            "module.aws_vpc.module.vpc.aws_route_table_association.intra",
            "module.aws_vpc.module.vpc.aws_route_table_association.outpost",
            "module.aws_vpc.module.vpc.aws_route_table_association.private",
            "module.aws_vpc.module.vpc.aws_route_table_association.public",
            "module.aws_vpc.module.vpc.aws_route_table_association.redshift",
            "module.aws_vpc.module.vpc.aws_route_table_association.redshift_public",
            "module.aws_vpc.module.vpc.aws_subnet.database",
            "module.aws_vpc.module.vpc.aws_subnet.elasticache",
            "module.aws_vpc.module.vpc.aws_subnet.intra",
            "module.aws_vpc.module.vpc.aws_subnet.outpost",
            "module.aws_vpc.module.vpc.aws_subnet.private",
            "module.aws_vpc.module.vpc.aws_subnet.public",
            "module.aws_vpc.module.vpc.aws_subnet.redshift",
            "module.aws_vpc.module.vpc.aws_vpc.this",
            "module.aws_vpc.module.vpc.aws_vpc_dhcp_options.this",
            "module.aws_vpc.module.vpc.aws_vpc_dhcp_options_association.this",
            "module.aws_vpc.module.vpc.aws_vpc_ipv4_cidr_block_association.this",
            "module.aws_vpc.module.vpc.aws_vpn_gateway.this",
            "module.aws_vpc.module.vpc.aws_vpn_gateway_attachment.this",
            "module.aws_vpc.module.vpc.aws_vpn_gateway_route_propagation.intra",
            "module.aws_vpc.module.vpc.aws_vpn_gateway_route_propagation.private",
            "module.aws_vpc.module.vpc.aws_vpn_gateway_route_propagation.public",
            "module.aws_vpc.module.vpc.data.aws_iam_policy_document.flow_log_cloudwatch_assume_role",
            "module.aws_vpc.module.vpc.data.aws_iam_policy_document.vpc_flow_log_cloudwatch",
            "module.uc_bootstrap.databricks_group.workspace_user_group",
            "module.uc_bootstrap.databricks_user.unity_users"
          ]
        }
      ]
    },
    {
      "module": "module.uc_bootstrap",
      "mode": "managed",
      "type": "databricks_service_principal_role",
      "name": "terraform_admin",
      "provider": "provider[\"registry.terraform.io/databricks/databricks\"].mws_accowner",
      "instances": [
        {
          "schema_version": 0,
          "attributes": {
            "id": "8111227499085862|account_admin",
            "role": "account_admin",
            "service_principal_id": "8111227499085862"
          },
          "sensitive_attributes": [],
          "private": "bnVsbA==",
          "dependencies": [
            "module.aws_crossaccount_role.aws_iam_policy.cross_account_policy",
            "module.aws_crossaccount_role.aws_iam_role.cross_account_role",
            "module.aws_crossaccount_role.aws_iam_role_policy_attachment.cross_account_policy_attachment",
            "module.aws_crossaccount_role.data.databricks_aws_assume_role_policy.this",
            "module.aws_crossaccount_role.data.databricks_aws_crossaccount_policy.this",
            "module.aws_crossaccount_role.time_sleep.wait",
            "module.aws_vpc.data.aws_availability_zones.available",
            "module.aws_vpc.module.endpoints.aws_security_group.this",
            "module.aws_vpc.module.endpoints.aws_security_group_rule.this",
            "module.aws_vpc.module.endpoints.aws_vpc_endpoint.this",
            "module.aws_vpc.module.endpoints.data.aws_vpc_endpoint_service.this",
            "module.aws_vpc.module.vpc.aws_cloudwatch_log_group.flow_log",
            "module.aws_vpc.module.vpc.aws_customer_gateway.this",
            "module.aws_vpc.module.vpc.aws_db_subnet_group.database",
            "module.aws_vpc.module.vpc.aws_default_network_acl.this",
            "module.aws_vpc.module.vpc.aws_default_route_table.default",
            "module.aws_vpc.module.vpc.aws_default_security_group.this",
            "module.aws_vpc.module.vpc.aws_default_vpc.this",
            "module.aws_vpc.module.vpc.aws_egress_only_internet_gateway.this",
            "module.aws_vpc.module.vpc.aws_eip.nat",
            "module.aws_vpc.module.vpc.aws_elasticache_subnet_group.elasticache",
            "module.aws_vpc.module.vpc.aws_flow_log.this",
            "module.aws_vpc.module.vpc.aws_iam_policy.vpc_flow_log_cloudwatch",
            "module.aws_vpc.module.vpc.aws_iam_role.vpc_flow_log_cloudwatch",
            "module.aws_vpc.module.vpc.aws_iam_role_policy_attachment.vpc_flow_log_cloudwatch",
            "module.aws_vpc.module.vpc.aws_internet_gateway.this",
            "module.aws_vpc.module.vpc.aws_nat_gateway.this",
            "module.aws_vpc.module.vpc.aws_network_acl.database",
            "module.aws_vpc.module.vpc.aws_network_acl.elasticache",
            "module.aws_vpc.module.vpc.aws_network_acl.intra",
            "module.aws_vpc.module.vpc.aws_network_acl.outpost",
            "module.aws_vpc.module.vpc.aws_network_acl.private",
            "module.aws_vpc.module.vpc.aws_network_acl.public",
            "module.aws_vpc.module.vpc.aws_network_acl.redshift",
            "module.aws_vpc.module.vpc.aws_network_acl_rule.database_inbound",
            "module.aws_vpc.module.vpc.aws_network_acl_rule.database_outbound",
            "module.aws_vpc.module.vpc.aws_network_acl_rule.elasticache_inbound",
            "module.aws_vpc.module.vpc.aws_network_acl_rule.elasticache_outbound",
            "module.aws_vpc.module.vpc.aws_network_acl_rule.intra_inbound",
            "module.aws_vpc.module.vpc.aws_network_acl_rule.intra_outbound",
            "module.aws_vpc.module.vpc.aws_network_acl_rule.outpost_inbound",
            "module.aws_vpc.module.vpc.aws_network_acl_rule.outpost_outbound",
            "module.aws_vpc.module.vpc.aws_network_acl_rule.private_inbound",
            "module.aws_vpc.module.vpc.aws_network_acl_rule.private_outbound",
            "module.aws_vpc.module.vpc.aws_network_acl_rule.public_inbound",
            "module.aws_vpc.module.vpc.aws_network_acl_rule.public_outbound",
            "module.aws_vpc.module.vpc.aws_network_acl_rule.redshift_inbound",
            "module.aws_vpc.module.vpc.aws_network_acl_rule.redshift_outbound",
            "module.aws_vpc.module.vpc.aws_redshift_subnet_group.redshift",
            "module.aws_vpc.module.vpc.aws_route.database_dns64_nat_gateway",
            "module.aws_vpc.module.vpc.aws_route.database_internet_gateway",
            "module.aws_vpc.module.vpc.aws_route.database_ipv6_egress",
            "module.aws_vpc.module.vpc.aws_route.database_nat_gateway",
            "module.aws_vpc.module.vpc.aws_route.private_dns64_nat_gateway",
            "module.aws_vpc.module.vpc.aws_route.private_ipv6_egress",
            "module.aws_vpc.module.vpc.aws_route.private_nat_gateway",
            "module.aws_vpc.module.vpc.aws_route.public_internet_gateway",
            "module.aws_vpc.module.vpc.aws_route.public_internet_gateway_ipv6",
            "module.aws_vpc.module.vpc.aws_route_table.database",
            "module.aws_vpc.module.vpc.aws_route_table.elasticache",
            "module.aws_vpc.module.vpc.aws_route_table.intra",
            "module.aws_vpc.module.vpc.aws_route_table.private",
            "module.aws_vpc.module.vpc.aws_route_table.public",
            "module.aws_vpc.module.vpc.aws_route_table.redshift",
            "module.aws_vpc.module.vpc.aws_route_table_association.database",
            "module.aws_vpc.module.vpc.aws_route_table_association.elasticache",
            "module.aws_vpc.module.vpc.aws_route_table_association.intra",
            "module.aws_vpc.module.vpc.aws_route_table_association.outpost",
            "module.aws_vpc.module.vpc.aws_route_table_association.private",
            "module.aws_vpc.module.vpc.aws_route_table_association.public",
            "module.aws_vpc.module.vpc.aws_route_table_association.redshift",
            "module.aws_vpc.module.vpc.aws_route_table_association.redshift_public",
            "module.aws_vpc.module.vpc.aws_subnet.database",
            "module.aws_vpc.module.vpc.aws_subnet.elasticache",
            "module.aws_vpc.module.vpc.aws_subnet.intra",
            "module.aws_vpc.module.vpc.aws_subnet.outpost",
            "module.aws_vpc.module.vpc.aws_subnet.private",
            "module.aws_vpc.module.vpc.aws_subnet.public",
            "module.aws_vpc.module.vpc.aws_subnet.redshift",
            "module.aws_vpc.module.vpc.aws_vpc.this",
            "module.aws_vpc.module.vpc.aws_vpc_dhcp_options.this",
            "module.aws_vpc.module.vpc.aws_vpc_dhcp_options_association.this",
            "module.aws_vpc.module.vpc.aws_vpc_ipv4_cidr_block_association.this",
            "module.aws_vpc.module.vpc.aws_vpn_gateway.this",
            "module.aws_vpc.module.vpc.aws_vpn_gateway_attachment.this",
            "module.aws_vpc.module.vpc.aws_vpn_gateway_route_propagation.intra",
            "module.aws_vpc.module.vpc.aws_vpn_gateway_route_propagation.private",
            "module.aws_vpc.module.vpc.aws_vpn_gateway_route_propagation.public",
            "module.aws_vpc.module.vpc.data.aws_iam_policy_document.flow_log_cloudwatch_assume_role",
            "module.aws_vpc.module.vpc.data.aws_iam_policy_document.vpc_flow_log_cloudwatch",
            "module.uc_bootstrap.data.databricks_service_principal.terraform_sp"
          ]
        }
      ]
    },
    {
      "module": "module.uc_bootstrap",
      "mode": "managed",
      "type": "databricks_service_principal_secret",
      "name": "terraform_sp",
      "provider": "provider[\"registry.terraform.io/databricks/databricks\"].mws_accowner",
      "instances": [
        {
          "schema_version": 0,
          "attributes": {
            "id": "f3a5588703fd823b32e625abca6247698b377c3c797c1c58d6e2e9087bacc5da",
            "secret": "dose61e4ef9c1465516b237d54b5ed130cf3",
            "service_principal_id": "8111227499085862",
            "status": "ACTIVE"
          },
          "sensitive_attributes": [],
          "private": "bnVsbA==",
          "dependencies": [
            "module.aws_crossaccount_role.aws_iam_policy.cross_account_policy",
            "module.aws_crossaccount_role.aws_iam_role.cross_account_role",
            "module.aws_crossaccount_role.aws_iam_role_policy_attachment.cross_account_policy_attachment",
            "module.aws_crossaccount_role.data.databricks_aws_assume_role_policy.this",
            "module.aws_crossaccount_role.data.databricks_aws_crossaccount_policy.this",
            "module.aws_crossaccount_role.time_sleep.wait",
            "module.aws_vpc.data.aws_availability_zones.available",
            "module.aws_vpc.module.endpoints.aws_security_group.this",
            "module.aws_vpc.module.endpoints.aws_security_group_rule.this",
            "module.aws_vpc.module.endpoints.aws_vpc_endpoint.this",
            "module.aws_vpc.module.endpoints.data.aws_vpc_endpoint_service.this",
            "module.aws_vpc.module.vpc.aws_cloudwatch_log_group.flow_log",
            "module.aws_vpc.module.vpc.aws_customer_gateway.this",
            "module.aws_vpc.module.vpc.aws_db_subnet_group.database",
            "module.aws_vpc.module.vpc.aws_default_network_acl.this",
            "module.aws_vpc.module.vpc.aws_default_route_table.default",
            "module.aws_vpc.module.vpc.aws_default_security_group.this",
            "module.aws_vpc.module.vpc.aws_default_vpc.this",
            "module.aws_vpc.module.vpc.aws_egress_only_internet_gateway.this",
            "module.aws_vpc.module.vpc.aws_eip.nat",
            "module.aws_vpc.module.vpc.aws_elasticache_subnet_group.elasticache",
            "module.aws_vpc.module.vpc.aws_flow_log.this",
            "module.aws_vpc.module.vpc.aws_iam_policy.vpc_flow_log_cloudwatch",
            "module.aws_vpc.module.vpc.aws_iam_role.vpc_flow_log_cloudwatch",
            "module.aws_vpc.module.vpc.aws_iam_role_policy_attachment.vpc_flow_log_cloudwatch",
            "module.aws_vpc.module.vpc.aws_internet_gateway.this",
            "module.aws_vpc.module.vpc.aws_nat_gateway.this",
            "module.aws_vpc.module.vpc.aws_network_acl.database",
            "module.aws_vpc.module.vpc.aws_network_acl.elasticache",
            "module.aws_vpc.module.vpc.aws_network_acl.intra",
            "module.aws_vpc.module.vpc.aws_network_acl.outpost",
            "module.aws_vpc.module.vpc.aws_network_acl.private",
            "module.aws_vpc.module.vpc.aws_network_acl.public",
            "module.aws_vpc.module.vpc.aws_network_acl.redshift",
            "module.aws_vpc.module.vpc.aws_network_acl_rule.database_inbound",
            "module.aws_vpc.module.vpc.aws_network_acl_rule.database_outbound",
            "module.aws_vpc.module.vpc.aws_network_acl_rule.elasticache_inbound",
            "module.aws_vpc.module.vpc.aws_network_acl_rule.elasticache_outbound",
            "module.aws_vpc.module.vpc.aws_network_acl_rule.intra_inbound",
            "module.aws_vpc.module.vpc.aws_network_acl_rule.intra_outbound",
            "module.aws_vpc.module.vpc.aws_network_acl_rule.outpost_inbound",
            "module.aws_vpc.module.vpc.aws_network_acl_rule.outpost_outbound",
            "module.aws_vpc.module.vpc.aws_network_acl_rule.private_inbound",
            "module.aws_vpc.module.vpc.aws_network_acl_rule.private_outbound",
            "module.aws_vpc.module.vpc.aws_network_acl_rule.public_inbound",
            "module.aws_vpc.module.vpc.aws_network_acl_rule.public_outbound",
            "module.aws_vpc.module.vpc.aws_network_acl_rule.redshift_inbound",
            "module.aws_vpc.module.vpc.aws_network_acl_rule.redshift_outbound",
            "module.aws_vpc.module.vpc.aws_redshift_subnet_group.redshift",
            "module.aws_vpc.module.vpc.aws_route.database_dns64_nat_gateway",
            "module.aws_vpc.module.vpc.aws_route.database_internet_gateway",
            "module.aws_vpc.module.vpc.aws_route.database_ipv6_egress",
            "module.aws_vpc.module.vpc.aws_route.database_nat_gateway",
            "module.aws_vpc.module.vpc.aws_route.private_dns64_nat_gateway",
            "module.aws_vpc.module.vpc.aws_route.private_ipv6_egress",
            "module.aws_vpc.module.vpc.aws_route.private_nat_gateway",
            "module.aws_vpc.module.vpc.aws_route.public_internet_gateway",
            "module.aws_vpc.module.vpc.aws_route.public_internet_gateway_ipv6",
            "module.aws_vpc.module.vpc.aws_route_table.database",
            "module.aws_vpc.module.vpc.aws_route_table.elasticache",
            "module.aws_vpc.module.vpc.aws_route_table.intra",
            "module.aws_vpc.module.vpc.aws_route_table.private",
            "module.aws_vpc.module.vpc.aws_route_table.public",
            "module.aws_vpc.module.vpc.aws_route_table.redshift",
            "module.aws_vpc.module.vpc.aws_route_table_association.database",
            "module.aws_vpc.module.vpc.aws_route_table_association.elasticache",
            "module.aws_vpc.module.vpc.aws_route_table_association.intra",
            "module.aws_vpc.module.vpc.aws_route_table_association.outpost",
            "module.aws_vpc.module.vpc.aws_route_table_association.private",
            "module.aws_vpc.module.vpc.aws_route_table_association.public",
            "module.aws_vpc.module.vpc.aws_route_table_association.redshift",
            "module.aws_vpc.module.vpc.aws_route_table_association.redshift_public",
            "module.aws_vpc.module.vpc.aws_subnet.database",
            "module.aws_vpc.module.vpc.aws_subnet.elasticache",
            "module.aws_vpc.module.vpc.aws_subnet.intra",
            "module.aws_vpc.module.vpc.aws_subnet.outpost",
            "module.aws_vpc.module.vpc.aws_subnet.private",
            "module.aws_vpc.module.vpc.aws_subnet.public",
            "module.aws_vpc.module.vpc.aws_subnet.redshift",
            "module.aws_vpc.module.vpc.aws_vpc.this",
            "module.aws_vpc.module.vpc.aws_vpc_dhcp_options.this",
            "module.aws_vpc.module.vpc.aws_vpc_dhcp_options_association.this",
            "module.aws_vpc.module.vpc.aws_vpc_ipv4_cidr_block_association.this",
            "module.aws_vpc.module.vpc.aws_vpn_gateway.this",
            "module.aws_vpc.module.vpc.aws_vpn_gateway_attachment.this",
            "module.aws_vpc.module.vpc.aws_vpn_gateway_route_propagation.intra",
            "module.aws_vpc.module.vpc.aws_vpn_gateway_route_propagation.private",
            "module.aws_vpc.module.vpc.aws_vpn_gateway_route_propagation.public",
            "module.aws_vpc.module.vpc.data.aws_iam_policy_document.flow_log_cloudwatch_assume_role",
            "module.aws_vpc.module.vpc.data.aws_iam_policy_document.vpc_flow_log_cloudwatch",
            "module.uc_bootstrap.data.databricks_service_principal.terraform_sp"
          ]
        }
      ]
    },
    {
      "module": "module.uc_bootstrap",
      "mode": "managed",
      "type": "databricks_user",
      "name": "unity_users",
      "provider": "provider[\"registry.terraform.io/databricks/databricks\"].mws_accowner",
      "instances": [
        {
          "index_key": "xa_admin1@pm.me",
          "schema_version": 0,
          "attributes": {
            "acl_principal_id": "users/xa_admin1@pm.me",
            "active": true,
            "allow_cluster_create": false,
            "allow_instance_pool_create": false,
            "databricks_sql_access": false,
            "disable_as_user_deletion": true,
            "display_name": "",
            "external_id": "",
            "force": true,
            "force_delete_home_dir": null,
            "force_delete_repos": null,
            "home": "/Users/xa_admin1@pm.me",
            "id": "4876023393150737",
            "repos": "/Repos/xa_admin1@pm.me",
            "user_name": "xa_admin1@pm.me",
            "workspace_access": false
          },
          "sensitive_attributes": [],
          "private": "bnVsbA==",
          "dependencies": [
            "module.aws_crossaccount_role.aws_iam_policy.cross_account_policy",
            "module.aws_crossaccount_role.aws_iam_role.cross_account_role",
            "module.aws_crossaccount_role.aws_iam_role_policy_attachment.cross_account_policy_attachment",
            "module.aws_crossaccount_role.data.databricks_aws_assume_role_policy.this",
            "module.aws_crossaccount_role.data.databricks_aws_crossaccount_policy.this",
            "module.aws_crossaccount_role.time_sleep.wait",
            "module.aws_vpc.data.aws_availability_zones.available",
            "module.aws_vpc.module.endpoints.aws_security_group.this",
            "module.aws_vpc.module.endpoints.aws_security_group_rule.this",
            "module.aws_vpc.module.endpoints.aws_vpc_endpoint.this",
            "module.aws_vpc.module.endpoints.data.aws_vpc_endpoint_service.this",
            "module.aws_vpc.module.vpc.aws_cloudwatch_log_group.flow_log",
            "module.aws_vpc.module.vpc.aws_customer_gateway.this",
            "module.aws_vpc.module.vpc.aws_db_subnet_group.database",
            "module.aws_vpc.module.vpc.aws_default_network_acl.this",
            "module.aws_vpc.module.vpc.aws_default_route_table.default",
            "module.aws_vpc.module.vpc.aws_default_security_group.this",
            "module.aws_vpc.module.vpc.aws_default_vpc.this",
            "module.aws_vpc.module.vpc.aws_egress_only_internet_gateway.this",
            "module.aws_vpc.module.vpc.aws_eip.nat",
            "module.aws_vpc.module.vpc.aws_elasticache_subnet_group.elasticache",
            "module.aws_vpc.module.vpc.aws_flow_log.this",
            "module.aws_vpc.module.vpc.aws_iam_policy.vpc_flow_log_cloudwatch",
            "module.aws_vpc.module.vpc.aws_iam_role.vpc_flow_log_cloudwatch",
            "module.aws_vpc.module.vpc.aws_iam_role_policy_attachment.vpc_flow_log_cloudwatch",
            "module.aws_vpc.module.vpc.aws_internet_gateway.this",
            "module.aws_vpc.module.vpc.aws_nat_gateway.this",
            "module.aws_vpc.module.vpc.aws_network_acl.database",
            "module.aws_vpc.module.vpc.aws_network_acl.elasticache",
            "module.aws_vpc.module.vpc.aws_network_acl.intra",
            "module.aws_vpc.module.vpc.aws_network_acl.outpost",
            "module.aws_vpc.module.vpc.aws_network_acl.private",
            "module.aws_vpc.module.vpc.aws_network_acl.public",
            "module.aws_vpc.module.vpc.aws_network_acl.redshift",
            "module.aws_vpc.module.vpc.aws_network_acl_rule.database_inbound",
            "module.aws_vpc.module.vpc.aws_network_acl_rule.database_outbound",
            "module.aws_vpc.module.vpc.aws_network_acl_rule.elasticache_inbound",
            "module.aws_vpc.module.vpc.aws_network_acl_rule.elasticache_outbound",
            "module.aws_vpc.module.vpc.aws_network_acl_rule.intra_inbound",
            "module.aws_vpc.module.vpc.aws_network_acl_rule.intra_outbound",
            "module.aws_vpc.module.vpc.aws_network_acl_rule.outpost_inbound",
            "module.aws_vpc.module.vpc.aws_network_acl_rule.outpost_outbound",
            "module.aws_vpc.module.vpc.aws_network_acl_rule.private_inbound",
            "module.aws_vpc.module.vpc.aws_network_acl_rule.private_outbound",
            "module.aws_vpc.module.vpc.aws_network_acl_rule.public_inbound",
            "module.aws_vpc.module.vpc.aws_network_acl_rule.public_outbound",
            "module.aws_vpc.module.vpc.aws_network_acl_rule.redshift_inbound",
            "module.aws_vpc.module.vpc.aws_network_acl_rule.redshift_outbound",
            "module.aws_vpc.module.vpc.aws_redshift_subnet_group.redshift",
            "module.aws_vpc.module.vpc.aws_route.database_dns64_nat_gateway",
            "module.aws_vpc.module.vpc.aws_route.database_internet_gateway",
            "module.aws_vpc.module.vpc.aws_route.database_ipv6_egress",
            "module.aws_vpc.module.vpc.aws_route.database_nat_gateway",
            "module.aws_vpc.module.vpc.aws_route.private_dns64_nat_gateway",
            "module.aws_vpc.module.vpc.aws_route.private_ipv6_egress",
            "module.aws_vpc.module.vpc.aws_route.private_nat_gateway",
            "module.aws_vpc.module.vpc.aws_route.public_internet_gateway",
            "module.aws_vpc.module.vpc.aws_route.public_internet_gateway_ipv6",
            "module.aws_vpc.module.vpc.aws_route_table.database",
            "module.aws_vpc.module.vpc.aws_route_table.elasticache",
            "module.aws_vpc.module.vpc.aws_route_table.intra",
            "module.aws_vpc.module.vpc.aws_route_table.private",
            "module.aws_vpc.module.vpc.aws_route_table.public",
            "module.aws_vpc.module.vpc.aws_route_table.redshift",
            "module.aws_vpc.module.vpc.aws_route_table_association.database",
            "module.aws_vpc.module.vpc.aws_route_table_association.elasticache",
            "module.aws_vpc.module.vpc.aws_route_table_association.intra",
            "module.aws_vpc.module.vpc.aws_route_table_association.outpost",
            "module.aws_vpc.module.vpc.aws_route_table_association.private",
            "module.aws_vpc.module.vpc.aws_route_table_association.public",
            "module.aws_vpc.module.vpc.aws_route_table_association.redshift",
            "module.aws_vpc.module.vpc.aws_route_table_association.redshift_public",
            "module.aws_vpc.module.vpc.aws_subnet.database",
            "module.aws_vpc.module.vpc.aws_subnet.elasticache",
            "module.aws_vpc.module.vpc.aws_subnet.intra",
            "module.aws_vpc.module.vpc.aws_subnet.outpost",
            "module.aws_vpc.module.vpc.aws_subnet.private",
            "module.aws_vpc.module.vpc.aws_subnet.public",
            "module.aws_vpc.module.vpc.aws_subnet.redshift",
            "module.aws_vpc.module.vpc.aws_vpc.this",
            "module.aws_vpc.module.vpc.aws_vpc_dhcp_options.this",
            "module.aws_vpc.module.vpc.aws_vpc_dhcp_options_association.this",
            "module.aws_vpc.module.vpc.aws_vpc_ipv4_cidr_block_association.this",
            "module.aws_vpc.module.vpc.aws_vpn_gateway.this",
            "module.aws_vpc.module.vpc.aws_vpn_gateway_attachment.this",
            "module.aws_vpc.module.vpc.aws_vpn_gateway_route_propagation.intra",
            "module.aws_vpc.module.vpc.aws_vpn_gateway_route_propagation.private",
            "module.aws_vpc.module.vpc.aws_vpn_gateway_route_propagation.public",
            "module.aws_vpc.module.vpc.data.aws_iam_policy_document.flow_log_cloudwatch_assume_role",
            "module.aws_vpc.module.vpc.data.aws_iam_policy_document.vpc_flow_log_cloudwatch"
          ]
        },
        {
          "index_key": "xa_user1@pm.me",
          "schema_version": 0,
          "attributes": {
            "acl_principal_id": "users/xa_user1@pm.me",
            "active": true,
            "allow_cluster_create": false,
            "allow_instance_pool_create": false,
            "databricks_sql_access": false,
            "disable_as_user_deletion": true,
            "display_name": "",
            "external_id": "",
            "force": true,
            "force_delete_home_dir": null,
            "force_delete_repos": null,
            "home": "/Users/xa_user1@pm.me",
            "id": "1935037988835115",
            "repos": "/Repos/xa_user1@pm.me",
            "user_name": "xa_user1@pm.me",
            "workspace_access": false
          },
          "sensitive_attributes": [],
          "private": "bnVsbA==",
          "dependencies": [
            "module.aws_crossaccount_role.aws_iam_policy.cross_account_policy",
            "module.aws_crossaccount_role.aws_iam_role.cross_account_role",
            "module.aws_crossaccount_role.aws_iam_role_policy_attachment.cross_account_policy_attachment",
            "module.aws_crossaccount_role.data.databricks_aws_assume_role_policy.this",
            "module.aws_crossaccount_role.data.databricks_aws_crossaccount_policy.this",
            "module.aws_crossaccount_role.time_sleep.wait",
            "module.aws_vpc.data.aws_availability_zones.available",
            "module.aws_vpc.module.endpoints.aws_security_group.this",
            "module.aws_vpc.module.endpoints.aws_security_group_rule.this",
            "module.aws_vpc.module.endpoints.aws_vpc_endpoint.this",
            "module.aws_vpc.module.endpoints.data.aws_vpc_endpoint_service.this",
            "module.aws_vpc.module.vpc.aws_cloudwatch_log_group.flow_log",
            "module.aws_vpc.module.vpc.aws_customer_gateway.this",
            "module.aws_vpc.module.vpc.aws_db_subnet_group.database",
            "module.aws_vpc.module.vpc.aws_default_network_acl.this",
            "module.aws_vpc.module.vpc.aws_default_route_table.default",
            "module.aws_vpc.module.vpc.aws_default_security_group.this",
            "module.aws_vpc.module.vpc.aws_default_vpc.this",
            "module.aws_vpc.module.vpc.aws_egress_only_internet_gateway.this",
            "module.aws_vpc.module.vpc.aws_eip.nat",
            "module.aws_vpc.module.vpc.aws_elasticache_subnet_group.elasticache",
            "module.aws_vpc.module.vpc.aws_flow_log.this",
            "module.aws_vpc.module.vpc.aws_iam_policy.vpc_flow_log_cloudwatch",
            "module.aws_vpc.module.vpc.aws_iam_role.vpc_flow_log_cloudwatch",
            "module.aws_vpc.module.vpc.aws_iam_role_policy_attachment.vpc_flow_log_cloudwatch",
            "module.aws_vpc.module.vpc.aws_internet_gateway.this",
            "module.aws_vpc.module.vpc.aws_nat_gateway.this",
            "module.aws_vpc.module.vpc.aws_network_acl.database",
            "module.aws_vpc.module.vpc.aws_network_acl.elasticache",
            "module.aws_vpc.module.vpc.aws_network_acl.intra",
            "module.aws_vpc.module.vpc.aws_network_acl.outpost",
            "module.aws_vpc.module.vpc.aws_network_acl.private",
            "module.aws_vpc.module.vpc.aws_network_acl.public",
            "module.aws_vpc.module.vpc.aws_network_acl.redshift",
            "module.aws_vpc.module.vpc.aws_network_acl_rule.database_inbound",
            "module.aws_vpc.module.vpc.aws_network_acl_rule.database_outbound",
            "module.aws_vpc.module.vpc.aws_network_acl_rule.elasticache_inbound",
            "module.aws_vpc.module.vpc.aws_network_acl_rule.elasticache_outbound",
            "module.aws_vpc.module.vpc.aws_network_acl_rule.intra_inbound",
            "module.aws_vpc.module.vpc.aws_network_acl_rule.intra_outbound",
            "module.aws_vpc.module.vpc.aws_network_acl_rule.outpost_inbound",
            "module.aws_vpc.module.vpc.aws_network_acl_rule.outpost_outbound",
            "module.aws_vpc.module.vpc.aws_network_acl_rule.private_inbound",
            "module.aws_vpc.module.vpc.aws_network_acl_rule.private_outbound",
            "module.aws_vpc.module.vpc.aws_network_acl_rule.public_inbound",
            "module.aws_vpc.module.vpc.aws_network_acl_rule.public_outbound",
            "module.aws_vpc.module.vpc.aws_network_acl_rule.redshift_inbound",
            "module.aws_vpc.module.vpc.aws_network_acl_rule.redshift_outbound",
            "module.aws_vpc.module.vpc.aws_redshift_subnet_group.redshift",
            "module.aws_vpc.module.vpc.aws_route.database_dns64_nat_gateway",
            "module.aws_vpc.module.vpc.aws_route.database_internet_gateway",
            "module.aws_vpc.module.vpc.aws_route.database_ipv6_egress",
            "module.aws_vpc.module.vpc.aws_route.database_nat_gateway",
            "module.aws_vpc.module.vpc.aws_route.private_dns64_nat_gateway",
            "module.aws_vpc.module.vpc.aws_route.private_ipv6_egress",
            "module.aws_vpc.module.vpc.aws_route.private_nat_gateway",
            "module.aws_vpc.module.vpc.aws_route.public_internet_gateway",
            "module.aws_vpc.module.vpc.aws_route.public_internet_gateway_ipv6",
            "module.aws_vpc.module.vpc.aws_route_table.database",
            "module.aws_vpc.module.vpc.aws_route_table.elasticache",
            "module.aws_vpc.module.vpc.aws_route_table.intra",
            "module.aws_vpc.module.vpc.aws_route_table.private",
            "module.aws_vpc.module.vpc.aws_route_table.public",
            "module.aws_vpc.module.vpc.aws_route_table.redshift",
            "module.aws_vpc.module.vpc.aws_route_table_association.database",
            "module.aws_vpc.module.vpc.aws_route_table_association.elasticache",
            "module.aws_vpc.module.vpc.aws_route_table_association.intra",
            "module.aws_vpc.module.vpc.aws_route_table_association.outpost",
            "module.aws_vpc.module.vpc.aws_route_table_association.private",
            "module.aws_vpc.module.vpc.aws_route_table_association.public",
            "module.aws_vpc.module.vpc.aws_route_table_association.redshift",
            "module.aws_vpc.module.vpc.aws_route_table_association.redshift_public",
            "module.aws_vpc.module.vpc.aws_subnet.database",
            "module.aws_vpc.module.vpc.aws_subnet.elasticache",
            "module.aws_vpc.module.vpc.aws_subnet.intra",
            "module.aws_vpc.module.vpc.aws_subnet.outpost",
            "module.aws_vpc.module.vpc.aws_subnet.private",
            "module.aws_vpc.module.vpc.aws_subnet.public",
            "module.aws_vpc.module.vpc.aws_subnet.redshift",
            "module.aws_vpc.module.vpc.aws_vpc.this",
            "module.aws_vpc.module.vpc.aws_vpc_dhcp_options.this",
            "module.aws_vpc.module.vpc.aws_vpc_dhcp_options_association.this",
            "module.aws_vpc.module.vpc.aws_vpc_ipv4_cidr_block_association.this",
            "module.aws_vpc.module.vpc.aws_vpn_gateway.this",
            "module.aws_vpc.module.vpc.aws_vpn_gateway_attachment.this",
            "module.aws_vpc.module.vpc.aws_vpn_gateway_route_propagation.intra",
            "module.aws_vpc.module.vpc.aws_vpn_gateway_route_propagation.private",
            "module.aws_vpc.module.vpc.aws_vpn_gateway_route_propagation.public",
            "module.aws_vpc.module.vpc.data.aws_iam_policy_document.flow_log_cloudwatch_assume_role",
            "module.aws_vpc.module.vpc.data.aws_iam_policy_document.vpc_flow_log_cloudwatch"
          ]
        },
        {
          "index_key": "xa_user2@pm.me",
          "schema_version": 0,
          "attributes": {
            "acl_principal_id": "users/xa_user2@pm.me",
            "active": true,
            "allow_cluster_create": false,
            "allow_instance_pool_create": false,
            "databricks_sql_access": false,
            "disable_as_user_deletion": true,
            "display_name": "",
            "external_id": "",
            "force": true,
            "force_delete_home_dir": null,
            "force_delete_repos": null,
            "home": "/Users/xa_user2@pm.me",
            "id": "3903097452926542",
            "repos": "/Repos/xa_user2@pm.me",
            "user_name": "xa_user2@pm.me",
            "workspace_access": false
          },
          "sensitive_attributes": [],
          "private": "bnVsbA==",
          "dependencies": [
            "module.aws_crossaccount_role.aws_iam_policy.cross_account_policy",
            "module.aws_crossaccount_role.aws_iam_role.cross_account_role",
            "module.aws_crossaccount_role.aws_iam_role_policy_attachment.cross_account_policy_attachment",
            "module.aws_crossaccount_role.data.databricks_aws_assume_role_policy.this",
            "module.aws_crossaccount_role.data.databricks_aws_crossaccount_policy.this",
            "module.aws_crossaccount_role.time_sleep.wait",
            "module.aws_vpc.data.aws_availability_zones.available",
            "module.aws_vpc.module.endpoints.aws_security_group.this",
            "module.aws_vpc.module.endpoints.aws_security_group_rule.this",
            "module.aws_vpc.module.endpoints.aws_vpc_endpoint.this",
            "module.aws_vpc.module.endpoints.data.aws_vpc_endpoint_service.this",
            "module.aws_vpc.module.vpc.aws_cloudwatch_log_group.flow_log",
            "module.aws_vpc.module.vpc.aws_customer_gateway.this",
            "module.aws_vpc.module.vpc.aws_db_subnet_group.database",
            "module.aws_vpc.module.vpc.aws_default_network_acl.this",
            "module.aws_vpc.module.vpc.aws_default_route_table.default",
            "module.aws_vpc.module.vpc.aws_default_security_group.this",
            "module.aws_vpc.module.vpc.aws_default_vpc.this",
            "module.aws_vpc.module.vpc.aws_egress_only_internet_gateway.this",
            "module.aws_vpc.module.vpc.aws_eip.nat",
            "module.aws_vpc.module.vpc.aws_elasticache_subnet_group.elasticache",
            "module.aws_vpc.module.vpc.aws_flow_log.this",
            "module.aws_vpc.module.vpc.aws_iam_policy.vpc_flow_log_cloudwatch",
            "module.aws_vpc.module.vpc.aws_iam_role.vpc_flow_log_cloudwatch",
            "module.aws_vpc.module.vpc.aws_iam_role_policy_attachment.vpc_flow_log_cloudwatch",
            "module.aws_vpc.module.vpc.aws_internet_gateway.this",
            "module.aws_vpc.module.vpc.aws_nat_gateway.this",
            "module.aws_vpc.module.vpc.aws_network_acl.database",
            "module.aws_vpc.module.vpc.aws_network_acl.elasticache",
            "module.aws_vpc.module.vpc.aws_network_acl.intra",
            "module.aws_vpc.module.vpc.aws_network_acl.outpost",
            "module.aws_vpc.module.vpc.aws_network_acl.private",
            "module.aws_vpc.module.vpc.aws_network_acl.public",
            "module.aws_vpc.module.vpc.aws_network_acl.redshift",
            "module.aws_vpc.module.vpc.aws_network_acl_rule.database_inbound",
            "module.aws_vpc.module.vpc.aws_network_acl_rule.database_outbound",
            "module.aws_vpc.module.vpc.aws_network_acl_rule.elasticache_inbound",
            "module.aws_vpc.module.vpc.aws_network_acl_rule.elasticache_outbound",
            "module.aws_vpc.module.vpc.aws_network_acl_rule.intra_inbound",
            "module.aws_vpc.module.vpc.aws_network_acl_rule.intra_outbound",
            "module.aws_vpc.module.vpc.aws_network_acl_rule.outpost_inbound",
            "module.aws_vpc.module.vpc.aws_network_acl_rule.outpost_outbound",
            "module.aws_vpc.module.vpc.aws_network_acl_rule.private_inbound",
            "module.aws_vpc.module.vpc.aws_network_acl_rule.private_outbound",
            "module.aws_vpc.module.vpc.aws_network_acl_rule.public_inbound",
            "module.aws_vpc.module.vpc.aws_network_acl_rule.public_outbound",
            "module.aws_vpc.module.vpc.aws_network_acl_rule.redshift_inbound",
            "module.aws_vpc.module.vpc.aws_network_acl_rule.redshift_outbound",
            "module.aws_vpc.module.vpc.aws_redshift_subnet_group.redshift",
            "module.aws_vpc.module.vpc.aws_route.database_dns64_nat_gateway",
            "module.aws_vpc.module.vpc.aws_route.database_internet_gateway",
            "module.aws_vpc.module.vpc.aws_route.database_ipv6_egress",
            "module.aws_vpc.module.vpc.aws_route.database_nat_gateway",
            "module.aws_vpc.module.vpc.aws_route.private_dns64_nat_gateway",
            "module.aws_vpc.module.vpc.aws_route.private_ipv6_egress",
            "module.aws_vpc.module.vpc.aws_route.private_nat_gateway",
            "module.aws_vpc.module.vpc.aws_route.public_internet_gateway",
            "module.aws_vpc.module.vpc.aws_route.public_internet_gateway_ipv6",
            "module.aws_vpc.module.vpc.aws_route_table.database",
            "module.aws_vpc.module.vpc.aws_route_table.elasticache",
            "module.aws_vpc.module.vpc.aws_route_table.intra",
            "module.aws_vpc.module.vpc.aws_route_table.private",
            "module.aws_vpc.module.vpc.aws_route_table.public",
            "module.aws_vpc.module.vpc.aws_route_table.redshift",
            "module.aws_vpc.module.vpc.aws_route_table_association.database",
            "module.aws_vpc.module.vpc.aws_route_table_association.elasticache",
            "module.aws_vpc.module.vpc.aws_route_table_association.intra",
            "module.aws_vpc.module.vpc.aws_route_table_association.outpost",
            "module.aws_vpc.module.vpc.aws_route_table_association.private",
            "module.aws_vpc.module.vpc.aws_route_table_association.public",
            "module.aws_vpc.module.vpc.aws_route_table_association.redshift",
            "module.aws_vpc.module.vpc.aws_route_table_association.redshift_public",
            "module.aws_vpc.module.vpc.aws_subnet.database",
            "module.aws_vpc.module.vpc.aws_subnet.elasticache",
            "module.aws_vpc.module.vpc.aws_subnet.intra",
            "module.aws_vpc.module.vpc.aws_subnet.outpost",
            "module.aws_vpc.module.vpc.aws_subnet.private",
            "module.aws_vpc.module.vpc.aws_subnet.public",
            "module.aws_vpc.module.vpc.aws_subnet.redshift",
            "module.aws_vpc.module.vpc.aws_vpc.this",
            "module.aws_vpc.module.vpc.aws_vpc_dhcp_options.this",
            "module.aws_vpc.module.vpc.aws_vpc_dhcp_options_association.this",
            "module.aws_vpc.module.vpc.aws_vpc_ipv4_cidr_block_association.this",
            "module.aws_vpc.module.vpc.aws_vpn_gateway.this",
            "module.aws_vpc.module.vpc.aws_vpn_gateway_attachment.this",
            "module.aws_vpc.module.vpc.aws_vpn_gateway_route_propagation.intra",
            "module.aws_vpc.module.vpc.aws_vpn_gateway_route_propagation.private",
            "module.aws_vpc.module.vpc.aws_vpn_gateway_route_propagation.public",
            "module.aws_vpc.module.vpc.data.aws_iam_policy_document.flow_log_cloudwatch_assume_role",
            "module.aws_vpc.module.vpc.data.aws_iam_policy_document.vpc_flow_log_cloudwatch"
          ]
        },
        {
          "index_key": "xtarmitage+databricks-root@gmail.com",
          "schema_version": 0,
          "attributes": {
            "acl_principal_id": "users/xtarmitage+databricks-root@gmail.com",
            "active": true,
            "allow_cluster_create": false,
            "allow_instance_pool_create": false,
            "databricks_sql_access": false,
            "disable_as_user_deletion": true,
            "display_name": "Xavier Armitage",
            "external_id": "",
            "force": true,
            "force_delete_home_dir": null,
            "force_delete_repos": null,
            "home": "/Users/xtarmitage+databricks-root@gmail.com",
            "id": "5233665981611100",
            "repos": "/Repos/xtarmitage+databricks-root@gmail.com",
            "user_name": "xtarmitage+databricks-root@gmail.com",
            "workspace_access": false
          },
          "sensitive_attributes": [],
          "private": "bnVsbA==",
          "dependencies": [
            "module.aws_crossaccount_role.aws_iam_policy.cross_account_policy",
            "module.aws_crossaccount_role.aws_iam_role.cross_account_role",
            "module.aws_crossaccount_role.aws_iam_role_policy_attachment.cross_account_policy_attachment",
            "module.aws_crossaccount_role.data.databricks_aws_assume_role_policy.this",
            "module.aws_crossaccount_role.data.databricks_aws_crossaccount_policy.this",
            "module.aws_crossaccount_role.time_sleep.wait",
            "module.aws_vpc.data.aws_availability_zones.available",
            "module.aws_vpc.module.endpoints.aws_security_group.this",
            "module.aws_vpc.module.endpoints.aws_security_group_rule.this",
            "module.aws_vpc.module.endpoints.aws_vpc_endpoint.this",
            "module.aws_vpc.module.endpoints.data.aws_vpc_endpoint_service.this",
            "module.aws_vpc.module.vpc.aws_cloudwatch_log_group.flow_log",
            "module.aws_vpc.module.vpc.aws_customer_gateway.this",
            "module.aws_vpc.module.vpc.aws_db_subnet_group.database",
            "module.aws_vpc.module.vpc.aws_default_network_acl.this",
            "module.aws_vpc.module.vpc.aws_default_route_table.default",
            "module.aws_vpc.module.vpc.aws_default_security_group.this",
            "module.aws_vpc.module.vpc.aws_default_vpc.this",
            "module.aws_vpc.module.vpc.aws_egress_only_internet_gateway.this",
            "module.aws_vpc.module.vpc.aws_eip.nat",
            "module.aws_vpc.module.vpc.aws_elasticache_subnet_group.elasticache",
            "module.aws_vpc.module.vpc.aws_flow_log.this",
            "module.aws_vpc.module.vpc.aws_iam_policy.vpc_flow_log_cloudwatch",
            "module.aws_vpc.module.vpc.aws_iam_role.vpc_flow_log_cloudwatch",
            "module.aws_vpc.module.vpc.aws_iam_role_policy_attachment.vpc_flow_log_cloudwatch",
            "module.aws_vpc.module.vpc.aws_internet_gateway.this",
            "module.aws_vpc.module.vpc.aws_nat_gateway.this",
            "module.aws_vpc.module.vpc.aws_network_acl.database",
            "module.aws_vpc.module.vpc.aws_network_acl.elasticache",
            "module.aws_vpc.module.vpc.aws_network_acl.intra",
            "module.aws_vpc.module.vpc.aws_network_acl.outpost",
            "module.aws_vpc.module.vpc.aws_network_acl.private",
            "module.aws_vpc.module.vpc.aws_network_acl.public",
            "module.aws_vpc.module.vpc.aws_network_acl.redshift",
            "module.aws_vpc.module.vpc.aws_network_acl_rule.database_inbound",
            "module.aws_vpc.module.vpc.aws_network_acl_rule.database_outbound",
            "module.aws_vpc.module.vpc.aws_network_acl_rule.elasticache_inbound",
            "module.aws_vpc.module.vpc.aws_network_acl_rule.elasticache_outbound",
            "module.aws_vpc.module.vpc.aws_network_acl_rule.intra_inbound",
            "module.aws_vpc.module.vpc.aws_network_acl_rule.intra_outbound",
            "module.aws_vpc.module.vpc.aws_network_acl_rule.outpost_inbound",
            "module.aws_vpc.module.vpc.aws_network_acl_rule.outpost_outbound",
            "module.aws_vpc.module.vpc.aws_network_acl_rule.private_inbound",
            "module.aws_vpc.module.vpc.aws_network_acl_rule.private_outbound",
            "module.aws_vpc.module.vpc.aws_network_acl_rule.public_inbound",
            "module.aws_vpc.module.vpc.aws_network_acl_rule.public_outbound",
            "module.aws_vpc.module.vpc.aws_network_acl_rule.redshift_inbound",
            "module.aws_vpc.module.vpc.aws_network_acl_rule.redshift_outbound",
            "module.aws_vpc.module.vpc.aws_redshift_subnet_group.redshift",
            "module.aws_vpc.module.vpc.aws_route.database_dns64_nat_gateway",
            "module.aws_vpc.module.vpc.aws_route.database_internet_gateway",
            "module.aws_vpc.module.vpc.aws_route.database_ipv6_egress",
            "module.aws_vpc.module.vpc.aws_route.database_nat_gateway",
            "module.aws_vpc.module.vpc.aws_route.private_dns64_nat_gateway",
            "module.aws_vpc.module.vpc.aws_route.private_ipv6_egress",
            "module.aws_vpc.module.vpc.aws_route.private_nat_gateway",
            "module.aws_vpc.module.vpc.aws_route.public_internet_gateway",
            "module.aws_vpc.module.vpc.aws_route.public_internet_gateway_ipv6",
            "module.aws_vpc.module.vpc.aws_route_table.database",
            "module.aws_vpc.module.vpc.aws_route_table.elasticache",
            "module.aws_vpc.module.vpc.aws_route_table.intra",
            "module.aws_vpc.module.vpc.aws_route_table.private",
            "module.aws_vpc.module.vpc.aws_route_table.public",
            "module.aws_vpc.module.vpc.aws_route_table.redshift",
            "module.aws_vpc.module.vpc.aws_route_table_association.database",
            "module.aws_vpc.module.vpc.aws_route_table_association.elasticache",
            "module.aws_vpc.module.vpc.aws_route_table_association.intra",
            "module.aws_vpc.module.vpc.aws_route_table_association.outpost",
            "module.aws_vpc.module.vpc.aws_route_table_association.private",
            "module.aws_vpc.module.vpc.aws_route_table_association.public",
            "module.aws_vpc.module.vpc.aws_route_table_association.redshift",
            "module.aws_vpc.module.vpc.aws_route_table_association.redshift_public",
            "module.aws_vpc.module.vpc.aws_subnet.database",
            "module.aws_vpc.module.vpc.aws_subnet.elasticache",
            "module.aws_vpc.module.vpc.aws_subnet.intra",
            "module.aws_vpc.module.vpc.aws_subnet.outpost",
            "module.aws_vpc.module.vpc.aws_subnet.private",
            "module.aws_vpc.module.vpc.aws_subnet.public",
            "module.aws_vpc.module.vpc.aws_subnet.redshift",
            "module.aws_vpc.module.vpc.aws_vpc.this",
            "module.aws_vpc.module.vpc.aws_vpc_dhcp_options.this",
            "module.aws_vpc.module.vpc.aws_vpc_dhcp_options_association.this",
            "module.aws_vpc.module.vpc.aws_vpc_ipv4_cidr_block_association.this",
            "module.aws_vpc.module.vpc.aws_vpn_gateway.this",
            "module.aws_vpc.module.vpc.aws_vpn_gateway_attachment.this",
            "module.aws_vpc.module.vpc.aws_vpn_gateway_route_propagation.intra",
            "module.aws_vpc.module.vpc.aws_vpn_gateway_route_propagation.private",
            "module.aws_vpc.module.vpc.aws_vpn_gateway_route_propagation.public",
            "module.aws_vpc.module.vpc.data.aws_iam_policy_document.flow_log_cloudwatch_assume_role",
            "module.aws_vpc.module.vpc.data.aws_iam_policy_document.vpc_flow_log_cloudwatch"
          ]
        }
      ]
    },
    {
      "module": "module.uc_bootstrap",
      "mode": "managed",
      "type": "databricks_user_role",
      "name": "account_admin_role",
      "provider": "provider[\"registry.terraform.io/databricks/databricks\"].mws_accowner",
      "instances": [
        {
          "index_key": "xa_admin1@pm.me",
          "schema_version": 0,
          "attributes": {
            "id": "4876023393150737|account_admin",
            "role": "account_admin",
            "user_id": "4876023393150737"
          },
          "sensitive_attributes": [],
          "private": "bnVsbA==",
          "dependencies": [
            "module.aws_crossaccount_role.aws_iam_policy.cross_account_policy",
            "module.aws_crossaccount_role.aws_iam_role.cross_account_role",
            "module.aws_crossaccount_role.aws_iam_role_policy_attachment.cross_account_policy_attachment",
            "module.aws_crossaccount_role.data.databricks_aws_assume_role_policy.this",
            "module.aws_crossaccount_role.data.databricks_aws_crossaccount_policy.this",
            "module.aws_crossaccount_role.time_sleep.wait",
            "module.aws_vpc.data.aws_availability_zones.available",
            "module.aws_vpc.module.endpoints.aws_security_group.this",
            "module.aws_vpc.module.endpoints.aws_security_group_rule.this",
            "module.aws_vpc.module.endpoints.aws_vpc_endpoint.this",
            "module.aws_vpc.module.endpoints.data.aws_vpc_endpoint_service.this",
            "module.aws_vpc.module.vpc.aws_cloudwatch_log_group.flow_log",
            "module.aws_vpc.module.vpc.aws_customer_gateway.this",
            "module.aws_vpc.module.vpc.aws_db_subnet_group.database",
            "module.aws_vpc.module.vpc.aws_default_network_acl.this",
            "module.aws_vpc.module.vpc.aws_default_route_table.default",
            "module.aws_vpc.module.vpc.aws_default_security_group.this",
            "module.aws_vpc.module.vpc.aws_default_vpc.this",
            "module.aws_vpc.module.vpc.aws_egress_only_internet_gateway.this",
            "module.aws_vpc.module.vpc.aws_eip.nat",
            "module.aws_vpc.module.vpc.aws_elasticache_subnet_group.elasticache",
            "module.aws_vpc.module.vpc.aws_flow_log.this",
            "module.aws_vpc.module.vpc.aws_iam_policy.vpc_flow_log_cloudwatch",
            "module.aws_vpc.module.vpc.aws_iam_role.vpc_flow_log_cloudwatch",
            "module.aws_vpc.module.vpc.aws_iam_role_policy_attachment.vpc_flow_log_cloudwatch",
            "module.aws_vpc.module.vpc.aws_internet_gateway.this",
            "module.aws_vpc.module.vpc.aws_nat_gateway.this",
            "module.aws_vpc.module.vpc.aws_network_acl.database",
            "module.aws_vpc.module.vpc.aws_network_acl.elasticache",
            "module.aws_vpc.module.vpc.aws_network_acl.intra",
            "module.aws_vpc.module.vpc.aws_network_acl.outpost",
            "module.aws_vpc.module.vpc.aws_network_acl.private",
            "module.aws_vpc.module.vpc.aws_network_acl.public",
            "module.aws_vpc.module.vpc.aws_network_acl.redshift",
            "module.aws_vpc.module.vpc.aws_network_acl_rule.database_inbound",
            "module.aws_vpc.module.vpc.aws_network_acl_rule.database_outbound",
            "module.aws_vpc.module.vpc.aws_network_acl_rule.elasticache_inbound",
            "module.aws_vpc.module.vpc.aws_network_acl_rule.elasticache_outbound",
            "module.aws_vpc.module.vpc.aws_network_acl_rule.intra_inbound",
            "module.aws_vpc.module.vpc.aws_network_acl_rule.intra_outbound",
            "module.aws_vpc.module.vpc.aws_network_acl_rule.outpost_inbound",
            "module.aws_vpc.module.vpc.aws_network_acl_rule.outpost_outbound",
            "module.aws_vpc.module.vpc.aws_network_acl_rule.private_inbound",
            "module.aws_vpc.module.vpc.aws_network_acl_rule.private_outbound",
            "module.aws_vpc.module.vpc.aws_network_acl_rule.public_inbound",
            "module.aws_vpc.module.vpc.aws_network_acl_rule.public_outbound",
            "module.aws_vpc.module.vpc.aws_network_acl_rule.redshift_inbound",
            "module.aws_vpc.module.vpc.aws_network_acl_rule.redshift_outbound",
            "module.aws_vpc.module.vpc.aws_redshift_subnet_group.redshift",
            "module.aws_vpc.module.vpc.aws_route.database_dns64_nat_gateway",
            "module.aws_vpc.module.vpc.aws_route.database_internet_gateway",
            "module.aws_vpc.module.vpc.aws_route.database_ipv6_egress",
            "module.aws_vpc.module.vpc.aws_route.database_nat_gateway",
            "module.aws_vpc.module.vpc.aws_route.private_dns64_nat_gateway",
            "module.aws_vpc.module.vpc.aws_route.private_ipv6_egress",
            "module.aws_vpc.module.vpc.aws_route.private_nat_gateway",
            "module.aws_vpc.module.vpc.aws_route.public_internet_gateway",
            "module.aws_vpc.module.vpc.aws_route.public_internet_gateway_ipv6",
            "module.aws_vpc.module.vpc.aws_route_table.database",
            "module.aws_vpc.module.vpc.aws_route_table.elasticache",
            "module.aws_vpc.module.vpc.aws_route_table.intra",
            "module.aws_vpc.module.vpc.aws_route_table.private",
            "module.aws_vpc.module.vpc.aws_route_table.public",
            "module.aws_vpc.module.vpc.aws_route_table.redshift",
            "module.aws_vpc.module.vpc.aws_route_table_association.database",
            "module.aws_vpc.module.vpc.aws_route_table_association.elasticache",
            "module.aws_vpc.module.vpc.aws_route_table_association.intra",
            "module.aws_vpc.module.vpc.aws_route_table_association.outpost",
            "module.aws_vpc.module.vpc.aws_route_table_association.private",
            "module.aws_vpc.module.vpc.aws_route_table_association.public",
            "module.aws_vpc.module.vpc.aws_route_table_association.redshift",
            "module.aws_vpc.module.vpc.aws_route_table_association.redshift_public",
            "module.aws_vpc.module.vpc.aws_subnet.database",
            "module.aws_vpc.module.vpc.aws_subnet.elasticache",
            "module.aws_vpc.module.vpc.aws_subnet.intra",
            "module.aws_vpc.module.vpc.aws_subnet.outpost",
            "module.aws_vpc.module.vpc.aws_subnet.private",
            "module.aws_vpc.module.vpc.aws_subnet.public",
            "module.aws_vpc.module.vpc.aws_subnet.redshift",
            "module.aws_vpc.module.vpc.aws_vpc.this",
            "module.aws_vpc.module.vpc.aws_vpc_dhcp_options.this",
            "module.aws_vpc.module.vpc.aws_vpc_dhcp_options_association.this",
            "module.aws_vpc.module.vpc.aws_vpc_ipv4_cidr_block_association.this",
            "module.aws_vpc.module.vpc.aws_vpn_gateway.this",
            "module.aws_vpc.module.vpc.aws_vpn_gateway_attachment.this",
            "module.aws_vpc.module.vpc.aws_vpn_gateway_route_propagation.intra",
            "module.aws_vpc.module.vpc.aws_vpn_gateway_route_propagation.private",
            "module.aws_vpc.module.vpc.aws_vpn_gateway_route_propagation.public",
            "module.aws_vpc.module.vpc.data.aws_iam_policy_document.flow_log_cloudwatch_assume_role",
            "module.aws_vpc.module.vpc.data.aws_iam_policy_document.vpc_flow_log_cloudwatch",
            "module.uc_bootstrap.databricks_user.unity_users"
          ]
        },
        {
          "index_key": "xtarmitage+databricks-root@gmail.com",
          "schema_version": 0,
          "attributes": {
            "id": "5233665981611100|account_admin",
            "role": "account_admin",
            "user_id": "5233665981611100"
          },
          "sensitive_attributes": [],
          "private": "bnVsbA==",
          "dependencies": [
            "module.aws_crossaccount_role.aws_iam_policy.cross_account_policy",
            "module.aws_crossaccount_role.aws_iam_role.cross_account_role",
            "module.aws_crossaccount_role.aws_iam_role_policy_attachment.cross_account_policy_attachment",
            "module.aws_crossaccount_role.data.databricks_aws_assume_role_policy.this",
            "module.aws_crossaccount_role.data.databricks_aws_crossaccount_policy.this",
            "module.aws_crossaccount_role.time_sleep.wait",
            "module.aws_vpc.data.aws_availability_zones.available",
            "module.aws_vpc.module.endpoints.aws_security_group.this",
            "module.aws_vpc.module.endpoints.aws_security_group_rule.this",
            "module.aws_vpc.module.endpoints.aws_vpc_endpoint.this",
            "module.aws_vpc.module.endpoints.data.aws_vpc_endpoint_service.this",
            "module.aws_vpc.module.vpc.aws_cloudwatch_log_group.flow_log",
            "module.aws_vpc.module.vpc.aws_customer_gateway.this",
            "module.aws_vpc.module.vpc.aws_db_subnet_group.database",
            "module.aws_vpc.module.vpc.aws_default_network_acl.this",
            "module.aws_vpc.module.vpc.aws_default_route_table.default",
            "module.aws_vpc.module.vpc.aws_default_security_group.this",
            "module.aws_vpc.module.vpc.aws_default_vpc.this",
            "module.aws_vpc.module.vpc.aws_egress_only_internet_gateway.this",
            "module.aws_vpc.module.vpc.aws_eip.nat",
            "module.aws_vpc.module.vpc.aws_elasticache_subnet_group.elasticache",
            "module.aws_vpc.module.vpc.aws_flow_log.this",
            "module.aws_vpc.module.vpc.aws_iam_policy.vpc_flow_log_cloudwatch",
            "module.aws_vpc.module.vpc.aws_iam_role.vpc_flow_log_cloudwatch",
            "module.aws_vpc.module.vpc.aws_iam_role_policy_attachment.vpc_flow_log_cloudwatch",
            "module.aws_vpc.module.vpc.aws_internet_gateway.this",
            "module.aws_vpc.module.vpc.aws_nat_gateway.this",
            "module.aws_vpc.module.vpc.aws_network_acl.database",
            "module.aws_vpc.module.vpc.aws_network_acl.elasticache",
            "module.aws_vpc.module.vpc.aws_network_acl.intra",
            "module.aws_vpc.module.vpc.aws_network_acl.outpost",
            "module.aws_vpc.module.vpc.aws_network_acl.private",
            "module.aws_vpc.module.vpc.aws_network_acl.public",
            "module.aws_vpc.module.vpc.aws_network_acl.redshift",
            "module.aws_vpc.module.vpc.aws_network_acl_rule.database_inbound",
            "module.aws_vpc.module.vpc.aws_network_acl_rule.database_outbound",
            "module.aws_vpc.module.vpc.aws_network_acl_rule.elasticache_inbound",
            "module.aws_vpc.module.vpc.aws_network_acl_rule.elasticache_outbound",
            "module.aws_vpc.module.vpc.aws_network_acl_rule.intra_inbound",
            "module.aws_vpc.module.vpc.aws_network_acl_rule.intra_outbound",
            "module.aws_vpc.module.vpc.aws_network_acl_rule.outpost_inbound",
            "module.aws_vpc.module.vpc.aws_network_acl_rule.outpost_outbound",
            "module.aws_vpc.module.vpc.aws_network_acl_rule.private_inbound",
            "module.aws_vpc.module.vpc.aws_network_acl_rule.private_outbound",
            "module.aws_vpc.module.vpc.aws_network_acl_rule.public_inbound",
            "module.aws_vpc.module.vpc.aws_network_acl_rule.public_outbound",
            "module.aws_vpc.module.vpc.aws_network_acl_rule.redshift_inbound",
            "module.aws_vpc.module.vpc.aws_network_acl_rule.redshift_outbound",
            "module.aws_vpc.module.vpc.aws_redshift_subnet_group.redshift",
            "module.aws_vpc.module.vpc.aws_route.database_dns64_nat_gateway",
            "module.aws_vpc.module.vpc.aws_route.database_internet_gateway",
            "module.aws_vpc.module.vpc.aws_route.database_ipv6_egress",
            "module.aws_vpc.module.vpc.aws_route.database_nat_gateway",
            "module.aws_vpc.module.vpc.aws_route.private_dns64_nat_gateway",
            "module.aws_vpc.module.vpc.aws_route.private_ipv6_egress",
            "module.aws_vpc.module.vpc.aws_route.private_nat_gateway",
            "module.aws_vpc.module.vpc.aws_route.public_internet_gateway",
            "module.aws_vpc.module.vpc.aws_route.public_internet_gateway_ipv6",
            "module.aws_vpc.module.vpc.aws_route_table.database",
            "module.aws_vpc.module.vpc.aws_route_table.elasticache",
            "module.aws_vpc.module.vpc.aws_route_table.intra",
            "module.aws_vpc.module.vpc.aws_route_table.private",
            "module.aws_vpc.module.vpc.aws_route_table.public",
            "module.aws_vpc.module.vpc.aws_route_table.redshift",
            "module.aws_vpc.module.vpc.aws_route_table_association.database",
            "module.aws_vpc.module.vpc.aws_route_table_association.elasticache",
            "module.aws_vpc.module.vpc.aws_route_table_association.intra",
            "module.aws_vpc.module.vpc.aws_route_table_association.outpost",
            "module.aws_vpc.module.vpc.aws_route_table_association.private",
            "module.aws_vpc.module.vpc.aws_route_table_association.public",
            "module.aws_vpc.module.vpc.aws_route_table_association.redshift",
            "module.aws_vpc.module.vpc.aws_route_table_association.redshift_public",
            "module.aws_vpc.module.vpc.aws_subnet.database",
            "module.aws_vpc.module.vpc.aws_subnet.elasticache",
            "module.aws_vpc.module.vpc.aws_subnet.intra",
            "module.aws_vpc.module.vpc.aws_subnet.outpost",
            "module.aws_vpc.module.vpc.aws_subnet.private",
            "module.aws_vpc.module.vpc.aws_subnet.public",
            "module.aws_vpc.module.vpc.aws_subnet.redshift",
            "module.aws_vpc.module.vpc.aws_vpc.this",
            "module.aws_vpc.module.vpc.aws_vpc_dhcp_options.this",
            "module.aws_vpc.module.vpc.aws_vpc_dhcp_options_association.this",
            "module.aws_vpc.module.vpc.aws_vpc_ipv4_cidr_block_association.this",
            "module.aws_vpc.module.vpc.aws_vpn_gateway.this",
            "module.aws_vpc.module.vpc.aws_vpn_gateway_attachment.this",
            "module.aws_vpc.module.vpc.aws_vpn_gateway_route_propagation.intra",
            "module.aws_vpc.module.vpc.aws_vpn_gateway_route_propagation.private",
            "module.aws_vpc.module.vpc.aws_vpn_gateway_route_propagation.public",
            "module.aws_vpc.module.vpc.data.aws_iam_policy_document.flow_log_cloudwatch_assume_role",
            "module.aws_vpc.module.vpc.data.aws_iam_policy_document.vpc_flow_log_cloudwatch",
            "module.uc_bootstrap.databricks_user.unity_users"
          ]
        }
      ]
    },
    {
      "module": "module.uc_metastore",
      "mode": "managed",
      "type": "databricks_metastore",
      "name": "this",
      "provider": "provider[\"registry.terraform.io/databricks/databricks\"].mws_accowner",
      "instances": [
        {
          "schema_version": 0,
          "attributes": {
            "cloud": "aws",
            "created_at": 1704926958302,
            "created_by": "xtarmitage+databricks-root@gmail.com",
            "default_data_access_config_id": null,
            "delta_sharing_organization_name": null,
            "delta_sharing_recipient_token_lifetime_in_seconds": 0,
            "delta_sharing_scope": "INTERNAL",
            "force_destroy": true,
            "global_metastore_id": "aws:ap-southeast-2:23d06e21-8ff7-4f00-acd5-778c20aae6d4",
            "id": "23d06e21-8ff7-4f00-acd5-778c20aae6d4",
            "metastore_id": "23d06e21-8ff7-4f00-acd5-778c20aae6d4",
            "name": "metastore",
            "owner": "account_admins",
            "region": "ap-southeast-2",
            "storage_root": null,
            "storage_root_credential_id": null,
            "updated_at": 1704926959414,
            "updated_by": "xtarmitage+databricks-root@gmail.com"
          },
          "sensitive_attributes": [],
          "private": "bnVsbA==",
          "dependencies": [
            "module.aws_crossaccount_role.aws_iam_policy.cross_account_policy",
            "module.aws_crossaccount_role.aws_iam_role.cross_account_role",
            "module.aws_crossaccount_role.aws_iam_role_policy_attachment.cross_account_policy_attachment",
            "module.aws_crossaccount_role.data.databricks_aws_assume_role_policy.this",
            "module.aws_crossaccount_role.data.databricks_aws_crossaccount_policy.this",
            "module.aws_crossaccount_role.time_sleep.wait",
            "module.aws_vpc.data.aws_availability_zones.available",
            "module.aws_vpc.module.endpoints.aws_security_group.this",
            "module.aws_vpc.module.endpoints.aws_security_group_rule.this",
            "module.aws_vpc.module.endpoints.aws_vpc_endpoint.this",
            "module.aws_vpc.module.endpoints.data.aws_vpc_endpoint_service.this",
            "module.aws_vpc.module.vpc.aws_cloudwatch_log_group.flow_log",
            "module.aws_vpc.module.vpc.aws_customer_gateway.this",
            "module.aws_vpc.module.vpc.aws_db_subnet_group.database",
            "module.aws_vpc.module.vpc.aws_default_network_acl.this",
            "module.aws_vpc.module.vpc.aws_default_route_table.default",
            "module.aws_vpc.module.vpc.aws_default_security_group.this",
            "module.aws_vpc.module.vpc.aws_default_vpc.this",
            "module.aws_vpc.module.vpc.aws_egress_only_internet_gateway.this",
            "module.aws_vpc.module.vpc.aws_eip.nat",
            "module.aws_vpc.module.vpc.aws_elasticache_subnet_group.elasticache",
            "module.aws_vpc.module.vpc.aws_flow_log.this",
            "module.aws_vpc.module.vpc.aws_iam_policy.vpc_flow_log_cloudwatch",
            "module.aws_vpc.module.vpc.aws_iam_role.vpc_flow_log_cloudwatch",
            "module.aws_vpc.module.vpc.aws_iam_role_policy_attachment.vpc_flow_log_cloudwatch",
            "module.aws_vpc.module.vpc.aws_internet_gateway.this",
            "module.aws_vpc.module.vpc.aws_nat_gateway.this",
            "module.aws_vpc.module.vpc.aws_network_acl.database",
            "module.aws_vpc.module.vpc.aws_network_acl.elasticache",
            "module.aws_vpc.module.vpc.aws_network_acl.intra",
            "module.aws_vpc.module.vpc.aws_network_acl.outpost",
            "module.aws_vpc.module.vpc.aws_network_acl.private",
            "module.aws_vpc.module.vpc.aws_network_acl.public",
            "module.aws_vpc.module.vpc.aws_network_acl.redshift",
            "module.aws_vpc.module.vpc.aws_network_acl_rule.database_inbound",
            "module.aws_vpc.module.vpc.aws_network_acl_rule.database_outbound",
            "module.aws_vpc.module.vpc.aws_network_acl_rule.elasticache_inbound",
            "module.aws_vpc.module.vpc.aws_network_acl_rule.elasticache_outbound",
            "module.aws_vpc.module.vpc.aws_network_acl_rule.intra_inbound",
            "module.aws_vpc.module.vpc.aws_network_acl_rule.intra_outbound",
            "module.aws_vpc.module.vpc.aws_network_acl_rule.outpost_inbound",
            "module.aws_vpc.module.vpc.aws_network_acl_rule.outpost_outbound",
            "module.aws_vpc.module.vpc.aws_network_acl_rule.private_inbound",
            "module.aws_vpc.module.vpc.aws_network_acl_rule.private_outbound",
            "module.aws_vpc.module.vpc.aws_network_acl_rule.public_inbound",
            "module.aws_vpc.module.vpc.aws_network_acl_rule.public_outbound",
            "module.aws_vpc.module.vpc.aws_network_acl_rule.redshift_inbound",
            "module.aws_vpc.module.vpc.aws_network_acl_rule.redshift_outbound",
            "module.aws_vpc.module.vpc.aws_redshift_subnet_group.redshift",
            "module.aws_vpc.module.vpc.aws_route.database_dns64_nat_gateway",
            "module.aws_vpc.module.vpc.aws_route.database_internet_gateway",
            "module.aws_vpc.module.vpc.aws_route.database_ipv6_egress",
            "module.aws_vpc.module.vpc.aws_route.database_nat_gateway",
            "module.aws_vpc.module.vpc.aws_route.private_dns64_nat_gateway",
            "module.aws_vpc.module.vpc.aws_route.private_ipv6_egress",
            "module.aws_vpc.module.vpc.aws_route.private_nat_gateway",
            "module.aws_vpc.module.vpc.aws_route.public_internet_gateway",
            "module.aws_vpc.module.vpc.aws_route.public_internet_gateway_ipv6",
            "module.aws_vpc.module.vpc.aws_route_table.database",
            "module.aws_vpc.module.vpc.aws_route_table.elasticache",
            "module.aws_vpc.module.vpc.aws_route_table.intra",
            "module.aws_vpc.module.vpc.aws_route_table.private",
            "module.aws_vpc.module.vpc.aws_route_table.public",
            "module.aws_vpc.module.vpc.aws_route_table.redshift",
            "module.aws_vpc.module.vpc.aws_route_table_association.database",
            "module.aws_vpc.module.vpc.aws_route_table_association.elasticache",
            "module.aws_vpc.module.vpc.aws_route_table_association.intra",
            "module.aws_vpc.module.vpc.aws_route_table_association.outpost",
            "module.aws_vpc.module.vpc.aws_route_table_association.private",
            "module.aws_vpc.module.vpc.aws_route_table_association.public",
            "module.aws_vpc.module.vpc.aws_route_table_association.redshift",
            "module.aws_vpc.module.vpc.aws_route_table_association.redshift_public",
            "module.aws_vpc.module.vpc.aws_subnet.database",
            "module.aws_vpc.module.vpc.aws_subnet.elasticache",
            "module.aws_vpc.module.vpc.aws_subnet.intra",
            "module.aws_vpc.module.vpc.aws_subnet.outpost",
            "module.aws_vpc.module.vpc.aws_subnet.private",
            "module.aws_vpc.module.vpc.aws_subnet.public",
            "module.aws_vpc.module.vpc.aws_subnet.redshift",
            "module.aws_vpc.module.vpc.aws_vpc.this",
            "module.aws_vpc.module.vpc.aws_vpc_dhcp_options.this",
            "module.aws_vpc.module.vpc.aws_vpc_dhcp_options_association.this",
            "module.aws_vpc.module.vpc.aws_vpc_ipv4_cidr_block_association.this",
            "module.aws_vpc.module.vpc.aws_vpn_gateway.this",
            "module.aws_vpc.module.vpc.aws_vpn_gateway_attachment.this",
            "module.aws_vpc.module.vpc.aws_vpn_gateway_route_propagation.intra",
            "module.aws_vpc.module.vpc.aws_vpn_gateway_route_propagation.private",
            "module.aws_vpc.module.vpc.aws_vpn_gateway_route_propagation.public",
            "module.aws_vpc.module.vpc.data.aws_iam_policy_document.flow_log_cloudwatch_assume_role",
            "module.aws_vpc.module.vpc.data.aws_iam_policy_document.vpc_flow_log_cloudwatch",
            "module.uc_bootstrap.data.databricks_service_principal.terraform_sp",
            "module.uc_bootstrap.databricks_group.account_admin_group",
            "module.uc_bootstrap.databricks_group.workspace_admin_group",
            "module.uc_bootstrap.databricks_group.workspace_user_group",
            "module.uc_bootstrap.databricks_group_member.admin_group_member",
            "module.uc_bootstrap.databricks_group_member.workspace_admin_group_member",
            "module.uc_bootstrap.databricks_group_member.workspace_admin_group_member_sp",
            "module.uc_bootstrap.databricks_group_member.workspace_user_group_member",
            "module.uc_bootstrap.databricks_service_principal_role.terraform_admin",
            "module.uc_bootstrap.databricks_service_principal_secret.terraform_sp",
            "module.uc_bootstrap.databricks_user.unity_users",
            "module.uc_bootstrap.databricks_user_role.account_admin_role"
          ]
        }
      ]
    },
    {
      "module": "module.uc_privileges",
      "mode": "managed",
      "type": "databricks_grants",
      "name": "this",
      "provider": "provider[\"registry.terraform.io/databricks/databricks\"].dev_ws",
      "instances": [
        {
          "schema_version": 0,
          "attributes": {
            "catalog": null,
            "external_location": null,
            "foreign_connection": null,
            "function": null,
            "grant": [
              {
                "principal": "account_admins",
                "privileges": [
                  "CREATE_CATALOG",
                  "CREATE_EXTERNAL_LOCATION",
                  "CREATE_STORAGE_CREDENTIAL"
                ]
              },
              {
                "principal": "workspace_admins",
                "privileges": [
                  "CREATE_CATALOG",
                  "CREATE_CONNECTION",
                  "CREATE_EXTERNAL_LOCATION",
                  "CREATE_PROVIDER",
                  "CREATE_RECIPIENT",
                  "CREATE_SHARE",
                  "CREATE_STORAGE_CREDENTIAL",
                  "MANAGE_ALLOWLIST",
                  "SET_SHARE_PERMISSION",
                  "USE_CONNECTION",
                  "USE_MARKETPLACE_ASSETS",
                  "USE_PROVIDER",
                  "USE_RECIPIENT",
                  "USE_SHARE"
                ]
              },
              {
                "principal": "workspace_users",
                "privileges": [
                  "CREATE_SHARE",
                  "SET_SHARE_PERMISSION",
                  "USE_CONNECTION",
                  "USE_MARKETPLACE_ASSETS",
                  "USE_PROVIDER",
                  "USE_RECIPIENT",
                  "USE_SHARE"
                ]
              }
            ],
            "id": "metastore/23d06e21-8ff7-4f00-acd5-778c20aae6d4",
            "materialized_view": null,
            "metastore": "23d06e21-8ff7-4f00-acd5-778c20aae6d4",
            "model": null,
            "schema": null,
            "share": null,
            "storage_credential": null,
            "table": null,
            "view": null,
            "volume": null
          },
          "sensitive_attributes": [],
          "private": "bnVsbA==",
          "dependencies": [
            "module.aws_crossaccount_role.aws_iam_policy.cross_account_policy",
            "module.aws_crossaccount_role.aws_iam_role.cross_account_role",
            "module.aws_crossaccount_role.aws_iam_role_policy_attachment.cross_account_policy_attachment",
            "module.aws_crossaccount_role.data.databricks_aws_assume_role_policy.this",
            "module.aws_crossaccount_role.data.databricks_aws_crossaccount_policy.this",
            "module.aws_crossaccount_role.time_sleep.wait",
            "module.aws_vpc.data.aws_availability_zones.available",
            "module.aws_vpc.module.endpoints.aws_security_group.this",
            "module.aws_vpc.module.endpoints.aws_security_group_rule.this",
            "module.aws_vpc.module.endpoints.aws_vpc_endpoint.this",
            "module.aws_vpc.module.endpoints.data.aws_vpc_endpoint_service.this",
            "module.aws_vpc.module.vpc.aws_cloudwatch_log_group.flow_log",
            "module.aws_vpc.module.vpc.aws_customer_gateway.this",
            "module.aws_vpc.module.vpc.aws_db_subnet_group.database",
            "module.aws_vpc.module.vpc.aws_default_network_acl.this",
            "module.aws_vpc.module.vpc.aws_default_route_table.default",
            "module.aws_vpc.module.vpc.aws_default_security_group.this",
            "module.aws_vpc.module.vpc.aws_default_vpc.this",
            "module.aws_vpc.module.vpc.aws_egress_only_internet_gateway.this",
            "module.aws_vpc.module.vpc.aws_eip.nat",
            "module.aws_vpc.module.vpc.aws_elasticache_subnet_group.elasticache",
            "module.aws_vpc.module.vpc.aws_flow_log.this",
            "module.aws_vpc.module.vpc.aws_iam_policy.vpc_flow_log_cloudwatch",
            "module.aws_vpc.module.vpc.aws_iam_role.vpc_flow_log_cloudwatch",
            "module.aws_vpc.module.vpc.aws_iam_role_policy_attachment.vpc_flow_log_cloudwatch",
            "module.aws_vpc.module.vpc.aws_internet_gateway.this",
            "module.aws_vpc.module.vpc.aws_nat_gateway.this",
            "module.aws_vpc.module.vpc.aws_network_acl.database",
            "module.aws_vpc.module.vpc.aws_network_acl.elasticache",
            "module.aws_vpc.module.vpc.aws_network_acl.intra",
            "module.aws_vpc.module.vpc.aws_network_acl.outpost",
            "module.aws_vpc.module.vpc.aws_network_acl.private",
            "module.aws_vpc.module.vpc.aws_network_acl.public",
            "module.aws_vpc.module.vpc.aws_network_acl.redshift",
            "module.aws_vpc.module.vpc.aws_network_acl_rule.database_inbound",
            "module.aws_vpc.module.vpc.aws_network_acl_rule.database_outbound",
            "module.aws_vpc.module.vpc.aws_network_acl_rule.elasticache_inbound",
            "module.aws_vpc.module.vpc.aws_network_acl_rule.elasticache_outbound",
            "module.aws_vpc.module.vpc.aws_network_acl_rule.intra_inbound",
            "module.aws_vpc.module.vpc.aws_network_acl_rule.intra_outbound",
            "module.aws_vpc.module.vpc.aws_network_acl_rule.outpost_inbound",
            "module.aws_vpc.module.vpc.aws_network_acl_rule.outpost_outbound",
            "module.aws_vpc.module.vpc.aws_network_acl_rule.private_inbound",
            "module.aws_vpc.module.vpc.aws_network_acl_rule.private_outbound",
            "module.aws_vpc.module.vpc.aws_network_acl_rule.public_inbound",
            "module.aws_vpc.module.vpc.aws_network_acl_rule.public_outbound",
            "module.aws_vpc.module.vpc.aws_network_acl_rule.redshift_inbound",
            "module.aws_vpc.module.vpc.aws_network_acl_rule.redshift_outbound",
            "module.aws_vpc.module.vpc.aws_redshift_subnet_group.redshift",
            "module.aws_vpc.module.vpc.aws_route.database_dns64_nat_gateway",
            "module.aws_vpc.module.vpc.aws_route.database_internet_gateway",
            "module.aws_vpc.module.vpc.aws_route.database_ipv6_egress",
            "module.aws_vpc.module.vpc.aws_route.database_nat_gateway",
            "module.aws_vpc.module.vpc.aws_route.private_dns64_nat_gateway",
            "module.aws_vpc.module.vpc.aws_route.private_ipv6_egress",
            "module.aws_vpc.module.vpc.aws_route.private_nat_gateway",
            "module.aws_vpc.module.vpc.aws_route.public_internet_gateway",
            "module.aws_vpc.module.vpc.aws_route.public_internet_gateway_ipv6",
            "module.aws_vpc.module.vpc.aws_route_table.database",
            "module.aws_vpc.module.vpc.aws_route_table.elasticache",
            "module.aws_vpc.module.vpc.aws_route_table.intra",
            "module.aws_vpc.module.vpc.aws_route_table.private",
            "module.aws_vpc.module.vpc.aws_route_table.public",
            "module.aws_vpc.module.vpc.aws_route_table.redshift",
            "module.aws_vpc.module.vpc.aws_route_table_association.database",
            "module.aws_vpc.module.vpc.aws_route_table_association.elasticache",
            "module.aws_vpc.module.vpc.aws_route_table_association.intra",
            "module.aws_vpc.module.vpc.aws_route_table_association.outpost",
            "module.aws_vpc.module.vpc.aws_route_table_association.private",
            "module.aws_vpc.module.vpc.aws_route_table_association.public",
            "module.aws_vpc.module.vpc.aws_route_table_association.redshift",
            "module.aws_vpc.module.vpc.aws_route_table_association.redshift_public",
            "module.aws_vpc.module.vpc.aws_subnet.database",
            "module.aws_vpc.module.vpc.aws_subnet.elasticache",
            "module.aws_vpc.module.vpc.aws_subnet.intra",
            "module.aws_vpc.module.vpc.aws_subnet.outpost",
            "module.aws_vpc.module.vpc.aws_subnet.private",
            "module.aws_vpc.module.vpc.aws_subnet.public",
            "module.aws_vpc.module.vpc.aws_subnet.redshift",
            "module.aws_vpc.module.vpc.aws_vpc.this",
            "module.aws_vpc.module.vpc.aws_vpc_dhcp_options.this",
            "module.aws_vpc.module.vpc.aws_vpc_dhcp_options_association.this",
            "module.aws_vpc.module.vpc.aws_vpc_ipv4_cidr_block_association.this",
            "module.aws_vpc.module.vpc.aws_vpn_gateway.this",
            "module.aws_vpc.module.vpc.aws_vpn_gateway_attachment.this",
            "module.aws_vpc.module.vpc.aws_vpn_gateway_route_propagation.intra",
            "module.aws_vpc.module.vpc.aws_vpn_gateway_route_propagation.private",
            "module.aws_vpc.module.vpc.aws_vpn_gateway_route_propagation.public",
            "module.aws_vpc.module.vpc.data.aws_iam_policy_document.flow_log_cloudwatch_assume_role",
            "module.aws_vpc.module.vpc.data.aws_iam_policy_document.vpc_flow_log_cloudwatch",
            "module.dev_workspace.aws_s3_bucket.root_storage_bucket",
            "module.dev_workspace.aws_s3_bucket_policy.root_bucket_policy",
            "module.dev_workspace.aws_s3_bucket_public_access_block.root_storage_bucket",
            "module.dev_workspace.aws_s3_bucket_server_side_encryption_configuration.root_storage_bucket",
            "module.dev_workspace.aws_s3_bucket_versioning.root_bucket_versioning",
            "module.dev_workspace.data.databricks_aws_bucket_policy.this",
            "module.dev_workspace.databricks_metastore_assignment.this",
            "module.dev_workspace.databricks_mws_credentials.this",
            "module.dev_workspace.databricks_mws_networks.this",
            "module.dev_workspace.databricks_mws_storage_configurations.this",
            "module.dev_workspace.databricks_mws_workspaces.this",
            "module.uc_bootstrap.data.databricks_service_principal.terraform_sp",
            "module.uc_bootstrap.databricks_group.account_admin_group",
            "module.uc_bootstrap.databricks_group.workspace_admin_group",
            "module.uc_bootstrap.databricks_group.workspace_user_group",
            "module.uc_bootstrap.databricks_group_member.admin_group_member",
            "module.uc_bootstrap.databricks_group_member.workspace_admin_group_member",
            "module.uc_bootstrap.databricks_group_member.workspace_admin_group_member_sp",
            "module.uc_bootstrap.databricks_group_member.workspace_user_group_member",
            "module.uc_bootstrap.databricks_service_principal_role.terraform_admin",
            "module.uc_bootstrap.databricks_service_principal_secret.terraform_sp",
            "module.uc_bootstrap.databricks_user.unity_users",
            "module.uc_bootstrap.databricks_user_role.account_admin_role",
            "module.uc_metastore.databricks_metastore.this"
          ]
        }
      ]
    },
    {
      "module": "module.workspace_users",
      "mode": "managed",
      "type": "databricks_mws_permission_assignment",
      "name": "add_admin_group",
      "provider": "provider[\"registry.terraform.io/databricks/databricks\"].mws_accowner",
      "instances": [
        {
          "schema_version": 0,
          "attributes": {
            "id": "8034662282117448|489628703039926",
            "permissions": [
              "ADMIN"
            ],
            "principal_id": 489628703039926,
            "workspace_id": 8034662282117448
          },
          "sensitive_attributes": [],
          "private": "bnVsbA==",
          "dependencies": [
            "module.aws_crossaccount_role.aws_iam_policy.cross_account_policy",
            "module.aws_crossaccount_role.aws_iam_role.cross_account_role",
            "module.aws_crossaccount_role.aws_iam_role_policy_attachment.cross_account_policy_attachment",
            "module.aws_crossaccount_role.data.databricks_aws_assume_role_policy.this",
            "module.aws_crossaccount_role.data.databricks_aws_crossaccount_policy.this",
            "module.aws_crossaccount_role.time_sleep.wait",
            "module.aws_vpc.data.aws_availability_zones.available",
            "module.aws_vpc.module.endpoints.aws_security_group.this",
            "module.aws_vpc.module.endpoints.aws_security_group_rule.this",
            "module.aws_vpc.module.endpoints.aws_vpc_endpoint.this",
            "module.aws_vpc.module.endpoints.data.aws_vpc_endpoint_service.this",
            "module.aws_vpc.module.vpc.aws_cloudwatch_log_group.flow_log",
            "module.aws_vpc.module.vpc.aws_customer_gateway.this",
            "module.aws_vpc.module.vpc.aws_db_subnet_group.database",
            "module.aws_vpc.module.vpc.aws_default_network_acl.this",
            "module.aws_vpc.module.vpc.aws_default_route_table.default",
            "module.aws_vpc.module.vpc.aws_default_security_group.this",
            "module.aws_vpc.module.vpc.aws_default_vpc.this",
            "module.aws_vpc.module.vpc.aws_egress_only_internet_gateway.this",
            "module.aws_vpc.module.vpc.aws_eip.nat",
            "module.aws_vpc.module.vpc.aws_elasticache_subnet_group.elasticache",
            "module.aws_vpc.module.vpc.aws_flow_log.this",
            "module.aws_vpc.module.vpc.aws_iam_policy.vpc_flow_log_cloudwatch",
            "module.aws_vpc.module.vpc.aws_iam_role.vpc_flow_log_cloudwatch",
            "module.aws_vpc.module.vpc.aws_iam_role_policy_attachment.vpc_flow_log_cloudwatch",
            "module.aws_vpc.module.vpc.aws_internet_gateway.this",
            "module.aws_vpc.module.vpc.aws_nat_gateway.this",
            "module.aws_vpc.module.vpc.aws_network_acl.database",
            "module.aws_vpc.module.vpc.aws_network_acl.elasticache",
            "module.aws_vpc.module.vpc.aws_network_acl.intra",
            "module.aws_vpc.module.vpc.aws_network_acl.outpost",
            "module.aws_vpc.module.vpc.aws_network_acl.private",
            "module.aws_vpc.module.vpc.aws_network_acl.public",
            "module.aws_vpc.module.vpc.aws_network_acl.redshift",
            "module.aws_vpc.module.vpc.aws_network_acl_rule.database_inbound",
            "module.aws_vpc.module.vpc.aws_network_acl_rule.database_outbound",
            "module.aws_vpc.module.vpc.aws_network_acl_rule.elasticache_inbound",
            "module.aws_vpc.module.vpc.aws_network_acl_rule.elasticache_outbound",
            "module.aws_vpc.module.vpc.aws_network_acl_rule.intra_inbound",
            "module.aws_vpc.module.vpc.aws_network_acl_rule.intra_outbound",
            "module.aws_vpc.module.vpc.aws_network_acl_rule.outpost_inbound",
            "module.aws_vpc.module.vpc.aws_network_acl_rule.outpost_outbound",
            "module.aws_vpc.module.vpc.aws_network_acl_rule.private_inbound",
            "module.aws_vpc.module.vpc.aws_network_acl_rule.private_outbound",
            "module.aws_vpc.module.vpc.aws_network_acl_rule.public_inbound",
            "module.aws_vpc.module.vpc.aws_network_acl_rule.public_outbound",
            "module.aws_vpc.module.vpc.aws_network_acl_rule.redshift_inbound",
            "module.aws_vpc.module.vpc.aws_network_acl_rule.redshift_outbound",
            "module.aws_vpc.module.vpc.aws_redshift_subnet_group.redshift",
            "module.aws_vpc.module.vpc.aws_route.database_dns64_nat_gateway",
            "module.aws_vpc.module.vpc.aws_route.database_internet_gateway",
            "module.aws_vpc.module.vpc.aws_route.database_ipv6_egress",
            "module.aws_vpc.module.vpc.aws_route.database_nat_gateway",
            "module.aws_vpc.module.vpc.aws_route.private_dns64_nat_gateway",
            "module.aws_vpc.module.vpc.aws_route.private_ipv6_egress",
            "module.aws_vpc.module.vpc.aws_route.private_nat_gateway",
            "module.aws_vpc.module.vpc.aws_route.public_internet_gateway",
            "module.aws_vpc.module.vpc.aws_route.public_internet_gateway_ipv6",
            "module.aws_vpc.module.vpc.aws_route_table.database",
            "module.aws_vpc.module.vpc.aws_route_table.elasticache",
            "module.aws_vpc.module.vpc.aws_route_table.intra",
            "module.aws_vpc.module.vpc.aws_route_table.private",
            "module.aws_vpc.module.vpc.aws_route_table.public",
            "module.aws_vpc.module.vpc.aws_route_table.redshift",
            "module.aws_vpc.module.vpc.aws_route_table_association.database",
            "module.aws_vpc.module.vpc.aws_route_table_association.elasticache",
            "module.aws_vpc.module.vpc.aws_route_table_association.intra",
            "module.aws_vpc.module.vpc.aws_route_table_association.outpost",
            "module.aws_vpc.module.vpc.aws_route_table_association.private",
            "module.aws_vpc.module.vpc.aws_route_table_association.public",
            "module.aws_vpc.module.vpc.aws_route_table_association.redshift",
            "module.aws_vpc.module.vpc.aws_route_table_association.redshift_public",
            "module.aws_vpc.module.vpc.aws_subnet.database",
            "module.aws_vpc.module.vpc.aws_subnet.elasticache",
            "module.aws_vpc.module.vpc.aws_subnet.intra",
            "module.aws_vpc.module.vpc.aws_subnet.outpost",
            "module.aws_vpc.module.vpc.aws_subnet.private",
            "module.aws_vpc.module.vpc.aws_subnet.public",
            "module.aws_vpc.module.vpc.aws_subnet.redshift",
            "module.aws_vpc.module.vpc.aws_vpc.this",
            "module.aws_vpc.module.vpc.aws_vpc_dhcp_options.this",
            "module.aws_vpc.module.vpc.aws_vpc_dhcp_options_association.this",
            "module.aws_vpc.module.vpc.aws_vpc_ipv4_cidr_block_association.this",
            "module.aws_vpc.module.vpc.aws_vpn_gateway.this",
            "module.aws_vpc.module.vpc.aws_vpn_gateway_attachment.this",
            "module.aws_vpc.module.vpc.aws_vpn_gateway_route_propagation.intra",
            "module.aws_vpc.module.vpc.aws_vpn_gateway_route_propagation.private",
            "module.aws_vpc.module.vpc.aws_vpn_gateway_route_propagation.public",
            "module.aws_vpc.module.vpc.data.aws_iam_policy_document.flow_log_cloudwatch_assume_role",
            "module.aws_vpc.module.vpc.data.aws_iam_policy_document.vpc_flow_log_cloudwatch",
            "module.dev_workspace.aws_s3_bucket.root_storage_bucket",
            "module.dev_workspace.aws_s3_bucket_policy.root_bucket_policy",
            "module.dev_workspace.aws_s3_bucket_public_access_block.root_storage_bucket",
            "module.dev_workspace.aws_s3_bucket_server_side_encryption_configuration.root_storage_bucket",
            "module.dev_workspace.aws_s3_bucket_versioning.root_bucket_versioning",
            "module.dev_workspace.data.databricks_aws_bucket_policy.this",
            "module.dev_workspace.databricks_metastore_assignment.this",
            "module.dev_workspace.databricks_mws_credentials.this",
            "module.dev_workspace.databricks_mws_networks.this",
            "module.dev_workspace.databricks_mws_storage_configurations.this",
            "module.dev_workspace.databricks_mws_workspaces.this",
            "module.uc_bootstrap.data.databricks_service_principal.terraform_sp",
            "module.uc_bootstrap.databricks_group.account_admin_group",
            "module.uc_bootstrap.databricks_group.workspace_admin_group",
            "module.uc_bootstrap.databricks_group.workspace_user_group",
            "module.uc_bootstrap.databricks_group_member.admin_group_member",
            "module.uc_bootstrap.databricks_group_member.workspace_admin_group_member",
            "module.uc_bootstrap.databricks_group_member.workspace_admin_group_member_sp",
            "module.uc_bootstrap.databricks_group_member.workspace_user_group_member",
            "module.uc_bootstrap.databricks_service_principal_role.terraform_admin",
            "module.uc_bootstrap.databricks_service_principal_secret.terraform_sp",
            "module.uc_bootstrap.databricks_user.unity_users",
            "module.uc_bootstrap.databricks_user_role.account_admin_role",
            "module.uc_metastore.databricks_metastore.this"
          ]
        }
      ]
    },
    {
      "module": "module.workspace_users",
      "mode": "managed",
      "type": "databricks_mws_permission_assignment",
      "name": "add_user_group",
      "provider": "provider[\"registry.terraform.io/databricks/databricks\"].mws_accowner",
      "instances": [
        {
          "schema_version": 0,
          "attributes": {
            "id": "8034662282117448|1064028720162395",
            "permissions": [
              "USER"
            ],
            "principal_id": 1064028720162395,
            "workspace_id": 8034662282117448
          },
          "sensitive_attributes": [],
          "private": "bnVsbA==",
          "dependencies": [
            "module.aws_crossaccount_role.aws_iam_policy.cross_account_policy",
            "module.aws_crossaccount_role.aws_iam_role.cross_account_role",
            "module.aws_crossaccount_role.aws_iam_role_policy_attachment.cross_account_policy_attachment",
            "module.aws_crossaccount_role.data.databricks_aws_assume_role_policy.this",
            "module.aws_crossaccount_role.data.databricks_aws_crossaccount_policy.this",
            "module.aws_crossaccount_role.time_sleep.wait",
            "module.aws_vpc.data.aws_availability_zones.available",
            "module.aws_vpc.module.endpoints.aws_security_group.this",
            "module.aws_vpc.module.endpoints.aws_security_group_rule.this",
            "module.aws_vpc.module.endpoints.aws_vpc_endpoint.this",
            "module.aws_vpc.module.endpoints.data.aws_vpc_endpoint_service.this",
            "module.aws_vpc.module.vpc.aws_cloudwatch_log_group.flow_log",
            "module.aws_vpc.module.vpc.aws_customer_gateway.this",
            "module.aws_vpc.module.vpc.aws_db_subnet_group.database",
            "module.aws_vpc.module.vpc.aws_default_network_acl.this",
            "module.aws_vpc.module.vpc.aws_default_route_table.default",
            "module.aws_vpc.module.vpc.aws_default_security_group.this",
            "module.aws_vpc.module.vpc.aws_default_vpc.this",
            "module.aws_vpc.module.vpc.aws_egress_only_internet_gateway.this",
            "module.aws_vpc.module.vpc.aws_eip.nat",
            "module.aws_vpc.module.vpc.aws_elasticache_subnet_group.elasticache",
            "module.aws_vpc.module.vpc.aws_flow_log.this",
            "module.aws_vpc.module.vpc.aws_iam_policy.vpc_flow_log_cloudwatch",
            "module.aws_vpc.module.vpc.aws_iam_role.vpc_flow_log_cloudwatch",
            "module.aws_vpc.module.vpc.aws_iam_role_policy_attachment.vpc_flow_log_cloudwatch",
            "module.aws_vpc.module.vpc.aws_internet_gateway.this",
            "module.aws_vpc.module.vpc.aws_nat_gateway.this",
            "module.aws_vpc.module.vpc.aws_network_acl.database",
            "module.aws_vpc.module.vpc.aws_network_acl.elasticache",
            "module.aws_vpc.module.vpc.aws_network_acl.intra",
            "module.aws_vpc.module.vpc.aws_network_acl.outpost",
            "module.aws_vpc.module.vpc.aws_network_acl.private",
            "module.aws_vpc.module.vpc.aws_network_acl.public",
            "module.aws_vpc.module.vpc.aws_network_acl.redshift",
            "module.aws_vpc.module.vpc.aws_network_acl_rule.database_inbound",
            "module.aws_vpc.module.vpc.aws_network_acl_rule.database_outbound",
            "module.aws_vpc.module.vpc.aws_network_acl_rule.elasticache_inbound",
            "module.aws_vpc.module.vpc.aws_network_acl_rule.elasticache_outbound",
            "module.aws_vpc.module.vpc.aws_network_acl_rule.intra_inbound",
            "module.aws_vpc.module.vpc.aws_network_acl_rule.intra_outbound",
            "module.aws_vpc.module.vpc.aws_network_acl_rule.outpost_inbound",
            "module.aws_vpc.module.vpc.aws_network_acl_rule.outpost_outbound",
            "module.aws_vpc.module.vpc.aws_network_acl_rule.private_inbound",
            "module.aws_vpc.module.vpc.aws_network_acl_rule.private_outbound",
            "module.aws_vpc.module.vpc.aws_network_acl_rule.public_inbound",
            "module.aws_vpc.module.vpc.aws_network_acl_rule.public_outbound",
            "module.aws_vpc.module.vpc.aws_network_acl_rule.redshift_inbound",
            "module.aws_vpc.module.vpc.aws_network_acl_rule.redshift_outbound",
            "module.aws_vpc.module.vpc.aws_redshift_subnet_group.redshift",
            "module.aws_vpc.module.vpc.aws_route.database_dns64_nat_gateway",
            "module.aws_vpc.module.vpc.aws_route.database_internet_gateway",
            "module.aws_vpc.module.vpc.aws_route.database_ipv6_egress",
            "module.aws_vpc.module.vpc.aws_route.database_nat_gateway",
            "module.aws_vpc.module.vpc.aws_route.private_dns64_nat_gateway",
            "module.aws_vpc.module.vpc.aws_route.private_ipv6_egress",
            "module.aws_vpc.module.vpc.aws_route.private_nat_gateway",
            "module.aws_vpc.module.vpc.aws_route.public_internet_gateway",
            "module.aws_vpc.module.vpc.aws_route.public_internet_gateway_ipv6",
            "module.aws_vpc.module.vpc.aws_route_table.database",
            "module.aws_vpc.module.vpc.aws_route_table.elasticache",
            "module.aws_vpc.module.vpc.aws_route_table.intra",
            "module.aws_vpc.module.vpc.aws_route_table.private",
            "module.aws_vpc.module.vpc.aws_route_table.public",
            "module.aws_vpc.module.vpc.aws_route_table.redshift",
            "module.aws_vpc.module.vpc.aws_route_table_association.database",
            "module.aws_vpc.module.vpc.aws_route_table_association.elasticache",
            "module.aws_vpc.module.vpc.aws_route_table_association.intra",
            "module.aws_vpc.module.vpc.aws_route_table_association.outpost",
            "module.aws_vpc.module.vpc.aws_route_table_association.private",
            "module.aws_vpc.module.vpc.aws_route_table_association.public",
            "module.aws_vpc.module.vpc.aws_route_table_association.redshift",
            "module.aws_vpc.module.vpc.aws_route_table_association.redshift_public",
            "module.aws_vpc.module.vpc.aws_subnet.database",
            "module.aws_vpc.module.vpc.aws_subnet.elasticache",
            "module.aws_vpc.module.vpc.aws_subnet.intra",
            "module.aws_vpc.module.vpc.aws_subnet.outpost",
            "module.aws_vpc.module.vpc.aws_subnet.private",
            "module.aws_vpc.module.vpc.aws_subnet.public",
            "module.aws_vpc.module.vpc.aws_subnet.redshift",
            "module.aws_vpc.module.vpc.aws_vpc.this",
            "module.aws_vpc.module.vpc.aws_vpc_dhcp_options.this",
            "module.aws_vpc.module.vpc.aws_vpc_dhcp_options_association.this",
            "module.aws_vpc.module.vpc.aws_vpc_ipv4_cidr_block_association.this",
            "module.aws_vpc.module.vpc.aws_vpn_gateway.this",
            "module.aws_vpc.module.vpc.aws_vpn_gateway_attachment.this",
            "module.aws_vpc.module.vpc.aws_vpn_gateway_route_propagation.intra",
            "module.aws_vpc.module.vpc.aws_vpn_gateway_route_propagation.private",
            "module.aws_vpc.module.vpc.aws_vpn_gateway_route_propagation.public",
            "module.aws_vpc.module.vpc.data.aws_iam_policy_document.flow_log_cloudwatch_assume_role",
            "module.aws_vpc.module.vpc.data.aws_iam_policy_document.vpc_flow_log_cloudwatch",
            "module.dev_workspace.aws_s3_bucket.root_storage_bucket",
            "module.dev_workspace.aws_s3_bucket_policy.root_bucket_policy",
            "module.dev_workspace.aws_s3_bucket_public_access_block.root_storage_bucket",
            "module.dev_workspace.aws_s3_bucket_server_side_encryption_configuration.root_storage_bucket",
            "module.dev_workspace.aws_s3_bucket_versioning.root_bucket_versioning",
            "module.dev_workspace.data.databricks_aws_bucket_policy.this",
            "module.dev_workspace.databricks_metastore_assignment.this",
            "module.dev_workspace.databricks_mws_credentials.this",
            "module.dev_workspace.databricks_mws_networks.this",
            "module.dev_workspace.databricks_mws_storage_configurations.this",
            "module.dev_workspace.databricks_mws_workspaces.this",
            "module.uc_bootstrap.data.databricks_service_principal.terraform_sp",
            "module.uc_bootstrap.databricks_group.account_admin_group",
            "module.uc_bootstrap.databricks_group.workspace_admin_group",
            "module.uc_bootstrap.databricks_group.workspace_user_group",
            "module.uc_bootstrap.databricks_group_member.admin_group_member",
            "module.uc_bootstrap.databricks_group_member.workspace_admin_group_member",
            "module.uc_bootstrap.databricks_group_member.workspace_admin_group_member_sp",
            "module.uc_bootstrap.databricks_group_member.workspace_user_group_member",
            "module.uc_bootstrap.databricks_service_principal_role.terraform_admin",
            "module.uc_bootstrap.databricks_service_principal_secret.terraform_sp",
            "module.uc_bootstrap.databricks_user.unity_users",
            "module.uc_bootstrap.databricks_user_role.account_admin_role",
            "module.uc_metastore.databricks_metastore.this"
          ]
        }
      ]
    }
  ],
  "check_results": null
}
